{
  "version": 4,
  "terraform_version": "1.10.5",
  "serial": 12,
  "lineage": "613679f5-cdfb-043a-3125-9d604d9b82ed",
  "outputs": {
    "loop_rule_ids": {
      "value": {
        "http": "595c486f-5294-4760-84ee-20bfae156652",
        "mysql": "ab726768-92a3-4785-865f-2dc8356bcc51",
        "redis": "ad98b404-56c5-4fd1-955f-d99efe8a8336"
      },
      "type": [
        "object",
        {
          "http": "string",
          "mysql": "string",
          "redis": "string"
        }
      ]
    },
    "rule_ids": {
      "value": {
        "custom": "cca37524-8edf-4012-b5a1-61ae8b0f698a",
        "https": "53094220-aa73-4b32-bdc9-2639de2f5d62"
      },
      "type": [
        "object",
        {
          "custom": "string",
          "https": "string"
        }
      ]
    },
    "security_group_id": {
      "value": "e84b9877-952a-407c-adb0-e3de3dfe9b7b",
      "type": "string"
    },
    "security_group_rules": {
      "value": [],
      "type": [
        "list",
        [
          "object",
          {
            "created_at": "string",
            "description": "string",
            "direction": "string",
            "ethertype": "string",
            "id": "string",
            "port_range_max": "number",
            "port_range_min": "number",
            "protocol": "string",
            "remote_group_id": "string",
            "remote_ip_prefix": "string",
            "revision_number": "number",
            "security_group_id": "string",
            "updated_at": "string"
          }
        ]
      ]
    }
  },
  "resources": [
    {
      "mode": "managed",
      "type": "gcore_cloud_security_group",
      "name": "test",
      "provider": "provider[\"registry.terraform.io/gcore/gcore\"]",
      "instances": [
        {
          "schema_version": 0,
          "attributes": {
            "changed_rules": null,
            "created_at": "2025-11-18T08:25:48Z",
            "description": "Testing default rule deletion in Create",
            "id": "e84b9877-952a-407c-adb0-e3de3dfe9b7b",
            "instances": null,
            "name": "test-secgroup-skill-updated",
            "project_id": 379987,
            "region": "Luxembourg-2",
            "region_id": 76,
            "revision_number": 9,
            "security_group": {
              "description": "Updated description for testing",
              "name": "test-secgroup-skill-updated",
              "security_group_rules": null,
              "tags": null
            },
            "security_group_rules": [],
            "tags": null,
            "tags_v2": [],
            "updated_at": "2025-11-18T08:27:11Z"
          },
          "sensitive_attributes": []
        }
      ]
    },
    {
      "mode": "managed",
      "type": "gcore_cloud_security_group_rule",
      "name": "custom",
      "provider": "provider[\"registry.terraform.io/gcore/gcore\"]",
      "instances": [
        {
          "schema_version": 0,
          "attributes": {
            "created_at": "2025-11-18T08:25:52Z",
            "description": null,
            "direction": "ingress",
            "ethertype": "IPv4",
            "group_id": "e84b9877-952a-407c-adb0-e3de3dfe9b7b",
            "id": "cca37524-8edf-4012-b5a1-61ae8b0f698a",
            "port_range_max": 8080,
            "port_range_min": 8080,
            "project_id": 379987,
            "protocol": "tcp",
            "region_id": 76,
            "remote_group_id": null,
            "remote_ip_prefix": "0.0.0.0/0",
            "revision_number": 0,
            "security_group_id": "e84b9877-952a-407c-adb0-e3de3dfe9b7b",
            "updated_at": "2025-11-18T08:25:52Z"
          },
          "sensitive_attributes": [],
          "dependencies": [
            "gcore_cloud_security_group.test"
          ]
        }
      ]
    },
    {
      "mode": "managed",
      "type": "gcore_cloud_security_group_rule",
      "name": "https",
      "provider": "provider[\"registry.terraform.io/gcore/gcore\"]",
      "instances": [
        {
          "schema_version": 0,
          "attributes": {
            "created_at": "2025-11-18T08:25:52Z",
            "description": "Allow HTTPS traffic",
            "direction": "ingress",
            "ethertype": "IPv4",
            "group_id": "e84b9877-952a-407c-adb0-e3de3dfe9b7b",
            "id": "53094220-aa73-4b32-bdc9-2639de2f5d62",
            "port_range_max": 443,
            "port_range_min": 443,
            "project_id": 379987,
            "protocol": "tcp",
            "region_id": 76,
            "remote_group_id": null,
            "remote_ip_prefix": "0.0.0.0/0",
            "revision_number": 0,
            "security_group_id": "e84b9877-952a-407c-adb0-e3de3dfe9b7b",
            "updated_at": "2025-11-18T08:25:52Z"
          },
          "sensitive_attributes": [],
          "dependencies": [
            "gcore_cloud_security_group.test"
          ]
        }
      ]
    },
    {
      "mode": "managed",
      "type": "gcore_cloud_security_group_rule",
      "name": "ports",
      "provider": "provider[\"registry.terraform.io/gcore/gcore\"]",
      "instances": [
        {
          "index_key": "http",
          "schema_version": 0,
          "attributes": {
            "created_at": "2025-11-18T08:25:52Z",
            "description": "HTTP traffic",
            "direction": "ingress",
            "ethertype": "IPv4",
            "group_id": "e84b9877-952a-407c-adb0-e3de3dfe9b7b",
            "id": "595c486f-5294-4760-84ee-20bfae156652",
            "port_range_max": 80,
            "port_range_min": 80,
            "project_id": 379987,
            "protocol": "tcp",
            "region_id": 76,
            "remote_group_id": null,
            "remote_ip_prefix": "0.0.0.0/0",
            "revision_number": 0,
            "security_group_id": "e84b9877-952a-407c-adb0-e3de3dfe9b7b",
            "updated_at": "2025-11-18T08:25:52Z"
          },
          "sensitive_attributes": [],
          "dependencies": [
            "gcore_cloud_security_group.test"
          ]
        },
        {
          "index_key": "mysql",
          "schema_version": 0,
          "attributes": {
            "created_at": "2025-11-18T08:25:52Z",
            "description": "MySQL database",
            "direction": "ingress",
            "ethertype": "IPv4",
            "group_id": "e84b9877-952a-407c-adb0-e3de3dfe9b7b",
            "id": "ab726768-92a3-4785-865f-2dc8356bcc51",
            "port_range_max": 3306,
            "port_range_min": 3306,
            "project_id": 379987,
            "protocol": "tcp",
            "region_id": 76,
            "remote_group_id": null,
            "remote_ip_prefix": "0.0.0.0/0",
            "revision_number": 0,
            "security_group_id": "e84b9877-952a-407c-adb0-e3de3dfe9b7b",
            "updated_at": "2025-11-18T08:25:52Z"
          },
          "sensitive_attributes": [],
          "dependencies": [
            "gcore_cloud_security_group.test"
          ]
        },
        {
          "index_key": "redis",
          "schema_version": 0,
          "attributes": {
            "created_at": "2025-11-18T08:25:52Z",
            "description": "Redis cache",
            "direction": "ingress",
            "ethertype": "IPv4",
            "group_id": "e84b9877-952a-407c-adb0-e3de3dfe9b7b",
            "id": "ad98b404-56c5-4fd1-955f-d99efe8a8336",
            "port_range_max": 6379,
            "port_range_min": 6379,
            "project_id": 379987,
            "protocol": "tcp",
            "region_id": 76,
            "remote_group_id": null,
            "remote_ip_prefix": "0.0.0.0/0",
            "revision_number": 0,
            "security_group_id": "e84b9877-952a-407c-adb0-e3de3dfe9b7b",
            "updated_at": "2025-11-18T08:25:52Z"
          },
          "sensitive_attributes": [],
          "dependencies": [
            "gcore_cloud_security_group.test"
          ]
        }
      ]
    }
  ],
  "check_results": null
}
