{
  "version": 4,
  "terraform_version": "1.10.5",
  "serial": 2,
  "lineage": "663db512-f3ab-ad90-714f-be088c5429ec",
  "outputs": {
    "name": {
      "value": "tf-new-provider-test.maxima.lt",
      "type": "string"
    },
    "rrset_name": {
      "value": "tf-new-provider-test.maxima.lt",
      "type": "string"
    },
    "rrset_type": {
      "value": "A",
      "type": "string"
    },
    "type": {
      "value": "A",
      "type": "string"
    },
    "zone_name": {
      "value": "maxima.lt",
      "type": "string"
    }
  },
  "resources": [
    {
      "mode": "managed",
      "type": "gcore_dns_zone_rrset",
      "name": "test_a",
      "provider": "provider[\"registry.terraform.io/gcore/gcore\"]",
      "instances": [
        {
          "schema_version": 0,
          "attributes": {
            "filter_set_id": null,
            "meta": null,
            "name": "tf-new-provider-test.maxima.lt",
            "pickers": null,
            "resource_records": [
              {
                "content": [
                  "\"192.168.100.1\""
                ],
                "enabled": true,
                "id": 143277680,
                "meta": null
              }
            ],
            "rrset_name": "tf-new-provider-test.maxima.lt",
            "rrset_type": "A",
            "ttl": 300,
            "type": "A",
            "warning": null,
            "warnings": null,
            "zone_name": "maxima.lt"
          },
          "sensitive_attributes": []
        }
      ]
    }
  ],
  "check_results": null
}
