{
  "version": 4,
  "terraform_version": "1.14.3",
  "serial": 1,
  "lineage": "fe360906-d25d-305f-3f5b-2d8c5ea4667e",
  "outputs": {
    "image_id": {
      "value": "efd2eda2-a4af-4f33-82b7-bc681d38a260",
      "type": "string"
    },
    "image_size": {
      "value": 12716032,
      "type": "number"
    },
    "image_status": {
      "value": "active",
      "type": "string"
    }
  },
  "resources": [
    {
      "mode": "managed",
      "type": "gcore_cloud_instance_image",
      "name": "test_image",
      "provider": "provider[\"registry.terraform.io/gcore/gcore\"]",
      "instances": [
        {
          "schema_version": 0,
          "attributes": {
            "architecture": "x86_64",
            "cow_format": null,
            "created_at": "2026-01-22T09:09:41Z",
            "creator_task_id": "9d1351d9-603f-450b-8c9d-31ce9ebb87ef",
            "description": null,
            "disk_format": "qcow2",
            "display_order": null,
            "gpu_driver": null,
            "gpu_driver_type": null,
            "gpu_driver_version": null,
            "hw_firmware_type": null,
            "hw_machine_type": null,
            "id": "efd2eda2-a4af-4f33-82b7-bc681d38a260",
            "is_baremetal": false,
            "min_disk": 1,
            "min_ram": 0,
            "name": "qa-test-image-gcloud2-22615",
            "os_distro": "cirros",
            "os_type": "linux",
            "os_version": "0.4.0",
            "project_id": 379987,
            "region": "Luxembourg-2",
            "region_id": 76,
            "size": 12716032,
            "ssh_key": "allow",
            "status": "active",
            "tags": null,
            "task_id": null,
            "updated_at": "2026-01-22T09:10:59Z",
            "url": null,
            "visibility": "shared"
          },
          "sensitive_attributes": [],
          "identity_schema_version": 0
        }
      ]
    }
  ],
  "check_results": null
}
