{
  "version": 4,
  "terraform_version": "1.10.5",
  "serial": 4,
  "lineage": "a9c21fcc-9a88-dfec-8b35-43f32f52526e",
  "outputs": {
    "a_record": {
      "value": {
        "name": "www.test-rrset-simplified-1765284111.dev",
        "rrset_name": "www.test-rrset-simplified-1765284111.dev",
        "rrset_type": "A",
        "ttl": 600,
        "type": "A",
        "zone_name": "test-rrset-simplified-1765284111.dev"
      },
      "type": [
        "object",
        {
          "name": "string",
          "rrset_name": "string",
          "rrset_type": "string",
          "ttl": "number",
          "type": "string",
          "zone_name": "string"
        }
      ]
    },
    "txt_record": {
      "value": {
        "rrset_name": "txt.test-rrset-simplified-1765284111.dev",
        "rrset_type": "TXT",
        "ttl": 600,
        "zone_name": "test-rrset-simplified-1765284111.dev"
      },
      "type": [
        "object",
        {
          "rrset_name": "string",
          "rrset_type": "string",
          "ttl": "number",
          "zone_name": "string"
        }
      ]
    }
  },
  "resources": [
    {
      "mode": "managed",
      "type": "gcore_dns_zone_rrset",
      "name": "test_a",
      "provider": "provider[\"registry.terraform.io/gcore/gcore\"]",
      "instances": [
        {
          "schema_version": 0,
          "attributes": {
            "filter_set_id": null,
            "meta": null,
            "name": "www.test-rrset-simplified-1765284111.dev",
            "pickers": null,
            "resource_records": [
              {
                "content": [
                  "\"1.2.3.4\""
                ],
                "enabled": true,
                "id": 154112244,
                "meta": null
              }
            ],
            "rrset_name": "www.test-rrset-simplified-1765284111.dev",
            "rrset_type": "A",
            "ttl": 600,
            "type": "A",
            "warning": null,
            "warnings": null,
            "zone_name": "test-rrset-simplified-1765284111.dev"
          },
          "sensitive_attributes": []
        }
      ]
    },
    {
      "mode": "managed",
      "type": "gcore_dns_zone_rrset",
      "name": "test_txt",
      "provider": "provider[\"registry.terraform.io/gcore/gcore\"]",
      "instances": [
        {
          "schema_version": 0,
          "attributes": {
            "filter_set_id": null,
            "meta": null,
            "name": "txt.test-rrset-simplified-1765284111.dev",
            "pickers": null,
            "resource_records": [
              {
                "content": [
                  "\"v=spf1 include:_spf.google.com ~all\""
                ],
                "enabled": true,
                "id": 154112245,
                "meta": null
              }
            ],
            "rrset_name": "txt.test-rrset-simplified-1765284111.dev",
            "rrset_type": "TXT",
            "ttl": 600,
            "type": "TXT",
            "warning": null,
            "warnings": null,
            "zone_name": "test-rrset-simplified-1765284111.dev"
          },
          "sensitive_attributes": []
        }
      ]
    }
  ],
  "check_results": null
}
