{
  "version": 4,
  "terraform_version": "1.10.5",
  "serial": 31,
  "lineage": "b728992a-92cd-3ff3-6289-95fd7b5a9970",
  "outputs": {},
  "resources": [
    {
      "mode": "managed",
      "type": "gcore_cloud_network",
      "name": "network",
      "provider": "provider[\"registry.terraform.io/gcore/gcore\"]",
      "instances": [
        {
          "schema_version": 0,
          "attributes": {
            "create_router": true,
            "created_at": "2025-11-05T09:42:07Z",
            "creator_task_id": "e60a86c8-052b-4031-9732-e2ccc5df4cd1",
            "default": null,
            "external": false,
            "id": "2fa83d43-b176-48ee-994a-6c169b0fc20c",
            "mtu": 1500,
            "name": "qa-terr-router-network",
            "port_security_enabled": true,
            "project_id": 379987,
            "region": "Luxembourg-2",
            "region_id": 76,
            "segmentation_id": 618,
            "shared": false,
            "subnets": [
              "ee78f91f-4842-4f7d-b268-41ad551c13df"
            ],
            "tags": null,
            "task_id": null,
            "tasks": null,
            "type": "vxlan",
            "updated_at": "2025-11-05T09:42:24Z"
          },
          "sensitive_attributes": []
        }
      ]
    },
    {
      "mode": "managed",
      "type": "gcore_cloud_network_router",
      "name": "router",
      "provider": "provider[\"registry.terraform.io/gcore/gcore\"]",
      "instances": [
        {
          "schema_version": 0,
          "attributes": {
            "created_at": "2025-11-05T09:42:37Z",
            "creator_task_id": "f848ddcc-a2d0-4573-9933-a913b3f2ff3e",
            "distributed": false,
            "external_gateway_info": {
              "enable_snat": true,
              "network_id": "4b99f7d1-5d1e-4fdb-8ae1-a4bfb208556c",
              "type": null
            },
            "id": "309d9a19-8c18-4359-b91d-ff879e27bbee",
            "interfaces": [
              {
                "subnet_id": "ee78f91f-4842-4f7d-b268-41ad551c13df",
                "type": "subnet"
              }
            ],
            "name": "qa-terr-route-bug",
            "project_id": 379987,
            "region": "Luxembourg-2",
            "region_id": 76,
            "routes": [],
            "status": "ACTIVE",
            "task_id": null,
            "tasks": null,
            "updated_at": "2025-11-05T09:47:11Z"
          },
          "sensitive_attributes": [],
          "dependencies": [
            "gcore_cloud_network.network",
            "gcore_cloud_network_subnet.sb"
          ]
        }
      ]
    },
    {
      "mode": "managed",
      "type": "gcore_cloud_network_subnet",
      "name": "sb",
      "provider": "provider[\"registry.terraform.io/gcore/gcore\"]",
      "instances": [
        {
          "schema_version": 0,
          "attributes": {
            "available_ips": 250,
            "cidr": "192.168.0.0/24",
            "connect_to_network_router": true,
            "created_at": "2025-11-05T09:42:24Z",
            "creator_task_id": "c1dcd109-9448-4b93-b056-e55665eee003",
            "dns_nameservers": [
              "8.8.8.8",
              "8.8.4.4"
            ],
            "enable_dhcp": true,
            "gateway_ip": "192.168.0.1",
            "has_router": false,
            "host_routes": [],
            "id": "ee78f91f-4842-4f7d-b268-41ad551c13df",
            "ip_version": 4,
            "name": "qa-terr-router-subnet",
            "network_id": "2fa83d43-b176-48ee-994a-6c169b0fc20c",
            "project_id": 379987,
            "region": "Luxembourg-2",
            "region_id": 76,
            "router_id_to_connect": null,
            "tags": null,
            "task_id": null,
            "tasks": null,
            "total_ips": 253,
            "updated_at": "2025-11-05T09:42:24Z"
          },
          "sensitive_attributes": [],
          "dependencies": [
            "gcore_cloud_network.network"
          ]
        }
      ]
    }
  ],
  "check_results": null
}
