{
  "version": 4,
  "terraform_version": "1.10.5",
  "serial": 6,
  "lineage": "1c43bb62-c4d2-cb6f-7676-861bfd52dc78",
  "outputs": {
    "image_architecture": {
      "value": "x86_64",
      "type": "string"
    },
    "image_cow_format": {
      "value": false,
      "type": "bool"
    },
    "image_created_at": {
      "value": "2025-11-28T07:41:03Z",
      "type": "string"
    },
    "image_gpu_driver": {
      "value": "nvidia",
      "type": "string"
    },
    "image_hw_firmware_type": {
      "value": "bios",
      "type": "string"
    },
    "image_id": {
      "value": "84aa733a-2faf-4972-b696-57c888c2bca7",
      "type": "string"
    },
    "image_min_disk": {
      "value": 1,
      "type": "number"
    },
    "image_min_ram": {
      "value": 0,
      "type": "number"
    },
    "image_name": {
      "value": "test-comprehensive-gpu-image-GCLOUD2-21134",
      "type": "string"
    },
    "image_os_distro": {
      "value": "cirros",
      "type": "string"
    },
    "image_os_type": {
      "value": "linux",
      "type": "string"
    },
    "image_os_version": {
      "value": "0.4.0",
      "type": "string"
    },
    "image_size": {
      "value": 12716032,
      "type": "number"
    },
    "image_ssh_key": {
      "value": "allow",
      "type": "string"
    },
    "image_status": {
      "value": "active",
      "type": "string"
    },
    "image_updated_at": {
      "value": "2025-11-28T07:41:08Z",
      "type": "string"
    },
    "image_visibility": {
      "value": "shared",
      "type": "string"
    }
  },
  "resources": [
    {
      "mode": "managed",
      "type": "gcore_cloud_gpu_virtual_cluster_image",
      "name": "test",
      "provider": "provider[\"registry.terraform.io/gcore/gcore\"]",
      "instances": [
        {
          "schema_version": 0,
          "attributes": {
            "architecture": "x86_64",
            "cow_format": false,
            "created_at": "2025-11-28T07:41:03Z",
            "gpu_driver": "nvidia",
            "gpu_driver_type": null,
            "gpu_driver_version": null,
            "hw_firmware_type": "bios",
            "id": "84aa733a-2faf-4972-b696-57c888c2bca7",
            "min_disk": 1,
            "min_ram": 0,
            "name": "test-comprehensive-gpu-image-GCLOUD2-21134",
            "os_distro": "cirros",
            "os_type": "linux",
            "os_version": "0.4.0",
            "project_id": 379987,
            "region_id": 76,
            "size": 12716032,
            "ssh_key": "allow",
            "status": "active",
            "tags": {
              "jira-ticket": "GCLOUD2-21134",
              "test": "gpu-virtual-image"
            },
            "task_id": null,
            "tasks": null,
            "updated_at": "2025-11-28T07:41:08Z",
            "url": "http://mirror.noris.net/cirros/0.4.0/cirros-0.4.0-x86_64-disk.img",
            "visibility": "shared"
          },
          "sensitive_attributes": []
        }
      ]
    }
  ],
  "check_results": null
}
