{
  "version": 4,
  "terraform_version": "1.10.5",
  "serial": 20,
  "lineage": "1c43bb62-c4d2-cb6f-7676-861bfd52dc78",
  "outputs": {
    "cow_format_id": {
      "value": "56f29474-da21-4e63-9014-779a64b1abfd",
      "type": "string"
    },
    "full_id": {
      "value": "8207ab9b-a064-4bfa-a7a1-29df96aea791",
      "type": "string"
    },
    "minimal_id": {
      "value": "fefcb032-a9c8-4702-ae2e-66d16393c737",
      "type": "string"
    }
  },
  "resources": [
    {
      "mode": "managed",
      "type": "gcore_cloud_gpu_virtual_cluster_image",
      "name": "cow_format_true",
      "provider": "provider[\"registry.terraform.io/gcore/gcore\"]",
      "instances": [
        {
          "index_key": 0,
          "schema_version": 0,
          "attributes": {
            "architecture": "x86_64",
            "cow_format": true,
            "created_at": "2025-12-10T09:44:21Z",
            "gpu_driver": "nvidia",
            "gpu_driver_type": null,
            "gpu_driver_version": null,
            "hw_firmware_type": null,
            "id": "56f29474-da21-4e63-9014-779a64b1abfd",
            "min_disk": 3,
            "min_ram": 0,
            "name": "tf-test-gpu-img-cow",
            "os_distro": null,
            "os_type": "linux",
            "os_version": null,
            "project_id": 379987,
            "region_id": 76,
            "size": 2361393152,
            "ssh_key": "allow",
            "status": "active",
            "tags": null,
            "updated_at": "2025-12-10T09:45:44Z",
            "url": "https://cloud-images.ubuntu.com/minimal/releases/jammy/release/ubuntu-22.04-minimal-cloudimg-amd64.img",
            "visibility": "shared"
          },
          "sensitive_attributes": []
        }
      ]
    },
    {
      "mode": "managed",
      "type": "gcore_cloud_gpu_virtual_cluster_image",
      "name": "full",
      "provider": "provider[\"registry.terraform.io/gcore/gcore\"]",
      "instances": [
        {
          "index_key": 0,
          "schema_version": 0,
          "attributes": {
            "architecture": "x86_64",
            "cow_format": false,
            "created_at": "2025-12-10T09:43:24Z",
            "gpu_driver": "nvidia",
            "gpu_driver_type": null,
            "gpu_driver_version": null,
            "hw_firmware_type": "bios",
            "id": "8207ab9b-a064-4bfa-a7a1-29df96aea791",
            "min_disk": 3,
            "min_ram": 0,
            "name": "tf-test-gpu-img-full",
            "os_distro": "ubuntu",
            "os_type": "linux",
            "os_version": "22.04",
            "project_id": 379987,
            "region_id": 76,
            "size": 0,
            "ssh_key": "allow",
            "status": "saving",
            "tags": null,
            "updated_at": "2025-12-10T09:43:28Z",
            "url": "https://cloud-images.ubuntu.com/minimal/releases/jammy/release/ubuntu-22.04-minimal-cloudimg-amd64.img",
            "visibility": "shared"
          },
          "sensitive_attributes": []
        }
      ]
    },
    {
      "mode": "managed",
      "type": "gcore_cloud_gpu_virtual_cluster_image",
      "name": "minimal",
      "provider": "provider[\"registry.terraform.io/gcore/gcore\"]",
      "instances": [
        {
          "index_key": 0,
          "schema_version": 0,
          "attributes": {
            "architecture": "x86_64",
            "cow_format": false,
            "created_at": "2025-12-10T09:42:10Z",
            "gpu_driver": "nvidia",
            "gpu_driver_type": null,
            "gpu_driver_version": null,
            "hw_firmware_type": null,
            "id": "fefcb032-a9c8-4702-ae2e-66d16393c737",
            "min_disk": 3,
            "min_ram": 0,
            "name": "tf-test-gpu-img-minimal",
            "os_distro": null,
            "os_type": "linux",
            "os_version": null,
            "project_id": 379987,
            "region_id": 76,
            "size": 307885568,
            "ssh_key": "allow",
            "status": "active",
            "tags": null,
            "updated_at": "2025-12-10T09:42:22Z",
            "url": "https://cloud-images.ubuntu.com/minimal/releases/jammy/release/ubuntu-22.04-minimal-cloudimg-amd64.img",
            "visibility": "shared"
          },
          "sensitive_attributes": []
        }
      ]
    }
  ],
  "check_results": null
}
