{
  "version": 4,
  "terraform_version": "1.10.5",
  "serial": 26,
  "lineage": "f92215e7-8c38-3801-5a1f-beb086b5cc87",
  "outputs": {
    "http_rule_id": {
      "value": "52d4b834-3373-4656-9bea-62afb6dedf74",
      "type": "string"
    },
    "https_rule_id": {
      "value": "aa091431-8417-4dd5-aa43-aae3858d1bc9",
      "type": "string"
    },
    "rule_details": {
      "value": {
        "http": {
          "direction": "ingress",
          "id": "52d4b834-3373-4656-9bea-62afb6dedf74",
          "port_range_max": 80,
          "port_range_min": 80,
          "protocol": "tcp",
          "security_group_id": null
        },
        "https": {
          "direction": "ingress",
          "id": "aa091431-8417-4dd5-aa43-aae3858d1bc9",
          "port_range_max": 443,
          "port_range_min": 443,
          "protocol": "tcp",
          "security_group_id": null
        }
      },
      "type": [
        "object",
        {
          "http": [
            "object",
            {
              "direction": "string",
              "id": "string",
              "port_range_max": "number",
              "port_range_min": "number",
              "protocol": "string",
              "security_group_id": "string"
            }
          ],
          "https": [
            "object",
            {
              "direction": "string",
              "id": "string",
              "port_range_max": "number",
              "port_range_min": "number",
              "protocol": "string",
              "security_group_id": "string"
            }
          ]
        }
      ]
    },
    "security_group_id": {
      "value": "ebcb52d4-634c-4886-9461-5aeeaf34ff3e",
      "type": "string"
    }
  },
  "resources": [
    {
      "mode": "managed",
      "type": "gcore_cloud_security_group",
      "name": "test",
      "provider": "provider[\"registry.terraform.io/gcore/gcore\"]",
      "instances": [
        {
          "schema_version": 0,
          "attributes": {
            "changed_rules": null,
            "created_at": "2025-11-11T08:00:47Z",
            "description": "Test security group for rules MVP testing",
            "id": "ebcb52d4-634c-4886-9461-5aeeaf34ff3e",
            "instances": null,
            "name": null,
            "project_id": 379987,
            "region": "Luxembourg-2",
            "region_id": 76,
            "revision_number": 1,
            "security_group": {
              "description": "Test security group for rules MVP testing",
              "name": "test-secgroup-rule-mvp",
              "security_group_rules": null,
              "tags": null
            },
            "security_group_rules": [
              {
                "created_at": "2025-11-11T08:00:48Z",
                "description": "",
                "direction": "egress",
                "ethertype": "IPv6",
                "id": "1ac67d38-309b-40ac-844e-265b8dbd9420",
                "port_range_max": null,
                "port_range_min": null,
                "protocol": "vrrp",
                "remote_group_id": null,
                "remote_ip_prefix": null,
                "revision_number": 0,
                "security_group_id": "ebcb52d4-634c-4886-9461-5aeeaf34ff3e",
                "updated_at": "2025-11-11T08:00:48Z"
              },
              {
                "created_at": "2025-11-11T08:00:47Z",
                "description": "",
                "direction": "egress",
                "ethertype": "IPv4",
                "id": "95961c98-b391-4559-a305-f73ce69193d2",
                "port_range_max": null,
                "port_range_min": null,
                "protocol": "vrrp",
                "remote_group_id": null,
                "remote_ip_prefix": null,
                "revision_number": 0,
                "security_group_id": "ebcb52d4-634c-4886-9461-5aeeaf34ff3e",
                "updated_at": "2025-11-11T08:00:47Z"
              },
              {
                "created_at": "2025-11-11T08:00:47Z",
                "description": "",
                "direction": "egress",
                "ethertype": "IPv4",
                "id": "4bc83944-9744-42da-be3c-53286a0af826",
                "port_range_max": null,
                "port_range_min": null,
                "protocol": "udplite",
                "remote_group_id": null,
                "remote_ip_prefix": null,
                "revision_number": 0,
                "security_group_id": "ebcb52d4-634c-4886-9461-5aeeaf34ff3e",
                "updated_at": "2025-11-11T08:00:47Z"
              },
              {
                "created_at": "2025-11-11T08:00:47Z",
                "description": "",
                "direction": "egress",
                "ethertype": "IPv6",
                "id": "6b014e4e-adea-45be-a488-35f6221b5c93",
                "port_range_max": null,
                "port_range_min": null,
                "protocol": "udplite",
                "remote_group_id": null,
                "remote_ip_prefix": null,
                "revision_number": 0,
                "security_group_id": "ebcb52d4-634c-4886-9461-5aeeaf34ff3e",
                "updated_at": "2025-11-11T08:00:47Z"
              },
              {
                "created_at": "2025-11-11T08:00:48Z",
                "description": "",
                "direction": "egress",
                "ethertype": "IPv6",
                "id": "831505e4-5c80-4b16-bb9f-5458d982bd5c",
                "port_range_max": 65535,
                "port_range_min": 26,
                "protocol": "udp",
                "remote_group_id": null,
                "remote_ip_prefix": null,
                "revision_number": 0,
                "security_group_id": "ebcb52d4-634c-4886-9461-5aeeaf34ff3e",
                "updated_at": "2025-11-11T08:00:48Z"
              },
              {
                "created_at": "2025-11-11T08:00:48Z",
                "description": "",
                "direction": "egress",
                "ethertype": "IPv4",
                "id": "a0526642-c767-4ba7-8921-347230f2f7d4",
                "port_range_max": 65535,
                "port_range_min": 26,
                "protocol": "udp",
                "remote_group_id": null,
                "remote_ip_prefix": null,
                "revision_number": 0,
                "security_group_id": "ebcb52d4-634c-4886-9461-5aeeaf34ff3e",
                "updated_at": "2025-11-11T08:00:48Z"
              },
              {
                "created_at": "2025-11-11T08:00:48Z",
                "description": "",
                "direction": "egress",
                "ethertype": "IPv4",
                "id": "daaeb201-8265-4662-b70d-0b3f87b763fd",
                "port_range_max": 24,
                "port_range_min": 1,
                "protocol": "udp",
                "remote_group_id": null,
                "remote_ip_prefix": null,
                "revision_number": 0,
                "security_group_id": "ebcb52d4-634c-4886-9461-5aeeaf34ff3e",
                "updated_at": "2025-11-11T08:00:48Z"
              },
              {
                "created_at": "2025-11-11T08:00:48Z",
                "description": "",
                "direction": "egress",
                "ethertype": "IPv6",
                "id": "f9b91bba-0650-4a71-9b28-788386222e13",
                "port_range_max": 24,
                "port_range_min": 1,
                "protocol": "udp",
                "remote_group_id": null,
                "remote_ip_prefix": null,
                "revision_number": 0,
                "security_group_id": "ebcb52d4-634c-4886-9461-5aeeaf34ff3e",
                "updated_at": "2025-11-11T08:00:48Z"
              },
              {
                "created_at": "2025-11-11T08:00:48Z",
                "description": "",
                "direction": "egress",
                "ethertype": "IPv4",
                "id": "43c4b9b6-8f14-4edd-9b1b-10c209aa1e8e",
                "port_range_max": 24,
                "port_range_min": 1,
                "protocol": "tcp",
                "remote_group_id": null,
                "remote_ip_prefix": null,
                "revision_number": 0,
                "security_group_id": "ebcb52d4-634c-4886-9461-5aeeaf34ff3e",
                "updated_at": "2025-11-11T08:00:48Z"
              },
              {
                "created_at": "2025-11-11T08:00:48Z",
                "description": "",
                "direction": "egress",
                "ethertype": "IPv6",
                "id": "5ef2cb3b-7df1-4258-8b73-f9b9be456a00",
                "port_range_max": 65535,
                "port_range_min": 26,
                "protocol": "tcp",
                "remote_group_id": null,
                "remote_ip_prefix": null,
                "revision_number": 0,
                "security_group_id": "ebcb52d4-634c-4886-9461-5aeeaf34ff3e",
                "updated_at": "2025-11-11T08:00:48Z"
              },
              {
                "created_at": "2025-11-11T08:00:48Z",
                "description": "",
                "direction": "egress",
                "ethertype": "IPv4",
                "id": "d8dc5ead-678f-427b-8536-85b5ff0f8815",
                "port_range_max": 65535,
                "port_range_min": 26,
                "protocol": "tcp",
                "remote_group_id": null,
                "remote_ip_prefix": null,
                "revision_number": 0,
                "security_group_id": "ebcb52d4-634c-4886-9461-5aeeaf34ff3e",
                "updated_at": "2025-11-11T08:00:48Z"
              },
              {
                "created_at": "2025-11-11T08:00:48Z",
                "description": "",
                "direction": "egress",
                "ethertype": "IPv6",
                "id": "fcf10bbd-7a4c-4355-a508-beda5e8f8d05",
                "port_range_max": 24,
                "port_range_min": 1,
                "protocol": "tcp",
                "remote_group_id": null,
                "remote_ip_prefix": null,
                "revision_number": 0,
                "security_group_id": "ebcb52d4-634c-4886-9461-5aeeaf34ff3e",
                "updated_at": "2025-11-11T08:00:48Z"
              },
              {
                "created_at": "2025-11-11T08:00:47Z",
                "description": "",
                "direction": "egress",
                "ethertype": "IPv4",
                "id": "17681fe2-f210-43b7-8580-80c1e2828ce1",
                "port_range_max": null,
                "port_range_min": null,
                "protocol": "sctp",
                "remote_group_id": null,
                "remote_ip_prefix": null,
                "revision_number": 0,
                "security_group_id": "ebcb52d4-634c-4886-9461-5aeeaf34ff3e",
                "updated_at": "2025-11-11T08:00:47Z"
              },
              {
                "created_at": "2025-11-11T08:00:47Z",
                "description": "",
                "direction": "egress",
                "ethertype": "IPv6",
                "id": "30b3cd08-deac-493e-a309-4338d3a02c92",
                "port_range_max": null,
                "port_range_min": null,
                "protocol": "sctp",
                "remote_group_id": null,
                "remote_ip_prefix": null,
                "revision_number": 0,
                "security_group_id": "ebcb52d4-634c-4886-9461-5aeeaf34ff3e",
                "updated_at": "2025-11-11T08:00:47Z"
              },
              {
                "created_at": "2025-11-11T08:00:47Z",
                "description": "",
                "direction": "egress",
                "ethertype": "IPv6",
                "id": "29250c7e-8577-4d67-9f78-bfb92e438d26",
                "port_range_max": null,
                "port_range_min": null,
                "protocol": "rsvp",
                "remote_group_id": null,
                "remote_ip_prefix": null,
                "revision_number": 0,
                "security_group_id": "ebcb52d4-634c-4886-9461-5aeeaf34ff3e",
                "updated_at": "2025-11-11T08:00:47Z"
              },
              {
                "created_at": "2025-11-11T08:00:47Z",
                "description": "",
                "direction": "egress",
                "ethertype": "IPv4",
                "id": "66241acd-dc97-4754-8c6d-2c76f3f0426e",
                "port_range_max": null,
                "port_range_min": null,
                "protocol": "rsvp",
                "remote_group_id": null,
                "remote_ip_prefix": null,
                "revision_number": 0,
                "security_group_id": "ebcb52d4-634c-4886-9461-5aeeaf34ff3e",
                "updated_at": "2025-11-11T08:00:47Z"
              },
              {
                "created_at": "2025-11-11T08:00:47Z",
                "description": "",
                "direction": "egress",
                "ethertype": "IPv4",
                "id": "cab9e087-2567-4d8c-b071-d1a1f685eb43",
                "port_range_max": null,
                "port_range_min": null,
                "protocol": "pgm",
                "remote_group_id": null,
                "remote_ip_prefix": null,
                "revision_number": 0,
                "security_group_id": "ebcb52d4-634c-4886-9461-5aeeaf34ff3e",
                "updated_at": "2025-11-11T08:00:47Z"
              },
              {
                "created_at": "2025-11-11T08:00:47Z",
                "description": "",
                "direction": "egress",
                "ethertype": "IPv6",
                "id": "cbc6b973-edfc-4c52-a782-960bf53f4e35",
                "port_range_max": null,
                "port_range_min": null,
                "protocol": "pgm",
                "remote_group_id": null,
                "remote_ip_prefix": null,
                "revision_number": 0,
                "security_group_id": "ebcb52d4-634c-4886-9461-5aeeaf34ff3e",
                "updated_at": "2025-11-11T08:00:47Z"
              },
              {
                "created_at": "2025-11-11T08:00:47Z",
                "description": "",
                "direction": "egress",
                "ethertype": "IPv6",
                "id": "00da4317-683e-4fba-a018-338cda2e5c23",
                "port_range_max": null,
                "port_range_min": null,
                "protocol": "ospf",
                "remote_group_id": null,
                "remote_ip_prefix": null,
                "revision_number": 0,
                "security_group_id": "ebcb52d4-634c-4886-9461-5aeeaf34ff3e",
                "updated_at": "2025-11-11T08:00:47Z"
              },
              {
                "created_at": "2025-11-11T08:00:47Z",
                "description": "",
                "direction": "egress",
                "ethertype": "IPv4",
                "id": "d91fb149-3479-430e-a59e-5c4cbca6b9b1",
                "port_range_max": null,
                "port_range_min": null,
                "protocol": "ospf",
                "remote_group_id": null,
                "remote_ip_prefix": null,
                "revision_number": 0,
                "security_group_id": "ebcb52d4-634c-4886-9461-5aeeaf34ff3e",
                "updated_at": "2025-11-11T08:00:47Z"
              },
              {
                "created_at": "2025-11-11T08:00:47Z",
                "description": "",
                "direction": "egress",
                "ethertype": "IPv6",
                "id": "e4545492-b978-4cb3-972e-ba88f6f0a9aa",
                "port_range_max": null,
                "port_range_min": null,
                "protocol": "ipv6-route",
                "remote_group_id": null,
                "remote_ip_prefix": null,
                "revision_number": 0,
                "security_group_id": "ebcb52d4-634c-4886-9461-5aeeaf34ff3e",
                "updated_at": "2025-11-11T08:00:47Z"
              },
              {
                "created_at": "2025-11-11T08:00:47Z",
                "description": "",
                "direction": "egress",
                "ethertype": "IPv6",
                "id": "d5d4476e-a0f4-43c9-ae4d-81558eb7a313",
                "port_range_max": null,
                "port_range_min": null,
                "protocol": "ipv6-opts",
                "remote_group_id": null,
                "remote_ip_prefix": null,
                "revision_number": 0,
                "security_group_id": "ebcb52d4-634c-4886-9461-5aeeaf34ff3e",
                "updated_at": "2025-11-11T08:00:47Z"
              },
              {
                "created_at": "2025-11-11T08:00:47Z",
                "description": "",
                "direction": "egress",
                "ethertype": "IPv6",
                "id": "a9d4d424-743c-45a8-82a6-3cbe6ce9c0de",
                "port_range_max": null,
                "port_range_min": null,
                "protocol": "ipv6-nonxt",
                "remote_group_id": null,
                "remote_ip_prefix": null,
                "revision_number": 0,
                "security_group_id": "ebcb52d4-634c-4886-9461-5aeeaf34ff3e",
                "updated_at": "2025-11-11T08:00:47Z"
              },
              {
                "created_at": "2025-11-11T08:00:47Z",
                "description": "",
                "direction": "egress",
                "ethertype": "IPv6",
                "id": "fd8257f5-98c7-4575-b567-c124744b68cf",
                "port_range_max": null,
                "port_range_min": null,
                "protocol": "ipv6-icmp",
                "remote_group_id": null,
                "remote_ip_prefix": null,
                "revision_number": 0,
                "security_group_id": "ebcb52d4-634c-4886-9461-5aeeaf34ff3e",
                "updated_at": "2025-11-11T08:00:47Z"
              },
              {
                "created_at": "2025-11-11T08:00:47Z",
                "description": "",
                "direction": "egress",
                "ethertype": "IPv6",
                "id": "035fcdd4-0943-4611-ab26-4a302acfa16f",
                "port_range_max": null,
                "port_range_min": null,
                "protocol": "ipv6-frag",
                "remote_group_id": null,
                "remote_ip_prefix": null,
                "revision_number": 0,
                "security_group_id": "ebcb52d4-634c-4886-9461-5aeeaf34ff3e",
                "updated_at": "2025-11-11T08:00:47Z"
              },
              {
                "created_at": "2025-11-11T08:00:47Z",
                "description": "",
                "direction": "egress",
                "ethertype": "IPv6",
                "id": "1a978cc7-f6f8-4486-a977-3fb754018607",
                "port_range_max": null,
                "port_range_min": null,
                "protocol": "ipv6-encap",
                "remote_group_id": null,
                "remote_ip_prefix": null,
                "revision_number": 0,
                "security_group_id": "ebcb52d4-634c-4886-9461-5aeeaf34ff3e",
                "updated_at": "2025-11-11T08:00:47Z"
              },
              {
                "created_at": "2025-11-11T08:00:47Z",
                "description": "",
                "direction": "egress",
                "ethertype": "IPv4",
                "id": "47aaf923-4cd6-4888-9669-4b5c9610cf60",
                "port_range_max": null,
                "port_range_min": null,
                "protocol": "igmp",
                "remote_group_id": null,
                "remote_ip_prefix": null,
                "revision_number": 0,
                "security_group_id": "ebcb52d4-634c-4886-9461-5aeeaf34ff3e",
                "updated_at": "2025-11-11T08:00:47Z"
              },
              {
                "created_at": "2025-11-11T08:00:47Z",
                "description": "",
                "direction": "egress",
                "ethertype": "IPv6",
                "id": "85a48e63-8723-44df-973c-cc83e89c9871",
                "port_range_max": null,
                "port_range_min": null,
                "protocol": "igmp",
                "remote_group_id": null,
                "remote_ip_prefix": null,
                "revision_number": 0,
                "security_group_id": "ebcb52d4-634c-4886-9461-5aeeaf34ff3e",
                "updated_at": "2025-11-11T08:00:47Z"
              },
              {
                "created_at": "2025-11-11T08:00:47Z",
                "description": "",
                "direction": "egress",
                "ethertype": "IPv4",
                "id": "84d86d65-f915-48d7-b16e-dbdedcfea5e5",
                "port_range_max": null,
                "port_range_min": null,
                "protocol": "icmp",
                "remote_group_id": null,
                "remote_ip_prefix": null,
                "revision_number": 0,
                "security_group_id": "ebcb52d4-634c-4886-9461-5aeeaf34ff3e",
                "updated_at": "2025-11-11T08:00:47Z"
              },
              {
                "created_at": "2025-11-11T08:00:47Z",
                "description": "",
                "direction": "egress",
                "ethertype": "IPv4",
                "id": "0397ba2a-6f6a-4180-bd54-a5fbd9cf419d",
                "port_range_max": null,
                "port_range_min": null,
                "protocol": "gre",
                "remote_group_id": null,
                "remote_ip_prefix": null,
                "revision_number": 0,
                "security_group_id": "ebcb52d4-634c-4886-9461-5aeeaf34ff3e",
                "updated_at": "2025-11-11T08:00:47Z"
              },
              {
                "created_at": "2025-11-11T08:00:47Z",
                "description": "",
                "direction": "egress",
                "ethertype": "IPv6",
                "id": "318d1f52-bd0f-40a1-a3cb-376ea8745e13",
                "port_range_max": null,
                "port_range_min": null,
                "protocol": "gre",
                "remote_group_id": null,
                "remote_ip_prefix": null,
                "revision_number": 0,
                "security_group_id": "ebcb52d4-634c-4886-9461-5aeeaf34ff3e",
                "updated_at": "2025-11-11T08:00:47Z"
              },
              {
                "created_at": "2025-11-11T08:00:47Z",
                "description": "",
                "direction": "egress",
                "ethertype": "IPv4",
                "id": "6a75c779-b1f0-4703-92eb-b43ce5259388",
                "port_range_max": null,
                "port_range_min": null,
                "protocol": "esp",
                "remote_group_id": null,
                "remote_ip_prefix": null,
                "revision_number": 0,
                "security_group_id": "ebcb52d4-634c-4886-9461-5aeeaf34ff3e",
                "updated_at": "2025-11-11T08:00:47Z"
              },
              {
                "created_at": "2025-11-11T08:00:47Z",
                "description": "",
                "direction": "egress",
                "ethertype": "IPv6",
                "id": "9514a8ae-fa64-4d95-999e-eb82bd75321a",
                "port_range_max": null,
                "port_range_min": null,
                "protocol": "esp",
                "remote_group_id": null,
                "remote_ip_prefix": null,
                "revision_number": 0,
                "security_group_id": "ebcb52d4-634c-4886-9461-5aeeaf34ff3e",
                "updated_at": "2025-11-11T08:00:47Z"
              },
              {
                "created_at": "2025-11-11T08:00:47Z",
                "description": "",
                "direction": "egress",
                "ethertype": "IPv4",
                "id": "4d728851-8152-421e-bf82-21f0c38399d8",
                "port_range_max": null,
                "port_range_min": null,
                "protocol": "egp",
                "remote_group_id": null,
                "remote_ip_prefix": null,
                "revision_number": 0,
                "security_group_id": "ebcb52d4-634c-4886-9461-5aeeaf34ff3e",
                "updated_at": "2025-11-11T08:00:47Z"
              },
              {
                "created_at": "2025-11-11T08:00:47Z",
                "description": "",
                "direction": "egress",
                "ethertype": "IPv6",
                "id": "eebc8b1e-3493-49c6-b2ad-6d040e906ae1",
                "port_range_max": null,
                "port_range_min": null,
                "protocol": "egp",
                "remote_group_id": null,
                "remote_ip_prefix": null,
                "revision_number": 0,
                "security_group_id": "ebcb52d4-634c-4886-9461-5aeeaf34ff3e",
                "updated_at": "2025-11-11T08:00:47Z"
              },
              {
                "created_at": "2025-11-11T08:00:47Z",
                "description": "",
                "direction": "egress",
                "ethertype": "IPv4",
                "id": "78c250f8-0734-4222-87ac-b49fbc71c9f9",
                "port_range_max": null,
                "port_range_min": null,
                "protocol": "dccp",
                "remote_group_id": null,
                "remote_ip_prefix": null,
                "revision_number": 0,
                "security_group_id": "ebcb52d4-634c-4886-9461-5aeeaf34ff3e",
                "updated_at": "2025-11-11T08:00:47Z"
              },
              {
                "created_at": "2025-11-11T08:00:47Z",
                "description": "",
                "direction": "egress",
                "ethertype": "IPv6",
                "id": "f3ffc8f0-1a39-4948-aac0-76c0e51a3845",
                "port_range_max": null,
                "port_range_min": null,
                "protocol": "dccp",
                "remote_group_id": null,
                "remote_ip_prefix": null,
                "revision_number": 0,
                "security_group_id": "ebcb52d4-634c-4886-9461-5aeeaf34ff3e",
                "updated_at": "2025-11-11T08:00:47Z"
              },
              {
                "created_at": "2025-11-11T08:00:47Z",
                "description": "",
                "direction": "egress",
                "ethertype": "IPv4",
                "id": "b9e4cc36-8d44-49f9-a924-80e688777330",
                "port_range_max": null,
                "port_range_min": null,
                "protocol": "ah",
                "remote_group_id": null,
                "remote_ip_prefix": null,
                "revision_number": 0,
                "security_group_id": "ebcb52d4-634c-4886-9461-5aeeaf34ff3e",
                "updated_at": "2025-11-11T08:00:47Z"
              },
              {
                "created_at": "2025-11-11T08:00:47Z",
                "description": "",
                "direction": "egress",
                "ethertype": "IPv6",
                "id": "eb8265bb-83fb-420d-980b-2fab19388e5f",
                "port_range_max": null,
                "port_range_min": null,
                "protocol": "ah",
                "remote_group_id": null,
                "remote_ip_prefix": null,
                "revision_number": 0,
                "security_group_id": "ebcb52d4-634c-4886-9461-5aeeaf34ff3e",
                "updated_at": "2025-11-11T08:00:47Z"
              }
            ],
            "tags": null,
            "tags_v2": [],
            "updated_at": "2025-11-11T08:00:47Z"
          },
          "sensitive_attributes": []
        }
      ]
    },
    {
      "mode": "managed",
      "type": "gcore_cloud_security_group_rule",
      "name": "http",
      "provider": "provider[\"registry.terraform.io/gcore/gcore\"]",
      "instances": [
        {
          "schema_version": 0,
          "attributes": {
            "created_at": "2025-11-11T08:00:49Z",
            "description": "Allow HTTP",
            "direction": "ingress",
            "ethertype": "IPv4",
            "group_id": "ebcb52d4-634c-4886-9461-5aeeaf34ff3e",
            "id": "52d4b834-3373-4656-9bea-62afb6dedf74",
            "port_range_max": 80,
            "port_range_min": 80,
            "project_id": 379987,
            "protocol": "tcp",
            "region_id": 76,
            "remote_group_id": null,
            "remote_ip_prefix": "0.0.0.0/0",
            "revision_number": 0,
            "security_group_id": null,
            "updated_at": "2025-11-11T08:00:49Z"
          },
          "sensitive_attributes": [],
          "dependencies": [
            "gcore_cloud_security_group.test"
          ]
        }
      ]
    },
    {
      "mode": "managed",
      "type": "gcore_cloud_security_group_rule",
      "name": "https",
      "provider": "provider[\"registry.terraform.io/gcore/gcore\"]",
      "instances": [
        {
          "schema_version": 0,
          "attributes": {
            "created_at": "2025-11-11T08:00:49Z",
            "description": "Allow HTTPS",
            "direction": "ingress",
            "ethertype": "IPv4",
            "group_id": "ebcb52d4-634c-4886-9461-5aeeaf34ff3e",
            "id": "aa091431-8417-4dd5-aa43-aae3858d1bc9",
            "port_range_max": 443,
            "port_range_min": 443,
            "project_id": 379987,
            "protocol": "tcp",
            "region_id": 76,
            "remote_group_id": null,
            "remote_ip_prefix": "0.0.0.0/0",
            "revision_number": 0,
            "security_group_id": null,
            "updated_at": "2025-11-11T08:00:49Z"
          },
          "sensitive_attributes": [],
          "dependencies": [
            "gcore_cloud_security_group.test"
          ]
        }
      ]
    }
  ],
  "check_results": null
}
