{
  "version": 4,
  "terraform_version": "1.14.3",
  "serial": 10,
  "lineage": "2bb2c956-0e09-a3c9-4960-3b6e2f728bc9",
  "outputs": {
    "binary_api_type": {
      "value": "wasi-http",
      "type": "string"
    },
    "binary_checksum": {
      "value": "34524214b83ffe9ccf98bf5601003057",
      "type": "string"
    },
    "binary_id": {
      "value": 2848,
      "type": "number"
    },
    "binary_status": {
      "value": 1,
      "type": "number"
    }
  },
  "resources": [
    {
      "mode": "managed",
      "type": "gcore_fastedge_binary",
      "name": "test",
      "provider": "provider[\"registry.terraform.io/gcore/gcore\"]",
      "instances": [
        {
          "schema_version": 0,
          "attributes": {
            "api_type": "wasi-http",
            "checksum": "34524214b83ffe9ccf98bf5601003057",
            "filename": "./minimal.wasm",
            "id": 2848,
            "source": null,
            "status": 1,
            "unref_since": "2026-01-28 06:36:15.868974615 +0000 UTC"
          },
          "sensitive_attributes": [],
          "identity_schema_version": 0
        }
      ]
    }
  ],
  "check_results": null
}
