{
  "version": 4,
  "terraform_version": "1.14.3",
  "serial": 9,
  "lineage": "4ede652b-f290-6e6a-0cc0-a0667b48f389",
  "outputs": {
    "lb_id": {
      "value": "456f925d-3a72-4202-8248-c59eaad218b3",
      "type": "string"
    },
    "lb_operating_status": {
      "value": "ERROR",
      "type": "string"
    },
    "lb_provisioning_status": {
      "value": "ACTIVE",
      "type": "string"
    },
    "lb_vrrp_ips": {
      "value": [
        {
          "ip_address": "109.61.125.117",
          "role": "MASTER",
          "subnet_id": "b4c6e91a-9eb9-4c59-ad57-00124eceda00"
        },
        {
          "ip_address": "109.61.125.249",
          "role": "BACKUP",
          "subnet_id": "b4c6e91a-9eb9-4c59-ad57-00124eceda00"
        }
      ],
      "type": [
        "list",
        [
          "object",
          {
            "ip_address": "string",
            "role": "string",
            "subnet_id": "string"
          }
        ]
      ]
    },
    "listener_id": {
      "value": "78bd2aca-b67b-47e5-8a7a-f59dd1cb697b",
      "type": "string"
    },
    "pool_id": {
      "value": "70fcfdc4-d04a-45f2-9238-3a4868b6bee9",
      "type": "string"
    },
    "pool_operating_status": {
      "value": "ERROR",
      "type": "string"
    }
  },
  "resources": [
    {
      "mode": "managed",
      "type": "gcore_cloud_load_balancer",
      "name": "test",
      "provider": "provider[\"registry.terraform.io/gcore/gcore\"]",
      "instances": [
        {
          "schema_version": 0,
          "attributes": {
            "additional_vips": [],
            "admin_state_up": true,
            "created_at": "2026-03-03T14:48:05Z",
            "creator_task_id": "c3da26aa-b9a1-45d5-b3d0-0f0870852d0b",
            "ddos_profile": null,
            "flavor": "lb1-1-2",
            "floating_ip": null,
            "floating_ips": [],
            "id": "456f925d-3a72-4202-8248-c59eaad218b3",
            "logging": {
              "destination_region_id": null,
              "enabled": false,
              "retention_policy": null,
              "topic_name": null
            },
            "name": "tf-test-lb-23981-updated",
            "name_template": null,
            "operating_status": "ERROR",
            "preferred_connectivity": "L2",
            "project_id": 379987,
            "provisioning_status": "ACTIVE",
            "region": "Luxembourg-2",
            "region_id": 76,
            "stats": null,
            "tags": {
              "purpose": "lb-regression-test",
              "tf-test": "gcloud2-23981"
            },
            "tags_v2": [
              {
                "key": "purpose",
                "read_only": false,
                "value": "lb-regression-test"
              },
              {
                "key": "tf-test",
                "read_only": false,
                "value": "gcloud2-23981"
              }
            ],
            "updated_at": "2026-03-03T14:50:57Z",
            "vip_address": "109.61.125.9",
            "vip_fqdn": null,
            "vip_ip_family": "ipv4",
            "vip_network_id": null,
            "vip_port_id": "ccdcf194-a174-4cbc-a32b-49afb37b8936",
            "vip_subnet_id": null,
            "vrrp_ips": [
              {
                "ip_address": "109.61.125.117",
                "role": "MASTER",
                "subnet_id": "b4c6e91a-9eb9-4c59-ad57-00124eceda00"
              },
              {
                "ip_address": "109.61.125.249",
                "role": "BACKUP",
                "subnet_id": "b4c6e91a-9eb9-4c59-ad57-00124eceda00"
              }
            ]
          },
          "sensitive_attributes": [],
          "identity_schema_version": 0
        }
      ]
    },
    {
      "mode": "managed",
      "type": "gcore_cloud_load_balancer_listener",
      "name": "test",
      "provider": "provider[\"registry.terraform.io/gcore/gcore\"]",
      "instances": [
        {
          "schema_version": 0,
          "attributes": {
            "admin_state_up": true,
            "allowed_cidrs": null,
            "connection_limit": 100000,
            "creator_task_id": "565e154a-12e1-49a4-bbf3-cf83836f7f5e",
            "default_pool_id": null,
            "id": "78bd2aca-b67b-47e5-8a7a-f59dd1cb697b",
            "insert_headers": "{}",
            "insert_x_forwarded": null,
            "load_balancer_id": "456f925d-3a72-4202-8248-c59eaad218b3",
            "name": "tf-test-listener-23981-updated",
            "operating_status": "ONLINE",
            "pool_count": 1,
            "project_id": 379987,
            "protocol": "HTTP",
            "protocol_port": 80,
            "provisioning_status": "ACTIVE",
            "region_id": 76,
            "secret_id": null,
            "sni_secret_id": [],
            "stats": null,
            "timeout_client_data": 50000,
            "user_list": []
          },
          "sensitive_attributes": [],
          "identity_schema_version": 0,
          "dependencies": [
            "gcore_cloud_load_balancer.test"
          ]
        }
      ]
    },
    {
      "mode": "managed",
      "type": "gcore_cloud_load_balancer_pool",
      "name": "test",
      "provider": "provider[\"registry.terraform.io/gcore/gcore\"]",
      "instances": [
        {
          "schema_version": 0,
          "attributes": {
            "admin_state_up": null,
            "ca_secret_id": null,
            "creator_task_id": "9f6496ba-d53f-4692-831a-9b9ee07e917b",
            "crl_secret_id": null,
            "healthmonitor": {
              "admin_state_up": null,
              "delay": 10,
              "expected_codes": null,
              "http_method": "GET",
              "max_retries": 3,
              "max_retries_down": 3,
              "timeout": 5,
              "type": "HTTP",
              "url_path": "/health"
            },
            "id": "70fcfdc4-d04a-45f2-9238-3a4868b6bee9",
            "lb_algorithm": "ROUND_ROBIN",
            "listener_id": "78bd2aca-b67b-47e5-8a7a-f59dd1cb697b",
            "listeners": [
              {
                "id": "78bd2aca-b67b-47e5-8a7a-f59dd1cb697b"
              }
            ],
            "load_balancer_id": null,
            "loadbalancers": [
              {
                "id": "456f925d-3a72-4202-8248-c59eaad218b3"
              }
            ],
            "members": [
              {
                "address": "10.0.0.10",
                "admin_state_up": true,
                "backup": false,
                "instance_id": null,
                "monitor_address": null,
                "monitor_port": null,
                "protocol_port": 8080,
                "subnet_id": null,
                "weight": 1
              }
            ],
            "name": "tf-test-pool-23981-updated",
            "operating_status": "ERROR",
            "project_id": 379987,
            "protocol": "HTTP",
            "provisioning_status": "ACTIVE",
            "region_id": 76,
            "secret_id": null,
            "session_persistence": null,
            "timeout_member_connect": 5000,
            "timeout_member_data": 50000
          },
          "sensitive_attributes": [],
          "identity_schema_version": 0,
          "dependencies": [
            "gcore_cloud_load_balancer.test",
            "gcore_cloud_load_balancer_listener.test"
          ]
        }
      ]
    }
  ],
  "check_results": null
}
