{
  "version": 4,
  "terraform_version": "1.10.5",
  "serial": 1,
  "lineage": "4c75d59d-2f14-3cc4-f622-906a644e232a",
  "outputs": {
    "instance_id": {
      "value": "33bbe11f-1525-483c-9944-51c7480849ca",
      "type": "string"
    }
  },
  "resources": [
    {
      "mode": "managed",
      "type": "gcore_cloud_instance",
      "name": "qa_imp",
      "provider": "provider[\"registry.terraform.io/gcore/gcore\"]",
      "instances": [
        {
          "schema_version": 0,
          "attributes": {
            "addresses": {
              "pub_net": [
                {
                  "addr": "109.61.125.197",
                  "interface_name": null,
                  "subnet_id": "b4c6e91a-9eb9-4c59-ad57-00124eceda00",
                  "subnet_name": "pub_net11",
                  "type": "fixed"
                }
              ]
            },
            "allow_app_ports": null,
            "blackhole_ports": [],
            "configuration": null,
            "created_at": "2026-01-06T07:49:59Z",
            "creator_task_id": "78f22af1-f781-4c55-b937-2d45e7fd28ad",
            "ddos_profile": null,
            "fixed_ip_assignments": null,
            "flavor": "g1-standard-1-2",
            "id": "33bbe11f-1525-483c-9944-51c7480849ca",
            "instance_description": null,
            "instance_isolation": null,
            "interfaces": [
              {
                "floating_ip": null,
                "interface_name": null,
                "ip_address": "109.61.125.197",
                "ip_family": null,
                "network_id": null,
                "port_id": "e7eb41a6-e9e2-488c-8d02-309478f1b166",
                "security_groups": null,
                "subnet_id": null,
                "type": "external"
              }
            ],
            "name": "boot-index-drift-test",
            "name_template": null,
            "password": null,
            "project_id": 379987,
            "region": "Luxembourg-2",
            "region_id": 76,
            "security_groups": null,
            "servergroup_id": null,
            "ssh_key_name": null,
            "status": "ACTIVE",
            "tags": null,
            "task_id": null,
            "task_state": null,
            "tasks": null,
            "user_data": null,
            "username": null,
            "vm_state": "active",
            "volumes": [
              {
                "attachment_tag": null,
                "boot_index": null,
                "volume_id": "86bc910b-da7b-4542-803c-1a5beed72e37"
              },
              {
                "attachment_tag": null,
                "boot_index": null,
                "volume_id": "077d940d-1c93-4e91-be6e-4dd0e5274ced"
              }
            ]
          },
          "sensitive_attributes": []
        }
      ]
    }
  ],
  "check_results": null
}
