{
  "version": 4,
  "terraform_version": "1.10.5",
  "serial": 6,
  "lineage": "97be6c43-372a-49ef-ab6d-d6506743ba98",
  "outputs": {
    "lb_id": {
      "value": "fc4c10ce-2e90-4b6e-ae1e-f1c6a5fb1a43",
      "type": "string"
    },
    "vrrp_ips": {
      "value": [
        {
          "ip_address": "10.0.30.192",
          "role": "BACKUP",
          "subnet_id": "ea6a0a05-e9f4-4f3c-a652-14208346a6a7"
        },
        {
          "ip_address": "10.0.30.77",
          "role": "MASTER",
          "subnet_id": "ea6a0a05-e9f4-4f3c-a652-14208346a6a7"
        }
      ],
      "type": [
        "list",
        [
          "object",
          {
            "ip_address": "string",
            "role": "string",
            "subnet_id": "string"
          }
        ]
      ]
    },
    "vrrp_ips_count": {
      "value": 2,
      "type": "number"
    }
  },
  "resources": [
    {
      "mode": "data",
      "type": "gcore_cloud_projects",
      "name": "my_projects",
      "provider": "provider[\"registry.terraform.io/gcore/gcore\"]",
      "instances": [
        {
          "schema_version": 0,
          "attributes": {
            "client_id": null,
            "include_deleted": null,
            "items": [
              {
                "client_id": 3621,
                "created_at": "2019-08-23T17:24:36Z",
                "deleted_at": null,
                "description": "",
                "id": 6,
                "is_default": true,
                "name": "Default",
                "state": "ACTIVE",
                "task_id": null
              }
            ],
            "max_items": null,
            "name": "default",
            "order_by": null
          },
          "sensitive_attributes": []
        }
      ]
    },
    {
      "mode": "data",
      "type": "gcore_cloud_region",
      "name": "rg",
      "provider": "provider[\"registry.terraform.io/gcore/gcore\"]",
      "instances": [
        {
          "schema_version": 0,
          "attributes": {
            "access_level": "core",
            "available_volume_types": [
              "standard",
              "ssd_hiiops",
              "ssd_lowlatency"
            ],
            "coordinates": {
              "latitude": 49.579582,
              "longitude": 6.109961
            },
            "country": "LU",
            "created_at": "2021-10-19T12:54:13Z",
            "created_on": "2021-10-19T12:54:13Z",
            "ddos_endpoint_id": 51,
            "display_name": "Luxembourg-2",
            "endpoint_type": "public",
            "external_network_id": "4b99f7d1-5d1e-4fdb-8ae1-a4bfb208556c",
            "file_share_types": [
              "standard"
            ],
            "has_ai": true,
            "has_ai_gpu": true,
            "has_baremetal": true,
            "has_basic_vm": false,
            "has_dbaas": true,
            "has_ddos": true,
            "has_k8s": true,
            "has_kvm": true,
            "has_sfs": true,
            "id": 76,
            "keystone_id": 76,
            "keystone_name": "ED-16",
            "metrics_database_id": 76,
            "region_id": 76,
            "show_volume_types": null,
            "state": "ACTIVE",
            "task_id": null,
            "vlan_physical_network": "br-ex",
            "zone": "EMEA"
          },
          "sensitive_attributes": []
        }
      ]
    },
    {
      "mode": "managed",
      "type": "gcore_cloud_load_balancer",
      "name": "test",
      "provider": "provider[\"registry.terraform.io/gcore/gcore\"]",
      "instances": [
        {
          "schema_version": 0,
          "attributes": {
            "additional_vips": [],
            "created_at": "2025-11-18T08:41:04Z",
            "creator_task_id": "099da65e-75ff-431c-9151-87fe2c56ac1d",
            "ddos_profile": null,
            "flavor": "lb1-2-4",
            "floating_ip": null,
            "floating_ips": [],
            "id": "fc4c10ce-2e90-4b6e-ae1e-f1c6a5fb1a43",
            "listeners": [],
            "logging": {
              "destination_region_id": null,
              "enabled": false,
              "retention_policy": null,
              "topic_name": null
            },
            "name": "test-lb-renamed",
            "name_template": null,
            "operating_status": "ONLINE",
            "preferred_connectivity": "L2",
            "project_id": 6,
            "provisioning_status": "ACTIVE",
            "region": "Luxembourg-2",
            "region_id": 76,
            "stats": null,
            "tags": null,
            "tags_v2": [],
            "task_id": null,
            "tasks": null,
            "updated_at": "2025-11-18T08:42:35Z",
            "vip_address": "10.0.30.131",
            "vip_ip_family": "ipv4",
            "vip_network_id": "acb73c35-b01a-41e7-88aa-93880b8ed7ce",
            "vip_port_id": "d29a3e99-cb3c-4576-989f-121f8de25702",
            "vip_subnet_id": "ea6a0a05-e9f4-4f3c-a652-14208346a6a7",
            "vrrp_ips": [
              {
                "ip_address": "10.0.30.192",
                "role": "BACKUP",
                "subnet_id": "ea6a0a05-e9f4-4f3c-a652-14208346a6a7"
              },
              {
                "ip_address": "10.0.30.77",
                "role": "MASTER",
                "subnet_id": "ea6a0a05-e9f4-4f3c-a652-14208346a6a7"
              }
            ]
          },
          "sensitive_attributes": [],
          "dependencies": [
            "data.gcore_cloud_projects.my_projects",
            "data.gcore_cloud_region.rg",
            "gcore_cloud_network.test",
            "gcore_cloud_network_subnet.test"
          ]
        }
      ]
    },
    {
      "mode": "managed",
      "type": "gcore_cloud_network",
      "name": "test",
      "provider": "provider[\"registry.terraform.io/gcore/gcore\"]",
      "instances": [
        {
          "schema_version": 0,
          "attributes": {
            "create_router": true,
            "created_at": "2025-11-18T08:40:38Z",
            "creator_task_id": "25f5824c-22a7-49a5-b330-b6d5d89d6885",
            "default": null,
            "external": false,
            "id": "acb73c35-b01a-41e7-88aa-93880b8ed7ce",
            "mtu": 1500,
            "name": "test-net-lb-manual",
            "port_security_enabled": true,
            "project_id": 6,
            "region": "Luxembourg-2",
            "region_id": 76,
            "segmentation_id": 897,
            "shared": false,
            "subnets": [
              "ea6a0a05-e9f4-4f3c-a652-14208346a6a7"
            ],
            "tags": null,
            "task_id": null,
            "tasks": null,
            "type": "vxlan",
            "updated_at": "2025-11-18T08:40:52Z"
          },
          "sensitive_attributes": [],
          "dependencies": [
            "data.gcore_cloud_projects.my_projects",
            "data.gcore_cloud_region.rg"
          ]
        }
      ]
    },
    {
      "mode": "managed",
      "type": "gcore_cloud_network_subnet",
      "name": "test",
      "provider": "provider[\"registry.terraform.io/gcore/gcore\"]",
      "instances": [
        {
          "schema_version": 0,
          "attributes": {
            "available_ips": 248,
            "cidr": "10.0.30.0/24",
            "connect_to_network_router": true,
            "created_at": "2025-11-18T08:40:52Z",
            "creator_task_id": "a59906c8-d5f1-4a05-866f-b3c7f948e047",
            "dns_nameservers": [
              "8.8.8.8",
              "8.8.4.4"
            ],
            "enable_dhcp": true,
            "gateway_ip": "10.0.30.1",
            "has_router": false,
            "host_routes": [],
            "id": "ea6a0a05-e9f4-4f3c-a652-14208346a6a7",
            "ip_version": 4,
            "name": "test-subnet-lb-manual",
            "network_id": "acb73c35-b01a-41e7-88aa-93880b8ed7ce",
            "project_id": 6,
            "region": "Luxembourg-2",
            "region_id": 76,
            "router_id_to_connect": null,
            "tags": null,
            "task_id": null,
            "tasks": null,
            "total_ips": 253,
            "updated_at": "2025-11-18T08:40:52Z"
          },
          "sensitive_attributes": [],
          "dependencies": [
            "data.gcore_cloud_projects.my_projects",
            "data.gcore_cloud_region.rg",
            "gcore_cloud_network.test"
          ]
        }
      ]
    }
  ],
  "check_results": null
}
