{
  "version": 4,
  "terraform_version": "1.10.5",
  "serial": 6,
  "lineage": "061bc266-ef26-ad55-5127-69304ee38b07",
  "outputs": {
    "pool_healthmonitor_delay": {
      "value": 15,
      "type": "number"
    },
    "pool_id": {
      "value": "75d7ac99-7f8f-445b-aeef-d546777b9b26",
      "type": "string"
    }
  },
  "resources": [
    {
      "mode": "managed",
      "type": "gcore_cloud_load_balancer",
      "name": "test",
      "provider": "provider[\"registry.terraform.io/gcore/gcore\"]",
      "instances": [
        {
          "schema_version": 0,
          "attributes": {
            "additional_vips": [],
            "created_at": "2025-12-05T08:56:03Z",
            "creator_task_id": "8e596338-89ca-40b3-8bb4-20a5a9355140",
            "ddos_profile": null,
            "flavor": "lb1-1-2",
            "floating_ip": null,
            "floating_ips": [],
            "id": "694d97f8-6305-4cc6-a741-5edbb3728393",
            "listeners": [],
            "logging": {
              "destination_region_id": null,
              "enabled": false,
              "retention_policy": null,
              "topic_name": null
            },
            "name": "tf-test-hm-bug",
            "name_template": null,
            "operating_status": "ONLINE",
            "preferred_connectivity": "L2",
            "project_id": 379987,
            "provisioning_status": "ACTIVE",
            "region": "Luxembourg-2",
            "region_id": 76,
            "stats": null,
            "tags": null,
            "tags_v2": [],
            "updated_at": "2025-12-05T08:58:01Z",
            "vip_address": "45.82.160.174",
            "vip_ip_family": "ipv4",
            "vip_network_id": null,
            "vip_port_id": "eca81d62-5b5b-4d24-b729-23956b9cda84",
            "vip_subnet_id": null,
            "vrrp_ips": [
              {
                "ip_address": "45.82.160.18",
                "role": "MASTER",
                "subnet_id": "e47b6c72-f1d3-44de-bd7a-1bed593cbc29"
              },
              {
                "ip_address": "45.82.160.106",
                "role": "BACKUP",
                "subnet_id": "e47b6c72-f1d3-44de-bd7a-1bed593cbc29"
              }
            ]
          },
          "sensitive_attributes": []
        }
      ]
    },
    {
      "mode": "managed",
      "type": "gcore_cloud_load_balancer_listener",
      "name": "test",
      "provider": "provider[\"registry.terraform.io/gcore/gcore\"]",
      "instances": [
        {
          "schema_version": 0,
          "attributes": {
            "allowed_cidrs": null,
            "connection_limit": 100000,
            "creator_task_id": "0f8afcb3-f2b8-4a4d-9907-27b4dbf83af2",
            "id": "137c7457-6768-4fa7-a96f-0554aad6118c",
            "insert_headers": "{}",
            "insert_x_forwarded": null,
            "load_balancer_id": "694d97f8-6305-4cc6-a741-5edbb3728393",
            "name": "tf-test-listener-hm",
            "operating_status": "ONLINE",
            "pool_count": 1,
            "project_id": 379987,
            "protocol": "HTTP",
            "protocol_port": 80,
            "provisioning_status": "ACTIVE",
            "region_id": 76,
            "secret_id": null,
            "sni_secret_id": [],
            "stats": null,
            "timeout_client_data": 50000,
            "timeout_member_connect": 5000,
            "timeout_member_data": 50000,
            "user_list": []
          },
          "sensitive_attributes": [],
          "dependencies": [
            "gcore_cloud_load_balancer.test"
          ]
        }
      ]
    },
    {
      "mode": "managed",
      "type": "gcore_cloud_load_balancer_pool",
      "name": "test",
      "provider": "provider[\"registry.terraform.io/gcore/gcore\"]",
      "instances": [
        {
          "schema_version": 0,
          "attributes": {
            "ca_secret_id": null,
            "creator_task_id": "1679027b-7314-4c7a-a510-f0fa1cc4b7c9",
            "crl_secret_id": null,
            "healthmonitor": {
              "delay": 15,
              "expected_codes": "200",
              "http_method": "GET",
              "max_retries": 3,
              "max_retries_down": 3,
              "timeout": 5,
              "type": "HTTP",
              "url_path": "/"
            },
            "id": "75d7ac99-7f8f-445b-aeef-d546777b9b26",
            "lb_algorithm": "ROUND_ROBIN",
            "listener_id": "137c7457-6768-4fa7-a96f-0554aad6118c",
            "listeners": [
              {
                "id": "137c7457-6768-4fa7-a96f-0554aad6118c"
              }
            ],
            "load_balancer_id": "694d97f8-6305-4cc6-a741-5edbb3728393",
            "loadbalancers": [
              {
                "id": "694d97f8-6305-4cc6-a741-5edbb3728393"
              }
            ],
            "members": [],
            "name": "tf-test-pool-hm",
            "operating_status": "ONLINE",
            "project_id": 379987,
            "protocol": "HTTP",
            "provisioning_status": "ACTIVE",
            "region_id": 76,
            "secret_id": null,
            "session_persistence": null,
            "timeout_client_data": null,
            "timeout_member_connect": null,
            "timeout_member_data": null
          },
          "sensitive_attributes": [],
          "dependencies": [
            "gcore_cloud_load_balancer.test",
            "gcore_cloud_load_balancer_listener.test"
          ]
        }
      ]
    }
  ],
  "check_results": null
}
