{
  "version": 4,
  "terraform_version": "1.10.5",
  "serial": 12,
  "lineage": "08d8be26-16ec-1153-adf4-750ae97b95f3",
  "outputs": {
    "lb_id": {
      "value": "93588558-d133-4c1c-af66-a0e10b4b966f",
      "type": "string"
    },
    "listener_id": {
      "value": "699bbe86-1252-4e53-a3de-07b9e4f0e339",
      "type": "string"
    },
    "pool_id": {
      "value": "4d957aee-a37e-4249-a2b7-42c2ae4fd4a2",
      "type": "string"
    },
    "vrrp_ips": {
      "value": [
        {
          "ip_address": "10.0.20.75",
          "role": "MASTER",
          "subnet_id": "2d4ddbab-d720-48b6-abef-dec93605d331"
        },
        {
          "ip_address": "10.0.20.235",
          "role": "BACKUP",
          "subnet_id": "2d4ddbab-d720-48b6-abef-dec93605d331"
        }
      ],
      "type": [
        "list",
        [
          "object",
          {
            "ip_address": "string",
            "role": "string",
            "subnet_id": "string"
          }
        ]
      ]
    },
    "vrrp_ips_count": {
      "value": 2,
      "type": "number"
    }
  },
  "resources": [
    {
      "mode": "data",
      "type": "gcore_cloud_projects",
      "name": "my_projects",
      "provider": "provider[\"registry.terraform.io/gcore/gcore\"]",
      "instances": [
        {
          "schema_version": 0,
          "attributes": {
            "client_id": null,
            "include_deleted": null,
            "items": [
              {
                "client_id": 3621,
                "created_at": "2019-08-23T17:24:36Z",
                "deleted_at": null,
                "description": "",
                "id": 6,
                "is_default": true,
                "name": "Default",
                "state": "ACTIVE",
                "task_id": null
              }
            ],
            "max_items": null,
            "name": "default",
            "order_by": null
          },
          "sensitive_attributes": []
        }
      ]
    },
    {
      "mode": "data",
      "type": "gcore_cloud_region",
      "name": "rg",
      "provider": "provider[\"registry.terraform.io/gcore/gcore\"]",
      "instances": [
        {
          "schema_version": 0,
          "attributes": {
            "access_level": "core",
            "available_volume_types": [
              "standard",
              "ssd_hiiops",
              "ssd_lowlatency"
            ],
            "coordinates": {
              "latitude": 49.579582,
              "longitude": 6.109961
            },
            "country": "LU",
            "created_at": "2021-10-19T12:54:13Z",
            "created_on": "2021-10-19T12:54:13Z",
            "ddos_endpoint_id": 51,
            "display_name": "Luxembourg-2",
            "endpoint_type": "public",
            "external_network_id": "4b99f7d1-5d1e-4fdb-8ae1-a4bfb208556c",
            "file_share_types": [
              "standard"
            ],
            "has_ai": true,
            "has_ai_gpu": true,
            "has_baremetal": true,
            "has_basic_vm": false,
            "has_dbaas": true,
            "has_ddos": true,
            "has_k8s": true,
            "has_kvm": true,
            "has_sfs": true,
            "id": 76,
            "keystone_id": 76,
            "keystone_name": "ED-16",
            "metrics_database_id": 76,
            "region_id": 76,
            "show_volume_types": null,
            "state": "ACTIVE",
            "task_id": null,
            "vlan_physical_network": "br-ex",
            "zone": "EMEA"
          },
          "sensitive_attributes": []
        }
      ]
    },
    {
      "mode": "managed",
      "type": "gcore_cloud_load_balancer",
      "name": "test",
      "provider": "provider[\"registry.terraform.io/gcore/gcore\"]",
      "instances": [
        {
          "schema_version": 0,
          "attributes": {
            "additional_vips": [],
            "created_at": "2025-11-18T06:52:31Z",
            "creator_task_id": "bb30fc0e-3d69-4f5e-92e0-342f72fd0394",
            "ddos_profile": null,
            "flavor": "lb1-2-4",
            "floating_ip": null,
            "floating_ips": [],
            "id": "93588558-d133-4c1c-af66-a0e10b4b966f",
            "listeners": [],
            "logging": {
              "destination_region_id": null,
              "enabled": false,
              "retention_policy": null,
              "topic_name": null
            },
            "name": "test-lb-renamed",
            "name_template": null,
            "operating_status": "ONLINE",
            "preferred_connectivity": "L2",
            "project_id": 6,
            "provisioning_status": "ACTIVE",
            "region": "Luxembourg-2",
            "region_id": 76,
            "stats": null,
            "tags": null,
            "tags_v2": [],
            "task_id": null,
            "tasks": null,
            "updated_at": "2025-11-18T06:54:50Z",
            "vip_address": "10.0.20.189",
            "vip_ip_family": "ipv4",
            "vip_network_id": "5cfb735e-2b2a-4344-83b4-d0d3454ff76c",
            "vip_port_id": "003c7a19-b5c6-4f23-9e1a-85ebbc2133d3",
            "vip_subnet_id": "2d4ddbab-d720-48b6-abef-dec93605d331",
            "vrrp_ips": [
              {
                "ip_address": "10.0.20.75",
                "role": "MASTER",
                "subnet_id": "2d4ddbab-d720-48b6-abef-dec93605d331"
              },
              {
                "ip_address": "10.0.20.235",
                "role": "BACKUP",
                "subnet_id": "2d4ddbab-d720-48b6-abef-dec93605d331"
              }
            ]
          },
          "sensitive_attributes": [],
          "dependencies": [
            "data.gcore_cloud_projects.my_projects",
            "data.gcore_cloud_region.rg",
            "gcore_cloud_network.test",
            "gcore_cloud_network_subnet.test"
          ]
        }
      ]
    },
    {
      "mode": "managed",
      "type": "gcore_cloud_load_balancer_listener",
      "name": "test",
      "provider": "provider[\"registry.terraform.io/gcore/gcore\"]",
      "instances": [
        {
          "schema_version": 0,
          "attributes": {
            "allowed_cidrs": null,
            "connection_limit": 100000,
            "creator_task_id": "fafb0469-b7ac-4b39-98e1-779a082e79a1",
            "id": "699bbe86-1252-4e53-a3de-07b9e4f0e339",
            "insert_headers": "{}",
            "insert_x_forwarded": null,
            "load_balancer_id": "93588558-d133-4c1c-af66-a0e10b4b966f",
            "name": "test-listener-renamed",
            "operating_status": "ONLINE",
            "pool_count": 1,
            "project_id": 6,
            "protocol": "HTTP",
            "protocol_port": 80,
            "provisioning_status": "ACTIVE",
            "region_id": 76,
            "secret_id": null,
            "sni_secret_id": [],
            "stats": null,
            "task_id": null,
            "tasks": null,
            "timeout_client_data": 60000,
            "timeout_member_connect": 5000,
            "timeout_member_data": 50000,
            "user_list": []
          },
          "sensitive_attributes": [],
          "dependencies": [
            "data.gcore_cloud_projects.my_projects",
            "data.gcore_cloud_region.rg",
            "gcore_cloud_load_balancer.test",
            "gcore_cloud_network.test",
            "gcore_cloud_network_subnet.test"
          ]
        }
      ]
    },
    {
      "mode": "managed",
      "type": "gcore_cloud_load_balancer_pool",
      "name": "test",
      "provider": "provider[\"registry.terraform.io/gcore/gcore\"]",
      "instances": [
        {
          "schema_version": 0,
          "attributes": {
            "ca_secret_id": null,
            "creator_task_id": "8146399f-f1f9-45c7-a13e-f55e7eb13027",
            "crl_secret_id": null,
            "healthmonitor": {
              "delay": 10,
              "expected_codes": null,
              "http_method": "GET",
              "max_retries": 3,
              "max_retries_down": 3,
              "timeout": 5,
              "type": "HTTP",
              "url_path": "/health"
            },
            "id": "4d957aee-a37e-4249-a2b7-42c2ae4fd4a2",
            "lb_algorithm": "ROUND_ROBIN",
            "listener_id": "699bbe86-1252-4e53-a3de-07b9e4f0e339",
            "listeners": [
              {
                "id": "699bbe86-1252-4e53-a3de-07b9e4f0e339"
              }
            ],
            "load_balancer_id": null,
            "loadbalancers": [
              {
                "id": "93588558-d133-4c1c-af66-a0e10b4b966f"
              }
            ],
            "members": [],
            "name": "test-pool",
            "operating_status": "ONLINE",
            "project_id": 6,
            "protocol": "HTTP",
            "provisioning_status": "ACTIVE",
            "region_id": 76,
            "secret_id": null,
            "session_persistence": null,
            "task_id": null,
            "tasks": null,
            "timeout_client_data": null,
            "timeout_member_connect": null,
            "timeout_member_data": null
          },
          "sensitive_attributes": [],
          "dependencies": [
            "data.gcore_cloud_projects.my_projects",
            "data.gcore_cloud_region.rg",
            "gcore_cloud_load_balancer.test",
            "gcore_cloud_load_balancer_listener.test",
            "gcore_cloud_network.test",
            "gcore_cloud_network_subnet.test"
          ]
        }
      ]
    },
    {
      "mode": "managed",
      "type": "gcore_cloud_network",
      "name": "test",
      "provider": "provider[\"registry.terraform.io/gcore/gcore\"]",
      "instances": [
        {
          "schema_version": 0,
          "attributes": {
            "create_router": true,
            "created_at": "2025-11-18T06:51:59Z",
            "creator_task_id": "83ec844b-fbb9-4db2-a89f-6671371c0e42",
            "default": null,
            "external": false,
            "id": "5cfb735e-2b2a-4344-83b4-d0d3454ff76c",
            "mtu": 1500,
            "name": "test-net-lb-comprehensive",
            "port_security_enabled": true,
            "project_id": 6,
            "region": "Luxembourg-2",
            "region_id": 76,
            "segmentation_id": 38,
            "shared": false,
            "subnets": [
              "2d4ddbab-d720-48b6-abef-dec93605d331"
            ],
            "tags": null,
            "task_id": null,
            "tasks": null,
            "type": "vxlan",
            "updated_at": "2025-11-18T06:52:13Z"
          },
          "sensitive_attributes": [],
          "dependencies": [
            "data.gcore_cloud_projects.my_projects",
            "data.gcore_cloud_region.rg"
          ]
        }
      ]
    },
    {
      "mode": "managed",
      "type": "gcore_cloud_network_subnet",
      "name": "test",
      "provider": "provider[\"registry.terraform.io/gcore/gcore\"]",
      "instances": [
        {
          "schema_version": 0,
          "attributes": {
            "available_ips": 248,
            "cidr": "10.0.20.0/24",
            "connect_to_network_router": true,
            "created_at": "2025-11-18T06:52:13Z",
            "creator_task_id": "309715f5-9e02-4ab7-a3e2-3c9692a941c6",
            "dns_nameservers": [
              "8.8.8.8",
              "8.8.4.4"
            ],
            "enable_dhcp": true,
            "gateway_ip": "10.0.20.1",
            "has_router": false,
            "host_routes": [],
            "id": "2d4ddbab-d720-48b6-abef-dec93605d331",
            "ip_version": 4,
            "name": "test-subnet-lb-comprehensive",
            "network_id": "5cfb735e-2b2a-4344-83b4-d0d3454ff76c",
            "project_id": 6,
            "region": "Luxembourg-2",
            "region_id": 76,
            "router_id_to_connect": null,
            "tags": null,
            "task_id": null,
            "tasks": null,
            "total_ips": 253,
            "updated_at": "2025-11-18T06:52:13Z"
          },
          "sensitive_attributes": [],
          "dependencies": [
            "data.gcore_cloud_projects.my_projects",
            "data.gcore_cloud_region.rg",
            "gcore_cloud_network.test"
          ]
        }
      ]
    }
  ],
  "check_results": null
}
