{
  "version": 4,
  "terraform_version": "1.14.3",
  "serial": 1,
  "lineage": "fa6da1b8-ec75-d2f3-7854-8c1a74fb81fb",
  "outputs": {},
  "resources": [
    {
      "mode": "managed",
      "type": "gcore_cdn_origin_group",
      "name": "example_cdn_origin_group",
      "provider": "provider[\"registry.terraform.io/gcore/gcore\"]",
      "instances": [
        {
          "schema_version": 0,
          "attributes": {
            "auth": {
              "s3_access_key_id": null,
              "s3_bucket_name": "my-bucket",
              "s3_credentials_version": 1,
              "s3_region": "us-east-1",
              "s3_secret_access_key": null,
              "s3_storage_hostname": "s3.amazonaws.com",
              "s3_type": "other"
            },
            "auth_type": "awsSignatureV4",
            "has_related_resources": false,
            "id": 1354283,
            "name": "test-cdn-og-gcloud2-22597-v7",
            "proxy_next_upstream": [
              "error",
              "timeout",
              "invalid_header",
              "http_500",
              "http_502"
            ],
            "sources": null,
            "use_next": true
          },
          "sensitive_attributes": [],
          "identity_schema_version": 0
        }
      ]
    }
  ],
  "check_results": null
}
