{
  "version": 4,
  "terraform_version": "1.10.5",
  "serial": 198,
  "lineage": "65a931a6-f6ef-961f-900b-b6476a239717",
  "outputs": {
    "individual_rule_ids": {
      "value": {
        "https": "8f644d39-7b6a-42e4-af78-ac29595f17ec",
        "ssh": "8074fb5e-48bb-417e-bad2-64370c425e65"
      },
      "type": [
        "object",
        {
          "https": "string",
          "ssh": "string"
        }
      ]
    },
    "loop_rule_ids": {
      "value": {
        "http": "9141e828-061a-41c7-9278-74b45a73d625",
        "mysql": "4ee69798-0bc8-461d-bad3-3338e157cb7a"
      },
      "type": [
        "object",
        {
          "http": "string",
          "mysql": "string"
        }
      ]
    },
    "security_group_id": {
      "value": "35dc9301-a6ac-472a-8d66-a26655b9f37d",
      "type": "string"
    },
    "security_group_name": {
      "value": "manual-test-secgroup-COMPLETE2",
      "type": "string"
    },
    "security_group_rules": {
      "value": [],
      "type": [
        "list",
        [
          "object",
          {
            "created_at": "string",
            "description": "string",
            "direction": "string",
            "ethertype": "string",
            "id": "string",
            "port_range_max": "number",
            "port_range_min": "number",
            "protocol": "string",
            "remote_group_id": "string",
            "remote_ip_prefix": "string",
            "revision_number": "number",
            "security_group_id": "string",
            "updated_at": "string"
          }
        ]
      ]
    },
    "total_rules_count": {
      "value": 4,
      "type": "number"
    }
  },
  "resources": [
    {
      "mode": "managed",
      "type": "gcore_cloud_security_group",
      "name": "test",
      "provider": "provider[\"registry.terraform.io/gcore/gcore\"]",
      "instances": [
        {
          "schema_version": 0,
          "attributes": {
            "changed_rules": null,
            "created_at": "2025-11-13T09:48:21Z",
            "description": "Manual testing: default rules auto-deleted, no drift",
            "id": "35dc9301-a6ac-472a-8d66-a26655b9f37d",
            "instances": null,
            "name": "manual-test-secgroup-COMPLETE2",
            "project_id": 379987,
            "region": "Luxembourg-2",
            "region_id": 76,
            "revision_number": 9,
            "security_group": {
              "description": "Manual testing: default rules auto-deleted, no drift",
              "name": "manual-test-secgroup-COMPLETE2",
              "security_group_rules": null,
              "tags": null
            },
            "security_group_rules": [],
            "tags": null,
            "tags_v2": [],
            "updated_at": "2025-11-13T09:50:16Z"
          },
          "sensitive_attributes": []
        }
      ]
    },
    {
      "mode": "managed",
      "type": "gcore_cloud_security_group_rule",
      "name": "https",
      "provider": "provider[\"registry.terraform.io/gcore/gcore\"]",
      "instances": [
        {
          "schema_version": 0,
          "attributes": {
            "created_at": "2025-11-13T09:48:25Z",
            "description": "HTTPS traffic",
            "direction": "ingress",
            "ethertype": "IPv4",
            "group_id": "35dc9301-a6ac-472a-8d66-a26655b9f37d",
            "id": "8f644d39-7b6a-42e4-af78-ac29595f17ec",
            "port_range_max": 443,
            "port_range_min": 443,
            "project_id": 379987,
            "protocol": "tcp",
            "region_id": 76,
            "remote_group_id": null,
            "remote_ip_prefix": "0.0.0.0/0",
            "revision_number": 0,
            "security_group_id": "35dc9301-a6ac-472a-8d66-a26655b9f37d",
            "updated_at": "2025-11-13T09:48:25Z"
          },
          "sensitive_attributes": [],
          "dependencies": [
            "gcore_cloud_security_group.test"
          ]
        }
      ]
    },
    {
      "mode": "managed",
      "type": "gcore_cloud_security_group_rule",
      "name": "ports",
      "provider": "provider[\"registry.terraform.io/gcore/gcore\"]",
      "instances": [
        {
          "index_key": "http",
          "schema_version": 0,
          "attributes": {
            "created_at": "2025-11-13T09:50:16Z",
            "description": "HTTP web traffic - SHOULD TRIGGER REPLACE 3",
            "direction": "ingress",
            "ethertype": "IPv4",
            "group_id": "35dc9301-a6ac-472a-8d66-a26655b9f37d",
            "id": "9141e828-061a-41c7-9278-74b45a73d625",
            "port_range_max": 80,
            "port_range_min": 80,
            "project_id": 379987,
            "protocol": "tcp",
            "region_id": 76,
            "remote_group_id": null,
            "remote_ip_prefix": "0.0.0.0/0",
            "revision_number": 0,
            "security_group_id": "35dc9301-a6ac-472a-8d66-a26655b9f37d",
            "updated_at": "2025-11-13T09:50:16Z"
          },
          "sensitive_attributes": [],
          "dependencies": [
            "gcore_cloud_security_group.test"
          ]
        },
        {
          "index_key": "mysql",
          "schema_version": 0,
          "attributes": {
            "created_at": "2025-11-13T09:48:26Z",
            "description": "MySQL database access",
            "direction": "ingress",
            "ethertype": "IPv4",
            "group_id": "35dc9301-a6ac-472a-8d66-a26655b9f37d",
            "id": "4ee69798-0bc8-461d-bad3-3338e157cb7a",
            "port_range_max": 3306,
            "port_range_min": 3306,
            "project_id": 379987,
            "protocol": "tcp",
            "region_id": 76,
            "remote_group_id": null,
            "remote_ip_prefix": "0.0.0.0/0",
            "revision_number": 0,
            "security_group_id": "35dc9301-a6ac-472a-8d66-a26655b9f37d",
            "updated_at": "2025-11-13T09:48:26Z"
          },
          "sensitive_attributes": [],
          "dependencies": [
            "gcore_cloud_security_group.test"
          ]
        }
      ]
    },
    {
      "mode": "managed",
      "type": "gcore_cloud_security_group_rule",
      "name": "ssh",
      "provider": "provider[\"registry.terraform.io/gcore/gcore\"]",
      "instances": [
        {
          "schema_version": 0,
          "attributes": {
            "created_at": "2025-11-13T09:48:25Z",
            "description": "SSH access",
            "direction": "ingress",
            "ethertype": "IPv4",
            "group_id": "35dc9301-a6ac-472a-8d66-a26655b9f37d",
            "id": "8074fb5e-48bb-417e-bad2-64370c425e65",
            "port_range_max": 22,
            "port_range_min": 22,
            "project_id": 379987,
            "protocol": "tcp",
            "region_id": 76,
            "remote_group_id": null,
            "remote_ip_prefix": "0.0.0.0/0",
            "revision_number": 0,
            "security_group_id": "35dc9301-a6ac-472a-8d66-a26655b9f37d",
            "updated_at": "2025-11-13T09:48:25Z"
          },
          "sensitive_attributes": [],
          "dependencies": [
            "gcore_cloud_security_group.test"
          ]
        }
      ]
    }
  ],
  "check_results": null
}
