{
  "version": 4,
  "terraform_version": "1.14.3",
  "serial": 43,
  "lineage": "412cca15-b66d-5d78-6249-3397c1251aad",
  "outputs": {
    "zone_contact": {
      "value": "admin@test.com",
      "type": "string"
    },
    "zone_dnssec": {
      "value": true,
      "type": "bool"
    },
    "zone_id": {
      "value": "test-tf-dns-retest-1770885100.com",
      "type": "string"
    },
    "zone_records": {
      "value": [
        {
          "name": "test-tf-dns-retest-1770885100.com",
          "short_answers": [
            "ns1.gcorelabs.net",
            "ns2.gcdn.services"
          ],
          "ttl": 3600,
          "type": "NS"
        }
      ],
      "type": [
        "list",
        [
          "object",
          {
            "name": "string",
            "short_answers": [
              "list",
              "string"
            ],
            "ttl": "number",
            "type": "string"
          }
        ]
      ]
    },
    "zone_rrsets_amount": {
      "value": {
        "dynamic": {
          "healthcheck": 0,
          "total": 0
        },
        "static": 1,
        "total": 1
      },
      "type": [
        "object",
        {
          "dynamic": [
            "object",
            {
              "healthcheck": "number",
              "total": "number"
            }
          ],
          "static": "number",
          "total": "number"
        }
      ]
    },
    "zone_serial": {
      "value": 1770885140,
      "type": "number"
    },
    "zone_status": {
      "value": "pending",
      "type": "string"
    }
  },
  "resources": [
    {
      "mode": "managed",
      "type": "gcore_dns_zone",
      "name": "test",
      "provider": "provider[\"registry.terraform.io/gcore/gcore\"]",
      "instances": [
        {
          "schema_version": 0,
          "attributes": {
            "contact": "admin@test.com",
            "dnssec_enabled": true,
            "enabled": true,
            "expiry": 604800,
            "id": "test-tf-dns-retest-1770885100.com",
            "meta": null,
            "name": "test-tf-dns-retest-1770885100.com",
            "nx_ttl": 600,
            "primary_server": "ns1.gcorelabs.net",
            "records": [
              {
                "name": "test-tf-dns-retest-1770885100.com",
                "short_answers": [
                  "ns1.gcorelabs.net",
                  "ns2.gcdn.services"
                ],
                "ttl": 3600,
                "type": "NS"
              }
            ],
            "refresh": 7200,
            "retry": 1800,
            "rrsets_amount": {
              "dynamic": {
                "healthcheck": 0,
                "total": 0
              },
              "static": 1,
              "total": 1
            },
            "serial": 1770885140,
            "status": "pending",
            "warnings": null
          },
          "sensitive_attributes": [],
          "identity_schema_version": 0
        }
      ]
    }
  ],
  "check_results": null
}
