{
  "version": 4,
  "terraform_version": "1.14.3",
  "serial": 56,
  "lineage": "412cca15-b66d-5d78-6249-3397c1251aad",
  "outputs": {
    "data_source_zone": {
      "value": {
        "client_id": null,
        "contact": "support@gcore.com",
        "dnssec_enabled": true,
        "expiry": 1209600,
        "id": null,
        "meta": "{\"dnssec_status\":\"ACTIVE\",\"max_hosts\":10,\"targeting\":\"country continent @ regiongroup region ip asn\",\"webhook\":\"https://example.com/hook\",\"webhook_method\":\"POST\"}",
        "name": "test-tf-dns-regr-1770885500.com",
        "nx_ttl": 300,
        "primary_server": "ns1.gcorelabs.net",
        "records": [
          {
            "name": "test-tf-dns-regr-1770885500.com",
            "short_answers": [
              "ns1.gcorelabs.net",
              "ns2.gcdn.services"
            ],
            "ttl": 3600,
            "type": "NS"
          }
        ],
        "refresh": 5400,
        "retry": 3600,
        "rrsets_amount": {
          "dynamic": {
            "healthcheck": 0,
            "total": 0
          },
          "static": 1,
          "total": 1
        },
        "serial": 1770885482,
        "status": "pending"
      },
      "type": [
        "object",
        {
          "client_id": "number",
          "contact": "string",
          "dnssec_enabled": "bool",
          "expiry": "number",
          "id": "number",
          "meta": "string",
          "name": "string",
          "nx_ttl": "number",
          "primary_server": "string",
          "records": [
            "list",
            [
              "object",
              {
                "name": "string",
                "short_answers": [
                  "list",
                  "string"
                ],
                "ttl": "number",
                "type": "string"
              }
            ]
          ],
          "refresh": "number",
          "retry": "number",
          "rrsets_amount": [
            "object",
            {
              "dynamic": [
                "object",
                {
                  "healthcheck": "number",
                  "total": "number"
                }
              ],
              "static": "number",
              "total": "number"
            }
          ],
          "serial": "number",
          "status": "string"
        }
      ]
    },
    "zone_dnssec": {
      "value": true,
      "type": "bool"
    },
    "zone_primary_server": {
      "value": "ns1.gcorelabs.net",
      "type": "string"
    },
    "zone_serial": {
      "value": 1770885482,
      "type": "number"
    },
    "zone_status": {
      "value": "pending",
      "type": "string"
    }
  },
  "resources": [
    {
      "mode": "data",
      "type": "gcore_dns_zone",
      "name": "test",
      "provider": "provider[\"registry.terraform.io/gcore/gcore\"]",
      "instances": [
        {
          "index_key": 0,
          "schema_version": 0,
          "attributes": {
            "id": "test-tf-dns-regr-1770885500.com",
            "name": "test-tf-dns-regr-1770885500.com",
            "zone": {
              "client_id": null,
              "contact": "support@gcore.com",
              "dnssec_enabled": true,
              "expiry": 1209600,
              "id": null,
              "meta": "{\"dnssec_status\":\"ACTIVE\",\"max_hosts\":10,\"targeting\":\"country continent @ regiongroup region ip asn\",\"webhook\":\"https://example.com/hook\",\"webhook_method\":\"POST\"}",
              "name": "test-tf-dns-regr-1770885500.com",
              "nx_ttl": 300,
              "primary_server": "ns1.gcorelabs.net",
              "records": [
                {
                  "name": "test-tf-dns-regr-1770885500.com",
                  "short_answers": [
                    "ns1.gcorelabs.net",
                    "ns2.gcdn.services"
                  ],
                  "ttl": 3600,
                  "type": "NS"
                }
              ],
              "refresh": 5400,
              "retry": 3600,
              "rrsets_amount": {
                "dynamic": {
                  "healthcheck": 0,
                  "total": 0
                },
                "static": 1,
                "total": 1
              },
              "serial": 1770885482,
              "status": "pending"
            }
          },
          "sensitive_attributes": [],
          "identity_schema_version": 0
        }
      ]
    },
    {
      "mode": "managed",
      "type": "gcore_dns_zone",
      "name": "test",
      "provider": "provider[\"registry.terraform.io/gcore/gcore\"]",
      "instances": [
        {
          "schema_version": 0,
          "attributes": {
            "contact": "support@gcore.com",
            "dnssec_enabled": true,
            "enabled": true,
            "expiry": 1209600,
            "id": "test-tf-dns-regr-1770885500.com",
            "meta": null,
            "name": "test-tf-dns-regr-1770885500.com",
            "nx_ttl": 300,
            "primary_server": "ns1.gcorelabs.net",
            "records": [
              {
                "name": "test-tf-dns-regr-1770885500.com",
                "short_answers": [
                  "ns1.gcorelabs.net",
                  "ns2.gcdn.services"
                ],
                "ttl": 3600,
                "type": "NS"
              }
            ],
            "refresh": 5400,
            "retry": 3600,
            "rrsets_amount": {
              "dynamic": {
                "healthcheck": 0,
                "total": 0
              },
              "static": 1,
              "total": 1
            },
            "serial": 1770885482,
            "status": "pending",
            "warnings": null
          },
          "sensitive_attributes": [],
          "identity_schema_version": 0
        }
      ]
    }
  ],
  "check_results": null
}
