{
  "version": 4,
  "terraform_version": "1.14.3",
  "serial": 53,
  "lineage": "412cca15-b66d-5d78-6249-3397c1251aad",
  "outputs": {
    "zone_dnssec": {
      "value": true,
      "type": "bool"
    },
    "zone_primary_server": {
      "value": "ns1.gcorelabs.net",
      "type": "string"
    },
    "zone_serial": {
      "value": 1770885482,
      "type": "number"
    },
    "zone_status": {
      "value": "pending",
      "type": "string"
    }
  },
  "resources": [
    {
      "mode": "data",
      "type": "gcore_dns_zone",
      "name": "test",
      "provider": "provider[\"registry.terraform.io/gcore/gcore\"]",
      "instances": []
    },
    {
      "mode": "managed",
      "type": "gcore_dns_zone",
      "name": "test",
      "provider": "provider[\"registry.terraform.io/gcore/gcore\"]",
      "instances": [
        {
          "schema_version": 0,
          "attributes": {
            "contact": "support@gcore.com",
            "dnssec_enabled": true,
            "enabled": true,
            "expiry": 1209600,
            "id": "test-tf-dns-regr-1770885500.com",
            "meta": null,
            "name": "test-tf-dns-regr-1770885500.com",
            "nx_ttl": 300,
            "primary_server": "ns1.gcorelabs.net",
            "records": [
              {
                "name": "test-tf-dns-regr-1770885500.com",
                "short_answers": [
                  "ns1.gcorelabs.net",
                  "ns2.gcdn.services"
                ],
                "ttl": 3600,
                "type": "NS"
              }
            ],
            "refresh": 5400,
            "retry": 3600,
            "rrsets_amount": {
              "dynamic": {
                "healthcheck": 0,
                "total": 0
              },
              "static": 1,
              "total": 1
            },
            "serial": 1770885482,
            "status": "pending",
            "warnings": null
          },
          "sensitive_attributes": [],
          "identity_schema_version": 0
        }
      ]
    }
  ],
  "check_results": null
}
