{
  "version": 4,
  "terraform_version": "1.14.3",
  "serial": 47,
  "lineage": "008429f6-8ae0-6e49-738a-deecbca1b33c",
  "outputs": {},
  "resources": [
    {
      "mode": "managed",
      "type": "gcore_dns_zone",
      "name": "minimal",
      "provider": "provider[\"registry.terraform.io/gcore/gcore\"]",
      "instances": [
        {
          "schema_version": 0,
          "attributes": {
            "contact": "support@gcore.com",
            "dnssec_enabled": false,
            "enabled": true,
            "expiry": 1209600,
            "id": "test-zone-skill-20260205.com",
            "meta": null,
            "name": "test-zone-skill-20260205.com",
            "nx_ttl": 300,
            "primary_server": "ns1.gcorelabs.net",
            "records": [
              {
                "name": "test-zone-skill-20260205.com",
                "short_answers": [
                  "ns1.gcorelabs.net",
                  "ns2.gcdn.services"
                ],
                "ttl": 3600,
                "type": "NS"
              }
            ],
            "refresh": 5400,
            "retry": 3600,
            "rrsets_amount": {
              "dynamic": {
                "healthcheck": 0,
                "total": 0
              },
              "static": 1,
              "total": 1
            },
            "serial": 1770289912,
            "status": "non-delegated",
            "warnings": null
          },
          "sensitive_attributes": [],
          "identity_schema_version": 0
        }
      ]
    },
    {
      "mode": "managed",
      "type": "gcore_dns_zone",
      "name": "with_meta",
      "provider": "provider[\"registry.terraform.io/gcore/gcore\"]",
      "instances": [
        {
          "index_key": 0,
          "schema_version": 0,
          "attributes": {
            "contact": null,
            "dnssec_enabled": null,
            "enabled": true,
            "expiry": null,
            "id": "test-zone-meta-20260205.com",
            "meta": {
              "webhook": "https://example.com/dns-hook",
              "webhook_method": "POST"
            },
            "name": "test-zone-meta-20260205.com",
            "nx_ttl": null,
            "primary_server": null,
            "records": null,
            "refresh": null,
            "retry": null,
            "rrsets_amount": null,
            "serial": null,
            "status": null,
            "warnings": [
              "Your contract has been set to reseller default due to the absence of contact information."
            ]
          },
          "sensitive_attributes": [],
          "identity_schema_version": 0
        }
      ]
    }
  ],
  "check_results": null
}
