{
  "version": 4,
  "terraform_version": "1.10.5",
  "serial": 12,
  "lineage": "47f92673-c908-99a2-220b-0783f0d60d66",
  "outputs": {
    "listener_id": {
      "value": "4849924d-d5dc-4748-8cbc-6d503dc73f1a",
      "type": "string"
    },
    "load_balancer_id": {
      "value": "c3c96a0c-0f94-450a-af75-e984c1100765",
      "type": "string"
    },
    "pool_id": {
      "value": "0cf098fe-82ed-41c3-a74a-29405266f845",
      "type": "string"
    }
  },
  "resources": [
    {
      "mode": "managed",
      "type": "gcore_cloud_load_balancer",
      "name": "test",
      "provider": "provider[\"registry.terraform.io/gcore/gcore\"]",
      "instances": [
        {
          "schema_version": 0,
          "attributes": {
            "additional_vips": [],
            "created_at": "2025-11-04T19:17:11Z",
            "creator_task_id": "091b47db-2681-477d-a4e0-e15a99e485be",
            "ddos_profile": null,
            "flavor": "lb1-1-2",
            "floating_ip": null,
            "floating_ips": [],
            "id": "c3c96a0c-0f94-450a-af75-e984c1100765",
            "listeners": [],
            "logging": {
              "destination_region_id": null,
              "enabled": false,
              "retention_policy": null,
              "topic_name": null
            },
            "name": "test-lb-drift-03",
            "name_template": null,
            "operating_status": "ONLINE",
            "preferred_connectivity": "L2",
            "project_id": 379987,
            "provisioning_status": "ACTIVE",
            "region": "Luxembourg-2",
            "region_id": 76,
            "stats": null,
            "tags": {
              "environment": "test",
              "purpose": "drift-detection"
            },
            "tags_v2": [
              {
                "key": "environment",
                "read_only": false,
                "value": "test"
              },
              {
                "key": "purpose",
                "read_only": false,
                "value": "drift-detection"
              }
            ],
            "task_id": null,
            "tasks": null,
            "updated_at": "2025-11-04T19:18:25Z",
            "vip_address": "45.82.160.57",
            "vip_ip_family": "ipv4",
            "vip_network_id": null,
            "vip_port_id": "5c11b3ac-6a03-4a1e-b257-96c1c169a3b6",
            "vip_subnet_id": null,
            "vrrp_ips": [
              {
                "ip_address": "45.82.160.235",
                "role": "BACKUP",
                "subnet_id": "e47b6c72-f1d3-44de-bd7a-1bed593cbc29"
              },
              {
                "ip_address": "45.82.160.11",
                "role": "MASTER",
                "subnet_id": "e47b6c72-f1d3-44de-bd7a-1bed593cbc29"
              }
            ]
          },
          "sensitive_attributes": []
        }
      ]
    },
    {
      "mode": "managed",
      "type": "gcore_cloud_load_balancer_listener",
      "name": "test",
      "provider": "provider[\"registry.terraform.io/gcore/gcore\"]",
      "instances": [
        {
          "schema_version": 0,
          "attributes": {
            "allowed_cidrs": null,
            "connection_limit": 100000,
            "creator_task_id": "9d518d51-1ad8-4e4f-9514-e2709d125c99",
            "id": "4849924d-d5dc-4748-8cbc-6d503dc73f1a",
            "insert_headers": "{}",
            "insert_x_forwarded": null,
            "load_balancer_id": "c3c96a0c-0f94-450a-af75-e984c1100765",
            "name": "test-listener-drift-03",
            "operating_status": "ONLINE",
            "pool_count": 0,
            "project_id": 379987,
            "protocol": "HTTP",
            "protocol_port": 80,
            "provisioning_status": "ACTIVE",
            "region_id": 76,
            "secret_id": null,
            "sni_secret_id": [],
            "stats": null,
            "task_id": null,
            "tasks": null,
            "timeout_client_data": 50000,
            "timeout_member_connect": 5000,
            "timeout_member_data": 50000,
            "user_list": []
          },
          "sensitive_attributes": [],
          "dependencies": [
            "gcore_cloud_load_balancer.test"
          ]
        }
      ]
    },
    {
      "mode": "managed",
      "type": "gcore_cloud_load_balancer_pool",
      "name": "test",
      "provider": "provider[\"registry.terraform.io/gcore/gcore\"]",
      "instances": [
        {
          "schema_version": 0,
          "attributes": {
            "ca_secret_id": null,
            "creator_task_id": "d1cdb161-7997-417c-a4b3-17c3e66b309a",
            "crl_secret_id": null,
            "healthmonitor": {
              "delay": 10,
              "expected_codes": "200",
              "http_method": "GET",
              "max_retries": 3,
              "max_retries_down": 3,
              "timeout": 5,
              "type": "HTTP",
              "url_path": "/health"
            },
            "id": "0cf098fe-82ed-41c3-a74a-29405266f845",
            "lb_algorithm": "ROUND_ROBIN",
            "listener_id": "4849924d-d5dc-4748-8cbc-6d503dc73f1a",
            "listeners": [
              {
                "id": "4849924d-d5dc-4748-8cbc-6d503dc73f1a"
              }
            ],
            "load_balancer_id": "c3c96a0c-0f94-450a-af75-e984c1100765",
            "loadbalancers": [
              {
                "id": "c3c96a0c-0f94-450a-af75-e984c1100765"
              }
            ],
            "members": [],
            "name": "test-pool-drift-03",
            "operating_status": "ONLINE",
            "project_id": 379987,
            "protocol": "HTTP",
            "provisioning_status": "ACTIVE",
            "region_id": 76,
            "secret_id": null,
            "session_persistence": null,
            "task_id": null,
            "tasks": null,
            "timeout_client_data": 50000,
            "timeout_member_connect": 5000,
            "timeout_member_data": 50000
          },
          "sensitive_attributes": [],
          "dependencies": [
            "gcore_cloud_load_balancer.test",
            "gcore_cloud_load_balancer_listener.test"
          ]
        }
      ]
    }
  ],
  "check_results": null
}
