{
  "version": 4,
  "terraform_version": "1.10.5",
  "serial": 7,
  "lineage": "aea5e99d-cd3e-6e94-2bcb-b3054e141dfa",
  "outputs": {
    "existing_volume_instance_id": {
      "value": "adfa89bf-f7a8-433a-b135-c29238e9d29b",
      "type": "string"
    },
    "from_image_id": {
      "value": "5fe7297f-21d3-4299-ae94-d40df93f9d86",
      "type": "string"
    },
    "mixed_volumes_id": {
      "value": "c7a53b90-0ca9-4d96-8a1f-022a9047078c",
      "type": "string"
    }
  },
  "resources": [
    {
      "mode": "data",
      "type": "gcore_cloud_region",
      "name": "rg",
      "provider": "provider[\"registry.terraform.io/gcore/gcore\"]",
      "instances": [
        {
          "schema_version": 0,
          "attributes": {
            "access_level": "core",
            "available_volume_types": [
              "standard",
              "ssd_hiiops",
              "ssd_lowlatency"
            ],
            "coordinates": {
              "latitude": 49.579582,
              "longitude": 6.109961
            },
            "country": "LU",
            "created_at": "2021-10-19T12:54:13Z",
            "created_on": "2021-10-19T12:54:13Z",
            "ddos_endpoint_id": 51,
            "display_name": "Luxembourg-2",
            "endpoint_type": "public",
            "external_network_id": "4b99f7d1-5d1e-4fdb-8ae1-a4bfb208556c",
            "file_share_types": [
              "standard"
            ],
            "has_ai": true,
            "has_ai_gpu": true,
            "has_baremetal": true,
            "has_basic_vm": false,
            "has_dbaas": true,
            "has_ddos": true,
            "has_k8s": true,
            "has_kvm": true,
            "has_sfs": true,
            "id": 76,
            "keystone_id": 76,
            "keystone_name": "ED-16",
            "metrics_database_id": 76,
            "region_id": 76,
            "show_volume_types": null,
            "state": "ACTIVE",
            "task_id": null,
            "vlan_physical_network": "br-ex",
            "zone": "EMEA"
          },
          "sensitive_attributes": []
        }
      ]
    },
    {
      "mode": "managed",
      "type": "gcore_cloud_instance",
      "name": "existing_volume",
      "provider": "provider[\"registry.terraform.io/gcore/gcore\"]",
      "instances": [
        {
          "index_key": 0,
          "schema_version": 0,
          "attributes": {
            "addresses": {
              "pub_net": [
                {
                  "addr": null,
                  "interface_name": null,
                  "subnet_id": null,
                  "subnet_name": null,
                  "type": null
                }
              ]
            },
            "allow_app_ports": null,
            "blackhole_ports": [],
            "configuration": null,
            "created_at": "2025-11-18T12:18:46Z",
            "creator_task_id": "d0c9e237-3132-4ddd-b4c0-1fe8a4b54019",
            "ddos_profile": null,
            "fixed_ip_assignments": [
              {
                "external": true,
                "ip_address": "85.204.246.54",
                "subnet_id": "896f3e39-51cb-4f70-b905-a749b642c152"
              }
            ],
            "flavor": "g1-standard-1-2",
            "id": "adfa89bf-f7a8-433a-b135-c29238e9d29b",
            "instance_description": null,
            "instance_isolation": null,
            "interfaces": [
              {
                "floating_ip": null,
                "interface_name": null,
                "ip_address": null,
                "ip_family": null,
                "network_id": null,
                "port_id": null,
                "security_groups": null,
                "subnet_id": null,
                "type": "external"
              }
            ],
            "name": "test-existing-volume",
            "name_template": null,
            "password": null,
            "project_id": 379987,
            "region": "Luxembourg-2",
            "region_id": 76,
            "security_groups": null,
            "servergroup_id": null,
            "ssh_key_name": null,
            "status": "ACTIVE",
            "tags": null,
            "task_id": null,
            "task_state": null,
            "tasks": null,
            "user_data": null,
            "username": null,
            "vm_state": "active",
            "volumes": [
              {
                "apptemplate_id": null,
                "attachment_tag": null,
                "boot_index": 0,
                "delete_on_termination": false,
                "image_id": null,
                "name": null,
                "size": null,
                "snapshot_id": null,
                "source": "existing-volume",
                "tags": null,
                "type_name": null,
                "volume_id": "27721b93-fb70-4f25-a41b-4e85bf63dbb1"
              }
            ]
          },
          "sensitive_attributes": [],
          "dependencies": [
            "data.gcore_cloud_region.rg",
            "gcore_cloud_volume.pre_created"
          ]
        }
      ]
    },
    {
      "mode": "managed",
      "type": "gcore_cloud_instance",
      "name": "from_image",
      "provider": "provider[\"registry.terraform.io/gcore/gcore\"]",
      "instances": [
        {
          "index_key": 0,
          "schema_version": 0,
          "attributes": {
            "addresses": {
              "pub_net": [
                {
                  "addr": null,
                  "interface_name": null,
                  "subnet_id": null,
                  "subnet_name": null,
                  "type": null
                }
              ]
            },
            "allow_app_ports": null,
            "blackhole_ports": [],
            "configuration": null,
            "created_at": "2025-11-18T12:17:36Z",
            "creator_task_id": "c02ccb53-3bb0-4dd2-8407-b945c6456b9d",
            "ddos_profile": null,
            "fixed_ip_assignments": [
              {
                "external": true,
                "ip_address": "109.61.125.37",
                "subnet_id": "b4c6e91a-9eb9-4c59-ad57-00124eceda00"
              }
            ],
            "flavor": "g1-standard-1-2",
            "id": "5fe7297f-21d3-4299-ae94-d40df93f9d86",
            "instance_description": null,
            "instance_isolation": null,
            "interfaces": [
              {
                "floating_ip": null,
                "interface_name": null,
                "ip_address": null,
                "ip_family": null,
                "network_id": null,
                "port_id": null,
                "security_groups": null,
                "subnet_id": null,
                "type": "external"
              }
            ],
            "name": "test-from-image",
            "name_template": null,
            "password": null,
            "project_id": 379987,
            "region": "Luxembourg-2",
            "region_id": 76,
            "security_groups": null,
            "servergroup_id": null,
            "ssh_key_name": null,
            "status": "ACTIVE",
            "tags": null,
            "task_id": null,
            "task_state": null,
            "tasks": null,
            "user_data": null,
            "username": null,
            "vm_state": "active",
            "volumes": [
              {
                "apptemplate_id": null,
                "attachment_tag": null,
                "boot_index": 0,
                "delete_on_termination": false,
                "image_id": "f84ddba3-7a5a-4199-931a-250e981d16fb",
                "name": null,
                "size": 10,
                "snapshot_id": null,
                "source": "image",
                "tags": null,
                "type_name": null,
                "volume_id": null
              }
            ]
          },
          "sensitive_attributes": [],
          "dependencies": [
            "data.gcore_cloud_region.rg"
          ]
        }
      ]
    },
    {
      "mode": "managed",
      "type": "gcore_cloud_instance",
      "name": "mixed_volumes",
      "provider": "provider[\"registry.terraform.io/gcore/gcore\"]",
      "instances": [
        {
          "index_key": 0,
          "schema_version": 0,
          "attributes": {
            "addresses": {
              "pub_net": [
                {
                  "addr": null,
                  "interface_name": null,
                  "subnet_id": null,
                  "subnet_name": null,
                  "type": null
                }
              ]
            },
            "allow_app_ports": null,
            "blackhole_ports": [],
            "configuration": null,
            "created_at": "2025-11-18T12:20:03Z",
            "creator_task_id": "e7806789-5549-4808-8f25-c5cc37375955",
            "ddos_profile": null,
            "fixed_ip_assignments": [
              {
                "external": true,
                "ip_address": "109.61.125.16",
                "subnet_id": "b4c6e91a-9eb9-4c59-ad57-00124eceda00"
              }
            ],
            "flavor": "g1-standard-1-2",
            "id": "c7a53b90-0ca9-4d96-8a1f-022a9047078c",
            "instance_description": null,
            "instance_isolation": null,
            "interfaces": [
              {
                "floating_ip": null,
                "interface_name": null,
                "ip_address": null,
                "ip_family": null,
                "network_id": null,
                "port_id": null,
                "security_groups": null,
                "subnet_id": null,
                "type": "external"
              }
            ],
            "name": "test-mixed-volumes",
            "name_template": null,
            "password": null,
            "project_id": 379987,
            "region": "Luxembourg-2",
            "region_id": 76,
            "security_groups": null,
            "servergroup_id": null,
            "ssh_key_name": null,
            "status": "ACTIVE",
            "tags": null,
            "task_id": null,
            "task_state": null,
            "tasks": null,
            "user_data": null,
            "username": null,
            "vm_state": "active",
            "volumes": [
              {
                "apptemplate_id": null,
                "attachment_tag": null,
                "boot_index": 0,
                "delete_on_termination": false,
                "image_id": "f84ddba3-7a5a-4199-931a-250e981d16fb",
                "name": null,
                "size": 10,
                "snapshot_id": null,
                "source": "image",
                "tags": null,
                "type_name": null,
                "volume_id": null
              },
              {
                "apptemplate_id": null,
                "attachment_tag": null,
                "boot_index": -1,
                "delete_on_termination": false,
                "image_id": null,
                "name": null,
                "size": 20,
                "snapshot_id": null,
                "source": "new-volume",
                "tags": null,
                "type_name": "ssd_hiiops",
                "volume_id": null
              }
            ]
          },
          "sensitive_attributes": [],
          "dependencies": [
            "data.gcore_cloud_region.rg"
          ]
        }
      ]
    },
    {
      "mode": "managed",
      "type": "gcore_cloud_volume",
      "name": "pre_created",
      "provider": "provider[\"registry.terraform.io/gcore/gcore\"]",
      "instances": [
        {
          "index_key": 0,
          "schema_version": 0,
          "attributes": {
            "attachment_tag": null,
            "attachments": [
              {
                "attached_at": "2025-11-18T12:18:51Z",
                "attachment_id": "41081c62-e425-4254-b452-5cc118de8c0a",
                "device": "/dev/sda",
                "flavor_id": "g1-standard-1-2",
                "instance_name": null,
                "server_id": "adfa89bf-f7a8-433a-b135-c29238e9d29b",
                "volume_id": "27721b93-fb70-4f25-a41b-4e85bf63dbb1"
              }
            ],
            "bootable": true,
            "created_at": "2025-11-18T12:18:30Z",
            "creator_task_id": "b63670c4-84f1-49c8-94b4-811b757c3956",
            "id": "27721b93-fb70-4f25-a41b-4e85bf63dbb1",
            "image_id": "f84ddba3-7a5a-4199-931a-250e981d16fb",
            "instance_id_to_attach_to": null,
            "is_root_volume": true,
            "lifecycle_policy_ids": null,
            "limiter_stats": {
              "iops_base_limit": 60,
              "iops_burst_limit": 600,
              "m_bps_base_limit": 10,
              "m_bps_burst_limit": 100
            },
            "name": "pre-created-volume",
            "project_id": 379987,
            "region": "Luxembourg-2",
            "region_id": 76,
            "size": 10,
            "snapshot_id": null,
            "snapshot_ids": [],
            "source": "image",
            "status": "in-use",
            "tags": null,
            "task_id": null,
            "tasks": null,
            "type_name": "standard",
            "updated_at": "2025-11-18T12:18:51Z",
            "volume_image_metadata": {
              "architecture": "x86_64",
              "checksum": "fc17b3059c3a36be8bed00608bff16b5",
              "container_format": "bare",
              "disk_format": "raw",
              "display_order": "2504",
              "hw_disk_bus": "scsi",
              "hw_machine_type": "q35",
              "hw_qemu_guest_agent": "True",
              "hw_scsi_model": "virtio-scsi",
              "image_id": "f84ddba3-7a5a-4199-931a-250e981d16fb",
              "image_name": "ubuntu-25.04-x64",
              "min_disk": "5",
              "min_ram": "0",
              "os_distro": "ubuntu",
              "os_glance_failed_import": "",
              "os_glance_importing_to_stores": "",
              "os_require_quiesce": "True",
              "os_type": "linux",
              "os_version": "25.04",
              "size": "3758096384",
              "ssh_key": "allow"
            },
            "volume_type": "standard"
          },
          "sensitive_attributes": [],
          "dependencies": [
            "data.gcore_cloud_region.rg"
          ]
        }
      ]
    }
  ],
  "check_results": null
}
