{
  "version": 4,
  "terraform_version": "1.10.5",
  "serial": 15,
  "lineage": "b6164a3f-394a-830d-d502-5f17af178651",
  "outputs": {
    "network_id": {
      "value": "1169bc6b-2e68-472a-9c55-56513a3a6c62",
      "type": "string"
    },
    "router_interfaces": {
      "value": [
        {
          "subnet_id": "7b9e93a6-3be1-483b-abcd-cc91572e7513",
          "type": "subnet"
        }
      ],
      "type": [
        "list",
        [
          "object",
          {
            "subnet_id": "string",
            "type": "string"
          }
        ]
      ]
    },
    "router_name": {
      "value": "qa-terr-router",
      "type": "string"
    },
    "subnet1_id": {
      "value": "7b9e93a6-3be1-483b-abcd-cc91572e7513",
      "type": "string"
    },
    "subnet2_id": {
      "value": "4294e403-35a1-4b7f-accc-b92566354c8f",
      "type": "string"
    }
  },
  "resources": [
    {
      "mode": "managed",
      "type": "gcore_cloud_network",
      "name": "test_network",
      "provider": "provider[\"registry.terraform.io/gcore/gcore\"]",
      "instances": [
        {
          "schema_version": 0,
          "attributes": {
            "create_router": true,
            "created_at": "2025-10-29T17:46:48Z",
            "creator_task_id": "9367310c-6889-4ef3-aab4-67a4145eac1d",
            "default": null,
            "external": false,
            "id": "1169bc6b-2e68-472a-9c55-56513a3a6c62",
            "mtu": 1500,
            "name": "qa-terr-router-test-network",
            "port_security_enabled": true,
            "project_id": 379987,
            "region": "Luxembourg-2",
            "region_id": 76,
            "segmentation_id": 870,
            "shared": false,
            "subnets": [],
            "tags": null,
            "task_id": null,
            "tasks": null,
            "type": "vxlan",
            "updated_at": "2025-10-29T17:46:48Z"
          },
          "sensitive_attributes": []
        }
      ]
    },
    {
      "mode": "managed",
      "type": "gcore_cloud_network_router",
      "name": "router",
      "provider": "provider[\"registry.terraform.io/gcore/gcore\"]",
      "instances": [
        {
          "schema_version": 0,
          "attributes": {
            "created_at": null,
            "creator_task_id": null,
            "distributed": null,
            "external_gateway_info": {
              "enable_snat": true,
              "network_id": null,
              "type": "default"
            },
            "id": null,
            "interfaces": [
              {
                "subnet_id": "7b9e93a6-3be1-483b-abcd-cc91572e7513",
                "type": "subnet"
              }
            ],
            "name": "qa-terr-router",
            "project_id": 379987,
            "region": null,
            "region_id": 76,
            "routes": null,
            "status": null,
            "task_id": null,
            "tasks": [
              "b8ee0905-2d2b-4630-a8f6-bdf7eef3e9b0"
            ],
            "updated_at": null
          },
          "sensitive_attributes": [],
          "dependencies": [
            "gcore_cloud_network.test_network",
            "gcore_cloud_network_subnet.subnet1"
          ]
        }
      ]
    },
    {
      "mode": "managed",
      "type": "gcore_cloud_network_subnet",
      "name": "subnet1",
      "provider": "provider[\"registry.terraform.io/gcore/gcore\"]",
      "instances": [
        {
          "schema_version": 0,
          "attributes": {
            "available_ips": 251,
            "cidr": "192.168.10.0/24",
            "connect_to_network_router": true,
            "created_at": "2025-10-29T17:46:56Z",
            "creator_task_id": "7714d837-6741-4cb2-95e2-bad38614ee89",
            "dns_nameservers": [
              "8.8.8.8",
              "8.8.4.4"
            ],
            "enable_dhcp": true,
            "gateway_ip": "192.168.10.1",
            "has_router": false,
            "host_routes": [],
            "id": "7b9e93a6-3be1-483b-abcd-cc91572e7513",
            "ip_version": 4,
            "name": "qa-terr-router-subnet-1",
            "network_id": "1169bc6b-2e68-472a-9c55-56513a3a6c62",
            "project_id": 379987,
            "region": "Luxembourg-2",
            "region_id": 76,
            "router_id_to_connect": null,
            "tags": null,
            "task_id": null,
            "tasks": null,
            "total_ips": 253,
            "updated_at": "2025-10-29T17:46:56Z"
          },
          "sensitive_attributes": [],
          "dependencies": [
            "gcore_cloud_network.test_network"
          ]
        }
      ]
    },
    {
      "mode": "managed",
      "type": "gcore_cloud_network_subnet",
      "name": "subnet2",
      "provider": "provider[\"registry.terraform.io/gcore/gcore\"]",
      "instances": [
        {
          "schema_version": 0,
          "attributes": {
            "available_ips": 251,
            "cidr": "192.168.20.0/24",
            "connect_to_network_router": true,
            "created_at": "2025-10-29T17:47:08Z",
            "creator_task_id": "c4dae515-3dde-4424-83f6-f493af8f033a",
            "dns_nameservers": [
              "8.8.8.8",
              "8.8.4.4"
            ],
            "enable_dhcp": true,
            "gateway_ip": "192.168.20.1",
            "has_router": false,
            "host_routes": [],
            "id": "4294e403-35a1-4b7f-accc-b92566354c8f",
            "ip_version": 4,
            "name": "qa-terr-router-subnet-2",
            "network_id": "1169bc6b-2e68-472a-9c55-56513a3a6c62",
            "project_id": 379987,
            "region": "Luxembourg-2",
            "region_id": 76,
            "router_id_to_connect": null,
            "tags": null,
            "task_id": null,
            "tasks": null,
            "total_ips": 253,
            "updated_at": "2025-10-29T17:47:08Z"
          },
          "sensitive_attributes": [],
          "dependencies": [
            "gcore_cloud_network.test_network"
          ]
        }
      ]
    }
  ],
  "check_results": null
}
