{
  "version": 4,
  "terraform_version": "1.10.5",
  "serial": 4,
  "lineage": "d4109ba3-504a-19f4-5972-1b4a4aeaf7ed",
  "outputs": {
    "router_id": {
      "value": "462152fc-6611-4cd5-82fd-14331ad320d1",
      "type": "string"
    }
  },
  "resources": [
    {
      "mode": "managed",
      "type": "gcore_cloud_network",
      "name": "network",
      "provider": "provider[\"registry.terraform.io/gcore/gcore\"]",
      "instances": [
        {
          "schema_version": 0,
          "attributes": {
            "create_router": true,
            "created_at": "2025-11-05T15:07:03Z",
            "creator_task_id": "b5cb1fb7-52d4-4624-a5cf-eee1a16f67d3",
            "default": null,
            "external": false,
            "id": "b130ea6f-d2d8-4900-96ab-6827425832e7",
            "mtu": 1500,
            "name": "test-router-import-network",
            "port_security_enabled": true,
            "project_id": 379987,
            "region": "Luxembourg-2",
            "region_id": 76,
            "segmentation_id": 62,
            "shared": false,
            "subnets": [],
            "tags": null,
            "task_id": null,
            "tasks": null,
            "type": "vxlan",
            "updated_at": "2025-11-05T15:07:03Z"
          },
          "sensitive_attributes": []
        }
      ]
    },
    {
      "mode": "managed",
      "type": "gcore_cloud_network_router",
      "name": "router",
      "provider": "provider[\"registry.terraform.io/gcore/gcore\"]",
      "instances": [
        {
          "schema_version": 0,
          "attributes": {
            "created_at": "2025-11-05T15:07:33Z",
            "creator_task_id": "f2d878d5-da5d-43cf-982a-c848e551bb14",
            "distributed": false,
            "external_gateway_info": {
              "enable_snat": true,
              "network_id": "4b99f7d1-5d1e-4fdb-8ae1-a4bfb208556c",
              "type": null
            },
            "id": "462152fc-6611-4cd5-82fd-14331ad320d1",
            "interfaces": [
              {
                "subnet_id": "74af7e5e-5c36-4cda-a537-4f4ecffe3c2b",
                "type": "subnet"
              }
            ],
            "name": "test-router-import",
            "project_id": 379987,
            "region": "Luxembourg-2",
            "region_id": 76,
            "routes": [],
            "status": "ACTIVE",
            "task_id": "",
            "tasks": null,
            "updated_at": "2025-11-05T15:09:17Z"
          },
          "sensitive_attributes": [],
          "dependencies": [
            "gcore_cloud_network.network",
            "gcore_cloud_network_subnet.subnet"
          ]
        }
      ]
    },
    {
      "mode": "managed",
      "type": "gcore_cloud_network_subnet",
      "name": "subnet",
      "provider": "provider[\"registry.terraform.io/gcore/gcore\"]",
      "instances": [
        {
          "schema_version": 0,
          "attributes": {
            "available_ips": 251,
            "cidr": "192.168.70.0/24",
            "connect_to_network_router": true,
            "created_at": "2025-11-05T15:07:17Z",
            "creator_task_id": "ac85e34a-6ed5-4315-902c-c2470259317d",
            "dns_nameservers": [
              "8.8.8.8",
              "8.8.4.4"
            ],
            "enable_dhcp": true,
            "gateway_ip": "192.168.70.1",
            "has_router": false,
            "host_routes": [],
            "id": "74af7e5e-5c36-4cda-a537-4f4ecffe3c2b",
            "ip_version": 4,
            "name": "test-router-import-subnet",
            "network_id": "b130ea6f-d2d8-4900-96ab-6827425832e7",
            "project_id": 379987,
            "region": "Luxembourg-2",
            "region_id": 76,
            "router_id_to_connect": null,
            "tags": null,
            "task_id": null,
            "tasks": null,
            "total_ips": 253,
            "updated_at": "2025-11-05T15:07:17Z"
          },
          "sensitive_attributes": [],
          "dependencies": [
            "gcore_cloud_network.network"
          ]
        }
      ]
    }
  ],
  "check_results": null
}
