{
  "version": 4,
  "terraform_version": "1.10.5",
  "serial": 6,
  "lineage": "62cceb4c-a2c9-38e5-9ddf-f2abaf6c7c3d",
  "outputs": {
    "router_id": {
      "value": "0789f748-93c9-454e-9422-1121e1a24a71",
      "type": "string"
    },
    "router_name": {
      "value": "test-router-updated",
      "type": "string"
    }
  },
  "resources": [
    {
      "mode": "managed",
      "type": "gcore_cloud_network",
      "name": "network",
      "provider": "provider[\"registry.terraform.io/gcore/gcore\"]",
      "instances": [
        {
          "schema_version": 0,
          "attributes": {
            "create_router": true,
            "created_at": "2025-11-05T14:57:08Z",
            "creator_task_id": "97538744-a42d-465a-8bd9-7e246e811ee8",
            "default": null,
            "external": false,
            "id": "933ecc3b-6b41-470b-89b1-c751e4ce9915",
            "mtu": 1500,
            "name": "test-router-update-002-network",
            "port_security_enabled": true,
            "project_id": 379987,
            "region": "Luxembourg-2",
            "region_id": 76,
            "segmentation_id": 506,
            "shared": false,
            "subnets": [
              "0195b8e1-3188-46ed-b2fe-689894389600"
            ],
            "tags": null,
            "task_id": null,
            "tasks": null,
            "type": "vxlan",
            "updated_at": "2025-11-05T14:57:24Z"
          },
          "sensitive_attributes": []
        }
      ]
    },
    {
      "mode": "managed",
      "type": "gcore_cloud_network_router",
      "name": "router",
      "provider": "provider[\"registry.terraform.io/gcore/gcore\"]",
      "instances": [
        {
          "schema_version": 0,
          "attributes": {
            "created_at": "2025-11-05T14:57:38Z",
            "creator_task_id": "e9b57e6b-ac41-4053-bc38-c8079dbba2e2",
            "distributed": false,
            "external_gateway_info": {
              "enable_snat": true,
              "network_id": "4b99f7d1-5d1e-4fdb-8ae1-a4bfb208556c",
              "type": null
            },
            "id": "0789f748-93c9-454e-9422-1121e1a24a71",
            "interfaces": [
              {
                "subnet_id": "0195b8e1-3188-46ed-b2fe-689894389600",
                "type": "subnet"
              }
            ],
            "name": "test-router-updated",
            "project_id": 379987,
            "region": "Luxembourg-2",
            "region_id": 76,
            "routes": [
              {
                "destination": "10.0.4.0/24",
                "nexthop": "192.168.40.1"
              }
            ],
            "status": "ACTIVE",
            "task_id": null,
            "tasks": null,
            "updated_at": "2025-11-05T14:59:32Z"
          },
          "sensitive_attributes": [],
          "dependencies": [
            "gcore_cloud_network.network",
            "gcore_cloud_network_subnet.subnet"
          ]
        }
      ]
    },
    {
      "mode": "managed",
      "type": "gcore_cloud_network_subnet",
      "name": "subnet",
      "provider": "provider[\"registry.terraform.io/gcore/gcore\"]",
      "instances": [
        {
          "schema_version": 0,
          "attributes": {
            "available_ips": 250,
            "cidr": "192.168.40.0/24",
            "connect_to_network_router": true,
            "created_at": "2025-11-05T14:57:24Z",
            "creator_task_id": "d109b465-8524-4e60-add3-52fb451744d9",
            "dns_nameservers": [
              "8.8.8.8",
              "8.8.4.4"
            ],
            "enable_dhcp": true,
            "gateway_ip": "192.168.40.1",
            "has_router": false,
            "host_routes": [],
            "id": "0195b8e1-3188-46ed-b2fe-689894389600",
            "ip_version": 4,
            "name": "test-router-update-002-subnet",
            "network_id": "933ecc3b-6b41-470b-89b1-c751e4ce9915",
            "project_id": 379987,
            "region": "Luxembourg-2",
            "region_id": 76,
            "router_id_to_connect": null,
            "tags": null,
            "task_id": null,
            "tasks": null,
            "total_ips": 253,
            "updated_at": "2025-11-05T14:57:24Z"
          },
          "sensitive_attributes": [],
          "dependencies": [
            "gcore_cloud_network.network"
          ]
        }
      ]
    }
  ],
  "check_results": null
}
