{
  "version": 4,
  "terraform_version": "1.14.3",
  "serial": 33,
  "lineage": "8d1f083b-02c5-b6ac-9c6e-eb0b948f10c7",
  "outputs": {
    "public_origins_has_related_resources": {
      "value": false,
      "type": "bool"
    },
    "public_origins_id": {
      "value": 1349081,
      "type": "number"
    },
    "public_origins_name": {
      "value": "test-origins-updated",
      "type": "string"
    },
    "public_origins_proxy_next_upstream": {
      "value": [
        "error",
        "timeout"
      ],
      "type": [
        "list",
        "string"
      ]
    }
  },
  "resources": [
    {
      "mode": "managed",
      "type": "gcore_cdn_origin_group",
      "name": "public_origins",
      "provider": "provider[\"registry.terraform.io/gcore/gcore\"]",
      "instances": [
        {
          "schema_version": 0,
          "attributes": {
            "auth": null,
            "auth_type": "none",
            "has_related_resources": false,
            "id": 1349081,
            "name": "test-origins-updated",
            "proxy_next_upstream": [
              "error",
              "timeout"
            ],
            "sources": [
              {
                "backup": false,
                "enabled": false,
                "source": "bitbucket.org"
              },
              {
                "backup": false,
                "enabled": true,
                "source": "github.com"
              },
              {
                "backup": true,
                "enabled": true,
                "source": "gitlab.com"
              }
            ],
            "use_next": true
          },
          "sensitive_attributes": [],
          "identity_schema_version": 0
        }
      ]
    },
    {
      "mode": "managed",
      "type": "gcore_cdn_origin_group",
      "name": "s3_auth",
      "provider": "provider[\"registry.terraform.io/gcore/gcore\"]",
      "instances": []
    }
  ],
  "check_results": null
}
