{
  "version": 4,
  "terraform_version": "1.10.5",
  "serial": 36,
  "lineage": "7f00f33e-6037-3717-8c56-4092707d0085",
  "outputs": {
    "listener_id": {
      "value": "ccdf899e-bb78-4adb-88af-0140772db34a",
      "type": "string"
    },
    "load_balancer_id": {
      "value": "fee43305-e843-4c91-af12-514528a2d21d",
      "type": "string"
    }
  },
  "resources": [
    {
      "mode": "managed",
      "type": "gcore_cloud_load_balancer",
      "name": "lb",
      "provider": "provider[\"registry.terraform.io/gcore/gcore\"]",
      "instances": [
        {
          "schema_version": 0,
          "attributes": {
            "additional_vips": [],
            "created_at": "2025-11-05T08:15:35Z",
            "creator_task_id": "fc1e3907-bee9-46c5-93fe-7ab459026701",
            "ddos_profile": null,
            "flavor": "lb1-1-2",
            "floating_ip": null,
            "floating_ips": [],
            "id": "fee43305-e843-4c91-af12-514528a2d21d",
            "listeners": [],
            "logging": {
              "destination_region_id": null,
              "enabled": false,
              "retention_policy": null,
              "topic_name": null
            },
            "name": "qa-lb-renamed",
            "name_template": null,
            "operating_status": "ONLINE",
            "preferred_connectivity": "L2",
            "project_id": 379987,
            "provisioning_status": "ACTIVE",
            "region": "Luxembourg-2",
            "region_id": 76,
            "stats": null,
            "tags": null,
            "tags_v2": [],
            "task_id": null,
            "tasks": null,
            "updated_at": "2025-11-05T08:16:44Z",
            "vip_address": "109.61.125.78",
            "vip_ip_family": "ipv4",
            "vip_network_id": null,
            "vip_port_id": "00f95368-62c6-4f31-b10f-e2fe1ea2a046",
            "vip_subnet_id": null,
            "vrrp_ips": [
              {
                "ip_address": "109.61.125.22",
                "role": "BACKUP",
                "subnet_id": "b4c6e91a-9eb9-4c59-ad57-00124eceda00"
              },
              {
                "ip_address": "109.61.125.189",
                "role": "MASTER",
                "subnet_id": "b4c6e91a-9eb9-4c59-ad57-00124eceda00"
              }
            ]
          },
          "sensitive_attributes": []
        }
      ]
    },
    {
      "mode": "managed",
      "type": "gcore_cloud_load_balancer_listener",
      "name": "ls",
      "provider": "provider[\"registry.terraform.io/gcore/gcore\"]",
      "instances": [
        {
          "schema_version": 0,
          "attributes": {
            "allowed_cidrs": null,
            "connection_limit": 100000,
            "creator_task_id": "719a4d75-caa6-4cfc-a713-40b98e0e4787",
            "id": "ccdf899e-bb78-4adb-88af-0140772db34a",
            "insert_headers": "{}",
            "insert_x_forwarded": null,
            "load_balancer_id": "fee43305-e843-4c91-af12-514528a2d21d",
            "name": "qa-ls",
            "operating_status": "ONLINE",
            "pool_count": 0,
            "project_id": 379987,
            "protocol": "HTTP",
            "protocol_port": 81,
            "provisioning_status": "ACTIVE",
            "region_id": 76,
            "secret_id": null,
            "sni_secret_id": [],
            "stats": null,
            "task_id": null,
            "tasks": null,
            "timeout_client_data": 50000,
            "timeout_member_connect": 5000,
            "timeout_member_data": 50000,
            "user_list": []
          },
          "sensitive_attributes": [],
          "dependencies": [
            "gcore_cloud_load_balancer.lb"
          ]
        }
      ]
    }
  ],
  "check_results": null
}
