{
  "version": 4,
  "terraform_version": "1.10.5",
  "serial": 12,
  "lineage": "b4904cca-4649-390c-9010-4d63558e5f58",
  "outputs": {
    "lb_id": {
      "value": "670f9edb-6e75-4f70-89a1-57d118f5c8aa",
      "type": "string"
    },
    "lb_tags": {
      "value": {},
      "type": [
        "map",
        "string"
      ]
    },
    "lb_tags_v2": {
      "value": [],
      "type": [
        "list",
        [
          "object",
          {
            "key": "string",
            "read_only": "bool",
            "value": "string"
          }
        ]
      ]
    }
  },
  "resources": [
    {
      "mode": "data",
      "type": "gcore_cloud_region",
      "name": "rg",
      "provider": "provider[\"registry.terraform.io/gcore/gcore\"]",
      "instances": [
        {
          "schema_version": 0,
          "attributes": {
            "access_level": "core",
            "available_volume_types": [
              "standard",
              "ssd_hiiops",
              "ssd_lowlatency"
            ],
            "coordinates": {
              "latitude": 49.579582,
              "longitude": 6.109961
            },
            "country": "LU",
            "created_at": "2021-10-19T12:54:13Z",
            "created_on": "2021-10-19T12:54:13Z",
            "ddos_endpoint_id": 51,
            "display_name": "Luxembourg-2",
            "endpoint_type": "public",
            "external_network_id": "4b99f7d1-5d1e-4fdb-8ae1-a4bfb208556c",
            "file_share_types": [
              "standard"
            ],
            "has_ai": true,
            "has_ai_gpu": true,
            "has_baremetal": true,
            "has_basic_vm": false,
            "has_dbaas": true,
            "has_ddos": true,
            "has_k8s": true,
            "has_kvm": true,
            "has_sfs": true,
            "id": 76,
            "keystone_id": 76,
            "keystone_name": "ED-16",
            "metrics_database_id": 76,
            "region_id": 76,
            "show_volume_types": null,
            "state": "ACTIVE",
            "task_id": null,
            "vlan_physical_network": "br-ex",
            "zone": "EMEA"
          },
          "sensitive_attributes": []
        }
      ]
    },
    {
      "mode": "managed",
      "type": "gcore_cloud_load_balancer",
      "name": "lb",
      "provider": "provider[\"registry.terraform.io/gcore/gcore\"]",
      "instances": [
        {
          "schema_version": 0,
          "attributes": {
            "additional_vips": [],
            "created_at": "2025-11-25T09:45:46Z",
            "creator_task_id": "78dc7920-077f-4850-88c5-54f2f1fe8451",
            "ddos_profile": null,
            "flavor": "lb1-2-4",
            "floating_ip": null,
            "floating_ips": [],
            "id": "670f9edb-6e75-4f70-89a1-57d118f5c8aa",
            "listeners": [],
            "logging": {
              "destination_region_id": null,
              "enabled": false,
              "retention_policy": null,
              "topic_name": null
            },
            "name": "qa-lb-tags-test-20778",
            "name_template": null,
            "operating_status": "ONLINE",
            "preferred_connectivity": "L2",
            "project_id": null,
            "provisioning_status": "ACTIVE",
            "region": "Luxembourg-2",
            "region_id": null,
            "stats": null,
            "tags": {},
            "tags_v2": [],
            "updated_at": "2025-11-25T09:48:01Z",
            "vip_address": "10.100.0.111",
            "vip_ip_family": "ipv4",
            "vip_network_id": "1cdc6ddd-b309-4d0b-a617-410e794d84ac",
            "vip_port_id": "bf35cd9d-4d32-49ad-8389-367593465ade",
            "vip_subnet_id": "b11fcb02-02a6-4497-bbe7-9891b9b0f6fb",
            "vrrp_ips": [
              {
                "ip_address": "10.100.0.21",
                "role": "MASTER",
                "subnet_id": "b11fcb02-02a6-4497-bbe7-9891b9b0f6fb"
              },
              {
                "ip_address": "10.100.0.100",
                "role": "BACKUP",
                "subnet_id": "b11fcb02-02a6-4497-bbe7-9891b9b0f6fb"
              }
            ]
          },
          "sensitive_attributes": [],
          "dependencies": [
            "gcore_cloud_network.test",
            "gcore_cloud_network_subnet.test"
          ]
        }
      ]
    },
    {
      "mode": "managed",
      "type": "gcore_cloud_network",
      "name": "test",
      "provider": "provider[\"registry.terraform.io/gcore/gcore\"]",
      "instances": [
        {
          "schema_version": 0,
          "attributes": {
            "create_router": true,
            "created_at": "2025-11-25T09:44:53Z",
            "creator_task_id": "7822f433-48a9-4b69-9df6-053a3dc5d64f",
            "default": null,
            "external": false,
            "id": "1cdc6ddd-b309-4d0b-a617-410e794d84ac",
            "mtu": 1500,
            "name": "test-net-lb-tags-20778",
            "port_security_enabled": true,
            "project_id": null,
            "region": "Luxembourg-2",
            "region_id": null,
            "segmentation_id": 348,
            "shared": false,
            "subnets": [
              "b11fcb02-02a6-4497-bbe7-9891b9b0f6fb"
            ],
            "tags": null,
            "task_id": null,
            "tasks": null,
            "type": "vxlan",
            "updated_at": "2025-11-25T09:45:07Z"
          },
          "sensitive_attributes": []
        }
      ]
    },
    {
      "mode": "managed",
      "type": "gcore_cloud_network_subnet",
      "name": "test",
      "provider": "provider[\"registry.terraform.io/gcore/gcore\"]",
      "instances": [
        {
          "schema_version": 0,
          "attributes": {
            "available_ips": 248,
            "cidr": "10.100.0.0/24",
            "connect_to_network_router": true,
            "created_at": "2025-11-25T09:45:07Z",
            "creator_task_id": "ab7dd7af-bd82-4b63-b94b-974068fdd82f",
            "dns_nameservers": [
              "8.8.8.8",
              "8.8.4.4"
            ],
            "enable_dhcp": true,
            "gateway_ip": "10.100.0.1",
            "has_router": false,
            "host_routes": [],
            "id": "b11fcb02-02a6-4497-bbe7-9891b9b0f6fb",
            "ip_version": 4,
            "name": "test-subnet-lb-tags-20778",
            "network_id": "1cdc6ddd-b309-4d0b-a617-410e794d84ac",
            "project_id": null,
            "region": "Luxembourg-2",
            "region_id": null,
            "router_id_to_connect": null,
            "tags": null,
            "task_id": null,
            "tasks": null,
            "total_ips": 253,
            "updated_at": "2025-11-25T09:45:07Z"
          },
          "sensitive_attributes": [],
          "dependencies": [
            "gcore_cloud_network.test"
          ]
        }
      ]
    }
  ],
  "check_results": null
}
