{
  "version": 4,
  "terraform_version": "1.10.5",
  "serial": 13,
  "lineage": "cf091818-bfb9-7d89-896b-e9cdff24bf00",
  "outputs": {
    "pool_id": {
      "value": "4a057240-bb8b-4dcc-9bdf-aa56f34ff25c",
      "type": "string"
    },
    "pool_members": {
      "value": [],
      "type": [
        "list",
        [
          "object",
          {
            "address": "string",
            "admin_state_up": "bool",
            "backup": "bool",
            "instance_id": "string",
            "monitor_address": "string",
            "monitor_port": "number",
            "protocol_port": "number",
            "subnet_id": "string",
            "weight": "number"
          }
        ]
      ]
    }
  },
  "resources": [
    {
      "mode": "data",
      "type": "gcore_cloud_projects",
      "name": "my_projects",
      "provider": "provider[\"registry.terraform.io/gcore/gcore\"]",
      "instances": [
        {
          "schema_version": 0,
          "attributes": {
            "client_id": null,
            "include_deleted": null,
            "items": [
              {
                "client_id": 3621,
                "created_at": "2019-08-23T17:24:36Z",
                "deleted_at": null,
                "description": "",
                "id": 6,
                "is_default": true,
                "name": "Default",
                "state": "ACTIVE",
                "task_id": null
              }
            ],
            "max_items": null,
            "name": "default",
            "order_by": null
          },
          "sensitive_attributes": []
        }
      ]
    },
    {
      "mode": "data",
      "type": "gcore_cloud_region",
      "name": "rg",
      "provider": "provider[\"registry.terraform.io/gcore/gcore\"]",
      "instances": [
        {
          "schema_version": 0,
          "attributes": {
            "access_level": "core",
            "available_volume_types": [
              "standard",
              "ssd_hiiops",
              "ssd_lowlatency"
            ],
            "coordinates": {
              "latitude": {
                "value": "49.579582",
                "type": "string"
              },
              "longitude": {
                "value": "6.109961",
                "type": "string"
              }
            },
            "country": "LU",
            "created_at": "2021-10-19T12:54:13Z",
            "created_on": "2021-10-19T12:54:13Z",
            "ddos_endpoint_id": 51,
            "display_name": "Luxembourg-2",
            "endpoint_type": "public",
            "external_network_id": "4b99f7d1-5d1e-4fdb-8ae1-a4bfb208556c",
            "file_share_types": [
              "standard"
            ],
            "has_ai": true,
            "has_ai_gpu": true,
            "has_baremetal": true,
            "has_basic_vm": false,
            "has_dbaas": true,
            "has_ddos": true,
            "has_k8s": true,
            "has_kvm": true,
            "has_sfs": true,
            "id": 76,
            "keystone_id": 76,
            "keystone_name": "ED-16",
            "metrics_database_id": 76,
            "region_id": 76,
            "show_volume_types": null,
            "state": "ACTIVE",
            "task_id": null,
            "vlan_physical_network": "br-ex",
            "zone": "EMEA"
          },
          "sensitive_attributes": []
        }
      ]
    },
    {
      "mode": "managed",
      "type": "gcore_cloud_load_balancer",
      "name": "lb",
      "provider": "provider[\"registry.terraform.io/gcore/gcore\"]",
      "instances": [
        {
          "schema_version": 0,
          "attributes": {
            "additional_vips": [],
            "created_at": "2025-12-10T14:03:21Z",
            "creator_task_id": "445cea34-a08c-4537-9298-74ab3f967a41",
            "ddos_profile": null,
            "flavor": "lb1-2-4",
            "floating_ip": null,
            "floating_ips": [],
            "id": "4c23c203-09c2-4494-92ee-2071e189d2a4",
            "listeners": [],
            "logging": {
              "destination_region_id": null,
              "enabled": false,
              "retention_policy": null,
              "topic_name": null
            },
            "name": "qa-tf-lb",
            "name_template": null,
            "operating_status": "ERROR",
            "preferred_connectivity": "L2",
            "project_id": 6,
            "provisioning_status": "ACTIVE",
            "region": "Luxembourg-2",
            "region_id": 76,
            "stats": null,
            "tags": {
              "qa": "load-balancer"
            },
            "tags_v2": [
              {
                "key": "qa",
                "read_only": false,
                "value": "load-balancer"
              }
            ],
            "updated_at": "2025-12-10T14:05:52Z",
            "vip_address": "45.82.160.217",
            "vip_ip_family": "ipv4",
            "vip_network_id": null,
            "vip_port_id": "33eb10cf-fe9a-471f-be02-5a2abd655123",
            "vip_subnet_id": null,
            "vrrp_ips": [
              {
                "ip_address": "45.82.160.234",
                "role": "MASTER",
                "subnet_id": "e47b6c72-f1d3-44de-bd7a-1bed593cbc29"
              },
              {
                "ip_address": "45.82.160.26",
                "role": "BACKUP",
                "subnet_id": "e47b6c72-f1d3-44de-bd7a-1bed593cbc29"
              }
            ]
          },
          "sensitive_attributes": [],
          "dependencies": [
            "data.gcore_cloud_projects.my_projects",
            "data.gcore_cloud_region.rg"
          ]
        }
      ]
    },
    {
      "mode": "managed",
      "type": "gcore_cloud_load_balancer_listener",
      "name": "ls",
      "provider": "provider[\"registry.terraform.io/gcore/gcore\"]",
      "instances": [
        {
          "schema_version": 0,
          "attributes": {
            "allowed_cidrs": null,
            "connection_limit": 5000,
            "creator_task_id": "e99b9b24-68c2-4bde-b783-1812dd99bfbc",
            "id": "79ce81de-d8f1-4336-9d1d-fd14e67df464",
            "insert_headers": "{}",
            "insert_x_forwarded": null,
            "load_balancer_id": "4c23c203-09c2-4494-92ee-2071e189d2a4",
            "name": "qa-ls-name",
            "operating_status": "ONLINE",
            "pool_count": 1,
            "project_id": 6,
            "protocol": "HTTP",
            "protocol_port": 80,
            "provisioning_status": "ACTIVE",
            "region_id": 76,
            "secret_id": null,
            "sni_secret_id": [],
            "stats": null,
            "timeout_client_data": 45000,
            "timeout_member_connect": 1000,
            "timeout_member_data": 50000,
            "user_list": []
          },
          "sensitive_attributes": [],
          "dependencies": [
            "data.gcore_cloud_projects.my_projects",
            "data.gcore_cloud_region.rg",
            "gcore_cloud_load_balancer.lb"
          ]
        }
      ]
    },
    {
      "mode": "managed",
      "type": "gcore_cloud_load_balancer_pool",
      "name": "lb_pool",
      "provider": "provider[\"registry.terraform.io/gcore/gcore\"]",
      "instances": [
        {
          "schema_version": 0,
          "attributes": {
            "ca_secret_id": null,
            "creator_task_id": "d40e30d3-b7bd-4faa-9571-6da70dde38af",
            "crl_secret_id": null,
            "healthmonitor": {
              "delay": 10,
              "expected_codes": "200,301,302",
              "http_method": "GET",
              "max_retries": 3,
              "max_retries_down": 3,
              "timeout": 5,
              "type": "HTTP",
              "url_path": "/"
            },
            "id": "4a057240-bb8b-4dcc-9bdf-aa56f34ff25c",
            "lb_algorithm": "LEAST_CONNECTIONS",
            "listener_id": "79ce81de-d8f1-4336-9d1d-fd14e67df464",
            "listeners": [
              {
                "id": "79ce81de-d8f1-4336-9d1d-fd14e67df464"
              }
            ],
            "load_balancer_id": null,
            "loadbalancers": [
              {
                "id": "4c23c203-09c2-4494-92ee-2071e189d2a4"
              }
            ],
            "members": [],
            "name": "pool-3",
            "operating_status": "ONLINE",
            "project_id": 6,
            "protocol": "HTTP",
            "provisioning_status": "ACTIVE",
            "region_id": 76,
            "secret_id": null,
            "session_persistence": null,
            "timeout_client_data": 50000,
            "timeout_member_connect": 50000,
            "timeout_member_data": 0
          },
          "sensitive_attributes": [],
          "dependencies": [
            "data.gcore_cloud_projects.my_projects",
            "data.gcore_cloud_region.rg",
            "gcore_cloud_load_balancer.lb",
            "gcore_cloud_load_balancer_listener.ls"
          ]
        }
      ]
    }
  ],
  "check_results": null
}
