{
  "version": 4,
  "terraform_version": "1.10.5",
  "serial": 7,
  "lineage": "0188ecd0-dfb5-689c-65e2-da6456926801",
  "outputs": {
    "public_origins_has_related_resources": {
      "value": false,
      "type": "bool"
    },
    "public_origins_id": {
      "value": 1348009,
      "type": "number"
    },
    "public_origins_name": {
      "value": "test-public-origins-updated",
      "type": "string"
    },
    "public_origins_proxy_next_upstream": {
      "value": [
        "error",
        "timeout"
      ],
      "type": [
        "list",
        "string"
      ]
    }
  },
  "resources": [
    {
      "mode": "managed",
      "type": "gcore_cdn_origin_group",
      "name": "public_origins",
      "provider": "provider[\"registry.terraform.io/gcore/gcore\"]",
      "instances": [
        {
          "schema_version": 0,
          "attributes": {
            "auth": null,
            "auth_type": "none",
            "has_related_resources": false,
            "id": 1348009,
            "name": "test-public-origins-updated",
            "path": null,
            "proxy_next_upstream": [
              "error",
              "timeout"
            ],
            "sources": [
              {
                "backup": false,
                "enabled": true,
                "source": "google.com"
              },
              {
                "backup": false,
                "enabled": true,
                "source": "cloudflare.com"
              },
              {
                "backup": true,
                "enabled": true,
                "source": "github.com"
              }
            ],
            "use_next": false
          },
          "sensitive_attributes": []
        }
      ]
    }
  ],
  "check_results": null
}
