{
  "version": 4,
  "terraform_version": "1.10.5",
  "serial": 2,
  "lineage": "4ceffbaf-aacc-e456-a40d-8b357a53b784",
  "outputs": {
    "resource_record_ids": {
      "value": [
        143195408
      ],
      "type": [
        "list",
        "number"
      ]
    },
    "rrset_name": {
      "value": "tf-test-fixed.maxima.lt",
      "type": "string"
    },
    "rrset_ttl": {
      "value": 300,
      "type": "number"
    },
    "rrset_type": {
      "value": "A",
      "type": "string"
    },
    "updated_at": {
      "value": 1764594141022014000,
      "type": "number"
    }
  },
  "resources": [
    {
      "mode": "managed",
      "type": "gcore_dns_zone_rrset",
      "name": "test_a",
      "provider": "provider[\"registry.terraform.io/gcore/gcore\"]",
      "instances": [
        {
          "schema_version": 0,
          "attributes": {
            "filter_set_id": null,
            "meta": null,
            "name": "tf-test-fixed.maxima.lt",
            "pickers": null,
            "resource_records": [
              {
                "content": [
                  "\"192.168.1.100\""
                ],
                "enabled": true,
                "id": 143195408,
                "meta": null
              }
            ],
            "rrset_name": "tf-test-fixed.maxima.lt",
            "rrset_type": "A",
            "ttl": 300,
            "type": "A",
            "updated_at": 1764594141022014000,
            "warning": null,
            "warnings": null,
            "zone_name": "maxima.lt"
          },
          "sensitive_attributes": []
        }
      ]
    }
  ],
  "check_results": null
}
