{
  "version": 4,
  "terraform_version": "1.10.5",
  "serial": 25,
  "lineage": "8fb52f07-24a2-09e0-6c09-1e263518ce66",
  "outputs": {},
  "resources": [
    {
      "mode": "data",
      "type": "gcore_cloud_projects",
      "name": "selected",
      "provider": "provider[\"registry.terraform.io/gcore/gcore\"]",
      "instances": [
        {
          "schema_version": 0,
          "attributes": {
            "client_id": null,
            "include_deleted": null,
            "items": [
              {
                "client_id": 3621,
                "created_at": "2019-08-23T17:24:36Z",
                "deleted_at": null,
                "description": "",
                "id": 6,
                "is_default": true,
                "name": "Default",
                "state": "ACTIVE",
                "task_id": null
              }
            ],
            "max_items": null,
            "name": "default",
            "order_by": null
          },
          "sensitive_attributes": []
        }
      ]
    },
    {
      "mode": "data",
      "type": "gcore_cloud_region",
      "name": "target",
      "provider": "provider[\"registry.terraform.io/gcore/gcore\"]",
      "instances": [
        {
          "schema_version": 0,
          "attributes": {
            "access_level": "core",
            "available_volume_types": [
              "standard",
              "ssd_hiiops",
              "ssd_lowlatency"
            ],
            "coordinates": {
              "latitude": 49.579582,
              "longitude": 6.109961
            },
            "country": "LU",
            "created_at": "2021-10-19T12:54:13Z",
            "created_on": "2021-10-19T12:54:13Z",
            "ddos_endpoint_id": 51,
            "display_name": "Luxembourg-2",
            "endpoint_type": "public",
            "external_network_id": "4b99f7d1-5d1e-4fdb-8ae1-a4bfb208556c",
            "file_share_types": [
              "standard"
            ],
            "has_ai": true,
            "has_ai_gpu": true,
            "has_baremetal": true,
            "has_basic_vm": false,
            "has_dbaas": true,
            "has_ddos": true,
            "has_k8s": true,
            "has_kvm": true,
            "has_sfs": true,
            "id": 76,
            "keystone_id": 76,
            "keystone_name": "ED-16",
            "metrics_database_id": 76,
            "region_id": 76,
            "show_volume_types": null,
            "state": "ACTIVE",
            "task_id": null,
            "vlan_physical_network": "br-ex",
            "zone": "EMEA"
          },
          "sensitive_attributes": []
        }
      ]
    },
    {
      "mode": "managed",
      "type": "gcore_cloud_load_balancer",
      "name": "canary",
      "provider": "provider[\"registry.terraform.io/gcore/gcore\"]",
      "instances": [
        {
          "schema_version": 0,
          "attributes": {
            "additional_vips": [],
            "created_at": "2025-11-18T09:49:59Z",
            "creator_task_id": "3241388d-331f-4a17-aa6a-3eee2059d08a",
            "ddos_profile": null,
            "flavor": "lb1-2-4",
            "floating_ip": null,
            "floating_ips": [],
            "id": "be21c70f-2cc8-4b20-bf0a-89c5ef0c4e93",
            "listeners": [],
            "logging": {
              "destination_region_id": null,
              "enabled": false,
              "retention_policy": null,
              "topic_name": null
            },
            "name": "test-lb-prometheus-canary",
            "name_template": null,
            "operating_status": "ERROR",
            "preferred_connectivity": "L2",
            "project_id": 6,
            "provisioning_status": "ACTIVE",
            "region": "Luxembourg-2",
            "region_id": 76,
            "stats": null,
            "tags": {
              "environment": "qa",
              "suite": "prom-canary"
            },
            "tags_v2": [
              {
                "key": "environment",
                "read_only": false,
                "value": "qa"
              },
              {
                "key": "suite",
                "read_only": false,
                "value": "prom-canary"
              }
            ],
            "task_id": null,
            "tasks": null,
            "updated_at": "2025-11-18T09:53:46Z",
            "vip_address": "10.0.60.214",
            "vip_ip_family": "ipv4",
            "vip_network_id": "0e0694d1-54da-4a8f-abfc-62f371b9770b",
            "vip_port_id": "4df440da-1300-44a5-9b60-be0091a22e50",
            "vip_subnet_id": "a9564135-1736-483c-a53e-4efdfc453dde",
            "vrrp_ips": [
              {
                "ip_address": "10.0.61.54",
                "role": "MASTER",
                "subnet_id": "6310803d-d5c9-4099-84d2-45fb58fd760e"
              },
              {
                "ip_address": "10.0.60.81",
                "role": "BACKUP",
                "subnet_id": "a9564135-1736-483c-a53e-4efdfc453dde"
              },
              {
                "ip_address": "10.0.60.179",
                "role": "MASTER",
                "subnet_id": "a9564135-1736-483c-a53e-4efdfc453dde"
              },
              {
                "ip_address": "10.0.61.92",
                "role": "BACKUP",
                "subnet_id": "6310803d-d5c9-4099-84d2-45fb58fd760e"
              }
            ]
          },
          "sensitive_attributes": [],
          "dependencies": [
            "data.gcore_cloud_projects.selected",
            "data.gcore_cloud_region.target",
            "gcore_cloud_network.vip",
            "gcore_cloud_network_subnet.vip"
          ]
        }
      ]
    },
    {
      "mode": "managed",
      "type": "gcore_cloud_load_balancer_listener",
      "name": "http_primary",
      "provider": "provider[\"registry.terraform.io/gcore/gcore\"]",
      "instances": [
        {
          "schema_version": 0,
          "attributes": {
            "allowed_cidrs": [
              "0.0.0.0/0"
            ],
            "connection_limit": 80000,
            "creator_task_id": "ab54093c-cdf5-49a4-afb4-4430e472e800",
            "id": "f0f234db-ba15-4abe-ba15-6f81d6074d2a",
            "insert_headers": "{}",
            "insert_x_forwarded": null,
            "load_balancer_id": "be21c70f-2cc8-4b20-bf0a-89c5ef0c4e93",
            "name": "test-lb-prometheus-canary-prod",
            "operating_status": "ONLINE",
            "pool_count": 1,
            "project_id": 6,
            "protocol": "HTTP",
            "protocol_port": 80,
            "provisioning_status": "ACTIVE",
            "region_id": 76,
            "secret_id": null,
            "sni_secret_id": [],
            "stats": null,
            "task_id": null,
            "tasks": null,
            "timeout_client_data": 60000,
            "timeout_member_connect": 8000,
            "timeout_member_data": 45000,
            "user_list": []
          },
          "sensitive_attributes": [],
          "dependencies": [
            "data.gcore_cloud_projects.selected",
            "data.gcore_cloud_region.target",
            "gcore_cloud_load_balancer.canary",
            "gcore_cloud_network.vip",
            "gcore_cloud_network_subnet.vip"
          ]
        }
      ]
    },
    {
      "mode": "managed",
      "type": "gcore_cloud_load_balancer_pool",
      "name": "prod",
      "provider": "provider[\"registry.terraform.io/gcore/gcore\"]",
      "instances": [
        {
          "schema_version": 0,
          "attributes": {
            "ca_secret_id": null,
            "creator_task_id": "1e99bc7d-ad95-4684-86bc-f3ffbd46e7cc",
            "crl_secret_id": null,
            "healthmonitor": {
              "delay": 10,
              "expected_codes": "200-299",
              "http_method": "GET",
              "max_retries": 3,
              "max_retries_down": 2,
              "timeout": 5,
              "type": "HTTP",
              "url_path": "/ready"
            },
            "id": "809bb6c5-1bc3-4606-8ba8-f66d18ae286f",
            "lb_algorithm": "ROUND_ROBIN",
            "listener_id": "f0f234db-ba15-4abe-ba15-6f81d6074d2a",
            "listeners": [
              {
                "id": "f0f234db-ba15-4abe-ba15-6f81d6074d2a"
              }
            ],
            "load_balancer_id": "be21c70f-2cc8-4b20-bf0a-89c5ef0c4e93",
            "loadbalancers": [
              {
                "id": "be21c70f-2cc8-4b20-bf0a-89c5ef0c4e93"
              }
            ],
            "members": [],
            "name": "test-lb-prometheus-canary-prod",
            "operating_status": "ERROR",
            "project_id": 6,
            "protocol": "HTTP",
            "provisioning_status": "ACTIVE",
            "region_id": 76,
            "secret_id": null,
            "session_persistence": null,
            "task_id": null,
            "tasks": null,
            "timeout_client_data": 60000,
            "timeout_member_connect": 8000,
            "timeout_member_data": 45000
          },
          "sensitive_attributes": [],
          "dependencies": [
            "data.gcore_cloud_projects.selected",
            "data.gcore_cloud_region.target",
            "gcore_cloud_load_balancer.canary",
            "gcore_cloud_load_balancer_listener.http_primary",
            "gcore_cloud_network.vip",
            "gcore_cloud_network_subnet.vip"
          ]
        }
      ]
    },
    {
      "mode": "managed",
      "type": "gcore_cloud_load_balancer_pool_member",
      "name": "prod_a",
      "provider": "provider[\"registry.terraform.io/gcore/gcore\"]",
      "instances": [
        {
          "schema_version": 0,
          "attributes": {
            "address": "10.0.61.10",
            "admin_state_up": true,
            "backup": false,
            "id": "a27c5970-bb58-4fec-83fb-0b092fc2d9e5",
            "instance_id": null,
            "monitor_address": null,
            "monitor_port": null,
            "pool_id": "809bb6c5-1bc3-4606-8ba8-f66d18ae286f",
            "project_id": 6,
            "protocol_port": 8080,
            "region_id": 76,
            "subnet_id": "6310803d-d5c9-4099-84d2-45fb58fd760e",
            "tasks": null,
            "weight": 5
          },
          "sensitive_attributes": [],
          "dependencies": [
            "data.gcore_cloud_projects.selected",
            "data.gcore_cloud_region.target",
            "gcore_cloud_load_balancer.canary",
            "gcore_cloud_load_balancer_listener.http_primary",
            "gcore_cloud_load_balancer_pool.prod",
            "gcore_cloud_network.backend",
            "gcore_cloud_network.vip",
            "gcore_cloud_network_subnet.backend",
            "gcore_cloud_network_subnet.vip"
          ]
        }
      ]
    },
    {
      "mode": "managed",
      "type": "gcore_cloud_network",
      "name": "backend",
      "provider": "provider[\"registry.terraform.io/gcore/gcore\"]",
      "instances": [
        {
          "schema_version": 0,
          "attributes": {
            "create_router": true,
            "created_at": "2025-11-18T09:49:29Z",
            "creator_task_id": "4c335fb6-cc92-4f3d-905f-72071ff9563e",
            "default": null,
            "external": false,
            "id": "a6e4825e-94c9-4796-9ed4-1bed0f73782e",
            "mtu": 1500,
            "name": "test-lb-prometheus-canary-backend",
            "port_security_enabled": true,
            "project_id": 6,
            "region": "Luxembourg-2",
            "region_id": 76,
            "segmentation_id": 630,
            "shared": false,
            "subnets": [
              "6310803d-d5c9-4099-84d2-45fb58fd760e"
            ],
            "tags": null,
            "task_id": null,
            "tasks": null,
            "type": "vxlan",
            "updated_at": "2025-11-18T09:49:41Z"
          },
          "sensitive_attributes": [],
          "dependencies": [
            "data.gcore_cloud_projects.selected",
            "data.gcore_cloud_region.target"
          ]
        }
      ]
    },
    {
      "mode": "managed",
      "type": "gcore_cloud_network",
      "name": "vip",
      "provider": "provider[\"registry.terraform.io/gcore/gcore\"]",
      "instances": [
        {
          "schema_version": 0,
          "attributes": {
            "create_router": true,
            "created_at": "2025-11-18T09:49:27Z",
            "creator_task_id": "407f8b04-6439-443c-a1c5-3139263c353f",
            "default": null,
            "external": false,
            "id": "0e0694d1-54da-4a8f-abfc-62f371b9770b",
            "mtu": 1500,
            "name": "test-lb-prometheus-canary-vip",
            "port_security_enabled": true,
            "project_id": 6,
            "region": "Luxembourg-2",
            "region_id": 76,
            "segmentation_id": 701,
            "shared": false,
            "subnets": [
              "a9564135-1736-483c-a53e-4efdfc453dde"
            ],
            "tags": null,
            "task_id": null,
            "tasks": null,
            "type": "vxlan",
            "updated_at": "2025-11-18T09:49:40Z"
          },
          "sensitive_attributes": [],
          "dependencies": [
            "data.gcore_cloud_projects.selected",
            "data.gcore_cloud_region.target"
          ]
        }
      ]
    },
    {
      "mode": "managed",
      "type": "gcore_cloud_network_subnet",
      "name": "backend",
      "provider": "provider[\"registry.terraform.io/gcore/gcore\"]",
      "instances": [
        {
          "schema_version": 0,
          "attributes": {
            "available_ips": 249,
            "cidr": "10.0.61.0/24",
            "connect_to_network_router": true,
            "created_at": "2025-11-18T09:49:41Z",
            "creator_task_id": "ab0c1ef2-9837-4058-8197-6821c5fb48f5",
            "dns_nameservers": [
              "8.8.8.8",
              "8.8.4.4"
            ],
            "enable_dhcp": true,
            "gateway_ip": "10.0.61.1",
            "has_router": false,
            "host_routes": [],
            "id": "6310803d-d5c9-4099-84d2-45fb58fd760e",
            "ip_version": 4,
            "name": "test-lb-prometheus-canary-backend",
            "network_id": "a6e4825e-94c9-4796-9ed4-1bed0f73782e",
            "project_id": 6,
            "region": "Luxembourg-2",
            "region_id": 76,
            "router_id_to_connect": null,
            "tags": null,
            "task_id": null,
            "tasks": null,
            "total_ips": 253,
            "updated_at": "2025-11-18T09:49:41Z"
          },
          "sensitive_attributes": [],
          "dependencies": [
            "data.gcore_cloud_projects.selected",
            "data.gcore_cloud_region.target",
            "gcore_cloud_network.backend"
          ]
        }
      ]
    },
    {
      "mode": "managed",
      "type": "gcore_cloud_network_subnet",
      "name": "vip",
      "provider": "provider[\"registry.terraform.io/gcore/gcore\"]",
      "instances": [
        {
          "schema_version": 0,
          "attributes": {
            "available_ips": 248,
            "cidr": "10.0.60.0/24",
            "connect_to_network_router": true,
            "created_at": "2025-11-18T09:49:40Z",
            "creator_task_id": "21b4087c-84bf-4c36-8806-d1b01ef88609",
            "dns_nameservers": [
              "8.8.8.8",
              "8.8.4.4"
            ],
            "enable_dhcp": true,
            "gateway_ip": "10.0.60.1",
            "has_router": false,
            "host_routes": [],
            "id": "a9564135-1736-483c-a53e-4efdfc453dde",
            "ip_version": 4,
            "name": "test-lb-prometheus-canary-vip",
            "network_id": "0e0694d1-54da-4a8f-abfc-62f371b9770b",
            "project_id": 6,
            "region": "Luxembourg-2",
            "region_id": 76,
            "router_id_to_connect": null,
            "tags": null,
            "task_id": null,
            "tasks": null,
            "total_ips": 253,
            "updated_at": "2025-11-18T09:49:40Z"
          },
          "sensitive_attributes": [],
          "dependencies": [
            "data.gcore_cloud_projects.selected",
            "data.gcore_cloud_region.target",
            "gcore_cloud_network.vip"
          ]
        }
      ]
    }
  ],
  "check_results": null
}
