{
  "version": 4,
  "terraform_version": "1.10.5",
  "serial": 9,
  "lineage": "f7eaead2-b343-5a60-2655-370d81affee1",
  "outputs": {
    "rule_count": {
      "value": 7,
      "type": "number"
    },
    "security_group_id": {
      "value": "ed471b8f-75c0-493d-9a08-f9bad19193d3",
      "type": "string"
    }
  },
  "resources": [
    {
      "mode": "managed",
      "type": "gcore_cloud_security_group",
      "name": "test",
      "provider": "provider[\"registry.terraform.io/gcore/gcore\"]",
      "instances": [
        {
          "schema_version": 0,
          "attributes": {
            "changed_rules": null,
            "created_at": "2025-11-11T08:12:13Z",
            "description": "Comprehensive testing of security group rules",
            "id": "ed471b8f-75c0-493d-9a08-f9bad19193d3",
            "instances": null,
            "name": null,
            "project_id": 379987,
            "region": "Luxembourg-2",
            "region_id": 76,
            "revision_number": 1,
            "security_group": {
              "description": "Comprehensive testing of security group rules",
              "name": "test-secgroup-comprehensive",
              "security_group_rules": null,
              "tags": null
            },
            "security_group_rules": [
              {
                "created_at": "2025-11-11T08:12:13Z",
                "description": "",
                "direction": "egress",
                "ethertype": "IPv4",
                "id": "420dbb68-2aa9-40d6-8436-68159e435544",
                "port_range_max": null,
                "port_range_min": null,
                "protocol": "vrrp",
                "remote_group_id": null,
                "remote_ip_prefix": null,
                "revision_number": 0,
                "security_group_id": "ed471b8f-75c0-493d-9a08-f9bad19193d3",
                "updated_at": "2025-11-11T08:12:13Z"
              },
              {
                "created_at": "2025-11-11T08:12:13Z",
                "description": "",
                "direction": "egress",
                "ethertype": "IPv6",
                "id": "93ab34f5-4fc6-4db5-92c1-2450dfce980c",
                "port_range_max": null,
                "port_range_min": null,
                "protocol": "vrrp",
                "remote_group_id": null,
                "remote_ip_prefix": null,
                "revision_number": 0,
                "security_group_id": "ed471b8f-75c0-493d-9a08-f9bad19193d3",
                "updated_at": "2025-11-11T08:12:13Z"
              },
              {
                "created_at": "2025-11-11T08:12:13Z",
                "description": "",
                "direction": "egress",
                "ethertype": "IPv4",
                "id": "b0510a70-bd22-407b-8934-c9a77c7fa8c1",
                "port_range_max": null,
                "port_range_min": null,
                "protocol": "udplite",
                "remote_group_id": null,
                "remote_ip_prefix": null,
                "revision_number": 0,
                "security_group_id": "ed471b8f-75c0-493d-9a08-f9bad19193d3",
                "updated_at": "2025-11-11T08:12:13Z"
              },
              {
                "created_at": "2025-11-11T08:12:13Z",
                "description": "",
                "direction": "egress",
                "ethertype": "IPv6",
                "id": "f57dfe67-a13a-418c-b909-f39923e80627",
                "port_range_max": null,
                "port_range_min": null,
                "protocol": "udplite",
                "remote_group_id": null,
                "remote_ip_prefix": null,
                "revision_number": 0,
                "security_group_id": "ed471b8f-75c0-493d-9a08-f9bad19193d3",
                "updated_at": "2025-11-11T08:12:13Z"
              },
              {
                "created_at": "2025-11-11T08:12:13Z",
                "description": "",
                "direction": "egress",
                "ethertype": "IPv6",
                "id": "118a5c42-54d1-4355-b30a-5d84b1eb1fa4",
                "port_range_max": 65535,
                "port_range_min": 26,
                "protocol": "udp",
                "remote_group_id": null,
                "remote_ip_prefix": null,
                "revision_number": 0,
                "security_group_id": "ed471b8f-75c0-493d-9a08-f9bad19193d3",
                "updated_at": "2025-11-11T08:12:13Z"
              },
              {
                "created_at": "2025-11-11T08:12:13Z",
                "description": "",
                "direction": "egress",
                "ethertype": "IPv4",
                "id": "afc3170c-244d-4025-9e29-16bd74283ce9",
                "port_range_max": 24,
                "port_range_min": 1,
                "protocol": "udp",
                "remote_group_id": null,
                "remote_ip_prefix": null,
                "revision_number": 0,
                "security_group_id": "ed471b8f-75c0-493d-9a08-f9bad19193d3",
                "updated_at": "2025-11-11T08:12:13Z"
              },
              {
                "created_at": "2025-11-11T08:12:13Z",
                "description": "",
                "direction": "egress",
                "ethertype": "IPv6",
                "id": "b8862fb2-25a2-43a6-b5e9-208a18156844",
                "port_range_max": 24,
                "port_range_min": 1,
                "protocol": "udp",
                "remote_group_id": null,
                "remote_ip_prefix": null,
                "revision_number": 0,
                "security_group_id": "ed471b8f-75c0-493d-9a08-f9bad19193d3",
                "updated_at": "2025-11-11T08:12:13Z"
              },
              {
                "created_at": "2025-11-11T08:12:13Z",
                "description": "",
                "direction": "egress",
                "ethertype": "IPv4",
                "id": "dd4c9004-b556-46d4-b8c4-06fb09cb4cee",
                "port_range_max": 65535,
                "port_range_min": 26,
                "protocol": "udp",
                "remote_group_id": null,
                "remote_ip_prefix": null,
                "revision_number": 0,
                "security_group_id": "ed471b8f-75c0-493d-9a08-f9bad19193d3",
                "updated_at": "2025-11-11T08:12:13Z"
              },
              {
                "created_at": "2025-11-11T08:12:13Z",
                "description": "",
                "direction": "egress",
                "ethertype": "IPv4",
                "id": "2ec3dbed-be07-4f63-8869-eda215554a2d",
                "port_range_max": 24,
                "port_range_min": 1,
                "protocol": "tcp",
                "remote_group_id": null,
                "remote_ip_prefix": null,
                "revision_number": 0,
                "security_group_id": "ed471b8f-75c0-493d-9a08-f9bad19193d3",
                "updated_at": "2025-11-11T08:12:13Z"
              },
              {
                "created_at": "2025-11-11T08:12:13Z",
                "description": "",
                "direction": "egress",
                "ethertype": "IPv4",
                "id": "893b92f9-59e6-44e3-8cdb-158e7fe5a46f",
                "port_range_max": 65535,
                "port_range_min": 26,
                "protocol": "tcp",
                "remote_group_id": null,
                "remote_ip_prefix": null,
                "revision_number": 0,
                "security_group_id": "ed471b8f-75c0-493d-9a08-f9bad19193d3",
                "updated_at": "2025-11-11T08:12:13Z"
              },
              {
                "created_at": "2025-11-11T08:12:13Z",
                "description": "",
                "direction": "egress",
                "ethertype": "IPv6",
                "id": "c8e9f371-fe1d-4c2d-90bb-b99cb7059adb",
                "port_range_max": 24,
                "port_range_min": 1,
                "protocol": "tcp",
                "remote_group_id": null,
                "remote_ip_prefix": null,
                "revision_number": 0,
                "security_group_id": "ed471b8f-75c0-493d-9a08-f9bad19193d3",
                "updated_at": "2025-11-11T08:12:13Z"
              },
              {
                "created_at": "2025-11-11T08:12:13Z",
                "description": "",
                "direction": "egress",
                "ethertype": "IPv6",
                "id": "e0668f59-4b26-4fb6-8053-9879a810f7e2",
                "port_range_max": 65535,
                "port_range_min": 26,
                "protocol": "tcp",
                "remote_group_id": null,
                "remote_ip_prefix": null,
                "revision_number": 0,
                "security_group_id": "ed471b8f-75c0-493d-9a08-f9bad19193d3",
                "updated_at": "2025-11-11T08:12:13Z"
              },
              {
                "created_at": "2025-11-11T08:12:13Z",
                "description": "",
                "direction": "egress",
                "ethertype": "IPv6",
                "id": "0bd242d2-d498-4b78-8329-dfd5152089a8",
                "port_range_max": null,
                "port_range_min": null,
                "protocol": "sctp",
                "remote_group_id": null,
                "remote_ip_prefix": null,
                "revision_number": 0,
                "security_group_id": "ed471b8f-75c0-493d-9a08-f9bad19193d3",
                "updated_at": "2025-11-11T08:12:13Z"
              },
              {
                "created_at": "2025-11-11T08:12:13Z",
                "description": "",
                "direction": "egress",
                "ethertype": "IPv4",
                "id": "46ea79c2-63c3-466d-b562-43ac2f625184",
                "port_range_max": null,
                "port_range_min": null,
                "protocol": "sctp",
                "remote_group_id": null,
                "remote_ip_prefix": null,
                "revision_number": 0,
                "security_group_id": "ed471b8f-75c0-493d-9a08-f9bad19193d3",
                "updated_at": "2025-11-11T08:12:13Z"
              },
              {
                "created_at": "2025-11-11T08:12:13Z",
                "description": "",
                "direction": "egress",
                "ethertype": "IPv6",
                "id": "a2e2012f-b952-4dd4-ae5d-df1422b26a24",
                "port_range_max": null,
                "port_range_min": null,
                "protocol": "rsvp",
                "remote_group_id": null,
                "remote_ip_prefix": null,
                "revision_number": 0,
                "security_group_id": "ed471b8f-75c0-493d-9a08-f9bad19193d3",
                "updated_at": "2025-11-11T08:12:13Z"
              },
              {
                "created_at": "2025-11-11T08:12:13Z",
                "description": "",
                "direction": "egress",
                "ethertype": "IPv4",
                "id": "fc835f0f-977f-45a7-92d6-05df3c4679ac",
                "port_range_max": null,
                "port_range_min": null,
                "protocol": "rsvp",
                "remote_group_id": null,
                "remote_ip_prefix": null,
                "revision_number": 0,
                "security_group_id": "ed471b8f-75c0-493d-9a08-f9bad19193d3",
                "updated_at": "2025-11-11T08:12:13Z"
              },
              {
                "created_at": "2025-11-11T08:12:13Z",
                "description": "",
                "direction": "egress",
                "ethertype": "IPv6",
                "id": "372936b6-0e2d-4aea-adb9-6637966dfcc0",
                "port_range_max": null,
                "port_range_min": null,
                "protocol": "pgm",
                "remote_group_id": null,
                "remote_ip_prefix": null,
                "revision_number": 0,
                "security_group_id": "ed471b8f-75c0-493d-9a08-f9bad19193d3",
                "updated_at": "2025-11-11T08:12:13Z"
              },
              {
                "created_at": "2025-11-11T08:12:13Z",
                "description": "",
                "direction": "egress",
                "ethertype": "IPv4",
                "id": "6c9e9bd3-c19b-4fd8-896e-f5a667211073",
                "port_range_max": null,
                "port_range_min": null,
                "protocol": "pgm",
                "remote_group_id": null,
                "remote_ip_prefix": null,
                "revision_number": 0,
                "security_group_id": "ed471b8f-75c0-493d-9a08-f9bad19193d3",
                "updated_at": "2025-11-11T08:12:13Z"
              },
              {
                "created_at": "2025-11-11T08:12:13Z",
                "description": "",
                "direction": "egress",
                "ethertype": "IPv6",
                "id": "3de197a2-2a2e-43aa-9f1f-ab1d4ac98e1c",
                "port_range_max": null,
                "port_range_min": null,
                "protocol": "ospf",
                "remote_group_id": null,
                "remote_ip_prefix": null,
                "revision_number": 0,
                "security_group_id": "ed471b8f-75c0-493d-9a08-f9bad19193d3",
                "updated_at": "2025-11-11T08:12:13Z"
              },
              {
                "created_at": "2025-11-11T08:12:13Z",
                "description": "",
                "direction": "egress",
                "ethertype": "IPv4",
                "id": "4d549e55-bf9d-48d4-9190-ee0f313414a2",
                "port_range_max": null,
                "port_range_min": null,
                "protocol": "ospf",
                "remote_group_id": null,
                "remote_ip_prefix": null,
                "revision_number": 0,
                "security_group_id": "ed471b8f-75c0-493d-9a08-f9bad19193d3",
                "updated_at": "2025-11-11T08:12:13Z"
              },
              {
                "created_at": "2025-11-11T08:12:13Z",
                "description": "",
                "direction": "egress",
                "ethertype": "IPv6",
                "id": "978130b9-ce67-4e9a-aae6-4bc99a295597",
                "port_range_max": null,
                "port_range_min": null,
                "protocol": "ipv6-route",
                "remote_group_id": null,
                "remote_ip_prefix": null,
                "revision_number": 0,
                "security_group_id": "ed471b8f-75c0-493d-9a08-f9bad19193d3",
                "updated_at": "2025-11-11T08:12:13Z"
              },
              {
                "created_at": "2025-11-11T08:12:13Z",
                "description": "",
                "direction": "egress",
                "ethertype": "IPv6",
                "id": "e8b21659-632d-4fc2-b0dd-559ce422481d",
                "port_range_max": null,
                "port_range_min": null,
                "protocol": "ipv6-opts",
                "remote_group_id": null,
                "remote_ip_prefix": null,
                "revision_number": 0,
                "security_group_id": "ed471b8f-75c0-493d-9a08-f9bad19193d3",
                "updated_at": "2025-11-11T08:12:13Z"
              },
              {
                "created_at": "2025-11-11T08:12:13Z",
                "description": "",
                "direction": "egress",
                "ethertype": "IPv6",
                "id": "49ca99ec-8eff-467f-8b20-d172084b6cf3",
                "port_range_max": null,
                "port_range_min": null,
                "protocol": "ipv6-nonxt",
                "remote_group_id": null,
                "remote_ip_prefix": null,
                "revision_number": 0,
                "security_group_id": "ed471b8f-75c0-493d-9a08-f9bad19193d3",
                "updated_at": "2025-11-11T08:12:13Z"
              },
              {
                "created_at": "2025-11-11T08:12:13Z",
                "description": "",
                "direction": "egress",
                "ethertype": "IPv6",
                "id": "f6e5cb2e-8ebf-400a-bca2-418b103565b6",
                "port_range_max": null,
                "port_range_min": null,
                "protocol": "ipv6-icmp",
                "remote_group_id": null,
                "remote_ip_prefix": null,
                "revision_number": 0,
                "security_group_id": "ed471b8f-75c0-493d-9a08-f9bad19193d3",
                "updated_at": "2025-11-11T08:12:13Z"
              },
              {
                "created_at": "2025-11-11T08:12:13Z",
                "description": "",
                "direction": "egress",
                "ethertype": "IPv6",
                "id": "678c21b6-ac17-4e1f-815f-fce166b5882c",
                "port_range_max": null,
                "port_range_min": null,
                "protocol": "ipv6-frag",
                "remote_group_id": null,
                "remote_ip_prefix": null,
                "revision_number": 0,
                "security_group_id": "ed471b8f-75c0-493d-9a08-f9bad19193d3",
                "updated_at": "2025-11-11T08:12:13Z"
              },
              {
                "created_at": "2025-11-11T08:12:13Z",
                "description": "",
                "direction": "egress",
                "ethertype": "IPv6",
                "id": "0f0b06ce-7614-464a-ad06-2510d8ad0f4a",
                "port_range_max": null,
                "port_range_min": null,
                "protocol": "ipv6-encap",
                "remote_group_id": null,
                "remote_ip_prefix": null,
                "revision_number": 0,
                "security_group_id": "ed471b8f-75c0-493d-9a08-f9bad19193d3",
                "updated_at": "2025-11-11T08:12:13Z"
              },
              {
                "created_at": "2025-11-11T08:12:13Z",
                "description": "",
                "direction": "egress",
                "ethertype": "IPv4",
                "id": "3a59867b-ab63-4f0e-b0d9-b0ecf4c7a566",
                "port_range_max": null,
                "port_range_min": null,
                "protocol": "igmp",
                "remote_group_id": null,
                "remote_ip_prefix": null,
                "revision_number": 0,
                "security_group_id": "ed471b8f-75c0-493d-9a08-f9bad19193d3",
                "updated_at": "2025-11-11T08:12:13Z"
              },
              {
                "created_at": "2025-11-11T08:12:13Z",
                "description": "",
                "direction": "egress",
                "ethertype": "IPv6",
                "id": "cfc04d70-c50f-40e8-bf1c-c7a0c2bbd1b0",
                "port_range_max": null,
                "port_range_min": null,
                "protocol": "igmp",
                "remote_group_id": null,
                "remote_ip_prefix": null,
                "revision_number": 0,
                "security_group_id": "ed471b8f-75c0-493d-9a08-f9bad19193d3",
                "updated_at": "2025-11-11T08:12:13Z"
              },
              {
                "created_at": "2025-11-11T08:12:13Z",
                "description": "",
                "direction": "egress",
                "ethertype": "IPv4",
                "id": "51e62476-36b9-46ee-9101-2ca320cc45c5",
                "port_range_max": null,
                "port_range_min": null,
                "protocol": "icmp",
                "remote_group_id": null,
                "remote_ip_prefix": null,
                "revision_number": 0,
                "security_group_id": "ed471b8f-75c0-493d-9a08-f9bad19193d3",
                "updated_at": "2025-11-11T08:12:13Z"
              },
              {
                "created_at": "2025-11-11T08:12:13Z",
                "description": "",
                "direction": "egress",
                "ethertype": "IPv6",
                "id": "40d40140-3208-47e8-a589-058b1d4c8f79",
                "port_range_max": null,
                "port_range_min": null,
                "protocol": "gre",
                "remote_group_id": null,
                "remote_ip_prefix": null,
                "revision_number": 0,
                "security_group_id": "ed471b8f-75c0-493d-9a08-f9bad19193d3",
                "updated_at": "2025-11-11T08:12:13Z"
              },
              {
                "created_at": "2025-11-11T08:12:13Z",
                "description": "",
                "direction": "egress",
                "ethertype": "IPv4",
                "id": "47722520-430b-4f53-8e5f-e973e1f29745",
                "port_range_max": null,
                "port_range_min": null,
                "protocol": "gre",
                "remote_group_id": null,
                "remote_ip_prefix": null,
                "revision_number": 0,
                "security_group_id": "ed471b8f-75c0-493d-9a08-f9bad19193d3",
                "updated_at": "2025-11-11T08:12:13Z"
              },
              {
                "created_at": "2025-11-11T08:12:13Z",
                "description": "",
                "direction": "egress",
                "ethertype": "IPv4",
                "id": "365cfc85-83c3-4920-95e2-429197eb709e",
                "port_range_max": null,
                "port_range_min": null,
                "protocol": "esp",
                "remote_group_id": null,
                "remote_ip_prefix": null,
                "revision_number": 0,
                "security_group_id": "ed471b8f-75c0-493d-9a08-f9bad19193d3",
                "updated_at": "2025-11-11T08:12:13Z"
              },
              {
                "created_at": "2025-11-11T08:12:13Z",
                "description": "",
                "direction": "egress",
                "ethertype": "IPv6",
                "id": "95149804-f2d2-4480-a394-b467292d71ab",
                "port_range_max": null,
                "port_range_min": null,
                "protocol": "esp",
                "remote_group_id": null,
                "remote_ip_prefix": null,
                "revision_number": 0,
                "security_group_id": "ed471b8f-75c0-493d-9a08-f9bad19193d3",
                "updated_at": "2025-11-11T08:12:13Z"
              },
              {
                "created_at": "2025-11-11T08:12:13Z",
                "description": "",
                "direction": "egress",
                "ethertype": "IPv4",
                "id": "ac6bb8e2-cd25-46a6-857e-8a81560aee78",
                "port_range_max": null,
                "port_range_min": null,
                "protocol": "egp",
                "remote_group_id": null,
                "remote_ip_prefix": null,
                "revision_number": 0,
                "security_group_id": "ed471b8f-75c0-493d-9a08-f9bad19193d3",
                "updated_at": "2025-11-11T08:12:13Z"
              },
              {
                "created_at": "2025-11-11T08:12:13Z",
                "description": "",
                "direction": "egress",
                "ethertype": "IPv6",
                "id": "de7b5633-3b82-4ea5-831d-a976a3d82353",
                "port_range_max": null,
                "port_range_min": null,
                "protocol": "egp",
                "remote_group_id": null,
                "remote_ip_prefix": null,
                "revision_number": 0,
                "security_group_id": "ed471b8f-75c0-493d-9a08-f9bad19193d3",
                "updated_at": "2025-11-11T08:12:13Z"
              },
              {
                "created_at": "2025-11-11T08:12:13Z",
                "description": "",
                "direction": "egress",
                "ethertype": "IPv4",
                "id": "078bc2b7-71f5-4a0b-bf2c-d8051c604113",
                "port_range_max": null,
                "port_range_min": null,
                "protocol": "dccp",
                "remote_group_id": null,
                "remote_ip_prefix": null,
                "revision_number": 0,
                "security_group_id": "ed471b8f-75c0-493d-9a08-f9bad19193d3",
                "updated_at": "2025-11-11T08:12:13Z"
              },
              {
                "created_at": "2025-11-11T08:12:13Z",
                "description": "",
                "direction": "egress",
                "ethertype": "IPv6",
                "id": "56e75507-ed1e-400f-a9c3-8ad15494854f",
                "port_range_max": null,
                "port_range_min": null,
                "protocol": "dccp",
                "remote_group_id": null,
                "remote_ip_prefix": null,
                "revision_number": 0,
                "security_group_id": "ed471b8f-75c0-493d-9a08-f9bad19193d3",
                "updated_at": "2025-11-11T08:12:13Z"
              },
              {
                "created_at": "2025-11-11T08:12:13Z",
                "description": "",
                "direction": "egress",
                "ethertype": "IPv4",
                "id": "1da8415c-81bb-42f2-a1dd-91160b7af166",
                "port_range_max": null,
                "port_range_min": null,
                "protocol": "ah",
                "remote_group_id": null,
                "remote_ip_prefix": null,
                "revision_number": 0,
                "security_group_id": "ed471b8f-75c0-493d-9a08-f9bad19193d3",
                "updated_at": "2025-11-11T08:12:13Z"
              },
              {
                "created_at": "2025-11-11T08:12:13Z",
                "description": "",
                "direction": "egress",
                "ethertype": "IPv6",
                "id": "61f8c1f2-e4cc-4af7-82b1-f771a585c585",
                "port_range_max": null,
                "port_range_min": null,
                "protocol": "ah",
                "remote_group_id": null,
                "remote_ip_prefix": null,
                "revision_number": 0,
                "security_group_id": "ed471b8f-75c0-493d-9a08-f9bad19193d3",
                "updated_at": "2025-11-11T08:12:13Z"
              }
            ],
            "tags": null,
            "tags_v2": [],
            "updated_at": "2025-11-11T08:12:13Z"
          },
          "sensitive_attributes": []
        }
      ]
    },
    {
      "mode": "managed",
      "type": "gcore_cloud_security_group_rule",
      "name": "egress",
      "provider": "provider[\"registry.terraform.io/gcore/gcore\"]",
      "instances": [
        {
          "schema_version": 0,
          "attributes": {
            "created_at": "2025-11-11T08:12:15Z",
            "description": "Outbound HTTPS",
            "direction": "egress",
            "ethertype": "IPv4",
            "group_id": "ed471b8f-75c0-493d-9a08-f9bad19193d3",
            "id": "52f754a8-c01f-4d7f-bf25-568c9236d174",
            "port_range_max": 443,
            "port_range_min": 443,
            "project_id": 379987,
            "protocol": "tcp",
            "region_id": 76,
            "remote_group_id": null,
            "remote_ip_prefix": "0.0.0.0/0",
            "revision_number": 0,
            "security_group_id": null,
            "updated_at": "2025-11-11T08:12:15Z"
          },
          "sensitive_attributes": [],
          "dependencies": [
            "gcore_cloud_security_group.test"
          ]
        }
      ]
    },
    {
      "mode": "managed",
      "type": "gcore_cloud_security_group_rule",
      "name": "icmp",
      "provider": "provider[\"registry.terraform.io/gcore/gcore\"]",
      "instances": [
        {
          "schema_version": 0,
          "attributes": {
            "created_at": "2025-11-11T08:12:14Z",
            "description": "ICMP ping",
            "direction": "ingress",
            "ethertype": "IPv4",
            "group_id": "ed471b8f-75c0-493d-9a08-f9bad19193d3",
            "id": "93e8ca42-90cb-4fee-821f-c0bd448f3b76",
            "port_range_max": null,
            "port_range_min": null,
            "project_id": 379987,
            "protocol": "icmp",
            "region_id": 76,
            "remote_group_id": null,
            "remote_ip_prefix": "0.0.0.0/0",
            "revision_number": 0,
            "security_group_id": null,
            "updated_at": "2025-11-11T08:12:14Z"
          },
          "sensitive_attributes": [],
          "dependencies": [
            "gcore_cloud_security_group.test"
          ]
        }
      ]
    },
    {
      "mode": "managed",
      "type": "gcore_cloud_security_group_rule",
      "name": "ipv6",
      "provider": "provider[\"registry.terraform.io/gcore/gcore\"]",
      "instances": [
        {
          "schema_version": 0,
          "attributes": {
            "created_at": "2025-11-11T08:12:15Z",
            "description": "HTTPS IPv6",
            "direction": "ingress",
            "ethertype": "IPv6",
            "group_id": "ed471b8f-75c0-493d-9a08-f9bad19193d3",
            "id": "95338085-64fb-40e0-818f-b657b8a87b61",
            "port_range_max": 443,
            "port_range_min": 443,
            "project_id": 379987,
            "protocol": "tcp",
            "region_id": 76,
            "remote_group_id": null,
            "remote_ip_prefix": "::/0",
            "revision_number": 0,
            "security_group_id": null,
            "updated_at": "2025-11-11T08:12:15Z"
          },
          "sensitive_attributes": [],
          "dependencies": [
            "gcore_cloud_security_group.test"
          ]
        }
      ]
    },
    {
      "mode": "managed",
      "type": "gcore_cloud_security_group_rule",
      "name": "no_desc",
      "provider": "provider[\"registry.terraform.io/gcore/gcore\"]",
      "instances": [
        {
          "schema_version": 0,
          "attributes": {
            "created_at": "2025-11-11T08:12:14Z",
            "description": null,
            "direction": "ingress",
            "ethertype": "IPv4",
            "group_id": "ed471b8f-75c0-493d-9a08-f9bad19193d3",
            "id": "3cfab3e0-68f5-4f80-8abf-f97d093c0c13",
            "port_range_max": 22,
            "port_range_min": 22,
            "project_id": 379987,
            "protocol": "tcp",
            "region_id": 76,
            "remote_group_id": null,
            "remote_ip_prefix": "10.0.0.0/8",
            "revision_number": 0,
            "security_group_id": null,
            "updated_at": "2025-11-11T08:12:14Z"
          },
          "sensitive_attributes": [],
          "dependencies": [
            "gcore_cloud_security_group.test"
          ]
        }
      ]
    },
    {
      "mode": "managed",
      "type": "gcore_cloud_security_group_rule",
      "name": "tcp_range",
      "provider": "provider[\"registry.terraform.io/gcore/gcore\"]",
      "instances": [
        {
          "schema_version": 0,
          "attributes": {
            "created_at": "2025-11-11T08:12:15Z",
            "description": "TCP port range 8000-8100",
            "direction": "ingress",
            "ethertype": "IPv4",
            "group_id": "ed471b8f-75c0-493d-9a08-f9bad19193d3",
            "id": "83e18fbe-f31e-45ca-9186-7fa154fb3415",
            "port_range_max": 8100,
            "port_range_min": 8000,
            "project_id": 379987,
            "protocol": "tcp",
            "region_id": 76,
            "remote_group_id": null,
            "remote_ip_prefix": "192.168.1.0/24",
            "revision_number": 0,
            "security_group_id": null,
            "updated_at": "2025-11-11T08:12:15Z"
          },
          "sensitive_attributes": [],
          "dependencies": [
            "gcore_cloud_security_group.test"
          ]
        }
      ]
    },
    {
      "mode": "managed",
      "type": "gcore_cloud_security_group_rule",
      "name": "udp_single",
      "provider": "provider[\"registry.terraform.io/gcore/gcore\"]",
      "instances": [
        {
          "schema_version": 0,
          "attributes": {
            "created_at": "2025-11-11T08:12:14Z",
            "description": "DNS UDP",
            "direction": "ingress",
            "ethertype": "IPv4",
            "group_id": "ed471b8f-75c0-493d-9a08-f9bad19193d3",
            "id": "5061ca8b-0396-4c56-9eb7-78c89181944f",
            "port_range_max": 53,
            "port_range_min": 53,
            "project_id": 379987,
            "protocol": "udp",
            "region_id": 76,
            "remote_group_id": null,
            "remote_ip_prefix": "0.0.0.0/0",
            "revision_number": 0,
            "security_group_id": null,
            "updated_at": "2025-11-11T08:12:14Z"
          },
          "sensitive_attributes": [],
          "dependencies": [
            "gcore_cloud_security_group.test"
          ]
        }
      ]
    }
  ],
  "check_results": null
}
