{
  "version": 4,
  "terraform_version": "1.10.5",
  "serial": 31,
  "lineage": "641d1bb5-2ba5-8bbf-8c54-8bbb2847a1a7",
  "outputs": {
    "lb_flavor": {
      "value": "lb1-4-8",
      "type": "string"
    },
    "lb_id": {
      "value": "ca7c1a3a-e0cc-4cb7-9ecf-c6fbe6e68404",
      "type": "string"
    },
    "lb_name": {
      "value": "test-lb-renamed",
      "type": "string"
    },
    "lb_operating_status": {
      "value": "ONLINE",
      "type": "string"
    },
    "lb_preferred_connectivity": {
      "value": "L2",
      "type": "string"
    },
    "lb_provisioning_status": {
      "value": "ACTIVE",
      "type": "string"
    },
    "lb_tags": {
      "value": {},
      "type": [
        "map",
        "string"
      ]
    },
    "lb_tags_v2": {
      "value": [],
      "type": [
        "list",
        [
          "object",
          {
            "key": "string",
            "read_only": "bool",
            "value": "string"
          }
        ]
      ]
    },
    "lb_vip_address": {
      "value": "10.200.0.243",
      "type": "string"
    },
    "lb_vrrp_ips": {
      "value": [
        {
          "ip_address": "10.200.0.211",
          "role": "MASTER",
          "subnet_id": "a79995bc-31b9-4fe1-bee5-0387b1532134"
        },
        {
          "ip_address": "10.200.0.33",
          "role": "BACKUP",
          "subnet_id": "a79995bc-31b9-4fe1-bee5-0387b1532134"
        }
      ],
      "type": [
        "list",
        [
          "object",
          {
            "ip_address": "string",
            "role": "string",
            "subnet_id": "string"
          }
        ]
      ]
    }
  },
  "resources": [
    {
      "mode": "managed",
      "type": "gcore_cloud_load_balancer",
      "name": "test",
      "provider": "provider[\"registry.terraform.io/gcore/gcore\"]",
      "instances": [
        {
          "schema_version": 0,
          "attributes": {
            "additional_vips": [],
            "created_at": "2025-11-26T11:54:08Z",
            "creator_task_id": "bcf6e945-d41c-4263-9308-6aef4e6601c8",
            "ddos_profile": null,
            "flavor": "lb1-4-8",
            "floating_ip": null,
            "floating_ips": [],
            "id": "ca7c1a3a-e0cc-4cb7-9ecf-c6fbe6e68404",
            "listeners": [],
            "logging": {
              "destination_region_id": null,
              "enabled": false,
              "retention_policy": null,
              "topic_name": null
            },
            "name": "test-lb-renamed",
            "name_template": null,
            "operating_status": "ONLINE",
            "preferred_connectivity": "L2",
            "project_id": null,
            "provisioning_status": "ACTIVE",
            "region": "Luxembourg-2",
            "region_id": null,
            "stats": null,
            "tags": {},
            "tags_v2": [],
            "updated_at": "2025-11-27T07:23:20Z",
            "vip_address": "10.200.0.243",
            "vip_ip_family": "ipv4",
            "vip_network_id": "36d6edcd-f4ff-40ad-b073-dafcee068fc9",
            "vip_port_id": "9be2c1b8-3512-496e-b192-eee8d9b8af4c",
            "vip_subnet_id": "a79995bc-31b9-4fe1-bee5-0387b1532134",
            "vrrp_ips": [
              {
                "ip_address": "10.200.0.211",
                "role": "MASTER",
                "subnet_id": "a79995bc-31b9-4fe1-bee5-0387b1532134"
              },
              {
                "ip_address": "10.200.0.33",
                "role": "BACKUP",
                "subnet_id": "a79995bc-31b9-4fe1-bee5-0387b1532134"
              }
            ]
          },
          "sensitive_attributes": [],
          "dependencies": [
            "gcore_cloud_network.test",
            "gcore_cloud_network_subnet.test"
          ]
        }
      ]
    },
    {
      "mode": "managed",
      "type": "gcore_cloud_network",
      "name": "test",
      "provider": "provider[\"registry.terraform.io/gcore/gcore\"]",
      "instances": [
        {
          "schema_version": 0,
          "attributes": {
            "create_router": true,
            "created_at": "2025-11-26T11:53:19Z",
            "creator_task_id": "a8ba99ea-3037-4e1c-89b0-6a324097766d",
            "default": null,
            "external": false,
            "id": "36d6edcd-f4ff-40ad-b073-dafcee068fc9",
            "mtu": 1500,
            "name": "test-net-lb-comprehensive",
            "port_security_enabled": true,
            "project_id": null,
            "region": "Luxembourg-2",
            "region_id": null,
            "segmentation_id": 611,
            "shared": false,
            "subnets": [
              "a79995bc-31b9-4fe1-bee5-0387b1532134"
            ],
            "tags": null,
            "task_id": null,
            "tasks": null,
            "type": "vxlan",
            "updated_at": "2025-11-26T11:53:33Z"
          },
          "sensitive_attributes": []
        }
      ]
    },
    {
      "mode": "managed",
      "type": "gcore_cloud_network_subnet",
      "name": "test",
      "provider": "provider[\"registry.terraform.io/gcore/gcore\"]",
      "instances": [
        {
          "schema_version": 0,
          "attributes": {
            "available_ips": 248,
            "cidr": "10.200.0.0/24",
            "connect_to_network_router": true,
            "created_at": "2025-11-26T11:53:33Z",
            "creator_task_id": "32d62a22-983e-4e8c-9af8-06403520950c",
            "dns_nameservers": [
              "8.8.8.8",
              "8.8.4.4"
            ],
            "enable_dhcp": true,
            "gateway_ip": "10.200.0.1",
            "has_router": false,
            "host_routes": [],
            "id": "a79995bc-31b9-4fe1-bee5-0387b1532134",
            "ip_version": 4,
            "name": "test-subnet-lb-comprehensive",
            "network_id": "36d6edcd-f4ff-40ad-b073-dafcee068fc9",
            "project_id": null,
            "region": "Luxembourg-2",
            "region_id": null,
            "router_id_to_connect": null,
            "tags": null,
            "task_id": null,
            "tasks": null,
            "total_ips": 253,
            "updated_at": "2025-11-26T11:53:33Z"
          },
          "sensitive_attributes": [],
          "dependencies": [
            "gcore_cloud_network.test"
          ]
        }
      ]
    }
  ],
  "check_results": null
}
