{
  "version": 4,
  "terraform_version": "1.10.5",
  "serial": 1,
  "lineage": "8717194e-d6b8-cc01-a4df-879931ed5e20",
  "outputs": {
    "domain": {
      "value": "tf-old-provider-test.maxima.lt",
      "type": "string"
    },
    "type": {
      "value": "A",
      "type": "string"
    },
    "zone": {
      "value": "maxima.lt",
      "type": "string"
    }
  },
  "resources": [
    {
      "mode": "managed",
      "type": "gcore_dns_zone_record",
      "name": "test_a",
      "provider": "provider[\"registry.terraform.io/g-core/gcore\"]",
      "instances": [
        {
          "schema_version": 0,
          "attributes": {
            "domain": "tf-old-provider-test.maxima.lt",
            "filter": [],
            "id": "{\"Zone\":\"maxima.lt\",\"Domain\":\"tf-old-provider-test.maxima.lt\",\"Type\":\"A\"}",
            "meta": [],
            "resource_record": [
              {
                "content": "192.168.100.1",
                "enabled": true,
                "meta": []
              }
            ],
            "timeouts": null,
            "ttl": 300,
            "type": "A",
            "zone": "maxima.lt"
          },
          "sensitive_attributes": [],
          "private": "eyJlMmJmYjczMC1lY2FhLTExZTYtOGY4OC0zNDM2M2JjN2M0YzAiOnsiY3JlYXRlIjozMDAwMDAwMDAwMDAsImRlbGV0ZSI6MzAwMDAwMDAwMDAwfX0="
        }
      ]
    }
  ],
  "check_results": null
}
