{
  "version": 4,
  "terraform_version": "1.14.3",
  "serial": 22,
  "lineage": "f4fb16e8-e2b3-86ca-fa91-87b892cf1650",
  "outputs": {
    "secret_id": {
      "value": 352,
      "type": "number"
    },
    "secret_name": {
      "value": "tf-skill-multi-slot",
      "type": "string"
    }
  },
  "resources": [
    {
      "mode": "managed",
      "type": "gcore_fastedge_secret",
      "name": "test",
      "provider": "provider[\"registry.terraform.io/gcore/gcore\"]",
      "instances": [
        {
          "schema_version": 0,
          "attributes": {
            "app_count": null,
            "comment": "Multi-slot test",
            "id": 352,
            "name": "tf-skill-multi-slot",
            "secret_slots": [
              {
                "checksum": "0ae70fa044cf10a0fc3887b85fe3675acc620a7d15e588e5f1f47e8b27787e5f",
                "slot": 1,
                "value": null
              },
              {
                "checksum": "b0440081e5b7438acec097d8944b3cd17d888325f9b102476119a79a1e14fc78",
                "slot": 2,
                "value": null
              },
              {
                "checksum": "e0a5091e7f566a51018100473bf5078fe614e6dde73a7592c1161ecd6ec3826a",
                "slot": 0,
                "value": null
              }
            ]
          },
          "sensitive_attributes": [
            [
              {
                "type": "get_attr",
                "value": "secret_slots"
              }
            ]
          ],
          "identity_schema_version": 0
        }
      ]
    }
  ],
  "check_results": null
}
