{
  "version": 4,
  "terraform_version": "1.10.5",
  "serial": 43,
  "lineage": "e6fc126e-b62d-fbc6-bdc2-22a47118d9e7",
  "outputs": {},
  "resources": [
    {
      "mode": "data",
      "type": "gcore_cloud_projects",
      "name": "my_projects",
      "provider": "provider[\"registry.terraform.io/gcore/gcore\"]",
      "instances": [
        {
          "schema_version": 0,
          "attributes": {
            "client_id": null,
            "include_deleted": null,
            "items": [
              {
                "client_id": 3621,
                "created_at": "2019-08-23T17:24:36Z",
                "deleted_at": null,
                "description": "",
                "id": 6,
                "is_default": true,
                "name": "Default",
                "state": "ACTIVE",
                "task_id": null
              }
            ],
            "max_items": null,
            "name": "default",
            "order_by": null
          },
          "sensitive_attributes": []
        }
      ]
    },
    {
      "mode": "data",
      "type": "gcore_cloud_region",
      "name": "rg",
      "provider": "provider[\"registry.terraform.io/gcore/gcore\"]",
      "instances": [
        {
          "schema_version": 0,
          "attributes": {
            "access_level": "core",
            "available_volume_types": [
              "standard",
              "ssd_hiiops",
              "ssd_lowlatency"
            ],
            "coordinates": {
              "latitude": 49.579582,
              "longitude": 6.109961
            },
            "country": "LU",
            "created_at": "2021-10-19T12:54:13Z",
            "created_on": "2021-10-19T12:54:13Z",
            "ddos_endpoint_id": 51,
            "display_name": "Luxembourg-2",
            "endpoint_type": "public",
            "external_network_id": "4b99f7d1-5d1e-4fdb-8ae1-a4bfb208556c",
            "file_share_types": [
              "standard"
            ],
            "has_ai": true,
            "has_ai_gpu": true,
            "has_baremetal": true,
            "has_basic_vm": false,
            "has_dbaas": true,
            "has_ddos": true,
            "has_k8s": true,
            "has_kvm": true,
            "has_sfs": true,
            "id": 76,
            "keystone_id": 76,
            "keystone_name": "ED-16",
            "metrics_database_id": 76,
            "region_id": 76,
            "show_volume_types": null,
            "state": "ACTIVE",
            "task_id": null,
            "vlan_physical_network": "br-ex",
            "zone": "EMEA"
          },
          "sensitive_attributes": []
        }
      ]
    },
    {
      "mode": "managed",
      "type": "gcore_cloud_load_balancer",
      "name": "lb",
      "provider": "provider[\"registry.terraform.io/gcore/gcore\"]",
      "instances": [
        {
          "schema_version": 0,
          "attributes": {
            "additional_vips": [],
            "created_at": "2025-11-20T12:03:48Z",
            "creator_task_id": "eb54ef92-4273-469c-a040-12c61464cdd6",
            "ddos_profile": null,
            "flavor": "lb1-1-2",
            "floating_ip": null,
            "floating_ips": [],
            "id": "00b353b8-e5b3-49a7-8ca1-072857647502",
            "listeners": [],
            "logging": {
              "destination_region_id": null,
              "enabled": false,
              "retention_policy": null,
              "topic_name": null
            },
            "name": "qa-lbpool-drift-test",
            "name_template": null,
            "operating_status": "ONLINE",
            "preferred_connectivity": "L2",
            "project_id": 6,
            "provisioning_status": "ACTIVE",
            "region": "Luxembourg-2",
            "region_id": 76,
            "stats": null,
            "tags": null,
            "tags_v2": [],
            "updated_at": "2025-11-20T12:08:55Z",
            "vip_address": "109.61.125.253",
            "vip_ip_family": "ipv4",
            "vip_network_id": null,
            "vip_port_id": "a991c7a7-5f97-4049-8fff-b95fdc2b0f7e",
            "vip_subnet_id": null,
            "vrrp_ips": [
              {
                "ip_address": "109.61.125.233",
                "role": "MASTER",
                "subnet_id": "b4c6e91a-9eb9-4c59-ad57-00124eceda00"
              },
              {
                "ip_address": "109.61.125.106",
                "role": "BACKUP",
                "subnet_id": "b4c6e91a-9eb9-4c59-ad57-00124eceda00"
              }
            ]
          },
          "sensitive_attributes": [],
          "dependencies": [
            "data.gcore_cloud_projects.my_projects",
            "data.gcore_cloud_region.rg"
          ]
        }
      ]
    },
    {
      "mode": "managed",
      "type": "gcore_cloud_load_balancer_listener",
      "name": "ls",
      "provider": "provider[\"registry.terraform.io/gcore/gcore\"]",
      "instances": [
        {
          "schema_version": 0,
          "attributes": {
            "allowed_cidrs": null,
            "connection_limit": 5000,
            "creator_task_id": "145da64e-c11b-4949-8489-92d9565f8b08",
            "id": "114c9f9f-caa0-46bf-a920-b1026dfdb8f1",
            "insert_headers": "{}",
            "insert_x_forwarded": null,
            "load_balancer_id": "00b353b8-e5b3-49a7-8ca1-072857647502",
            "name": "qa-ls-name",
            "operating_status": "ONLINE",
            "pool_count": 1,
            "project_id": 6,
            "protocol": "HTTP",
            "protocol_port": 80,
            "provisioning_status": "ACTIVE",
            "region_id": 76,
            "secret_id": null,
            "sni_secret_id": [],
            "stats": null,
            "timeout_client_data": 50000,
            "timeout_member_connect": 5000,
            "timeout_member_data": 50000,
            "user_list": [
              {
                "encrypted_password": "$5$isRr.HJ1IrQP38.m$oViu3DJOpUG2ZsjCBtbITV3mqpxxbZfyWJojLPNSPO5",
                "username": "qauser"
              }
            ]
          },
          "sensitive_attributes": [],
          "dependencies": [
            "data.gcore_cloud_projects.my_projects",
            "data.gcore_cloud_region.rg",
            "gcore_cloud_load_balancer.lb"
          ]
        }
      ]
    },
    {
      "mode": "managed",
      "type": "gcore_cloud_load_balancer_pool",
      "name": "lb_pool",
      "provider": "provider[\"registry.terraform.io/gcore/gcore\"]",
      "instances": [
        {
          "schema_version": 0,
          "attributes": {
            "ca_secret_id": null,
            "creator_task_id": "8174f389-d68f-4c49-a009-d070c5cdcfb5",
            "crl_secret_id": null,
            "healthmonitor": null,
            "id": "f099be4f-91da-4670-86cd-dca37e08c3e8",
            "lb_algorithm": "LEAST_CONNECTIONS",
            "listener_id": "114c9f9f-caa0-46bf-a920-b1026dfdb8f1",
            "listeners": [
              {
                "id": "114c9f9f-caa0-46bf-a920-b1026dfdb8f1"
              }
            ],
            "load_balancer_id": null,
            "loadbalancers": [
              {
                "id": "00b353b8-e5b3-49a7-8ca1-072857647502"
              }
            ],
            "members": [],
            "name": "pool-drift-test",
            "operating_status": "ONLINE",
            "project_id": 6,
            "protocol": "HTTP",
            "provisioning_status": "ACTIVE",
            "region_id": 76,
            "secret_id": null,
            "session_persistence": null,
            "timeout_client_data": null,
            "timeout_member_connect": null,
            "timeout_member_data": null
          },
          "sensitive_attributes": [],
          "dependencies": [
            "data.gcore_cloud_projects.my_projects",
            "data.gcore_cloud_region.rg",
            "gcore_cloud_load_balancer.lb",
            "gcore_cloud_load_balancer_listener.ls"
          ]
        }
      ]
    }
  ],
  "check_results": null
}
