{
  "version": 4,
  "terraform_version": "1.10.5",
  "serial": 18,
  "lineage": "4d1d4450-faba-3082-befe-d9e212edf6b9",
  "outputs": {
    "boot_volume_id": {
      "value": "604c1e08-9b17-4733-941a-15eb918c975a",
      "type": "string"
    },
    "instance_addresses": {
      "value": {
        "pub_net": [
          {
            "addr": "109.61.125.9",
            "interface_name": null,
            "subnet_id": "b4c6e91a-9eb9-4c59-ad57-00124eceda00",
            "subnet_name": "pub_net11",
            "type": "fixed"
          }
        ]
      },
      "type": [
        "map",
        [
          "list",
          [
            "object",
            {
              "addr": "string",
              "interface_name": "string",
              "subnet_id": "string",
              "subnet_name": "string",
              "type": "string"
            }
          ]
        ]
      ]
    },
    "instance_id": {
      "value": "acbc7a3a-63ce-4e65-8e0a-055465c58152",
      "type": "string"
    },
    "instance_interfaces": {
      "value": [
        {
          "floating_ip": null,
          "interface_name": null,
          "ip_address": "109.61.125.9",
          "ip_family": null,
          "network_id": null,
          "port_id": "48caa4f6-f86a-4e8a-8fdd-a6598f387338",
          "security_groups": null,
          "subnet_id": null,
          "type": "external"
        }
      ],
      "type": [
        "list",
        [
          "object",
          {
            "floating_ip": [
              "object",
              {
                "existing_floating_id": "string",
                "source": "string"
              }
            ],
            "interface_name": "string",
            "ip_address": "string",
            "ip_family": "string",
            "network_id": "string",
            "port_id": "string",
            "security_groups": [
              "list",
              [
                "object",
                {
                  "id": "string"
                }
              ]
            ],
            "subnet_id": "string",
            "type": "string"
          }
        ]
      ]
    },
    "instance_status": {
      "value": "ACTIVE",
      "type": "string"
    },
    "instance_volumes": {
      "value": [
        {
          "attachment_tag": null,
          "boot_index": 0,
          "volume_id": "604c1e08-9b17-4733-941a-15eb918c975a"
        }
      ],
      "type": [
        "list",
        [
          "object",
          {
            "attachment_tag": "string",
            "boot_index": "number",
            "volume_id": "string"
          }
        ]
      ]
    },
    "placement_group_id": {
      "value": "1874e0e7-2270-48ba-8035-1623670c3c24",
      "type": "string"
    },
    "router_id": {
      "value": "6c7f8c81-73d3-44f5-a24f-0edc0a07557f",
      "type": "string"
    },
    "subnet_id": {
      "value": "8e5d1013-2852-4e5f-a7ca-ee8357f38e79",
      "type": "string"
    }
  },
  "resources": [
    {
      "mode": "managed",
      "type": "gcore_cloud_instance",
      "name": "test",
      "provider": "provider[\"registry.terraform.io/gcore/gcore\"]",
      "instances": [
        {
          "schema_version": 0,
          "attributes": {
            "addresses": {
              "pub_net": [
                {
                  "addr": "109.61.125.9",
                  "interface_name": null,
                  "subnet_id": "b4c6e91a-9eb9-4c59-ad57-00124eceda00",
                  "subnet_name": "pub_net11",
                  "type": "fixed"
                }
              ]
            },
            "allow_app_ports": null,
            "blackhole_ports": [],
            "configuration": null,
            "created_at": "2025-12-23T16:13:53Z",
            "creator_task_id": "9694f5e0-11b4-4d15-91cf-c2d325878399",
            "ddos_profile": null,
            "fixed_ip_assignments": null,
            "flavor": "g1-standard-2-4",
            "id": "acbc7a3a-63ce-4e65-8e0a-055465c58152",
            "instance_description": null,
            "instance_isolation": null,
            "interfaces": [
              {
                "floating_ip": null,
                "interface_name": null,
                "ip_address": "109.61.125.9",
                "ip_family": null,
                "network_id": null,
                "port_id": "48caa4f6-f86a-4e8a-8fdd-a6598f387338",
                "security_groups": null,
                "subnet_id": null,
                "type": "external"
              }
            ],
            "name": "regression-test-instance",
            "name_template": null,
            "password": null,
            "project_id": 379987,
            "region": "Luxembourg-2",
            "region_id": 76,
            "security_groups": null,
            "servergroup_id": "1874e0e7-2270-48ba-8035-1623670c3c24",
            "ssh_key_name": null,
            "status": "ACTIVE",
            "tags": {
              "env": "production"
            },
            "task_id": null,
            "task_state": null,
            "tasks": null,
            "user_data": null,
            "username": null,
            "vm_state": "active",
            "volumes": [
              {
                "attachment_tag": null,
                "boot_index": 0,
                "volume_id": "604c1e08-9b17-4733-941a-15eb918c975a"
              }
            ]
          },
          "sensitive_attributes": [],
          "dependencies": [
            "gcore_cloud_network.private",
            "gcore_cloud_network_router.main",
            "gcore_cloud_network_subnet.private",
            "gcore_cloud_volume.boot"
          ]
        }
      ]
    },
    {
      "mode": "managed",
      "type": "gcore_cloud_network",
      "name": "private",
      "provider": "provider[\"registry.terraform.io/gcore/gcore\"]",
      "instances": [
        {
          "schema_version": 0,
          "attributes": {
            "create_router": true,
            "created_at": "2025-12-23T16:11:37Z",
            "creator_task_id": "eda0a4cc-ea4d-4ed0-a88a-443b6c2f0a8e",
            "default": null,
            "external": false,
            "id": "e1e546fd-f9db-48ec-b92e-17a4864b12ee",
            "mtu": 1500,
            "name": "regression-test-network",
            "port_security_enabled": true,
            "project_id": null,
            "region": "Luxembourg-2",
            "region_id": null,
            "segmentation_id": 2790,
            "shared": false,
            "subnets": [
              "8e5d1013-2852-4e5f-a7ca-ee8357f38e79"
            ],
            "tags": null,
            "task_id": null,
            "tasks": null,
            "type": "vlan",
            "updated_at": "2025-12-23T16:11:44Z"
          },
          "sensitive_attributes": []
        }
      ]
    },
    {
      "mode": "managed",
      "type": "gcore_cloud_network_router",
      "name": "main",
      "provider": "provider[\"registry.terraform.io/gcore/gcore\"]",
      "instances": [
        {
          "schema_version": 0,
          "attributes": {
            "created_at": "2025-12-23T16:11:58Z",
            "creator_task_id": "4a58e98e-2738-4bf9-8034-bdb9dab05850",
            "distributed": false,
            "external_gateway_info": {
              "enable_snat": true,
              "network_id": "4b99f7d1-5d1e-4fdb-8ae1-a4bfb208556c",
              "type": "default"
            },
            "id": "6c7f8c81-73d3-44f5-a24f-0edc0a07557f",
            "interfaces": [
              {
                "subnet_id": "8e5d1013-2852-4e5f-a7ca-ee8357f38e79",
                "type": "subnet"
              }
            ],
            "name": "regression-test-router",
            "project_id": null,
            "region": "Luxembourg-2",
            "region_id": null,
            "routes": [],
            "status": "ACTIVE",
            "task_id": null,
            "tasks": null,
            "updated_at": "2025-12-23T16:13:41Z"
          },
          "sensitive_attributes": [],
          "dependencies": [
            "gcore_cloud_network.private",
            "gcore_cloud_network_subnet.private"
          ]
        }
      ]
    },
    {
      "mode": "managed",
      "type": "gcore_cloud_network_subnet",
      "name": "private",
      "provider": "provider[\"registry.terraform.io/gcore/gcore\"]",
      "instances": [
        {
          "schema_version": 0,
          "attributes": {
            "available_ips": 250,
            "cidr": "192.168.100.0/24",
            "connect_to_network_router": true,
            "created_at": "2025-12-23T16:11:44Z",
            "creator_task_id": "3d6332d6-568a-4057-b292-83ed6e4aed43",
            "dns_nameservers": [
              "8.8.8.8",
              "8.8.4.4"
            ],
            "enable_dhcp": true,
            "gateway_ip": "192.168.100.1",
            "has_router": false,
            "host_routes": [],
            "id": "8e5d1013-2852-4e5f-a7ca-ee8357f38e79",
            "ip_version": 4,
            "name": "regression-test-subnet",
            "network_id": "e1e546fd-f9db-48ec-b92e-17a4864b12ee",
            "project_id": null,
            "region": "Luxembourg-2",
            "region_id": null,
            "router_id_to_connect": null,
            "tags": null,
            "task_id": null,
            "tasks": null,
            "total_ips": 253,
            "updated_at": "2025-12-23T16:11:44Z"
          },
          "sensitive_attributes": [],
          "dependencies": [
            "gcore_cloud_network.private"
          ]
        }
      ]
    },
    {
      "mode": "managed",
      "type": "gcore_cloud_placement_group",
      "name": "test",
      "provider": "provider[\"registry.terraform.io/gcore/gcore\"]",
      "instances": [
        {
          "schema_version": 0,
          "attributes": {
            "id": "1874e0e7-2270-48ba-8035-1623670c3c24",
            "instances": [],
            "name": "regression-test-servergroup",
            "policy": "soft-anti-affinity",
            "project_id": null,
            "region": "Luxembourg-2",
            "region_id": null,
            "servergroup_id": "1874e0e7-2270-48ba-8035-1623670c3c24"
          },
          "sensitive_attributes": []
        }
      ]
    },
    {
      "mode": "managed",
      "type": "gcore_cloud_volume",
      "name": "boot",
      "provider": "provider[\"registry.terraform.io/gcore/gcore\"]",
      "instances": [
        {
          "schema_version": 0,
          "attributes": {
            "attachment_tag": null,
            "attachments": [
              {
                "attached_at": "2025-12-23T16:15:46Z",
                "attachment_id": "4933c538-6e6a-4c23-9792-110c62120b24",
                "device": "/dev/sda",
                "flavor_id": "g1-standard-2-4",
                "instance_name": null,
                "server_id": "acbc7a3a-63ce-4e65-8e0a-055465c58152",
                "volume_id": "604c1e08-9b17-4733-941a-15eb918c975a"
              }
            ],
            "bootable": true,
            "created_at": "2025-12-23T16:11:37Z",
            "creator_task_id": "d8a69e09-fb70-4e56-96a3-948670469b72",
            "id": "604c1e08-9b17-4733-941a-15eb918c975a",
            "image_id": "6343932d-0257-4285-bf89-05060f24095a",
            "instance_id_to_attach_to": null,
            "is_root_volume": true,
            "lifecycle_policy_ids": null,
            "limiter_stats": {
              "iops_base_limit": 300,
              "iops_burst_limit": 3000,
              "m_bps_base_limit": 12,
              "m_bps_burst_limit": 120
            },
            "name": "regression-boot-volume",
            "project_id": null,
            "region": "Luxembourg-2",
            "region_id": null,
            "size": 5,
            "snapshot_id": null,
            "snapshot_ids": [],
            "source": "image",
            "status": "in-use",
            "tags": null,
            "task_id": null,
            "tasks": null,
            "type_name": "ssd_hiiops",
            "updated_at": "2025-12-23T16:15:50Z",
            "volume_image_metadata": {
              "architecture": "x86_64",
              "checksum": "f8173c6829404b9429b817b14a4aa14b",
              "container_format": "bare",
              "disk_format": "raw",
              "display_order": "2204",
              "hw_disk_bus": "scsi",
              "hw_machine_type": "q35",
              "hw_qemu_guest_agent": "True",
              "hw_scsi_model": "virtio-scsi",
              "image_id": "6343932d-0257-4285-bf89-05060f24095a",
              "image_name": "ubuntu-22.04-x64",
              "min_disk": "5",
              "min_ram": "0",
              "os_distro": "ubuntu",
              "os_glance_failed_import": "",
              "os_glance_importing_to_stores": "",
              "os_require_quiesce": "True",
              "os_type": "linux",
              "os_version": "22.04",
              "size": "2361393152",
              "ssh_key": "allow"
            },
            "volume_type": "ssd_hiiops"
          },
          "sensitive_attributes": []
        }
      ]
    }
  ],
  "check_results": null
}
