{
  "version": 4,
  "terraform_version": "1.10.5",
  "serial": 84,
  "lineage": "4d1d4450-faba-3082-befe-d9e212edf6b9",
  "outputs": {
    "boot_volume_id": {
      "value": "e8568da1-afff-431b-aae3-ea116693d44f",
      "type": "string"
    },
    "instance_addresses": {
      "value": {
        "regression-test-network": [
          {
            "addr": "192.168.100.164",
            "interface_name": null,
            "subnet_id": "bc24a87d-d24a-4e6f-acac-12bb04c74d09",
            "subnet_name": "regression-test-subnet",
            "type": "fixed"
          },
          {
            "addr": "85.234.87.241",
            "interface_name": null,
            "subnet_id": null,
            "subnet_name": null,
            "type": "floating"
          }
        ]
      },
      "type": [
        "map",
        [
          "list",
          [
            "object",
            {
              "addr": "string",
              "interface_name": "string",
              "subnet_id": "string",
              "subnet_name": "string",
              "type": "string"
            }
          ]
        ]
      ]
    },
    "instance_id": {
      "value": "f014db96-ac8a-4297-8706-48117cd98aa4",
      "type": "string"
    },
    "instance_interfaces": {
      "value": [
        {
          "floating_ip": {
            "existing_floating_id": null,
            "source": "new"
          },
          "interface_name": null,
          "ip_address": "192.168.100.164",
          "ip_family": null,
          "network_id": "ca86be86-793c-450b-9dc6-429b61cde52f",
          "port_id": "75c24ee3-e1ad-4e27-9acb-5e6b92d793d9",
          "security_groups": null,
          "subnet_id": "bc24a87d-d24a-4e6f-acac-12bb04c74d09",
          "type": "subnet"
        }
      ],
      "type": [
        "list",
        [
          "object",
          {
            "floating_ip": [
              "object",
              {
                "existing_floating_id": "string",
                "source": "string"
              }
            ],
            "interface_name": "string",
            "ip_address": "string",
            "ip_family": "string",
            "network_id": "string",
            "port_id": "string",
            "security_groups": [
              "list",
              [
                "object",
                {
                  "id": "string"
                }
              ]
            ],
            "subnet_id": "string",
            "type": "string"
          }
        ]
      ]
    },
    "instance_status": {
      "value": "ACTIVE",
      "type": "string"
    },
    "instance_volumes": {
      "value": [
        {
          "attachment_tag": null,
          "boot_index": 0,
          "volume_id": "e8568da1-afff-431b-aae3-ea116693d44f"
        }
      ],
      "type": [
        "list",
        [
          "object",
          {
            "attachment_tag": "string",
            "boot_index": "number",
            "volume_id": "string"
          }
        ]
      ]
    },
    "placement_group_id": {
      "value": "933de2ca-3ea4-448d-83c4-abf3490cb4fc",
      "type": "string"
    },
    "router_id": {
      "value": "b52c2eda-ede6-44f6-97c9-c49cf166e76a",
      "type": "string"
    },
    "subnet_id": {
      "value": "bc24a87d-d24a-4e6f-acac-12bb04c74d09",
      "type": "string"
    }
  },
  "resources": [
    {
      "mode": "managed",
      "type": "gcore_cloud_instance",
      "name": "test",
      "provider": "provider[\"registry.terraform.io/gcore/gcore\"]",
      "instances": [
        {
          "index_key": 0,
          "schema_version": 0,
          "attributes": {
            "addresses": {
              "regression-test-network": [
                {
                  "addr": "192.168.100.164",
                  "interface_name": null,
                  "subnet_id": "bc24a87d-d24a-4e6f-acac-12bb04c74d09",
                  "subnet_name": "regression-test-subnet",
                  "type": "fixed"
                },
                {
                  "addr": "85.234.87.241",
                  "interface_name": null,
                  "subnet_id": null,
                  "subnet_name": null,
                  "type": "floating"
                }
              ]
            },
            "allow_app_ports": null,
            "blackhole_ports": [],
            "configuration": null,
            "created_at": "2025-12-30T11:52:06Z",
            "creator_task_id": "7286c0eb-0068-4613-9699-cd14802b0084",
            "ddos_profile": null,
            "fixed_ip_assignments": null,
            "flavor": "g1-standard-1-2",
            "id": "f014db96-ac8a-4297-8706-48117cd98aa4",
            "instance_description": null,
            "instance_isolation": null,
            "interfaces": [
              {
                "floating_ip": {
                  "existing_floating_id": null,
                  "source": "new"
                },
                "interface_name": null,
                "ip_address": "192.168.100.164",
                "ip_family": null,
                "network_id": "ca86be86-793c-450b-9dc6-429b61cde52f",
                "port_id": "75c24ee3-e1ad-4e27-9acb-5e6b92d793d9",
                "security_groups": null,
                "subnet_id": "bc24a87d-d24a-4e6f-acac-12bb04c74d09",
                "type": "subnet"
              }
            ],
            "name": "regression-test-instance",
            "name_template": null,
            "password": null,
            "project_id": 379987,
            "region": "Luxembourg-2",
            "region_id": 76,
            "security_groups": null,
            "servergroup_id": null,
            "ssh_key_name": null,
            "status": "ACTIVE",
            "tags": {
              "env": "test",
              "project": "regression"
            },
            "task_id": null,
            "task_state": null,
            "tasks": null,
            "user_data": null,
            "username": null,
            "vm_state": "active",
            "volumes": [
              {
                "attachment_tag": null,
                "boot_index": 0,
                "volume_id": "e8568da1-afff-431b-aae3-ea116693d44f"
              }
            ]
          },
          "sensitive_attributes": [],
          "dependencies": [
            "gcore_cloud_network.private",
            "gcore_cloud_network_router.main",
            "gcore_cloud_network_subnet.private",
            "gcore_cloud_volume.boot"
          ]
        }
      ]
    },
    {
      "mode": "managed",
      "type": "gcore_cloud_network",
      "name": "private",
      "provider": "provider[\"registry.terraform.io/gcore/gcore\"]",
      "instances": [
        {
          "schema_version": 0,
          "attributes": {
            "create_router": true,
            "created_at": "2025-12-30T11:49:46Z",
            "creator_task_id": "409a8f33-05d0-44b6-bd4a-1eba7652d9c9",
            "default": null,
            "external": false,
            "id": "ca86be86-793c-450b-9dc6-429b61cde52f",
            "mtu": 1500,
            "name": "regression-test-network",
            "port_security_enabled": true,
            "project_id": null,
            "region": "Luxembourg-2",
            "region_id": null,
            "segmentation_id": 2796,
            "shared": false,
            "subnets": [
              "bc24a87d-d24a-4e6f-acac-12bb04c74d09"
            ],
            "tags": null,
            "task_id": null,
            "tasks": null,
            "type": "vlan",
            "updated_at": "2025-12-30T11:49:59Z"
          },
          "sensitive_attributes": []
        }
      ]
    },
    {
      "mode": "managed",
      "type": "gcore_cloud_network_router",
      "name": "main",
      "provider": "provider[\"registry.terraform.io/gcore/gcore\"]",
      "instances": [
        {
          "schema_version": 0,
          "attributes": {
            "created_at": "2025-12-30T11:50:12Z",
            "creator_task_id": "31338c43-8df0-4db4-975f-f3379e8aa987",
            "distributed": false,
            "external_gateway_info": {
              "enable_snat": true,
              "network_id": "4b99f7d1-5d1e-4fdb-8ae1-a4bfb208556c",
              "type": "default"
            },
            "id": "b52c2eda-ede6-44f6-97c9-c49cf166e76a",
            "interfaces": [
              {
                "subnet_id": "bc24a87d-d24a-4e6f-acac-12bb04c74d09",
                "type": "subnet"
              }
            ],
            "name": "regression-test-router",
            "project_id": null,
            "region": "Luxembourg-2",
            "region_id": null,
            "routes": [],
            "status": "ACTIVE",
            "task_id": null,
            "tasks": null,
            "updated_at": "2025-12-30T11:51:56Z"
          },
          "sensitive_attributes": [],
          "dependencies": [
            "gcore_cloud_network.private",
            "gcore_cloud_network_subnet.private"
          ]
        }
      ]
    },
    {
      "mode": "managed",
      "type": "gcore_cloud_network_subnet",
      "name": "private",
      "provider": "provider[\"registry.terraform.io/gcore/gcore\"]",
      "instances": [
        {
          "schema_version": 0,
          "attributes": {
            "available_ips": 249,
            "cidr": "192.168.100.0/24",
            "connect_to_network_router": true,
            "created_at": "2025-12-30T11:49:59Z",
            "creator_task_id": "9f227f77-f26f-4e3f-9358-10e62cdae2a7",
            "dns_nameservers": [
              "8.8.8.8",
              "8.8.4.4"
            ],
            "enable_dhcp": true,
            "gateway_ip": "192.168.100.1",
            "has_router": false,
            "host_routes": [],
            "id": "bc24a87d-d24a-4e6f-acac-12bb04c74d09",
            "ip_version": 4,
            "name": "regression-test-subnet",
            "network_id": "ca86be86-793c-450b-9dc6-429b61cde52f",
            "project_id": null,
            "region": "Luxembourg-2",
            "region_id": null,
            "router_id_to_connect": null,
            "tags": null,
            "task_id": null,
            "tasks": null,
            "total_ips": 253,
            "updated_at": "2025-12-30T11:49:59Z"
          },
          "sensitive_attributes": [],
          "dependencies": [
            "gcore_cloud_network.private"
          ]
        }
      ]
    },
    {
      "mode": "managed",
      "type": "gcore_cloud_placement_group",
      "name": "test",
      "provider": "provider[\"registry.terraform.io/gcore/gcore\"]",
      "instances": [
        {
          "schema_version": 0,
          "attributes": {
            "id": "933de2ca-3ea4-448d-83c4-abf3490cb4fc",
            "instances": [],
            "name": "regression-test-servergroup",
            "policy": "soft-anti-affinity",
            "project_id": null,
            "region": "Luxembourg-2",
            "region_id": null,
            "servergroup_id": "933de2ca-3ea4-448d-83c4-abf3490cb4fc"
          },
          "sensitive_attributes": []
        }
      ]
    },
    {
      "mode": "managed",
      "type": "gcore_cloud_volume",
      "name": "boot",
      "provider": "provider[\"registry.terraform.io/gcore/gcore\"]",
      "instances": [
        {
          "schema_version": 0,
          "attributes": {
            "attachment_tag": null,
            "attachments": [
              {
                "attached_at": "2025-12-30T11:52:14Z",
                "attachment_id": "10ef9ce9-267c-4dc7-b11e-a6941ce6eec7",
                "device": "/dev/sda",
                "flavor_id": "g1-standard-1-2",
                "instance_name": null,
                "server_id": "f014db96-ac8a-4297-8706-48117cd98aa4",
                "volume_id": "e8568da1-afff-431b-aae3-ea116693d44f"
              }
            ],
            "bootable": true,
            "created_at": "2025-12-30T11:49:46Z",
            "creator_task_id": "04cb0858-1e55-4a55-b632-5778c211b21e",
            "id": "e8568da1-afff-431b-aae3-ea116693d44f",
            "image_id": "6343932d-0257-4285-bf89-05060f24095a",
            "instance_id_to_attach_to": null,
            "is_root_volume": true,
            "lifecycle_policy_ids": null,
            "limiter_stats": {
              "iops_base_limit": 300,
              "iops_burst_limit": 3000,
              "m_bps_base_limit": 12,
              "m_bps_burst_limit": 120
            },
            "name": "regression-boot-volume",
            "project_id": null,
            "region": "Luxembourg-2",
            "region_id": null,
            "size": 5,
            "snapshot_id": null,
            "snapshot_ids": [],
            "source": "image",
            "status": "in-use",
            "tags": null,
            "task_id": null,
            "tasks": null,
            "type_name": "ssd_hiiops",
            "updated_at": "2025-12-30T11:52:14Z",
            "volume_image_metadata": {
              "architecture": "x86_64",
              "checksum": "f8173c6829404b9429b817b14a4aa14b",
              "container_format": "bare",
              "disk_format": "raw",
              "display_order": "2204",
              "hw_disk_bus": "scsi",
              "hw_machine_type": "q35",
              "hw_qemu_guest_agent": "True",
              "hw_scsi_model": "virtio-scsi",
              "image_id": "6343932d-0257-4285-bf89-05060f24095a",
              "image_name": "ubuntu-22.04-x64",
              "min_disk": "5",
              "min_ram": "0",
              "os_distro": "ubuntu",
              "os_glance_failed_import": "",
              "os_glance_importing_to_stores": "",
              "os_require_quiesce": "True",
              "os_type": "linux",
              "os_version": "22.04",
              "size": "2361393152",
              "ssh_key": "allow"
            },
            "volume_type": "ssd_hiiops"
          },
          "sensitive_attributes": []
        }
      ]
    }
  ],
  "check_results": null
}
