{
  "version": 4,
  "terraform_version": "1.10.5",
  "serial": 43,
  "lineage": "4d1d4450-faba-3082-befe-d9e212edf6b9",
  "outputs": {
    "boot_volume_id": {
      "value": "f19d42b0-3d17-49b0-a30f-f4a9f9c85328",
      "type": "string"
    },
    "instance_addresses": {
      "value": {
        "pub_net": [
          {
            "addr": "109.61.125.13",
            "interface_name": null,
            "subnet_id": "b4c6e91a-9eb9-4c59-ad57-00124eceda00",
            "subnet_name": "pub_net11",
            "type": "fixed"
          }
        ]
      },
      "type": [
        "map",
        [
          "list",
          [
            "object",
            {
              "addr": "string",
              "interface_name": "string",
              "subnet_id": "string",
              "subnet_name": "string",
              "type": "string"
            }
          ]
        ]
      ]
    },
    "instance_id": {
      "value": "38346859-1d7f-461a-a6c7-867e48b81b1e",
      "type": "string"
    },
    "instance_interfaces": {
      "value": [
        {
          "floating_ip": null,
          "interface_name": null,
          "ip_address": "109.61.125.13",
          "ip_family": null,
          "network_id": null,
          "port_id": "48526ac2-cc65-404e-b020-0a630649f9a9",
          "security_groups": null,
          "subnet_id": null,
          "type": "external"
        }
      ],
      "type": [
        "list",
        [
          "object",
          {
            "floating_ip": [
              "object",
              {
                "existing_floating_id": "string",
                "source": "string"
              }
            ],
            "interface_name": "string",
            "ip_address": "string",
            "ip_family": "string",
            "network_id": "string",
            "port_id": "string",
            "security_groups": [
              "list",
              [
                "object",
                {
                  "id": "string"
                }
              ]
            ],
            "subnet_id": "string",
            "type": "string"
          }
        ]
      ]
    },
    "instance_status": {
      "value": "ACTIVE",
      "type": "string"
    },
    "instance_volumes": {
      "value": [
        {
          "attachment_tag": null,
          "boot_index": 0,
          "volume_id": "f19d42b0-3d17-49b0-a30f-f4a9f9c85328"
        },
        {
          "attachment_tag": null,
          "boot_index": -1,
          "volume_id": "f6c87039-cbed-444b-b559-46f9da7fdefe"
        }
      ],
      "type": [
        "list",
        [
          "object",
          {
            "attachment_tag": "string",
            "boot_index": "number",
            "volume_id": "string"
          }
        ]
      ]
    },
    "placement_group_id": {
      "value": "59070f97-75cd-4bf4-bc9d-94b05a0b38cb",
      "type": "string"
    },
    "router_id": {
      "value": "4bd63b55-62d7-421b-bd85-b90bb8b42d72",
      "type": "string"
    },
    "subnet_id": {
      "value": "197e6467-255b-44a4-87c3-8dbfe0141b92",
      "type": "string"
    }
  },
  "resources": [
    {
      "mode": "managed",
      "type": "gcore_cloud_instance",
      "name": "test",
      "provider": "provider[\"registry.terraform.io/gcore/gcore\"]",
      "instances": []
    },
    {
      "mode": "managed",
      "type": "gcore_cloud_instance",
      "name": "test_import",
      "provider": "provider[\"registry.terraform.io/gcore/gcore\"]",
      "instances": [
        {
          "index_key": 0,
          "schema_version": 0,
          "attributes": {
            "addresses": {
              "pub_net": [
                {
                  "addr": "109.61.125.13",
                  "interface_name": null,
                  "subnet_id": "b4c6e91a-9eb9-4c59-ad57-00124eceda00",
                  "subnet_name": "pub_net11",
                  "type": "fixed"
                }
              ]
            },
            "allow_app_ports": null,
            "blackhole_ports": [],
            "configuration": null,
            "created_at": "2025-12-30T09:34:05Z",
            "creator_task_id": "52c1be5e-54a7-473f-9813-df8b761ccf86",
            "ddos_profile": null,
            "fixed_ip_assignments": null,
            "flavor": "g1-standard-1-2",
            "id": "38346859-1d7f-461a-a6c7-867e48b81b1e",
            "instance_description": null,
            "instance_isolation": null,
            "interfaces": [
              {
                "floating_ip": null,
                "interface_name": null,
                "ip_address": "109.61.125.13",
                "ip_family": null,
                "network_id": null,
                "port_id": "48526ac2-cc65-404e-b020-0a630649f9a9",
                "security_groups": null,
                "subnet_id": null,
                "type": "external"
              }
            ],
            "name": "regression-import-test-instance",
            "name_template": null,
            "password": null,
            "project_id": 379987,
            "region": "Luxembourg-2",
            "region_id": 76,
            "security_groups": null,
            "servergroup_id": null,
            "ssh_key_name": null,
            "status": "ACTIVE",
            "tags": null,
            "task_id": null,
            "task_state": null,
            "tasks": null,
            "user_data": null,
            "username": null,
            "vm_state": "active",
            "volumes": [
              {
                "attachment_tag": null,
                "boot_index": 0,
                "volume_id": "f19d42b0-3d17-49b0-a30f-f4a9f9c85328"
              },
              {
                "attachment_tag": null,
                "boot_index": -1,
                "volume_id": "f6c87039-cbed-444b-b559-46f9da7fdefe"
              }
            ]
          },
          "sensitive_attributes": []
        }
      ]
    },
    {
      "mode": "managed",
      "type": "gcore_cloud_network",
      "name": "private",
      "provider": "provider[\"registry.terraform.io/gcore/gcore\"]",
      "instances": [
        {
          "schema_version": 0,
          "attributes": {
            "create_router": true,
            "created_at": "2025-12-30T09:31:43Z",
            "creator_task_id": "28cda806-6925-4f58-bb08-54be2a77e40f",
            "default": null,
            "external": false,
            "id": "951cb2e5-3862-4c61-bee1-130e9536c095",
            "mtu": 1500,
            "name": "regression-test-network",
            "port_security_enabled": true,
            "project_id": null,
            "region": "Luxembourg-2",
            "region_id": null,
            "segmentation_id": 2799,
            "shared": false,
            "subnets": [],
            "tags": null,
            "task_id": null,
            "tasks": null,
            "type": "vlan",
            "updated_at": "2025-12-30T09:31:43Z"
          },
          "sensitive_attributes": []
        }
      ]
    },
    {
      "mode": "managed",
      "type": "gcore_cloud_network_router",
      "name": "main",
      "provider": "provider[\"registry.terraform.io/gcore/gcore\"]",
      "instances": [
        {
          "schema_version": 0,
          "attributes": {
            "created_at": "2025-12-30T09:32:11Z",
            "creator_task_id": "ed63b683-415a-49c1-9e34-5e259d554104",
            "distributed": false,
            "external_gateway_info": {
              "enable_snat": true,
              "network_id": "4b99f7d1-5d1e-4fdb-8ae1-a4bfb208556c",
              "type": "default"
            },
            "id": "4bd63b55-62d7-421b-bd85-b90bb8b42d72",
            "interfaces": [
              {
                "subnet_id": "197e6467-255b-44a4-87c3-8dbfe0141b92",
                "type": "subnet"
              }
            ],
            "name": "regression-test-router",
            "project_id": null,
            "region": "Luxembourg-2",
            "region_id": null,
            "routes": [],
            "status": "ACTIVE",
            "task_id": "",
            "tasks": null,
            "updated_at": "2025-12-30T09:33:53Z"
          },
          "sensitive_attributes": [],
          "dependencies": [
            "gcore_cloud_network.private",
            "gcore_cloud_network_subnet.private"
          ]
        }
      ]
    },
    {
      "mode": "managed",
      "type": "gcore_cloud_network_subnet",
      "name": "private",
      "provider": "provider[\"registry.terraform.io/gcore/gcore\"]",
      "instances": [
        {
          "schema_version": 0,
          "attributes": {
            "available_ips": 251,
            "cidr": "192.168.100.0/24",
            "connect_to_network_router": true,
            "created_at": "2025-12-30T09:31:57Z",
            "creator_task_id": "04348584-34b9-4d5e-81f9-87a014eaf32a",
            "dns_nameservers": [
              "8.8.8.8",
              "8.8.4.4"
            ],
            "enable_dhcp": true,
            "gateway_ip": "192.168.100.1",
            "has_router": false,
            "host_routes": [],
            "id": "197e6467-255b-44a4-87c3-8dbfe0141b92",
            "ip_version": 4,
            "name": "regression-test-subnet",
            "network_id": "951cb2e5-3862-4c61-bee1-130e9536c095",
            "project_id": null,
            "region": "Luxembourg-2",
            "region_id": null,
            "router_id_to_connect": null,
            "tags": null,
            "task_id": null,
            "tasks": null,
            "total_ips": 253,
            "updated_at": "2025-12-30T09:31:57Z"
          },
          "sensitive_attributes": [],
          "dependencies": [
            "gcore_cloud_network.private"
          ]
        }
      ]
    },
    {
      "mode": "managed",
      "type": "gcore_cloud_placement_group",
      "name": "test",
      "provider": "provider[\"registry.terraform.io/gcore/gcore\"]",
      "instances": [
        {
          "schema_version": 0,
          "attributes": {
            "id": "59070f97-75cd-4bf4-bc9d-94b05a0b38cb",
            "instances": [],
            "name": "regression-test-servergroup",
            "policy": "soft-anti-affinity",
            "project_id": null,
            "region": "Luxembourg-2",
            "region_id": null,
            "servergroup_id": "59070f97-75cd-4bf4-bc9d-94b05a0b38cb"
          },
          "sensitive_attributes": []
        }
      ]
    },
    {
      "mode": "managed",
      "type": "gcore_cloud_volume",
      "name": "boot",
      "provider": "provider[\"registry.terraform.io/gcore/gcore\"]",
      "instances": [
        {
          "schema_version": 0,
          "attributes": {
            "attachment_tag": null,
            "attachments": [],
            "bootable": true,
            "created_at": "2025-12-30T09:31:43Z",
            "creator_task_id": "89e977bd-fc91-44b9-b8b8-2561a8dee9ca",
            "id": "f19d42b0-3d17-49b0-a30f-f4a9f9c85328",
            "image_id": "6343932d-0257-4285-bf89-05060f24095a",
            "instance_id_to_attach_to": null,
            "is_root_volume": false,
            "lifecycle_policy_ids": null,
            "limiter_stats": {
              "iops_base_limit": 300,
              "iops_burst_limit": 3000,
              "m_bps_base_limit": 12,
              "m_bps_burst_limit": 120
            },
            "name": "regression-boot-volume",
            "project_id": null,
            "region": "Luxembourg-2",
            "region_id": null,
            "size": 5,
            "snapshot_id": null,
            "snapshot_ids": [],
            "source": "image",
            "status": "available",
            "tags": null,
            "task_id": null,
            "tasks": null,
            "type_name": "ssd_hiiops",
            "updated_at": "2025-12-30T09:31:44Z",
            "volume_image_metadata": {
              "architecture": "x86_64",
              "checksum": "f8173c6829404b9429b817b14a4aa14b",
              "container_format": "bare",
              "disk_format": "raw",
              "display_order": "2204",
              "hw_disk_bus": "scsi",
              "hw_machine_type": "q35",
              "hw_qemu_guest_agent": "True",
              "hw_scsi_model": "virtio-scsi",
              "image_id": "6343932d-0257-4285-bf89-05060f24095a",
              "image_name": "ubuntu-22.04-x64",
              "min_disk": "5",
              "min_ram": "0",
              "os_distro": "ubuntu",
              "os_glance_failed_import": "",
              "os_glance_importing_to_stores": "",
              "os_require_quiesce": "True",
              "os_type": "linux",
              "os_version": "22.04",
              "size": "2361393152",
              "ssh_key": "allow"
            },
            "volume_type": "ssd_hiiops"
          },
          "sensitive_attributes": []
        }
      ]
    },
    {
      "mode": "managed",
      "type": "gcore_cloud_volume",
      "name": "data",
      "provider": "provider[\"registry.terraform.io/gcore/gcore\"]",
      "instances": [
        {
          "index_key": 0,
          "schema_version": 0,
          "attributes": {
            "attachment_tag": null,
            "attachments": [],
            "bootable": false,
            "created_at": "2025-12-30T09:31:43Z",
            "creator_task_id": "a0f9fa03-315c-4be7-98e1-57510f7aeb8d",
            "id": "f6c87039-cbed-444b-b559-46f9da7fdefe",
            "image_id": null,
            "instance_id_to_attach_to": null,
            "is_root_volume": false,
            "lifecycle_policy_ids": null,
            "limiter_stats": {
              "iops_base_limit": 300,
              "iops_burst_limit": 3000,
              "m_bps_base_limit": 12,
              "m_bps_burst_limit": 120
            },
            "name": "regression-data-volume",
            "project_id": null,
            "region": "Luxembourg-2",
            "region_id": null,
            "size": 5,
            "snapshot_id": null,
            "snapshot_ids": [],
            "source": "new-volume",
            "status": "available",
            "tags": null,
            "task_id": null,
            "tasks": null,
            "type_name": "ssd_hiiops",
            "updated_at": "2025-12-30T09:31:43Z",
            "volume_image_metadata": null,
            "volume_type": "ssd_hiiops"
          },
          "sensitive_attributes": []
        }
      ]
    }
  ],
  "check_results": null
}
