{
  "version": 4,
  "terraform_version": "1.10.5",
  "serial": 22,
  "lineage": "79b0acaa-753b-f4f1-6a10-6f6490923ec3",
  "outputs": {
    "a_record_info": {
      "value": {
        "name": "www.test-comprehensive-1765285206.dev",
        "rrset_name": "www.test-comprehensive-1765285206.dev",
        "rrset_type": "A",
        "ttl": 600,
        "type": "A",
        "zone_name": "test-comprehensive-1765285206.dev"
      },
      "type": [
        "object",
        {
          "name": "string",
          "rrset_name": "string",
          "rrset_type": "string",
          "ttl": "number",
          "type": "string",
          "zone_name": "string"
        }
      ]
    },
    "all_records_summary": {
      "value": {
        "a_name": "www.test-comprehensive-1765285206.dev",
        "cname_name": "alias.test-comprehensive-1765285206.dev",
        "deep_name": "level1.level2.level3.test-comprehensive-1765285206.dev",
        "multi_name": "multi.test-comprehensive-1765285206.dev",
        "mx_name": "test-comprehensive-1765285206.dev",
        "txt_name": "spf.test-comprehensive-1765285206.dev",
        "wild_name": "*.test-comprehensive-1765285206.dev"
      },
      "type": [
        "object",
        {
          "a_name": "string",
          "cname_name": "string",
          "deep_name": "string",
          "multi_name": "string",
          "mx_name": "string",
          "txt_name": "string",
          "wild_name": "string"
        }
      ]
    }
  },
  "resources": [
    {
      "mode": "managed",
      "type": "gcore_dns_zone_rrset",
      "name": "a_record",
      "provider": "provider[\"registry.terraform.io/gcore/gcore\"]",
      "instances": [
        {
          "schema_version": 0,
          "attributes": {
            "filter_set_id": null,
            "meta": null,
            "name": "www.test-comprehensive-1765285206.dev",
            "pickers": null,
            "resource_records": [
              {
                "content": [
                  "\"5.6.7.8\""
                ],
                "enabled": true,
                "id": 154141615,
                "meta": null
              }
            ],
            "rrset_name": "www.test-comprehensive-1765285206.dev",
            "rrset_type": "A",
            "ttl": 600,
            "type": "A",
            "warning": null,
            "warnings": null,
            "zone_name": "test-comprehensive-1765285206.dev"
          },
          "sensitive_attributes": []
        }
      ]
    },
    {
      "mode": "managed",
      "type": "gcore_dns_zone_rrset",
      "name": "cname_record",
      "provider": "provider[\"registry.terraform.io/gcore/gcore\"]",
      "instances": [
        {
          "schema_version": 0,
          "attributes": {
            "filter_set_id": null,
            "meta": null,
            "name": "alias.test-comprehensive-1765285206.dev",
            "pickers": null,
            "resource_records": [
              {
                "content": [
                  "\"www.test-comprehensive-1765285206.dev.\""
                ],
                "enabled": true,
                "id": 154141281,
                "meta": null
              }
            ],
            "rrset_name": "alias.test-comprehensive-1765285206.dev",
            "rrset_type": "CNAME",
            "ttl": 300,
            "type": "CNAME",
            "warning": null,
            "warnings": null,
            "zone_name": "test-comprehensive-1765285206.dev"
          },
          "sensitive_attributes": []
        }
      ]
    },
    {
      "mode": "managed",
      "type": "gcore_dns_zone_rrset",
      "name": "deep_subdomain",
      "provider": "provider[\"registry.terraform.io/gcore/gcore\"]",
      "instances": [
        {
          "schema_version": 0,
          "attributes": {
            "filter_set_id": null,
            "meta": null,
            "name": "level1.level2.level3.test-comprehensive-1765285206.dev",
            "pickers": null,
            "resource_records": [
              {
                "content": [
                  "\"10.0.0.1\""
                ],
                "enabled": true,
                "id": 154141282,
                "meta": null
              }
            ],
            "rrset_name": "level1.level2.level3.test-comprehensive-1765285206.dev",
            "rrset_type": "A",
            "ttl": 300,
            "type": "A",
            "warning": null,
            "warnings": null,
            "zone_name": "test-comprehensive-1765285206.dev"
          },
          "sensitive_attributes": []
        }
      ]
    },
    {
      "mode": "managed",
      "type": "gcore_dns_zone_rrset",
      "name": "multi_record",
      "provider": "provider[\"registry.terraform.io/gcore/gcore\"]",
      "instances": [
        {
          "schema_version": 0,
          "attributes": {
            "filter_set_id": null,
            "meta": null,
            "name": "multi.test-comprehensive-1765285206.dev",
            "pickers": null,
            "resource_records": [
              {
                "content": [
                  "\"192.168.1.1\""
                ],
                "enabled": true,
                "id": 154141286,
                "meta": null
              },
              {
                "content": [
                  "\"192.168.1.2\""
                ],
                "enabled": true,
                "id": 154141287,
                "meta": null
              },
              {
                "content": [
                  "\"192.168.1.3\""
                ],
                "enabled": false,
                "id": 154141288,
                "meta": null
              }
            ],
            "rrset_name": "multi.test-comprehensive-1765285206.dev",
            "rrset_type": "A",
            "ttl": 300,
            "type": "A",
            "warning": null,
            "warnings": null,
            "zone_name": "test-comprehensive-1765285206.dev"
          },
          "sensitive_attributes": []
        }
      ]
    },
    {
      "mode": "managed",
      "type": "gcore_dns_zone_rrset",
      "name": "mx_record",
      "provider": "provider[\"registry.terraform.io/gcore/gcore\"]",
      "instances": [
        {
          "schema_version": 0,
          "attributes": {
            "filter_set_id": null,
            "meta": null,
            "name": "test-comprehensive-1765285206.dev",
            "pickers": null,
            "resource_records": [
              {
                "content": [
                  "10",
                  "\"mail.test-comprehensive-1765285206.dev.\""
                ],
                "enabled": true,
                "id": 154141284,
                "meta": null
              }
            ],
            "rrset_name": "test-comprehensive-1765285206.dev",
            "rrset_type": "MX",
            "ttl": 3600,
            "type": "MX",
            "warning": null,
            "warnings": null,
            "zone_name": "test-comprehensive-1765285206.dev"
          },
          "sensitive_attributes": []
        }
      ]
    },
    {
      "mode": "managed",
      "type": "gcore_dns_zone_rrset",
      "name": "txt_record",
      "provider": "provider[\"registry.terraform.io/gcore/gcore\"]",
      "instances": [
        {
          "schema_version": 0,
          "attributes": {
            "filter_set_id": null,
            "meta": null,
            "name": "spf.test-comprehensive-1765285206.dev",
            "pickers": null,
            "resource_records": [
              {
                "content": [
                  "\"v=spf1 -all\""
                ],
                "enabled": true,
                "id": 154141616,
                "meta": null
              }
            ],
            "rrset_name": "spf.test-comprehensive-1765285206.dev",
            "rrset_type": "TXT",
            "ttl": 600,
            "type": "TXT",
            "warning": null,
            "warnings": null,
            "zone_name": "test-comprehensive-1765285206.dev"
          },
          "sensitive_attributes": []
        }
      ]
    },
    {
      "mode": "managed",
      "type": "gcore_dns_zone_rrset",
      "name": "wildcard",
      "provider": "provider[\"registry.terraform.io/gcore/gcore\"]",
      "instances": [
        {
          "schema_version": 0,
          "attributes": {
            "filter_set_id": null,
            "meta": null,
            "name": "*.test-comprehensive-1765285206.dev",
            "pickers": null,
            "resource_records": [
              {
                "content": [
                  "\"10.0.0.2\""
                ],
                "enabled": true,
                "id": 154141280,
                "meta": null
              }
            ],
            "rrset_name": "*.test-comprehensive-1765285206.dev",
            "rrset_type": "A",
            "ttl": 300,
            "type": "A",
            "warning": null,
            "warnings": null,
            "zone_name": "test-comprehensive-1765285206.dev"
          },
          "sensitive_attributes": []
        }
      ]
    }
  ],
  "check_results": null
}
