{
  "version": 4,
  "terraform_version": "1.14.3",
  "serial": 24,
  "lineage": "c2b56eda-4924-8111-9c16-6405dff87e16",
  "outputs": {
    "egress_tcp_rule_id": {
      "value": "d49db61b-7eca-40ab-84ee-3c3a34a95641",
      "type": "string"
    },
    "ingress_udp_rule_id": {
      "value": "f2c9d022-fffa-433a-b4c8-c5e2a5220b29",
      "type": "string"
    },
    "sg_id": {
      "value": "9dfdc5d1-a603-4112-a271-58b0d78da5ae",
      "type": "string"
    }
  },
  "resources": [
    {
      "mode": "managed",
      "type": "gcore_cloud_security_group",
      "name": "test",
      "provider": "provider[\"registry.terraform.io/gcore/gcore\"]",
      "instances": [
        {
          "schema_version": 0,
          "attributes": {
            "created_at": "2026-02-25T11:56:56Z",
            "description": "Updated description for testing",
            "id": "9dfdc5d1-a603-4112-a271-58b0d78da5ae",
            "name": "tf-test-secgroup-renamed",
            "project_id": null,
            "region": "Luxembourg-2",
            "region_id": null,
            "revision_number": 5,
            "tags": null,
            "tags_v2": [],
            "updated_at": "2026-02-25T11:57:02Z"
          },
          "sensitive_attributes": [],
          "identity_schema_version": 0
        }
      ]
    },
    {
      "mode": "managed",
      "type": "gcore_cloud_security_group_rule",
      "name": "egress_tcp",
      "provider": "provider[\"registry.terraform.io/gcore/gcore\"]",
      "instances": [
        {
          "schema_version": 0,
          "attributes": {
            "description": "Allow HTTPS outbound",
            "direction": "egress",
            "ethertype": "IPv4",
            "group_id": "9dfdc5d1-a603-4112-a271-58b0d78da5ae",
            "id": "d49db61b-7eca-40ab-84ee-3c3a34a95641",
            "port_range_max": 443,
            "port_range_min": 443,
            "project_id": null,
            "protocol": "tcp",
            "region_id": null,
            "remote_group_id": null,
            "remote_ip_prefix": "0.0.0.0/0"
          },
          "sensitive_attributes": [],
          "identity_schema_version": 0,
          "dependencies": [
            "gcore_cloud_security_group.test"
          ]
        }
      ]
    },
    {
      "mode": "managed",
      "type": "gcore_cloud_security_group_rule",
      "name": "ingress_udp",
      "provider": "provider[\"registry.terraform.io/gcore/gcore\"]",
      "instances": [
        {
          "schema_version": 0,
          "attributes": {
            "description": "Allow UDP 5000-6000 from private",
            "direction": "ingress",
            "ethertype": "IPv4",
            "group_id": "9dfdc5d1-a603-4112-a271-58b0d78da5ae",
            "id": "f2c9d022-fffa-433a-b4c8-c5e2a5220b29",
            "port_range_max": 6000,
            "port_range_min": 5000,
            "project_id": null,
            "protocol": "udp",
            "region_id": null,
            "remote_group_id": null,
            "remote_ip_prefix": "192.168.0.0/16"
          },
          "sensitive_attributes": [],
          "identity_schema_version": 0,
          "dependencies": [
            "gcore_cloud_security_group.test"
          ]
        }
      ]
    }
  ],
  "check_results": null
}
