{
  "version": 4,
  "terraform_version": "1.10.5",
  "serial": 8,
  "lineage": "af4ee2d0-970c-8f02-ed06-f8daffaca848",
  "outputs": {
    "additional_volume_id": {
      "value": "690d07ba-2312-4ccf-8b67-b7d757e04510",
      "type": "string"
    },
    "boot_volume_id": {
      "value": "e42301e3-3206-4f05-b8d4-3a89e0d80292",
      "type": "string"
    },
    "instance_id": {
      "value": "7a419b6f-7de9-42c6-8df7-2dbe4cd95ffa",
      "type": "string"
    }
  },
  "resources": [
    {
      "mode": "managed",
      "type": "gcore_cloud_instance",
      "name": "test",
      "provider": "provider[\"registry.terraform.io/gcore/gcore\"]",
      "instances": [
        {
          "schema_version": 0,
          "attributes": {
            "addresses": {
              "pub_net": [
                {
                  "addr": "45.82.160.106",
                  "interface_name": null,
                  "subnet_id": "e47b6c72-f1d3-44de-bd7a-1bed593cbc29",
                  "subnet_name": "pub_net5",
                  "type": "fixed"
                }
              ]
            },
            "allow_app_ports": null,
            "blackhole_ports": [],
            "configuration": null,
            "created_at": "2025-12-15T08:23:02Z",
            "creator_task_id": "98a7472d-5e46-4dd8-8ab1-d0c4b173ba71",
            "ddos_profile": null,
            "fixed_ip_assignments": null,
            "flavor": "g1-standard-1-2",
            "id": "7a419b6f-7de9-42c6-8df7-2dbe4cd95ffa",
            "instance_description": null,
            "instance_isolation": null,
            "interfaces": [
              {
                "floating_ip": null,
                "interface_name": null,
                "ip_address": "45.82.160.106",
                "ip_family": null,
                "network_id": null,
                "port_id": "9a522e1c-1776-4522-8540-b4cb6d5938f6",
                "security_groups": null,
                "subnet_id": null,
                "type": "external"
              }
            ],
            "name": "test-volume-attach-fix",
            "name_template": null,
            "password": null,
            "project_id": 379987,
            "region": "Luxembourg-2",
            "region_id": 76,
            "security_groups": null,
            "servergroup_id": null,
            "ssh_key_name": null,
            "status": "ACTIVE",
            "tags": null,
            "task_id": null,
            "task_state": null,
            "tasks": null,
            "user_data": null,
            "username": null,
            "vm_state": "active",
            "volumes": [
              {
                "attachment_tag": null,
                "boot_index": 0,
                "volume_id": "e42301e3-3206-4f05-b8d4-3a89e0d80292"
              }
            ]
          },
          "sensitive_attributes": [],
          "dependencies": [
            "gcore_cloud_volume.boot"
          ]
        }
      ]
    },
    {
      "mode": "managed",
      "type": "gcore_cloud_volume",
      "name": "additional",
      "provider": "provider[\"registry.terraform.io/gcore/gcore\"]",
      "instances": [
        {
          "schema_version": 0,
          "attributes": {
            "attachment_tag": null,
            "attachments": [
              {
                "attached_at": "2025-12-15T08:24:11Z",
                "attachment_id": "043313cf-34ac-48e4-84da-de9dfbc03e1c",
                "device": "/dev/sdc",
                "flavor_id": "g1-standard-1-2",
                "instance_name": null,
                "server_id": "7a419b6f-7de9-42c6-8df7-2dbe4cd95ffa",
                "volume_id": "690d07ba-2312-4ccf-8b67-b7d757e04510"
              }
            ],
            "bootable": false,
            "created_at": "2025-12-15T08:22:48Z",
            "creator_task_id": "eadde800-b74c-4833-aceb-0b504d1a042d",
            "id": "690d07ba-2312-4ccf-8b67-b7d757e04510",
            "image_id": null,
            "instance_id_to_attach_to": null,
            "is_root_volume": false,
            "lifecycle_policy_ids": null,
            "limiter_stats": {
              "iops_base_limit": 30,
              "iops_burst_limit": 300,
              "m_bps_base_limit": 10,
              "m_bps_burst_limit": 100
            },
            "name": "test-bug-additional-volume",
            "project_id": 379987,
            "region": "Luxembourg-2",
            "region_id": 76,
            "size": 5,
            "snapshot_id": null,
            "snapshot_ids": [],
            "source": "new-volume",
            "status": "in-use",
            "tags": null,
            "task_id": null,
            "tasks": null,
            "type_name": "standard",
            "updated_at": "2025-12-15T08:24:11Z",
            "volume_image_metadata": null,
            "volume_type": "standard"
          },
          "sensitive_attributes": []
        }
      ]
    },
    {
      "mode": "managed",
      "type": "gcore_cloud_volume",
      "name": "boot",
      "provider": "provider[\"registry.terraform.io/gcore/gcore\"]",
      "instances": [
        {
          "schema_version": 0,
          "attributes": {
            "attachment_tag": null,
            "attachments": [
              {
                "attached_at": "2025-12-15T08:23:07Z",
                "attachment_id": "2d36ecc0-577e-485c-b64b-0053e5ce8eb7",
                "device": "/dev/sda",
                "flavor_id": "g1-standard-1-2",
                "instance_name": null,
                "server_id": "7a419b6f-7de9-42c6-8df7-2dbe4cd95ffa",
                "volume_id": "e42301e3-3206-4f05-b8d4-3a89e0d80292"
              }
            ],
            "bootable": true,
            "created_at": "2025-12-15T08:22:48Z",
            "creator_task_id": "d278e201-a779-4e74-8b41-b897394b6b26",
            "id": "e42301e3-3206-4f05-b8d4-3a89e0d80292",
            "image_id": "6343932d-0257-4285-bf89-05060f24095a",
            "instance_id_to_attach_to": null,
            "is_root_volume": true,
            "lifecycle_policy_ids": null,
            "limiter_stats": {
              "iops_base_limit": 60,
              "iops_burst_limit": 600,
              "m_bps_base_limit": 10,
              "m_bps_burst_limit": 100
            },
            "name": "test-bug-boot-volume",
            "project_id": 379987,
            "region": "Luxembourg-2",
            "region_id": 76,
            "size": 10,
            "snapshot_id": null,
            "snapshot_ids": [],
            "source": "image",
            "status": "in-use",
            "tags": null,
            "task_id": null,
            "tasks": null,
            "type_name": "standard",
            "updated_at": "2025-12-15T08:23:07Z",
            "volume_image_metadata": {
              "architecture": "x86_64",
              "checksum": "f8173c6829404b9429b817b14a4aa14b",
              "container_format": "bare",
              "disk_format": "raw",
              "display_order": "2204",
              "hw_disk_bus": "scsi",
              "hw_machine_type": "q35",
              "hw_qemu_guest_agent": "True",
              "hw_scsi_model": "virtio-scsi",
              "image_id": "6343932d-0257-4285-bf89-05060f24095a",
              "image_name": "ubuntu-22.04-x64",
              "min_disk": "5",
              "min_ram": "0",
              "os_distro": "ubuntu",
              "os_glance_failed_import": "",
              "os_glance_importing_to_stores": "",
              "os_require_quiesce": "True",
              "os_type": "linux",
              "os_version": "22.04",
              "size": "2361393152",
              "ssh_key": "allow"
            },
            "volume_type": "standard"
          },
          "sensitive_attributes": []
        }
      ]
    }
  ],
  "check_results": null
}
