{
  "version": 4,
  "terraform_version": "1.10.5",
  "serial": 5,
  "lineage": "2cc092d6-2718-fb2d-163f-03a2b6f039ca",
  "outputs": {
    "instance_id": {
      "value": "8584bd3a-a83a-44ae-b385-2978bde9054a",
      "type": "string"
    },
    "instance_status": {
      "value": "ACTIVE",
      "type": "string"
    },
    "instance_vm_state": {
      "value": "active",
      "type": "string"
    },
    "interface_ip_address": {
      "value": "192.168.2.110",
      "type": "string"
    },
    "interface_port_id": {
      "value": "1b0c1660-9aed-4012-bf2c-cd1a50eef298",
      "type": "string"
    }
  },
  "resources": [
    {
      "mode": "managed",
      "type": "gcore_cloud_instance",
      "name": "test_any_subnet",
      "provider": "provider[\"registry.terraform.io/gcore/gcore\"]",
      "instances": [
        {
          "schema_version": 0,
          "attributes": {
            "addresses": {
              "test-router-net": [
                {
                  "addr": "192.168.2.110",
                  "interface_name": null,
                  "subnet_id": "4f144cc7-c377-445d-9c23-fa6576f1b945",
                  "subnet_name": "subnet2",
                  "type": "fixed"
                }
              ]
            },
            "allow_app_ports": null,
            "blackhole_ports": [],
            "configuration": null,
            "created_at": "2025-12-05T07:22:05Z",
            "creator_task_id": "2ab6357b-db7e-4979-ae27-fb6a56c3ee85",
            "ddos_profile": null,
            "fixed_ip_assignments": null,
            "flavor": "g1-standard-2-4",
            "id": "8584bd3a-a83a-44ae-b385-2978bde9054a",
            "instance_description": null,
            "instance_isolation": null,
            "interfaces": [
              {
                "floating_ip": null,
                "interface_name": null,
                "ip_address": "192.168.2.110",
                "ip_family": null,
                "network_id": "cd2c62cd-9763-4766-8d36-6066ed92b3e3",
                "port_id": "1b0c1660-9aed-4012-bf2c-cd1a50eef298",
                "security_groups": null,
                "subnet_id": null,
                "type": "any_subnet"
              }
            ],
            "name": "tf-test-instance-any-subnet",
            "name_template": null,
            "password": null,
            "project_id": null,
            "region": "Luxembourg-2",
            "region_id": null,
            "security_groups": null,
            "servergroup_id": null,
            "ssh_key_name": null,
            "status": "ACTIVE",
            "tags": null,
            "task_id": null,
            "task_state": null,
            "tasks": null,
            "user_data": null,
            "username": null,
            "vm_state": "active",
            "volumes": [
              {
                "attachment_tag": null,
                "boot_index": 0,
                "volume_id": "8851eeb2-bae2-43ed-8f26-2770ebf22a89"
              }
            ]
          },
          "sensitive_attributes": [],
          "dependencies": [
            "gcore_cloud_volume.test_boot"
          ]
        }
      ]
    },
    {
      "mode": "managed",
      "type": "gcore_cloud_volume",
      "name": "test_boot",
      "provider": "provider[\"registry.terraform.io/gcore/gcore\"]",
      "instances": [
        {
          "schema_version": 0,
          "attributes": {
            "attachment_tag": null,
            "attachments": [
              {
                "attached_at": "2025-12-05T07:22:10Z",
                "attachment_id": "730d65e7-5424-4f45-a398-fc82f8dcefe7",
                "device": "/dev/sda",
                "flavor_id": "g1-standard-1-2",
                "instance_name": null,
                "server_id": "8584bd3a-a83a-44ae-b385-2978bde9054a",
                "volume_id": "8851eeb2-bae2-43ed-8f26-2770ebf22a89"
              }
            ],
            "bootable": true,
            "created_at": "2025-12-05T07:21:54Z",
            "creator_task_id": "33846910-a90b-4eb0-9f34-dbf848c70195",
            "id": "8851eeb2-bae2-43ed-8f26-2770ebf22a89",
            "image_id": "f84ddba3-7a5a-4199-931a-250e981d16fb",
            "instance_id_to_attach_to": null,
            "is_root_volume": true,
            "lifecycle_policy_ids": null,
            "limiter_stats": {
              "iops_base_limit": 60,
              "iops_burst_limit": 600,
              "m_bps_base_limit": 10,
              "m_bps_burst_limit": 100
            },
            "name": "tf-test-boot-remaining",
            "project_id": null,
            "region": "Luxembourg-2",
            "region_id": null,
            "size": 10,
            "snapshot_id": null,
            "snapshot_ids": [],
            "source": "image",
            "status": "in-use",
            "tags": null,
            "task_id": null,
            "tasks": null,
            "type_name": "standard",
            "updated_at": "2025-12-05T07:22:10Z",
            "volume_image_metadata": {
              "architecture": "x86_64",
              "checksum": "fc17b3059c3a36be8bed00608bff16b5",
              "container_format": "bare",
              "disk_format": "raw",
              "display_order": "2504",
              "hw_disk_bus": "scsi",
              "hw_machine_type": "q35",
              "hw_qemu_guest_agent": "True",
              "hw_scsi_model": "virtio-scsi",
              "image_id": "f84ddba3-7a5a-4199-931a-250e981d16fb",
              "image_name": "ubuntu-25.04-x64",
              "min_disk": "5",
              "min_ram": "0",
              "os_distro": "ubuntu",
              "os_glance_failed_import": "",
              "os_glance_importing_to_stores": "",
              "os_require_quiesce": "True",
              "os_type": "linux",
              "os_version": "25.04",
              "size": "3758096384",
              "ssh_key": "allow"
            },
            "volume_type": "standard"
          },
          "sensitive_attributes": []
        }
      ]
    }
  ],
  "check_results": null
}
