{
  "version": 4,
  "terraform_version": "1.10.5",
  "serial": 4,
  "lineage": "28c623af-dc6d-6e0c-821b-b991c74b0127",
  "outputs": {
    "router_id": {
      "value": "07bdc828-fa7a-4b34-a9a4-fb0907a85cef",
      "type": "string"
    }
  },
  "resources": [
    {
      "mode": "managed",
      "type": "gcore_cloud_network",
      "name": "network",
      "provider": "provider[\"registry.terraform.io/gcore/gcore\"]",
      "instances": [
        {
          "schema_version": 0,
          "attributes": {
            "create_router": true,
            "created_at": "2025-11-05T15:01:34Z",
            "creator_task_id": "514468ea-769d-4763-9f4d-61e663e2544d",
            "default": null,
            "external": false,
            "id": "46c232ff-8023-4cb3-a2ee-5d64492132c0",
            "mtu": 1500,
            "name": "test-router-crud-network",
            "port_security_enabled": true,
            "project_id": 379987,
            "region": "Luxembourg-2",
            "region_id": 76,
            "segmentation_id": 41,
            "shared": false,
            "subnets": [],
            "tags": null,
            "task_id": null,
            "tasks": null,
            "type": "vxlan",
            "updated_at": "2025-11-05T15:01:34Z"
          },
          "sensitive_attributes": []
        }
      ]
    },
    {
      "mode": "managed",
      "type": "gcore_cloud_network_router",
      "name": "router",
      "provider": "provider[\"registry.terraform.io/gcore/gcore\"]",
      "instances": [
        {
          "schema_version": 0,
          "attributes": {
            "created_at": "2025-11-05T15:02:04Z",
            "creator_task_id": "b40cbaf0-3fde-4522-ac8e-bfb8fd339bfb",
            "distributed": false,
            "external_gateway_info": {
              "enable_snat": true,
              "network_id": "4b99f7d1-5d1e-4fdb-8ae1-a4bfb208556c",
              "type": null
            },
            "id": "07bdc828-fa7a-4b34-a9a4-fb0907a85cef",
            "interfaces": [
              {
                "subnet_id": "26c30756-b9a9-474f-9dcd-ff3b7b3ff7c6",
                "type": "subnet"
              }
            ],
            "name": "test-router-crud",
            "project_id": 379987,
            "region": "Luxembourg-2",
            "region_id": 76,
            "routes": [
              {
                "destination": "10.0.5.0/24",
                "nexthop": "192.168.50.1"
              }
            ],
            "status": "ACTIVE",
            "task_id": "",
            "tasks": null,
            "updated_at": "2025-11-05T15:03:51Z"
          },
          "sensitive_attributes": [],
          "dependencies": [
            "gcore_cloud_network.network",
            "gcore_cloud_network_subnet.subnet"
          ]
        }
      ]
    },
    {
      "mode": "managed",
      "type": "gcore_cloud_network_subnet",
      "name": "subnet",
      "provider": "provider[\"registry.terraform.io/gcore/gcore\"]",
      "instances": [
        {
          "schema_version": 0,
          "attributes": {
            "available_ips": 251,
            "cidr": "192.168.50.0/24",
            "connect_to_network_router": true,
            "created_at": "2025-11-05T15:01:49Z",
            "creator_task_id": "f31c8bcc-038a-4fd8-8136-2abb57fdd5f8",
            "dns_nameservers": [
              "8.8.8.8",
              "8.8.4.4"
            ],
            "enable_dhcp": true,
            "gateway_ip": "192.168.50.1",
            "has_router": false,
            "host_routes": [],
            "id": "26c30756-b9a9-474f-9dcd-ff3b7b3ff7c6",
            "ip_version": 4,
            "name": "test-router-crud-subnet",
            "network_id": "46c232ff-8023-4cb3-a2ee-5d64492132c0",
            "project_id": 379987,
            "region": "Luxembourg-2",
            "region_id": 76,
            "router_id_to_connect": null,
            "tags": null,
            "task_id": null,
            "tasks": null,
            "total_ips": 253,
            "updated_at": "2025-11-05T15:01:49Z"
          },
          "sensitive_attributes": [],
          "dependencies": [
            "gcore_cloud_network.network"
          ]
        }
      ]
    }
  ],
  "check_results": null
}
