{
  "version": 4,
  "terraform_version": "1.14.3",
  "serial": 1,
  "lineage": "e61256f4-8345-97e1-7fe8-d89d0d676a20",
  "outputs": {},
  "resources": [
    {
      "mode": "managed",
      "type": "gcore_fastedge_secret",
      "name": "test_secret",
      "provider": "provider[\"registry.terraform.io/gcore/gcore\"]",
      "instances": [
        {
          "schema_version": 0,
          "attributes": {
            "app_count": null,
            "comment": "Test secret for GCLOUD2-23104 - simplified",
            "id": 331,
            "name": "terraform_jira_test_secret_v2",
            "secret_slots": [
              {
                "checksum": "be22cbae9c1585c7b61a92fdb75afd10babd535fb9b317f90ac9a9ca896d02d7",
                "slot": 0,
                "value": null
              }
            ],
            "secret_slots_wo_version": null
          },
          "sensitive_attributes": [
            [
              {
                "type": "get_attr",
                "value": "secret_slots"
              }
            ]
          ],
          "identity_schema_version": 0
        }
      ]
    }
  ],
  "check_results": null
}
