{
  "version": 4,
  "terraform_version": "1.10.5",
  "serial": 39,
  "lineage": "39ea361b-a682-5f22-9909-b15307d0215a",
  "outputs": {
    "instance_flavor": {
      "value": "g1-standard-2-4",
      "type": "string"
    },
    "instance_id": {
      "value": "b634def3-4c2e-42e7-acf8-d0b9341b28cc",
      "type": "string"
    },
    "instance_volumes": {
      "value": [
        {
          "apptemplate_id": null,
          "attachment_tag": null,
          "boot_index": 0,
          "delete_on_termination": false,
          "image_id": "8a59956d-ada3-42c6-aaf3-e2c38ba70f99",
          "name": null,
          "size": 25,
          "snapshot_id": null,
          "source": "image",
          "tags": null,
          "type_name": null,
          "volume_id": "ed6d0098-80b3-4351-85d2-1823ba6ee1d3"
        }
      ],
      "type": [
        "list",
        [
          "object",
          {
            "apptemplate_id": "string",
            "attachment_tag": "string",
            "boot_index": "number",
            "delete_on_termination": "bool",
            "image_id": "string",
            "name": "string",
            "size": "number",
            "snapshot_id": "string",
            "source": "string",
            "tags": [
              "map",
              "string"
            ],
            "type_name": "string",
            "volume_id": "string"
          }
        ]
      ]
    }
  },
  "resources": [
    {
      "mode": "managed",
      "type": "gcore_cloud_instance",
      "name": "test",
      "provider": "provider[\"registry.terraform.io/gcore/gcore\"]",
      "instances": [
        {
          "schema_version": 0,
          "attributes": {
            "addresses": {
              "pub_net": [
                {
                  "addr": null,
                  "interface_name": null,
                  "subnet_id": null,
                  "subnet_name": null,
                  "type": null
                }
              ]
            },
            "allow_app_ports": null,
            "blackhole_ports": [],
            "configuration": null,
            "created_at": "2025-11-14T09:30:18Z",
            "creator_task_id": "913086de-7919-4be2-a31f-b250a6cf130f",
            "ddos_profile": null,
            "fixed_ip_assignments": [
              {
                "external": true,
                "ip_address": "85.204.246.93",
                "subnet_id": "896f3e39-51cb-4f70-b905-a749b642c152"
              }
            ],
            "flavor": "g1-standard-2-4",
            "id": "b634def3-4c2e-42e7-acf8-d0b9341b28cc",
            "instance_description": null,
            "instance_isolation": null,
            "interfaces": [
              {
                "floating_ip": null,
                "interface_name": null,
                "ip_address": null,
                "ip_family": null,
                "network_id": null,
                "port_id": null,
                "security_groups": null,
                "subnet_id": null,
                "type": "external"
              }
            ],
            "name": "test-resize-fix",
            "name_template": null,
            "password": null,
            "project_id": 379987,
            "region": "Luxembourg-2",
            "region_id": 76,
            "security_groups": null,
            "servergroup_id": null,
            "ssh_key_name": null,
            "status": "ACTIVE",
            "tags": null,
            "task_id": null,
            "task_state": null,
            "tasks": null,
            "user_data": null,
            "username": null,
            "vm_state": "active",
            "volumes": [
              {
                "apptemplate_id": null,
                "attachment_tag": null,
                "boot_index": 0,
                "delete_on_termination": false,
                "image_id": "8a59956d-ada3-42c6-aaf3-e2c38ba70f99",
                "name": null,
                "size": 25,
                "snapshot_id": null,
                "source": "image",
                "tags": null,
                "type_name": null,
                "volume_id": "ed6d0098-80b3-4351-85d2-1823ba6ee1d3"
              }
            ]
          },
          "sensitive_attributes": []
        }
      ]
    }
  ],
  "check_results": null
}
