{
  "version": 4,
  "terraform_version": "1.10.5",
  "serial": 6,
  "lineage": "300fbc2a-0b54-24b1-ade4-d164698c5b7d",
  "outputs": {
    "boot_volume_id": {
      "value": "3a2ebae5-66cd-4ca6-805c-a47b417c8081",
      "type": "string"
    },
    "data_volume_id": {
      "value": "8fe52612-d2d0-4f51-9a69-9a41fbb02477",
      "type": "string"
    }
  },
  "resources": [
    {
      "mode": "managed",
      "type": "gcore_cloud_volume",
      "name": "boot",
      "provider": "provider[\"registry.terraform.io/gcore/gcore\"]",
      "instances": [
        {
          "schema_version": 0,
          "attributes": {
            "attachment_tag": null,
            "attachments": [],
            "bootable": true,
            "created_at": "2026-01-06T07:44:17Z",
            "creator_task_id": "55bdcda5-2758-4c65-95a2-878cb4a282ff",
            "id": "3a2ebae5-66cd-4ca6-805c-a47b417c8081",
            "image_id": "8a59956d-ada3-42c6-aaf3-e2c38ba70f99",
            "instance_id_to_attach_to": null,
            "is_root_volume": false,
            "lifecycle_policy_ids": null,
            "limiter_stats": {
              "iops_base_limit": 30,
              "iops_burst_limit": 300,
              "m_bps_base_limit": 10,
              "m_bps_burst_limit": 100
            },
            "name": "boot-vol-drift-test",
            "project_id": 379987,
            "region": "Luxembourg-2",
            "region_id": 76,
            "size": 5,
            "snapshot_id": null,
            "snapshot_ids": [],
            "source": "image",
            "status": "available",
            "tags": null,
            "task_id": null,
            "tasks": null,
            "type_name": "standard",
            "updated_at": "2026-01-06T07:44:18Z",
            "volume_image_metadata": {
              "architecture": "x86_64",
              "checksum": "acd7e4fc3c200015eadf541d06ba448e",
              "container_format": "bare",
              "disk_format": "raw",
              "display_order": "2404",
              "hw_disk_bus": "scsi",
              "hw_machine_type": "q35",
              "hw_qemu_guest_agent": "True",
              "hw_scsi_model": "virtio-scsi",
              "image_id": "8a59956d-ada3-42c6-aaf3-e2c38ba70f99",
              "image_name": "ubuntu-24.04-x64",
              "min_disk": "5",
              "min_ram": "0",
              "os_distro": "ubuntu",
              "os_glance_failed_import": "",
              "os_glance_importing_to_stores": "",
              "os_require_quiesce": "True",
              "os_type": "linux",
              "os_version": "24.04",
              "size": "3758096384",
              "ssh_key": "allow"
            },
            "volume_type": "standard"
          },
          "sensitive_attributes": []
        }
      ]
    },
    {
      "mode": "managed",
      "type": "gcore_cloud_volume",
      "name": "data",
      "provider": "provider[\"registry.terraform.io/gcore/gcore\"]",
      "instances": [
        {
          "schema_version": 0,
          "attributes": {
            "attachment_tag": null,
            "attachments": [],
            "bootable": false,
            "created_at": "2026-01-06T07:42:02Z",
            "creator_task_id": "be18a8ec-409d-46ee-af29-5da2749efcab",
            "id": "8fe52612-d2d0-4f51-9a69-9a41fbb02477",
            "image_id": null,
            "instance_id_to_attach_to": null,
            "is_root_volume": false,
            "lifecycle_policy_ids": null,
            "limiter_stats": {
              "iops_base_limit": 30,
              "iops_burst_limit": 300,
              "m_bps_base_limit": 10,
              "m_bps_burst_limit": 100
            },
            "name": "data-vol-drift-test",
            "project_id": 379987,
            "region": "Luxembourg-2",
            "region_id": 76,
            "size": 5,
            "snapshot_id": null,
            "snapshot_ids": [],
            "source": "new-volume",
            "status": "available",
            "tags": null,
            "task_id": null,
            "tasks": null,
            "type_name": "standard",
            "updated_at": "2026-01-06T07:42:02Z",
            "volume_image_metadata": null,
            "volume_type": "standard"
          },
          "sensitive_attributes": []
        }
      ]
    }
  ],
  "check_results": null
}
