{
  "version": 4,
  "terraform_version": "1.14.3",
  "serial": 3,
  "lineage": "e954cd48-b52b-64d1-29c1-8bc04537cb30",
  "outputs": {
    "binary_api_type": {
      "value": "wasi-http",
      "type": "string"
    },
    "binary_checksum": {
      "value": "34524214b83ffe9ccf98bf5601003057",
      "type": "string"
    },
    "binary_id": {
      "value": 3069,
      "type": "number"
    },
    "binary_source": {
      "value": 1,
      "type": "number"
    },
    "binary_status": {
      "value": 1,
      "type": "number"
    },
    "binary_unref_since": {
      "value": "2026-02-10T08:32:37Z",
      "type": "string"
    },
    "datasource_api_type": {
      "value": "wasi-http",
      "type": "string"
    },
    "datasource_checksum": {
      "value": "34524214b83ffe9ccf98bf5601003057",
      "type": "string"
    }
  },
  "resources": [
    {
      "mode": "data",
      "type": "gcore_fastedge_binary",
      "name": "test",
      "provider": "provider[\"registry.terraform.io/gcore/gcore\"]",
      "instances": [
        {
          "index_key": 0,
          "schema_version": 0,
          "attributes": {
            "api_type": "wasi-http",
            "checksum": "34524214b83ffe9ccf98bf5601003057",
            "id": 3069,
            "source": 1,
            "status": 1,
            "unref_since": "2026-02-10T08:32:37Z"
          },
          "sensitive_attributes": [],
          "identity_schema_version": 0
        }
      ]
    },
    {
      "mode": "managed",
      "type": "gcore_fastedge_binary",
      "name": "test",
      "provider": "provider[\"registry.terraform.io/gcore/gcore\"]",
      "instances": [
        {
          "schema_version": 0,
          "attributes": {
            "api_type": "wasi-http",
            "checksum": "34524214b83ffe9ccf98bf5601003057",
            "filename": "./minimal.wasm",
            "id": 3069,
            "source": 1,
            "status": 1,
            "unref_since": "2026-02-10T08:32:37Z"
          },
          "sensitive_attributes": [],
          "identity_schema_version": 0
        }
      ]
    }
  ],
  "check_results": null
}
