{
  "version": 4,
  "terraform_version": "1.10.5",
  "serial": 4,
  "lineage": "967c4bd3-e8c4-f5a3-c726-3a8a3599839d",
  "outputs": {
    "subnet2_gateway": {
      "value": "192.168.2.1",
      "type": "string"
    }
  },
  "resources": [
    {
      "mode": "managed",
      "type": "gcore_cloud_network",
      "name": "test",
      "provider": "provider[\"registry.terraform.io/gcore/gcore\"]",
      "instances": [
        {
          "schema_version": 0,
          "attributes": {
            "create_router": true,
            "created_at": "2025-11-21T05:00:01Z",
            "creator_task_id": "e61dbe4b-97b9-4ba9-90b3-daaeffcebbae",
            "default": null,
            "external": false,
            "id": "97db1b49-3873-448e-876f-b8e20bbff416",
            "mtu": 1500,
            "name": "test-add-route-iface-net",
            "port_security_enabled": true,
            "project_id": 379987,
            "region": "Luxembourg-2",
            "region_id": 76,
            "segmentation_id": 773,
            "shared": false,
            "subnets": [],
            "tags": null,
            "task_id": null,
            "tasks": null,
            "type": "vxlan",
            "updated_at": "2025-11-21T05:00:02Z"
          },
          "sensitive_attributes": []
        }
      ]
    },
    {
      "mode": "managed",
      "type": "gcore_cloud_network_subnet",
      "name": "subnet2",
      "provider": "provider[\"registry.terraform.io/gcore/gcore\"]",
      "instances": [
        {
          "schema_version": 0,
          "attributes": {
            "available_ips": 251,
            "cidr": "192.168.2.0/24",
            "connect_to_network_router": true,
            "created_at": "2025-11-21T05:00:28Z",
            "creator_task_id": "249cc2e8-570e-4184-8dce-cf972d424b12",
            "dns_nameservers": [
              "8.8.8.8",
              "8.8.4.4"
            ],
            "enable_dhcp": true,
            "gateway_ip": "192.168.2.1",
            "has_router": false,
            "host_routes": [],
            "id": "3a427d77-974c-4b47-ad54-d6231e10c22e",
            "ip_version": 4,
            "name": "subnet2",
            "network_id": "97db1b49-3873-448e-876f-b8e20bbff416",
            "project_id": 379987,
            "region": "Luxembourg-2",
            "region_id": 76,
            "router_id_to_connect": null,
            "tags": null,
            "task_id": null,
            "tasks": null,
            "total_ips": 253,
            "updated_at": "2025-11-21T05:00:28Z"
          },
          "sensitive_attributes": [],
          "dependencies": [
            "gcore_cloud_network.test"
          ]
        }
      ]
    }
  ],
  "check_results": null
}
