{
  "version": 4,
  "terraform_version": "1.10.5",
  "serial": 38,
  "lineage": "1e7e4dbb-f24a-8632-2a3b-655be9005466",
  "outputs": {
    "network_id": {
      "value": "44411d56-cf05-46b1-9bfc-21c004d4da22",
      "type": "string"
    },
    "router_id": {
      "value": "0a921d8f-fe8b-42d2-a936-9587dfeb1973",
      "type": "string"
    },
    "router_status": {
      "value": "ACTIVE",
      "type": "string"
    },
    "subnet_id": {
      "value": "56637c7d-fcf7-4aba-91c7-34655f3c4d71",
      "type": "string"
    }
  },
  "resources": [
    {
      "mode": "managed",
      "type": "gcore_cloud_network",
      "name": "test",
      "provider": "provider[\"registry.terraform.io/gcore/gcore\"]",
      "instances": [
        {
          "schema_version": 0,
          "attributes": {
            "create_router": true,
            "created_at": "2025-11-20T10:04:12Z",
            "creator_task_id": "bc2b3ce9-f3ea-46d2-a853-5065059968a6",
            "default": null,
            "external": false,
            "id": "44411d56-cf05-46b1-9bfc-21c004d4da22",
            "mtu": 1500,
            "name": "pedro-test-network",
            "port_security_enabled": true,
            "project_id": 379987,
            "region": "Luxembourg-2",
            "region_id": 76,
            "segmentation_id": 274,
            "shared": false,
            "subnets": [
              "56637c7d-fcf7-4aba-91c7-34655f3c4d71"
            ],
            "tags": null,
            "task_id": null,
            "tasks": null,
            "type": "vxlan",
            "updated_at": "2025-11-20T10:04:28Z"
          },
          "sensitive_attributes": []
        }
      ]
    },
    {
      "mode": "managed",
      "type": "gcore_cloud_network_router",
      "name": "test",
      "provider": "provider[\"registry.terraform.io/gcore/gcore\"]",
      "instances": [
        {
          "schema_version": 0,
          "attributes": {
            "created_at": "2025-11-20T10:04:57Z",
            "creator_task_id": "57a8d933-6e6c-43e1-916a-7e1dfed38c00",
            "distributed": false,
            "external_gateway_info": {
              "enable_snat": false,
              "network_id": "4b99f7d1-5d1e-4fdb-8ae1-a4bfb208556c",
              "type": null
            },
            "id": "0a921d8f-fe8b-42d2-a936-9587dfeb1973",
            "interfaces": [
              {
                "subnet_id": "56637c7d-fcf7-4aba-91c7-34655f3c4d71",
                "type": "subnet"
              }
            ],
            "name": "pedro-test-routes-serialization",
            "project_id": 379987,
            "region": "Luxembourg-2",
            "region_id": 76,
            "routes": [
              {
                "destination": "10.0.1.0/24",
                "nexthop": "192.168.1.10"
              },
              {
                "destination": "10.0.2.0/24",
                "nexthop": "192.168.1.10"
              },
              {
                "destination": "10.0.3.0/24",
                "nexthop": "192.168.1.10"
              }
            ],
            "status": "ACTIVE",
            "task_id": null,
            "tasks": null,
            "updated_at": "2025-11-20T10:20:01Z"
          },
          "sensitive_attributes": [],
          "dependencies": [
            "gcore_cloud_network.test",
            "gcore_cloud_network_subnet.test"
          ]
        }
      ]
    },
    {
      "mode": "managed",
      "type": "gcore_cloud_network_subnet",
      "name": "test",
      "provider": "provider[\"registry.terraform.io/gcore/gcore\"]",
      "instances": [
        {
          "schema_version": 0,
          "attributes": {
            "available_ips": 251,
            "cidr": "192.168.1.0/24",
            "connect_to_network_router": false,
            "created_at": "2025-11-20T10:04:28Z",
            "creator_task_id": "025efecb-e9f3-4bb5-b2fa-8f74b532f3d1",
            "dns_nameservers": [
              "8.8.8.8",
              "8.8.4.4"
            ],
            "enable_dhcp": true,
            "gateway_ip": "192.168.1.1",
            "has_router": false,
            "host_routes": [],
            "id": "56637c7d-fcf7-4aba-91c7-34655f3c4d71",
            "ip_version": 4,
            "name": "pedro-test-subnet",
            "network_id": "44411d56-cf05-46b1-9bfc-21c004d4da22",
            "project_id": 379987,
            "region": "Luxembourg-2",
            "region_id": 76,
            "router_id_to_connect": null,
            "tags": null,
            "task_id": null,
            "tasks": null,
            "total_ips": 253,
            "updated_at": "2025-11-20T10:04:28Z"
          },
          "sensitive_attributes": [],
          "dependencies": [
            "gcore_cloud_network.test"
          ]
        }
      ]
    }
  ],
  "check_results": null
}
