{
  "version": 4,
  "terraform_version": "1.10.5",
  "serial": 12,
  "lineage": "98cdf3ef-9c08-8b8a-20c2-c8775be62b09",
  "outputs": {
    "records_summary": {
      "value": {
        "a": {
          "id": 143278075,
          "name": "tf-test-comprehensive-a.maxima.lt",
          "type": "A"
        },
        "aaaa": {
          "id": 143278074,
          "name": "tf-test-comprehensive-aaaa.maxima.lt",
          "type": "AAAA"
        },
        "cname": {
          "id": 143278078,
          "name": "tf-test-comprehensive-cname.maxima.lt",
          "type": "CNAME"
        },
        "mx": {
          "id": 143278231,
          "name": "tf-test-comprehensive-mx.maxima.lt",
          "type": "MX"
        },
        "txt": {
          "id": 143278077,
          "name": "tf-test-comprehensive-txt.maxima.lt",
          "type": "TXT"
        }
      },
      "type": [
        "object",
        {
          "a": [
            "object",
            {
              "id": "number",
              "name": "string",
              "type": "string"
            }
          ],
          "aaaa": [
            "object",
            {
              "id": "number",
              "name": "string",
              "type": "string"
            }
          ],
          "cname": [
            "object",
            {
              "id": "number",
              "name": "string",
              "type": "string"
            }
          ],
          "mx": [
            "object",
            {
              "id": "number",
              "name": "string",
              "type": "string"
            }
          ],
          "txt": [
            "object",
            {
              "id": "number",
              "name": "string",
              "type": "string"
            }
          ]
        }
      ]
    }
  },
  "resources": [
    {
      "mode": "managed",
      "type": "gcore_dns_zone_rrset",
      "name": "test_a",
      "provider": "provider[\"registry.terraform.io/gcore/gcore\"]",
      "instances": [
        {
          "schema_version": 0,
          "attributes": {
            "filter_set_id": null,
            "meta": null,
            "name": "tf-test-comprehensive-a.maxima.lt",
            "pickers": null,
            "resource_records": [
              {
                "content": [
                  "\"192.168.1.100\""
                ],
                "enabled": true,
                "id": 143278075,
                "meta": null
              }
            ],
            "rrset_name": "tf-test-comprehensive-a.maxima.lt",
            "rrset_type": "A",
            "ttl": 600,
            "type": "A",
            "warning": null,
            "warnings": null,
            "zone_name": "maxima.lt"
          },
          "sensitive_attributes": []
        }
      ]
    },
    {
      "mode": "managed",
      "type": "gcore_dns_zone_rrset",
      "name": "test_aaaa",
      "provider": "provider[\"registry.terraform.io/gcore/gcore\"]",
      "instances": [
        {
          "schema_version": 0,
          "attributes": {
            "filter_set_id": null,
            "meta": null,
            "name": "tf-test-comprehensive-aaaa.maxima.lt",
            "pickers": null,
            "resource_records": [
              {
                "content": [
                  "\"2001:db8::1\""
                ],
                "enabled": true,
                "id": 143278074,
                "meta": null
              }
            ],
            "rrset_name": "tf-test-comprehensive-aaaa.maxima.lt",
            "rrset_type": "AAAA",
            "ttl": 600,
            "type": "AAAA",
            "warning": null,
            "warnings": null,
            "zone_name": "maxima.lt"
          },
          "sensitive_attributes": []
        }
      ]
    },
    {
      "mode": "managed",
      "type": "gcore_dns_zone_rrset",
      "name": "test_cname",
      "provider": "provider[\"registry.terraform.io/gcore/gcore\"]",
      "instances": [
        {
          "schema_version": 0,
          "attributes": {
            "filter_set_id": null,
            "meta": null,
            "name": "tf-test-comprehensive-cname.maxima.lt",
            "pickers": null,
            "resource_records": [
              {
                "content": [
                  "\"maxima.lt.\""
                ],
                "enabled": true,
                "id": 143278078,
                "meta": null
              }
            ],
            "rrset_name": "tf-test-comprehensive-cname.maxima.lt",
            "rrset_type": "CNAME",
            "ttl": 600,
            "type": "CNAME",
            "warning": null,
            "warnings": null,
            "zone_name": "maxima.lt"
          },
          "sensitive_attributes": []
        }
      ]
    },
    {
      "mode": "managed",
      "type": "gcore_dns_zone_rrset",
      "name": "test_mx",
      "provider": "provider[\"registry.terraform.io/gcore/gcore\"]",
      "instances": [
        {
          "schema_version": 0,
          "attributes": {
            "filter_set_id": null,
            "meta": null,
            "name": "tf-test-comprehensive-mx.maxima.lt",
            "pickers": null,
            "resource_records": [
              {
                "content": [
                  "10",
                  "\"mail.maxima.lt.\""
                ],
                "enabled": true,
                "id": 143278231,
                "meta": null
              }
            ],
            "rrset_name": "tf-test-comprehensive-mx.maxima.lt",
            "rrset_type": "MX",
            "ttl": 600,
            "type": "MX",
            "warning": null,
            "warnings": null,
            "zone_name": "maxima.lt"
          },
          "sensitive_attributes": []
        }
      ]
    },
    {
      "mode": "managed",
      "type": "gcore_dns_zone_rrset",
      "name": "test_txt",
      "provider": "provider[\"registry.terraform.io/gcore/gcore\"]",
      "instances": [
        {
          "schema_version": 0,
          "attributes": {
            "filter_set_id": null,
            "meta": null,
            "name": "tf-test-comprehensive-txt.maxima.lt",
            "pickers": null,
            "resource_records": [
              {
                "content": [
                  "\"v=spf1 include:_spf.google.com ~all\""
                ],
                "enabled": true,
                "id": 143278077,
                "meta": null
              }
            ],
            "rrset_name": "tf-test-comprehensive-txt.maxima.lt",
            "rrset_type": "TXT",
            "ttl": 600,
            "type": "TXT",
            "warning": null,
            "warnings": null,
            "zone_name": "maxima.lt"
          },
          "sensitive_attributes": []
        }
      ]
    }
  ],
  "check_results": null
}
