{
  "version": 4,
  "terraform_version": "1.10.5",
  "serial": 4,
  "lineage": "be7bd1d3-d75b-d02c-092b-fd11c403fe7f",
  "outputs": {
    "router_id": {
      "value": "34d3ee1c-eddb-4a3d-9e3f-99d90361ed66",
      "type": "string"
    }
  },
  "resources": [
    {
      "mode": "managed",
      "type": "gcore_cloud_network",
      "name": "network",
      "provider": "provider[\"registry.terraform.io/gcore/gcore\"]",
      "instances": [
        {
          "schema_version": 0,
          "attributes": {
            "create_router": true,
            "created_at": "2025-11-05T15:04:18Z",
            "creator_task_id": "101c3403-74c8-4adf-af4d-0dfc059f4366",
            "default": null,
            "external": false,
            "id": "3ddbb880-221a-42b3-a676-e344acf09ed0",
            "mtu": 1500,
            "name": "test-router-forcenew-network",
            "port_security_enabled": true,
            "project_id": 379987,
            "region": "Luxembourg-2",
            "region_id": 76,
            "segmentation_id": 586,
            "shared": false,
            "subnets": [],
            "tags": null,
            "task_id": null,
            "tasks": null,
            "type": "vxlan",
            "updated_at": "2025-11-05T15:04:18Z"
          },
          "sensitive_attributes": []
        }
      ]
    },
    {
      "mode": "managed",
      "type": "gcore_cloud_network_router",
      "name": "router",
      "provider": "provider[\"registry.terraform.io/gcore/gcore\"]",
      "instances": [
        {
          "schema_version": 0,
          "attributes": {
            "created_at": "2025-11-05T15:04:48Z",
            "creator_task_id": "3d050a73-48c0-4bf2-84fd-1c8dc71761cb",
            "distributed": false,
            "external_gateway_info": {
              "enable_snat": true,
              "network_id": "4b99f7d1-5d1e-4fdb-8ae1-a4bfb208556c",
              "type": null
            },
            "id": "34d3ee1c-eddb-4a3d-9e3f-99d90361ed66",
            "interfaces": [
              {
                "subnet_id": "800b156e-9b2e-4daf-af0a-7260497dfdf6",
                "type": "subnet"
              }
            ],
            "name": "test-router-forcenew",
            "project_id": 379987,
            "region": "Luxembourg-2",
            "region_id": 76,
            "routes": [],
            "status": "ACTIVE",
            "task_id": "",
            "tasks": null,
            "updated_at": "2025-11-05T15:06:31Z"
          },
          "sensitive_attributes": [],
          "dependencies": [
            "gcore_cloud_network.network",
            "gcore_cloud_network_subnet.subnet"
          ]
        }
      ]
    },
    {
      "mode": "managed",
      "type": "gcore_cloud_network_subnet",
      "name": "subnet",
      "provider": "provider[\"registry.terraform.io/gcore/gcore\"]",
      "instances": [
        {
          "schema_version": 0,
          "attributes": {
            "available_ips": 251,
            "cidr": "192.168.60.0/24",
            "connect_to_network_router": true,
            "created_at": "2025-11-05T15:04:34Z",
            "creator_task_id": "bc94537c-f3c0-4db2-ae19-9a4d1e5c56cf",
            "dns_nameservers": [
              "8.8.8.8",
              "8.8.4.4"
            ],
            "enable_dhcp": true,
            "gateway_ip": "192.168.60.1",
            "has_router": false,
            "host_routes": [],
            "id": "800b156e-9b2e-4daf-af0a-7260497dfdf6",
            "ip_version": 4,
            "name": "test-router-forcenew-subnet",
            "network_id": "3ddbb880-221a-42b3-a676-e344acf09ed0",
            "project_id": 379987,
            "region": "Luxembourg-2",
            "region_id": 76,
            "router_id_to_connect": null,
            "tags": null,
            "task_id": null,
            "tasks": null,
            "total_ips": 253,
            "updated_at": "2025-11-05T15:04:34Z"
          },
          "sensitive_attributes": [],
          "dependencies": [
            "gcore_cloud_network.network"
          ]
        }
      ]
    }
  ],
  "check_results": null
}
