{
  "version": 4,
  "terraform_version": "1.14.3",
  "serial": 11,
  "lineage": "97052baf-48ac-65f8-5244-88c666e8d356",
  "outputs": {},
  "resources": [
    {
      "mode": "managed",
      "type": "gcore_dns_zone",
      "name": "test",
      "provider": "provider[\"registry.terraform.io/gcore/gcore\"]",
      "instances": [
        {
          "schema_version": 0,
          "attributes": {
            "contact": "support@gcore.com",
            "dnssec_enabled": false,
            "enabled": true,
            "expiry": 1209600,
            "id": "tf-meta-test-20260218.com",
            "meta": {
              "webhook": "https://updated-example.com/webhook-v3",
              "webhook_method": "PATCH"
            },
            "name": "tf-meta-test-20260218.com",
            "nx_ttl": 300,
            "primary_server": "ns1.gcorelabs.net",
            "records": [
              {
                "name": "tf-meta-test-20260218.com",
                "short_answers": [
                  "ns1.gcorelabs.net",
                  "ns2.gcdn.services"
                ],
                "ttl": 3600,
                "type": "NS"
              },
              {
                "name": "www.tf-meta-test-20260218.com",
                "short_answers": [
                  "10.0.0.1",
                  "192.168.1.1"
                ],
                "ttl": 600,
                "type": "A"
              }
            ],
            "refresh": 5400,
            "retry": 3600,
            "rrsets_amount": {
              "dynamic": {
                "healthcheck": 0,
                "total": 0
              },
              "static": 2,
              "total": 2
            },
            "serial": 1771407985,
            "status": "non-delegated",
            "warnings": null
          },
          "sensitive_attributes": [],
          "identity_schema_version": 0
        }
      ]
    },
    {
      "mode": "managed",
      "type": "gcore_dns_zone_rrset",
      "name": "test_a",
      "provider": "provider[\"registry.terraform.io/gcore/gcore\"]",
      "instances": [
        {
          "schema_version": 0,
          "attributes": {
            "filter_set_id": null,
            "meta": null,
            "name": "www.tf-meta-test-20260218.com",
            "pickers": null,
            "resource_records": [
              {
                "content": [
                  "\"192.168.1.1\""
                ],
                "enabled": true,
                "id": 226950035,
                "meta": {
                  "asn": "[12345]",
                  "ip": "[\"192.168.1.0/24\"]",
                  "latlong": "[51.5,31.5]"
                }
              },
              {
                "content": [
                  "\"10.0.0.1\""
                ],
                "enabled": true,
                "id": 226953040,
                "meta": {
                  "asn": "[67890]",
                  "latlong": "[40.0,20.0]"
                }
              }
            ],
            "rrset_name": "www.tf-meta-test-20260218.com.",
            "rrset_type": "A",
            "ttl": 600,
            "type": "A",
            "warning": null,
            "warnings": null,
            "zone_name": "tf-meta-test-20260218.com"
          },
          "sensitive_attributes": [],
          "identity_schema_version": 0,
          "dependencies": [
            "gcore_dns_zone.test"
          ]
        }
      ]
    }
  ],
  "check_results": null
}
