{
  "version": 4,
  "terraform_version": "1.10.5",
  "serial": 1,
  "lineage": "cb026c79-89b4-a265-4bcd-97d7872b1814",
  "outputs": {
    "created_image_id": {
      "value": "e987c195-5475-4fe4-b156-de9bc50d7629",
      "type": "string"
    },
    "created_image_name": {
      "value": "image-luxembourg-2-test",
      "type": "string"
    },
    "created_image_status": {
      "value": "active",
      "type": "string"
    }
  },
  "resources": [
    {
      "mode": "managed",
      "type": "gcore_cloud_gpu_virtual_cluster_image",
      "name": "test_image",
      "provider": "provider[\"registry.terraform.io/gcore/gcore\"]",
      "instances": [
        {
          "schema_version": 0,
          "attributes": {
            "architecture": "x86_64",
            "cow_format": null,
            "created_at": "2025-12-10T10:23:14Z",
            "gpu_driver": "nvidia",
            "gpu_driver_type": null,
            "gpu_driver_version": null,
            "hw_firmware_type": null,
            "id": "e987c195-5475-4fe4-b156-de9bc50d7629",
            "min_disk": 1,
            "min_ram": 0,
            "name": "image-luxembourg-2-test",
            "os_distro": "",
            "os_type": "linux",
            "os_version": "",
            "project_id": 6,
            "region_id": 76,
            "size": 12716032,
            "ssh_key": "allow",
            "status": "active",
            "tags": null,
            "updated_at": "2025-12-10T10:23:19Z",
            "url": null,
            "visibility": "shared"
          },
          "sensitive_attributes": []
        }
      ]
    }
  ],
  "check_results": null
}
