{
  "version": 4,
  "terraform_version": "1.10.5",
  "serial": 9,
  "lineage": "7c3cd757-997f-2fef-c7eb-b4a791d96702",
  "outputs": {
    "boot_volume_boot_index": {
      "value": 0,
      "type": "number"
    },
    "boot_volume_id": {
      "value": "0834f9fb-1fb3-4d11-b1d8-74622f0ca032",
      "type": "string"
    },
    "instance_addresses": {
      "value": {
        "pub_net": [
          {
            "addr": "109.61.125.241",
            "interface_name": null,
            "subnet_id": "b4c6e91a-9eb9-4c59-ad57-00124eceda00",
            "subnet_name": "pub_net11",
            "type": "fixed"
          }
        ]
      },
      "type": [
        "map",
        [
          "list",
          [
            "object",
            {
              "addr": "string",
              "interface_name": "string",
              "subnet_id": "string",
              "subnet_name": "string",
              "type": "string"
            }
          ]
        ]
      ]
    },
    "instance_flavor": {
      "value": "g1-standard-1-2",
      "type": "string"
    },
    "instance_id": {
      "value": "86973cc4-a805-4ab4-a177-d68d0622a765",
      "type": "string"
    },
    "instance_interfaces": {
      "value": [
        {
          "floating_ip": null,
          "interface_name": null,
          "ip_address": "109.61.125.241",
          "ip_family": null,
          "network_id": null,
          "port_id": "95113522-8fa2-4403-9564-4cb9674d8384",
          "security_groups": null,
          "subnet_id": null,
          "type": "external"
        }
      ],
      "type": [
        "list",
        [
          "object",
          {
            "floating_ip": [
              "object",
              {
                "existing_floating_id": "string",
                "source": "string"
              }
            ],
            "interface_name": "string",
            "ip_address": "string",
            "ip_family": "string",
            "network_id": "string",
            "port_id": "string",
            "security_groups": [
              "list",
              [
                "object",
                {
                  "id": "string"
                }
              ]
            ],
            "subnet_id": "string",
            "type": "string"
          }
        ]
      ]
    },
    "instance_status": {
      "value": "ACTIVE",
      "type": "string"
    },
    "instance_vm_state": {
      "value": "active",
      "type": "string"
    },
    "volume_size": {
      "value": 10,
      "type": "number"
    }
  },
  "resources": [
    {
      "mode": "managed",
      "type": "gcore_cloud_instance",
      "name": "test",
      "provider": "provider[\"registry.terraform.io/gcore/gcore\"]",
      "instances": [
        {
          "schema_version": 0,
          "attributes": {
            "addresses": {
              "pub_net": [
                {
                  "addr": "109.61.125.241",
                  "interface_name": null,
                  "subnet_id": "b4c6e91a-9eb9-4c59-ad57-00124eceda00",
                  "subnet_name": "pub_net11",
                  "type": "fixed"
                }
              ]
            },
            "allow_app_ports": null,
            "blackhole_ports": [],
            "configuration": null,
            "created_at": "2026-01-13T09:30:22Z",
            "creator_task_id": "7bee887c-6998-478b-add3-c2e47a9d6cb9",
            "ddos_profile": null,
            "fixed_ip_assignments": null,
            "flavor": "g1-standard-1-2",
            "id": "86973cc4-a805-4ab4-a177-d68d0622a765",
            "instance_description": null,
            "instance_isolation": null,
            "interfaces": [
              {
                "floating_ip": null,
                "interface_name": null,
                "ip_address": "109.61.125.241",
                "ip_family": null,
                "network_id": null,
                "port_id": "95113522-8fa2-4403-9564-4cb9674d8384",
                "security_groups": null,
                "subnet_id": null,
                "type": "external"
              }
            ],
            "name": "pr35-comprehensive-test",
            "name_template": null,
            "password": null,
            "project_id": 379987,
            "region": "Luxembourg-2",
            "region_id": 76,
            "security_groups": null,
            "servergroup_id": null,
            "ssh_key_name": null,
            "status": "ACTIVE",
            "tags": null,
            "task_id": null,
            "task_state": null,
            "user_data": null,
            "username": null,
            "vm_state": "active",
            "volumes": [
              {
                "attachment_tag": null,
                "boot_index": 0,
                "volume_id": "0834f9fb-1fb3-4d11-b1d8-74622f0ca032"
              }
            ]
          },
          "sensitive_attributes": [],
          "dependencies": [
            "gcore_cloud_volume.boot"
          ]
        }
      ]
    },
    {
      "mode": "managed",
      "type": "gcore_cloud_volume",
      "name": "boot",
      "provider": "provider[\"registry.terraform.io/gcore/gcore\"]",
      "instances": [
        {
          "schema_version": 0,
          "attributes": {
            "attachment_tag": null,
            "attachments": [
              {
                "attached_at": "2026-01-13T09:32:10Z",
                "attachment_id": "c690a66d-384b-4cb8-87e3-2d02174301db",
                "device": "/dev/sda",
                "flavor_id": "g1-standard-2-4",
                "instance_name": null,
                "server_id": "86973cc4-a805-4ab4-a177-d68d0622a765",
                "volume_id": "0834f9fb-1fb3-4d11-b1d8-74622f0ca032"
              }
            ],
            "bootable": true,
            "created_at": "2026-01-13T09:30:08Z",
            "creator_task_id": "5b53cdf0-b757-446b-bfed-9916a5fcb46a",
            "id": "0834f9fb-1fb3-4d11-b1d8-74622f0ca032",
            "image_id": "6343932d-0257-4285-bf89-05060f24095a",
            "instance_id_to_attach_to": null,
            "is_root_volume": true,
            "lifecycle_policy_ids": null,
            "limiter_stats": {
              "iops_base_limit": 60,
              "iops_burst_limit": 600,
              "m_bps_base_limit": 10,
              "m_bps_burst_limit": 100
            },
            "name": "pr35-comprehensive-test-boot",
            "project_id": 379987,
            "region": "Luxembourg-2",
            "region_id": 76,
            "size": 10,
            "snapshot_id": null,
            "snapshot_ids": [],
            "source": "image",
            "status": "in-use",
            "tags": null,
            "task_id": null,
            "tasks": null,
            "type_name": "standard",
            "updated_at": "2026-01-13T09:36:34Z",
            "volume_image_metadata": {
              "architecture": "x86_64",
              "checksum": "f8173c6829404b9429b817b14a4aa14b",
              "container_format": "bare",
              "disk_format": "raw",
              "display_order": "2204",
              "hw_disk_bus": "scsi",
              "hw_machine_type": "q35",
              "hw_qemu_guest_agent": "True",
              "hw_scsi_model": "virtio-scsi",
              "image_id": "6343932d-0257-4285-bf89-05060f24095a",
              "image_name": "ubuntu-22.04-x64",
              "min_disk": "5",
              "min_ram": "0",
              "os_distro": "ubuntu",
              "os_glance_failed_import": "",
              "os_glance_importing_to_stores": "",
              "os_require_quiesce": "True",
              "os_type": "linux",
              "os_version": "22.04",
              "size": "2361393152",
              "ssh_key": "allow"
            },
            "volume_type": "standard"
          },
          "sensitive_attributes": []
        }
      ]
    }
  ],
  "check_results": null
}
