{
  "version": 4,
  "terraform_version": "1.14.3",
  "serial": 10,
  "lineage": "16c6d5f6-68e1-ce89-aafe-b64e90d031f8",
  "outputs": {
    "ds_automated": {
      "value": true,
      "type": "bool"
    },
    "ds_id": {
      "value": 280594,
      "type": "number"
    },
    "ds_name": {
      "value": "tf-test-cdn-cert-gcloud2-22626-v2",
      "type": "string"
    },
    "resource_automated": {
      "value": true,
      "type": "bool"
    },
    "resource_deleted": {
      "value": false,
      "type": "bool"
    },
    "resource_has_related_resources": {
      "value": false,
      "type": "bool"
    },
    "resource_id": {
      "value": 280594,
      "type": "number"
    },
    "resource_name": {
      "value": "tf-test-cdn-cert-gcloud2-22626-v2",
      "type": "string"
    },
    "resource_ssl_id": {
      "value": 280594,
      "type": "number"
    },
    "resource_validate_root_ca": {
      "value": false,
      "type": "bool"
    }
  },
  "resources": [
    {
      "mode": "data",
      "type": "gcore_cdn_certificate",
      "name": "test",
      "provider": "provider[\"registry.terraform.io/gcore/gcore\"]",
      "instances": [
        {
          "schema_version": 0,
          "attributes": {
            "automated": true,
            "cert_issuer": null,
            "cert_subject_alt": null,
            "cert_subject_cn": null,
            "deleted": false,
            "has_related_resources": false,
            "id": 280594,
            "name": "tf-test-cdn-cert-gcloud2-22626-v2",
            "ssl_certificate_chain": null,
            "ssl_id": 280594,
            "validity_not_after": null,
            "validity_not_before": null
          },
          "sensitive_attributes": [],
          "identity_schema_version": 0
        }
      ]
    },
    {
      "mode": "managed",
      "type": "gcore_cdn_certificate",
      "name": "test",
      "provider": "provider[\"registry.terraform.io/gcore/gcore\"]",
      "instances": [
        {
          "schema_version": 0,
          "attributes": {
            "automated": true,
            "cert_issuer": null,
            "cert_subject_alt": null,
            "cert_subject_cn": null,
            "deleted": false,
            "has_related_resources": false,
            "id": 280594,
            "name": "tf-test-cdn-cert-gcloud2-22626-v2",
            "ssl_certificate_chain": null,
            "ssl_certificate_wo": null,
            "ssl_certificate_wo_version": null,
            "ssl_id": 280594,
            "ssl_private_key_wo": null,
            "validate_root_ca": false,
            "validity_not_after": null,
            "validity_not_before": null
          },
          "sensitive_attributes": [],
          "identity_schema_version": 0
        }
      ]
    }
  ],
  "check_results": null
}
