{
  "version": 4,
  "terraform_version": "1.10.5",
  "serial": 3,
  "lineage": "272ba9a0-5e99-db99-802d-aee341dcd528",
  "outputs": {
    "fip_created_at": {
      "value": "2025-10-24T07:02:25Z",
      "type": "string"
    },
    "fip_floating_ip_address": {
      "value": "85.204.246.244",
      "type": "string"
    },
    "fip_id": {
      "value": "15c493f4-f200-4410-a3d9-3e1523ee998b",
      "type": "string"
    },
    "fip_status": {
      "value": "DOWN",
      "type": "string"
    }
  },
  "resources": [
    {
      "mode": "managed",
      "type": "gcore_cloud_floating_ip",
      "name": "test_fip",
      "provider": "provider[\"registry.terraform.io/gcore/gcore\"]",
      "instances": [
        {
          "schema_version": 0,
          "attributes": {
            "created_at": "2025-10-24T07:02:25Z",
            "creator_task_id": "b550b3bc-6d12-4740-b5cb-3dfa715b6915",
            "fixed_ip_address": null,
            "floating_ip_address": "85.204.246.244",
            "id": "15c493f4-f200-4410-a3d9-3e1523ee998b",
            "port_id": null,
            "project_id": 379987,
            "region": "Luxembourg-2",
            "region_id": 76,
            "router_id": null,
            "status": "DOWN",
            "tags": null,
            "task_id": null,
            "tasks": null,
            "updated_at": "2025-10-24T07:02:25Z"
          },
          "sensitive_attributes": []
        }
      ]
    }
  ],
  "check_results": null
}
