{
  "version": 4,
  "terraform_version": "1.14.3",
  "serial": 12,
  "lineage": "4d5ae2b4-eedb-d376-4cb5-960bd9a29730",
  "outputs": {},
  "resources": [
    {
      "mode": "managed",
      "type": "gcore_dns_zone",
      "name": "basic",
      "provider": "provider[\"registry.terraform.io/gcore/gcore\"]",
      "instances": [
        {
          "schema_version": 0,
          "attributes": {
            "contact": "support@gcore.com",
            "dnssec_enabled": false,
            "enabled": true,
            "expiry": 1209600,
            "id": "tf-test-basic-20260218.com",
            "meta": null,
            "name": "tf-test-basic-20260218.com",
            "nx_ttl": 300,
            "primary_server": "ns1.gcorelabs.net",
            "records": [
              {
                "name": "tf-test-basic-20260218.com",
                "short_answers": [
                  "ns1.gcorelabs.net",
                  "ns2.gcdn.services"
                ],
                "ttl": 3600,
                "type": "NS"
              }
            ],
            "refresh": 5400,
            "retry": 3600,
            "rrsets_amount": {
              "dynamic": {
                "healthcheck": 0,
                "total": 0
              },
              "static": 1,
              "total": 1
            },
            "serial": 1771413940,
            "status": "pending",
            "warnings": null
          },
          "sensitive_attributes": [],
          "identity_schema_version": 0
        }
      ]
    },
    {
      "mode": "managed",
      "type": "gcore_dns_zone",
      "name": "with_dnssec",
      "provider": "provider[\"registry.terraform.io/gcore/gcore\"]",
      "instances": [
        {
          "schema_version": 0,
          "attributes": {
            "contact": "support@gcore.com",
            "dnssec_enabled": false,
            "enabled": true,
            "expiry": 1209600,
            "id": "tf-test-dnssec-20260218.com",
            "meta": null,
            "name": "tf-test-dnssec-20260218.com",
            "nx_ttl": 300,
            "primary_server": "ns1.gcorelabs.net",
            "records": [
              {
                "name": "tf-test-dnssec-20260218.com",
                "short_answers": [
                  "ns1.gcorelabs.net",
                  "ns2.gcdn.services"
                ],
                "ttl": 3600,
                "type": "NS"
              }
            ],
            "refresh": 5400,
            "retry": 3600,
            "rrsets_amount": {
              "dynamic": {
                "healthcheck": 0,
                "total": 0
              },
              "static": 1,
              "total": 1
            },
            "serial": 1771414000,
            "status": "pending",
            "warnings": null
          },
          "sensitive_attributes": [],
          "identity_schema_version": 0
        }
      ]
    },
    {
      "mode": "managed",
      "type": "gcore_dns_zone",
      "name": "with_meta",
      "provider": "provider[\"registry.terraform.io/gcore/gcore\"]",
      "instances": [
        {
          "schema_version": 0,
          "attributes": {
            "contact": "support@gcore.com",
            "dnssec_enabled": false,
            "enabled": true,
            "expiry": 1209600,
            "id": "tf-test-meta-20260218.com",
            "meta": {
              "webhook": "https://example.com/webhook-v2",
              "webhook_method": "PATCH"
            },
            "name": "tf-test-meta-20260218.com",
            "nx_ttl": 300,
            "primary_server": "ns1.gcorelabs.net",
            "records": [
              {
                "name": "tf-test-meta-20260218.com",
                "short_answers": [
                  "ns1.gcorelabs.net",
                  "ns2.gcdn.services"
                ],
                "ttl": 3600,
                "type": "NS"
              }
            ],
            "refresh": 5400,
            "retry": 3600,
            "rrsets_amount": {
              "dynamic": {
                "healthcheck": 0,
                "total": 0
              },
              "static": 1,
              "total": 1
            },
            "serial": 1771413980,
            "status": "pending",
            "warnings": null
          },
          "sensitive_attributes": [],
          "identity_schema_version": 0
        }
      ]
    }
  ],
  "check_results": null
}
