{
  "version": 4,
  "terraform_version": "1.14.3",
  "serial": 3,
  "lineage": "0c7ae844-a4f3-4069-a878-0f46d5cbed6d",
  "outputs": {
    "datasource_cert_issuer": {
      "value": "tf-test-ca.example.com",
      "type": "string"
    },
    "datasource_cert_subject_cn": {
      "value": "tf-test-ca.example.com",
      "type": "string"
    },
    "datasource_name": {
      "value": "tf-test-cacert-datasource",
      "type": "string"
    },
    "datasource_validity_not_after": {
      "value": "2036-02-17T09:53:40Z",
      "type": "string"
    },
    "names_match": {
      "value": true,
      "type": "bool"
    },
    "resource_name": {
      "value": "tf-test-cacert-datasource",
      "type": "string"
    }
  },
  "resources": [
    {
      "mode": "data",
      "type": "gcore_cdn_trusted_ca_certificate",
      "name": "lookup",
      "provider": "provider[\"registry.terraform.io/gcore/gcore\"]",
      "instances": [
        {
          "schema_version": 0,
          "attributes": {
            "cert_issuer": "tf-test-ca.example.com",
            "cert_subject_alt": null,
            "cert_subject_cn": "tf-test-ca.example.com",
            "deleted": false,
            "has_related_resources": false,
            "id": 279589,
            "name": "tf-test-cacert-datasource",
            "ssl_certificate_chain": "",
            "validity_not_after": "2036-02-17T09:53:40Z",
            "validity_not_before": "2026-02-19T09:53:40Z"
          },
          "sensitive_attributes": [],
          "identity_schema_version": 0
        }
      ]
    },
    {
      "mode": "managed",
      "type": "gcore_cdn_trusted_ca_certificate",
      "name": "test",
      "provider": "provider[\"registry.terraform.io/gcore/gcore\"]",
      "instances": [
        {
          "schema_version": 0,
          "attributes": {
            "cert_issuer": "tf-test-ca.example.com",
            "cert_subject_alt": null,
            "cert_subject_cn": "tf-test-ca.example.com",
            "deleted": true,
            "has_related_resources": false,
            "id": 279589,
            "name": "tf-test-cacert-datasource",
            "ssl_certificate": "-----BEGIN CERTIFICATE-----\nMIIDTTCCAjWgAwIBAgIUSxFCl2F6hwTdsUxcSyXfA8UNBd4wDQYJKoZIhvcNAQEL\nBQAwNjEfMB0GA1UEAwwWdGYtdGVzdC1jYS5leGFtcGxlLmNvbTETMBEGA1UECgwK\nVEYgVGVzdCBDQTAeFw0yNjAyMTkwOTUzNDBaFw0zNjAyMTcwOTUzNDBaMDYxHzAd\nBgNVBAMMFnRmLXRlc3QtY2EuZXhhbXBsZS5jb20xEzARBgNVBAoMClRGIFRlc3Qg\nQ0EwggEiMA0GCSqGSIb3DQEBAQUAA4IBDwAwggEKAoIBAQDjQdPc0vEL19sGV3AI\nyEe5GODxQRjRxFnfkWX2KvMYQipA5JZN0WgHFe3EMHNRs+9yULyz5VfX/LDMEaQh\ngt0lQ0ZDatLSSKvGLwA9Ben74+MIFIqSycXyo11k5zESz2vYd0z78esVYxo+SBO7\nOmkZdpuoKoYnBxsNCk5eN/T58+BxfsDce2dDG64zjW1eWnFAcJ/WQuxybJQTBWQr\n9PNqGKilPJLvLe9eUhLCbjDojvNxcfyqEv5w+Ln5Fse//sypljheJRlLyHwGWLZn\n3nYMml+S6Z7hpE6kS3YwZfdjm8+2unHMoUmNNxtYHJVFkUX/h8vuU7lZJScIWSgx\n4zZbAgMBAAGjUzBRMB0GA1UdDgQWBBR+1ZMyCKYP3vMkVtEmHMSsQIWI4jAfBgNV\nHSMEGDAWgBR+1ZMyCKYP3vMkVtEmHMSsQIWI4jAPBgNVHRMBAf8EBTADAQH/MA0G\nCSqGSIb3DQEBCwUAA4IBAQBzkOmUVy/8YOHJNLcvluTbhH+0q3DgZfmCmVG+iKk4\ndXyzgwmfXtS6Y8LUzT+hub2l+Rlt78qczLoON6V/tM0BnTEuUATSc3DmMx2DRsIZ\nFnFM6mwk2WmUs9j3E9EsM9JoFrKl5RQz9H76/q0si5Z+g5lqvKswcLtjGiBZQLt0\nfIiMi8TO1oPhIjq7LsK8u1eUQcVetuGOQVRiQ1FK1t/WXCnTNRjWYXydalR2GU2b\niPRh/ZWXfWJLjYbe021r8uuNeYfja+Vlqdan3drTkpeC+57HILU7EpITGbZ8WXVS\nOK79sVMVjRGHAEhkkCz2uULKjDpjfb12QW45cKEo/Hce\n-----END CERTIFICATE-----\n",
            "ssl_certificate_chain": "",
            "validity_not_after": "2036-02-17T09:53:40Z",
            "validity_not_before": "2026-02-19T09:53:40Z"
          },
          "sensitive_attributes": [],
          "identity_schema_version": 0
        }
      ]
    }
  ],
  "check_results": null
}
