{
  "version": 4,
  "terraform_version": "1.14.3",
  "serial": 67,
  "lineage": "c936e1dd-3daa-6dc2-f59f-4a6616b54278",
  "outputs": {
    "import_sg_id": {
      "value": "not created",
      "type": "string"
    },
    "rule_count": {
      "value": 0,
      "type": "number"
    },
    "rule_ids": {
      "value": {},
      "type": [
        "map",
        "dynamic"
      ]
    },
    "sg_id": {
      "value": "55d74d6b-5a37-4bad-9f73-c2f4ba4fefe5",
      "type": "string"
    },
    "sg_revision": {
      "value": 1,
      "type": "number"
    },
    "sg_security_group_rules": {
      "value": [],
      "type": [
        "list",
        [
          "object",
          {
            "created_at": "string",
            "description": "string",
            "direction": "string",
            "ethertype": "string",
            "id": "string",
            "port_range_max": "number",
            "port_range_min": "number",
            "protocol": "string",
            "remote_group_id": "string",
            "remote_ip_prefix": "string",
            "revision_number": "number",
            "security_group_id": "string",
            "updated_at": "string"
          }
        ]
      ]
    }
  },
  "resources": [
    {
      "mode": "managed",
      "type": "gcore_cloud_security_group",
      "name": "test",
      "provider": "provider[\"registry.terraform.io/gcore/gcore\"]",
      "instances": [
        {
          "schema_version": 0,
          "attributes": {
            "created_at": "2026-02-24T11:34:30Z",
            "description": "Extended security group test",
            "id": "55d74d6b-5a37-4bad-9f73-c2f4ba4fefe5",
            "name": "tf-test-sg-extended",
            "project_id": null,
            "region": "Luxembourg-2",
            "region_id": null,
            "revision_number": 1,
            "rules": null,
            "security_group_rules": [],
            "tags": null,
            "tags_v2": [],
            "updated_at": "2026-02-24T11:34:30Z"
          },
          "sensitive_attributes": [],
          "identity_schema_version": 0
        }
      ]
    }
  ],
  "check_results": null
}
