{
  "version": 4,
  "terraform_version": "1.14.3",
  "serial": 8,
  "lineage": "d62a1580-4410-b1ce-103d-cfedce7fd0c3",
  "outputs": {
    "separate_rule_id": {
      "value": "92a03dcd-95df-464c-9b21-b4db501eebc6",
      "type": "string"
    },
    "sg_inline_id": {
      "value": "not created",
      "type": "string"
    },
    "sg_inline_rules": {
      "value": [],
      "type": [
        "tuple",
        []
      ]
    },
    "sg_no_rules_id": {
      "value": "9c7f53c9-0efe-45ce-ad3b-3bc340d8d4b2",
      "type": "string"
    },
    "sg_no_rules_revision": {
      "value": 42,
      "type": "number"
    },
    "sg_no_rules_security_group_rules": {
      "value": [],
      "type": [
        "list",
        [
          "object",
          {
            "created_at": "string",
            "description": "string",
            "direction": "string",
            "ethertype": "string",
            "id": "string",
            "port_range_max": "number",
            "port_range_min": "number",
            "protocol": "string",
            "remote_group_id": "string",
            "remote_ip_prefix": "string",
            "revision_number": "number",
            "security_group_id": "string",
            "updated_at": "string"
          }
        ]
      ]
    }
  },
  "resources": [
    {
      "mode": "managed",
      "type": "gcore_cloud_security_group",
      "name": "test_no_rules",
      "provider": "provider[\"registry.terraform.io/gcore/gcore\"]",
      "instances": [
        {
          "schema_version": 0,
          "attributes": {
            "created_at": "2026-02-24T10:39:59Z",
            "description": "Security group without inline rules",
            "id": "9c7f53c9-0efe-45ce-ad3b-3bc340d8d4b2",
            "name": "tf-test-sg-renamed",
            "project_id": null,
            "region": "Luxembourg-2",
            "region_id": null,
            "revision_number": 42,
            "rules": null,
            "security_group_rules": [],
            "tags": null,
            "tags_v2": [],
            "tasks": null,
            "updated_at": "2026-02-24T10:43:39Z"
          },
          "sensitive_attributes": [],
          "identity_schema_version": 0
        }
      ]
    },
    {
      "mode": "managed",
      "type": "gcore_cloud_security_group_rule",
      "name": "ingress_ssh",
      "provider": "provider[\"registry.terraform.io/gcore/gcore\"]",
      "instances": [
        {
          "index_key": 0,
          "schema_version": 0,
          "attributes": {
            "description": "Allow SSH",
            "direction": "ingress",
            "ethertype": "IPv4",
            "group_id": "9c7f53c9-0efe-45ce-ad3b-3bc340d8d4b2",
            "id": "92a03dcd-95df-464c-9b21-b4db501eebc6",
            "port_range_max": 22,
            "port_range_min": 22,
            "project_id": null,
            "protocol": "tcp",
            "region_id": null,
            "remote_group_id": null,
            "remote_ip_prefix": "0.0.0.0/0",
            "tasks": null
          },
          "sensitive_attributes": [],
          "identity_schema_version": 0,
          "dependencies": [
            "gcore_cloud_security_group.test_no_rules"
          ]
        }
      ]
    }
  ],
  "check_results": null
}
