{
  "version": 4,
  "terraform_version": "1.10.5",
  "serial": 8,
  "lineage": "3417cc8c-f89c-2017-3d4f-62f759a382db",
  "outputs": {
    "pool_id": {
      "value": "e863a0a8-9f64-44cd-a362-b80158700e70",
      "type": "string"
    },
    "pool_members": {
      "value": [],
      "type": [
        "list",
        [
          "object",
          {
            "address": "string",
            "admin_state_up": "bool",
            "backup": "bool",
            "instance_id": "string",
            "monitor_address": "string",
            "monitor_port": "number",
            "protocol_port": "number",
            "subnet_id": "string",
            "weight": "number"
          }
        ]
      ]
    }
  },
  "resources": [
    {
      "mode": "managed",
      "type": "gcore_cloud_load_balancer",
      "name": "test",
      "provider": "provider[\"registry.terraform.io/gcore/gcore\"]",
      "instances": [
        {
          "schema_version": 0,
          "attributes": {
            "additional_vips": [],
            "created_at": "2025-12-11T13:55:17Z",
            "creator_task_id": "82044f12-c2e9-4241-b5a7-b61e3e8ccd05",
            "ddos_profile": null,
            "flavor": "lb1-1-2",
            "floating_ip": null,
            "floating_ips": [],
            "id": "38bf8915-6ff0-41f7-8ae4-2faf3a0d95f4",
            "listeners": [],
            "logging": {
              "destination_region_id": null,
              "enabled": false,
              "retention_policy": null,
              "topic_name": null
            },
            "name": "tf-test-lb-simple-verify",
            "name_template": null,
            "operating_status": "ONLINE",
            "preferred_connectivity": "L2",
            "project_id": 379987,
            "provisioning_status": "ACTIVE",
            "region": "Luxembourg-2",
            "region_id": 76,
            "stats": null,
            "tags": null,
            "tags_v2": [],
            "updated_at": "2025-12-11T13:57:48Z",
            "vip_address": "45.82.160.112",
            "vip_ip_family": "ipv4",
            "vip_network_id": null,
            "vip_port_id": "922eac65-31ea-43fe-872e-c2e0ae81f916",
            "vip_subnet_id": null,
            "vrrp_ips": [
              {
                "ip_address": "45.82.160.248",
                "role": "BACKUP",
                "subnet_id": "e47b6c72-f1d3-44de-bd7a-1bed593cbc29"
              },
              {
                "ip_address": "45.82.160.106",
                "role": "MASTER",
                "subnet_id": "e47b6c72-f1d3-44de-bd7a-1bed593cbc29"
              }
            ]
          },
          "sensitive_attributes": []
        }
      ]
    },
    {
      "mode": "managed",
      "type": "gcore_cloud_load_balancer_listener",
      "name": "test",
      "provider": "provider[\"registry.terraform.io/gcore/gcore\"]",
      "instances": [
        {
          "schema_version": 0,
          "attributes": {
            "allowed_cidrs": null,
            "connection_limit": 100000,
            "creator_task_id": "2614ba60-a91e-4a94-b443-0ebd8032038d",
            "id": "f72a156e-9643-45a4-be8f-2cea807f734f",
            "insert_headers": "{}",
            "insert_x_forwarded": null,
            "load_balancer_id": "38bf8915-6ff0-41f7-8ae4-2faf3a0d95f4",
            "name": "tf-test-listener-simple",
            "operating_status": "ONLINE",
            "pool_count": 1,
            "project_id": 379987,
            "protocol": "HTTP",
            "protocol_port": 80,
            "provisioning_status": "ACTIVE",
            "region_id": 76,
            "secret_id": null,
            "sni_secret_id": [],
            "stats": null,
            "timeout_client_data": 50000,
            "timeout_member_connect": 5000,
            "timeout_member_data": 50000,
            "user_list": []
          },
          "sensitive_attributes": [],
          "dependencies": [
            "gcore_cloud_load_balancer.test"
          ]
        }
      ]
    },
    {
      "mode": "managed",
      "type": "gcore_cloud_load_balancer_pool",
      "name": "test",
      "provider": "provider[\"registry.terraform.io/gcore/gcore\"]",
      "instances": [
        {
          "schema_version": 0,
          "attributes": {
            "ca_secret_id": null,
            "creator_task_id": "18bc0ada-d9be-40d7-bb85-e3b84edf647e",
            "crl_secret_id": null,
            "healthmonitor": null,
            "id": "e863a0a8-9f64-44cd-a362-b80158700e70",
            "lb_algorithm": "ROUND_ROBIN",
            "listener_id": "f72a156e-9643-45a4-be8f-2cea807f734f",
            "listeners": [
              {
                "id": "f72a156e-9643-45a4-be8f-2cea807f734f"
              }
            ],
            "load_balancer_id": "38bf8915-6ff0-41f7-8ae4-2faf3a0d95f4",
            "loadbalancers": [
              {
                "id": "38bf8915-6ff0-41f7-8ae4-2faf3a0d95f4"
              }
            ],
            "members": [],
            "name": "tf-test-pool-simple",
            "operating_status": "ONLINE",
            "project_id": 379987,
            "protocol": "HTTP",
            "provisioning_status": "ACTIVE",
            "region_id": 76,
            "secret_id": null,
            "session_persistence": null,
            "timeout_client_data": null,
            "timeout_member_connect": null,
            "timeout_member_data": null
          },
          "sensitive_attributes": [],
          "dependencies": [
            "gcore_cloud_load_balancer.test",
            "gcore_cloud_load_balancer_listener.test"
          ]
        }
      ]
    }
  ],
  "check_results": null
}
