{
  "version": 4,
  "terraform_version": "1.10.5",
  "serial": 6,
  "lineage": "8087fa3c-28da-3d50-1e36-214d317d4cf1",
  "outputs": {
    "router_id": {
      "value": "1ebd272a-6131-4ea9-b784-d45a7b3c446d",
      "type": "string"
    },
    "subnet_id": {
      "value": "59a5f550-7fac-4b02-a834-3385b48cc79b",
      "type": "string"
    }
  },
  "resources": [
    {
      "mode": "data",
      "type": "gcore_cloud_network_subnet",
      "name": "existing",
      "provider": "provider[\"registry.terraform.io/gcore/gcore\"]",
      "instances": [
        {
          "schema_version": 0,
          "attributes": {
            "available_ips": 251,
            "cidr": "10.0.60.0/24",
            "created_at": "2025-10-30T08:13:36Z",
            "creator_task_id": "32620c7e-97de-47f0-87f3-0f812d183dfa",
            "dns_nameservers": [
              "0.0.0.0"
            ],
            "enable_dhcp": true,
            "find_one_by": null,
            "gateway_ip": "10.0.60.1",
            "has_router": false,
            "host_routes": [],
            "id": "59a5f550-7fac-4b02-a834-3385b48cc79b",
            "ip_version": 4,
            "name": "new-subnet-created",
            "network_id": "07cbeb68-c7b9-4640-b143-41b029bc57f4",
            "project_id": 379987,
            "region": "Luxembourg-2",
            "region_id": 76,
            "subnet_id": "59a5f550-7fac-4b02-a834-3385b48cc79b",
            "tags": [],
            "task_id": null,
            "total_ips": 253,
            "updated_at": "2025-10-30T08:13:36Z"
          },
          "sensitive_attributes": []
        }
      ]
    },
    {
      "mode": "managed",
      "type": "gcore_cloud_network_router",
      "name": "router",
      "provider": "provider[\"registry.terraform.io/gcore/gcore\"]",
      "instances": [
        {
          "schema_version": 0,
          "attributes": {
            "created_at": "2025-10-30T08:19:15Z",
            "creator_task_id": "975638e2-e6f2-4c18-8d8f-d6fa9aba220a",
            "distributed": false,
            "external_gateway_info": {
              "enable_snat": true,
              "network_id": "4b99f7d1-5d1e-4fdb-8ae1-a4bfb208556c",
              "type": "default"
            },
            "id": "1ebd272a-6131-4ea9-b784-d45a7b3c446d",
            "interfaces": [],
            "name": "mitm-test-router-subnet",
            "project_id": 379987,
            "region": "Luxembourg-2",
            "region_id": 76,
            "routes": [],
            "status": "ACTIVE",
            "task_id": null,
            "tasks": null,
            "updated_at": "2025-10-30T08:19:37Z"
          },
          "sensitive_attributes": []
        }
      ]
    }
  ],
  "check_results": null
}
