{
  "version": 4,
  "terraform_version": "1.10.5",
  "serial": 4,
  "lineage": "8e18a338-30ec-fcd3-0f9e-80c850cfadda",
  "outputs": {
    "a_record": {
      "value": {
        "content": [
          "\"192.168.1.100\""
        ],
        "name": "tf-content-test-a.maxima.lt",
        "ttl": 600
      },
      "type": [
        "object",
        {
          "content": [
            "list",
            "string"
          ],
          "name": "string",
          "ttl": "number"
        }
      ]
    }
  },
  "resources": [
    {
      "mode": "managed",
      "type": "gcore_dns_zone_rrset",
      "name": "test_a",
      "provider": "provider[\"registry.terraform.io/gcore/gcore\"]",
      "instances": [
        {
          "schema_version": 0,
          "attributes": {
            "filter_set_id": null,
            "meta": null,
            "name": "tf-content-test-a.maxima.lt",
            "pickers": null,
            "resource_records": [
              {
                "content": [
                  "\"192.168.1.100\""
                ],
                "enabled": true,
                "id": 143320700,
                "meta": null
              }
            ],
            "rrset_name": "tf-content-test-a.maxima.lt",
            "rrset_type": "A",
            "ttl": 600,
            "type": "A",
            "warning": null,
            "warnings": null,
            "zone_name": "maxima.lt"
          },
          "sensitive_attributes": []
        }
      ]
    }
  ],
  "check_results": null
}
