{
  "version": 4,
  "terraform_version": "1.10.5",
  "serial": 38,
  "lineage": "6ac2c113-5b6f-9d52-20dc-72489bbb11e7",
  "outputs": {
    "floating_ip_id": {
      "value": "35d8bf13-e242-4255-a769-7c162b866ae7",
      "type": "string"
    },
    "instance_id": {
      "value": "562771af-a637-4eca-bb27-495a34e6ca7d",
      "type": "string"
    },
    "interfaces": {
      "value": [
        {
          "floating_ip": null,
          "interface_name": null,
          "ip_address": "192.168.1.229",
          "ip_family": null,
          "network_id": "cd2c62cd-9763-4766-8d36-6066ed92b3e3",
          "port_id": "b108adf2-9604-4890-9389-b7d06cd04a7e",
          "security_groups": null,
          "subnet_id": "8dfa65b6-bdcc-4fa8-ae53-1720b0b88a63",
          "type": "subnet"
        }
      ],
      "type": [
        "list",
        [
          "object",
          {
            "floating_ip": [
              "object",
              {
                "existing_floating_id": "string",
                "source": "string"
              }
            ],
            "interface_name": "string",
            "ip_address": "string",
            "ip_family": "string",
            "network_id": "string",
            "port_id": "string",
            "security_groups": [
              "list",
              [
                "object",
                {
                  "id": "string"
                }
              ]
            ],
            "subnet_id": "string",
            "type": "string"
          }
        ]
      ]
    }
  },
  "resources": [
    {
      "mode": "managed",
      "type": "gcore_cloud_floating_ip",
      "name": "test",
      "provider": "provider[\"registry.terraform.io/gcore/gcore\"]",
      "instances": [
        {
          "index_key": 0,
          "schema_version": 0,
          "attributes": {
            "created_at": "2025-12-22T07:54:45Z",
            "creator_task_id": "32a665a1-b86b-49fe-b1a3-2ecb32e38c9b",
            "fixed_ip_address": null,
            "floating_ip_address": "45.82.30.239",
            "id": "35d8bf13-e242-4255-a769-7c162b866ae7",
            "port_id": null,
            "project_id": null,
            "region": "Luxembourg-2",
            "region_id": null,
            "router_id": null,
            "status": "DOWN",
            "tags": null,
            "task_id": null,
            "tasks": null,
            "updated_at": "2025-12-22T07:56:24Z"
          },
          "sensitive_attributes": []
        }
      ]
    },
    {
      "mode": "managed",
      "type": "gcore_cloud_instance",
      "name": "test",
      "provider": "provider[\"registry.terraform.io/gcore/gcore\"]",
      "instances": [
        {
          "schema_version": 0,
          "attributes": {
            "addresses": {
              "test-router-net": [
                {
                  "addr": "192.168.1.229",
                  "interface_name": null,
                  "subnet_id": "8dfa65b6-bdcc-4fa8-ae53-1720b0b88a63",
                  "subnet_name": "subnet1",
                  "type": "fixed"
                }
              ]
            },
            "allow_app_ports": null,
            "blackhole_ports": [],
            "configuration": null,
            "created_at": "2025-12-22T07:54:54Z",
            "creator_task_id": "a93214cf-9c40-40f1-a693-57646b943922",
            "ddos_profile": null,
            "fixed_ip_assignments": null,
            "flavor": "g1-standard-1-2",
            "id": "562771af-a637-4eca-bb27-495a34e6ca7d",
            "instance_description": null,
            "instance_isolation": null,
            "interfaces": [
              {
                "floating_ip": null,
                "interface_name": null,
                "ip_address": "192.168.1.229",
                "ip_family": null,
                "network_id": "cd2c62cd-9763-4766-8d36-6066ed92b3e3",
                "port_id": "b108adf2-9604-4890-9389-b7d06cd04a7e",
                "security_groups": null,
                "subnet_id": "8dfa65b6-bdcc-4fa8-ae53-1720b0b88a63",
                "type": "subnet"
              }
            ],
            "name": "test-mitm-instance",
            "name_template": null,
            "password": null,
            "project_id": 379987,
            "region": "Luxembourg-2",
            "region_id": 76,
            "security_groups": null,
            "servergroup_id": null,
            "ssh_key_name": null,
            "status": "ACTIVE",
            "tags": null,
            "task_id": null,
            "task_state": null,
            "tasks": null,
            "user_data": null,
            "username": null,
            "vm_state": "active",
            "volumes": [
              {
                "attachment_tag": null,
                "boot_index": 0,
                "volume_id": "35df974f-bc02-4954-9126-e53169ea6b01"
              }
            ]
          },
          "sensitive_attributes": [],
          "dependencies": [
            "gcore_cloud_floating_ip.test",
            "gcore_cloud_volume.boot"
          ]
        }
      ]
    },
    {
      "mode": "managed",
      "type": "gcore_cloud_volume",
      "name": "boot",
      "provider": "provider[\"registry.terraform.io/gcore/gcore\"]",
      "instances": [
        {
          "schema_version": 0,
          "attributes": {
            "attachment_tag": null,
            "attachments": [
              {
                "attached_at": "2025-12-22T07:55:02Z",
                "attachment_id": "d3f5f576-99ef-4969-8504-82ce30422f8a",
                "device": "/dev/sda",
                "flavor_id": "g1-standard-1-2",
                "instance_name": null,
                "server_id": "562771af-a637-4eca-bb27-495a34e6ca7d",
                "volume_id": "35df974f-bc02-4954-9126-e53169ea6b01"
              }
            ],
            "bootable": true,
            "created_at": "2025-12-22T07:54:44Z",
            "creator_task_id": "a26dcb1e-c05d-4260-9bb6-4524e0f0f160",
            "id": "35df974f-bc02-4954-9126-e53169ea6b01",
            "image_id": "f84ddba3-7a5a-4199-931a-250e981d16fb",
            "instance_id_to_attach_to": null,
            "is_root_volume": true,
            "lifecycle_policy_ids": null,
            "limiter_stats": {
              "iops_base_limit": 60,
              "iops_burst_limit": 600,
              "m_bps_base_limit": 10,
              "m_bps_burst_limit": 100
            },
            "name": "test-mitm-volume",
            "project_id": null,
            "region": "Luxembourg-2",
            "region_id": null,
            "size": 10,
            "snapshot_id": null,
            "snapshot_ids": [],
            "source": "image",
            "status": "in-use",
            "tags": null,
            "task_id": null,
            "tasks": null,
            "type_name": "standard",
            "updated_at": "2025-12-22T07:55:03Z",
            "volume_image_metadata": {
              "architecture": "x86_64",
              "checksum": "fc17b3059c3a36be8bed00608bff16b5",
              "container_format": "bare",
              "disk_format": "raw",
              "display_order": "2504",
              "hw_disk_bus": "scsi",
              "hw_machine_type": "q35",
              "hw_qemu_guest_agent": "True",
              "hw_scsi_model": "virtio-scsi",
              "image_id": "f84ddba3-7a5a-4199-931a-250e981d16fb",
              "image_name": "ubuntu-25.04-x64",
              "min_disk": "5",
              "min_ram": "0",
              "os_distro": "ubuntu",
              "os_glance_failed_import": "",
              "os_glance_importing_to_stores": "",
              "os_require_quiesce": "True",
              "os_type": "linux",
              "os_version": "25.04",
              "size": "3758096384",
              "ssh_key": "allow"
            },
            "volume_type": "standard"
          },
          "sensitive_attributes": []
        }
      ]
    }
  ],
  "check_results": null
}
