{
  "version": 4,
  "terraform_version": "1.14.3",
  "serial": 22,
  "lineage": "8c2878c6-2019-9fdc-ffd5-fa1b5df51f3c",
  "outputs": {
    "a_record_name": {
      "value": "www.test-dns-rrset-retest-1770802860.com",
      "type": "string"
    },
    "a_record_type": {
      "value": "A",
      "type": "string"
    }
  },
  "resources": [
    {
      "mode": "managed",
      "type": "gcore_dns_zone",
      "name": "test",
      "provider": "provider[\"registry.terraform.io/gcore/gcore\"]",
      "instances": [
        {
          "schema_version": 0,
          "attributes": {
            "contact": "support@gcore.com",
            "dnssec_enabled": false,
            "enabled": true,
            "expiry": 1209600,
            "id": "test-dns-rrset-retest-1770802860.com",
            "meta": null,
            "name": "test-dns-rrset-retest-1770802860.com",
            "nx_ttl": 300,
            "primary_server": "ns1.gcorelabs.net",
            "records": [
              {
                "name": "www.test-dns-rrset-retest-1770802860.com",
                "short_answers": [
                  "192.168.1.1"
                ],
                "ttl": 300,
                "type": "A"
              },
              {
                "name": "test-dns-rrset-retest-1770802860.com",
                "short_answers": [
                  "ns1.gcorelabs.net",
                  "ns2.gcdn.services"
                ],
                "ttl": 3600,
                "type": "NS"
              }
            ],
            "refresh": 5400,
            "retry": 3600,
            "rrsets_amount": {
              "dynamic": {
                "healthcheck": 0,
                "total": 0
              },
              "static": 2,
              "total": 2
            },
            "serial": 1770802862,
            "status": "pending",
            "warnings": null
          },
          "sensitive_attributes": [],
          "identity_schema_version": 0
        }
      ]
    },
    {
      "mode": "managed",
      "type": "gcore_dns_zone_rrset",
      "name": "a_record",
      "provider": "provider[\"registry.terraform.io/gcore/gcore\"]",
      "instances": [
        {
          "schema_version": 0,
          "attributes": {
            "filter_set_id": null,
            "meta": null,
            "name": "www.test-dns-rrset-retest-1770802860.com",
            "pickers": null,
            "resource_records": [
              {
                "content": [
                  "\"192.168.1.1\""
                ],
                "enabled": true,
                "id": 218887052,
                "meta": null
              }
            ],
            "rrset_name": "www.test-dns-rrset-retest-1770802860.com",
            "rrset_type": "A",
            "ttl": 300,
            "type": "A",
            "warning": null,
            "warnings": null,
            "zone_name": "test-dns-rrset-retest-1770802860.com"
          },
          "sensitive_attributes": [],
          "identity_schema_version": 0,
          "dependencies": [
            "gcore_dns_zone.test"
          ]
        }
      ]
    },
    {
      "mode": "managed",
      "type": "gcore_dns_zone_rrset",
      "name": "mx_record",
      "provider": "provider[\"registry.terraform.io/gcore/gcore\"]",
      "instances": [
        {
          "index_key": 0,
          "schema_version": 0,
          "attributes": {
            "filter_set_id": null,
            "meta": {
              "geodns_link": "test-dns-rrset-retest-1770802860.com"
            },
            "name": "test-dns-rrset-retest-1770802860.com",
            "pickers": null,
            "resource_records": [
              {
                "content": [
                  "10",
                  "\"mail1.test-dns-rrset-retest-1770802860.com\""
                ],
                "enabled": true,
                "id": 218887053,
                "meta": {
                  "countries": "[\"us\",\"ca\"]"
                }
              },
              {
                "content": [
                  "20",
                  "\"mail2.test-dns-rrset-retest-1770802860.com\""
                ],
                "enabled": true,
                "id": 218887054,
                "meta": null
              }
            ],
            "rrset_name": "test-dns-rrset-retest-1770802860.com",
            "rrset_type": "MX",
            "ttl": 3600,
            "type": "MX",
            "warning": null,
            "warnings": null,
            "zone_name": "test-dns-rrset-retest-1770802860.com"
          },
          "sensitive_attributes": [],
          "identity_schema_version": 0,
          "dependencies": [
            "gcore_dns_zone.test"
          ]
        }
      ]
    },
    {
      "mode": "managed",
      "type": "gcore_dns_zone_rrset",
      "name": "with_pickers",
      "provider": "provider[\"registry.terraform.io/gcore/gcore\"]",
      "instances": [
        {
          "index_key": 0,
          "schema_version": 0,
          "attributes": {
            "filter_set_id": 4102465,
            "meta": null,
            "name": "geo.test-dns-rrset-retest-1770802860.com",
            "pickers": [
              {
                "limit": null,
                "strict": false,
                "type": "country"
              }
            ],
            "resource_records": [
              {
                "content": [
                  "\"10.0.0.1\""
                ],
                "enabled": true,
                "id": 218887055,
                "meta": {
                  "countries": "[\"us\"]"
                }
              },
              {
                "content": [
                  "\"10.0.0.2\""
                ],
                "enabled": true,
                "id": 218887056,
                "meta": {
                  "countries": "[\"de\"]"
                }
              }
            ],
            "rrset_name": "geo.test-dns-rrset-retest-1770802860.com",
            "rrset_type": "A",
            "ttl": 300,
            "type": "A",
            "warning": null,
            "warnings": null,
            "zone_name": "test-dns-rrset-retest-1770802860.com"
          },
          "sensitive_attributes": [],
          "identity_schema_version": 0,
          "dependencies": [
            "gcore_dns_zone.test"
          ]
        }
      ]
    }
  ],
  "check_results": null
}
