{
  "version": 4,
  "terraform_version": "1.14.3",
  "serial": 31,
  "lineage": "22fb7963-257c-60e4-8c27-c6652fbfdb69",
  "outputs": {
    "tc2_auth": {
      "value": {
        "s3_access_key_id": null,
        "s3_bucket_name": "my-test-bucket",
        "s3_credentials_version": 1,
        "s3_region": null,
        "s3_secret_access_key": null,
        "s3_storage_hostname": "s3.example.com",
        "s3_type": "other"
      },
      "type": [
        "object",
        {
          "s3_access_key_id": "string",
          "s3_bucket_name": "string",
          "s3_credentials_version": "number",
          "s3_region": "string",
          "s3_secret_access_key": "string",
          "s3_storage_hostname": "string",
          "s3_type": "string"
        }
      ],
      "sensitive": true
    },
    "tc2_id": {
      "value": 1354304,
      "type": "number"
    }
  },
  "resources": [
    {
      "mode": "managed",
      "type": "gcore_cdn_origin_group",
      "name": "tc2_s3_other",
      "provider": "provider[\"registry.terraform.io/gcore/gcore\"]",
      "instances": [
        {
          "index_key": 0,
          "schema_version": 0,
          "attributes": {
            "auth": {
              "s3_access_key_id": null,
              "s3_bucket_name": "my-test-bucket",
              "s3_credentials_version": 1,
              "s3_region": null,
              "s3_secret_access_key": null,
              "s3_storage_hostname": "s3.example.com",
              "s3_type": "other"
            },
            "auth_type": "awsSignatureV4",
            "has_related_resources": false,
            "id": 1354304,
            "name": "test-cdn-og-tc2-s3other-skill",
            "proxy_next_upstream": null,
            "sources": null,
            "use_next": false
          },
          "sensitive_attributes": [],
          "identity_schema_version": 0
        }
      ]
    }
  ],
  "check_results": null
}
