{
  "version": 4,
  "terraform_version": "1.14.3",
  "serial": 22,
  "lineage": "22fb7963-257c-60e4-8c27-c6652fbfdb69",
  "outputs": {
    "tc1_id": {
      "value": 1354297,
      "type": "number"
    },
    "tc1_state": {
      "value": {
        "auth": null,
        "auth_type": "none",
        "has_related_resources": false,
        "id": 1354297,
        "name": "test-cdn-og-tc1-public-skill",
        "proxy_next_upstream": [
          "error",
          "timeout",
          "invalid_header",
          "http_500",
          "http_502"
        ],
        "sources": [
          {
            "backup": false,
            "enabled": true,
            "source": "93.184.216.34"
          },
          {
            "backup": true,
            "enabled": true,
            "source": "93.184.216.35:8080"
          }
        ],
        "use_next": true
      },
      "type": [
        "object",
        {
          "auth": [
            "object",
            {
              "s3_access_key_id": "string",
              "s3_bucket_name": "string",
              "s3_credentials_version": "number",
              "s3_region": "string",
              "s3_secret_access_key": "string",
              "s3_storage_hostname": "string",
              "s3_type": "string"
            }
          ],
          "auth_type": "string",
          "has_related_resources": "bool",
          "id": "number",
          "name": "string",
          "proxy_next_upstream": [
            "list",
            "string"
          ],
          "sources": [
            "set",
            [
              "object",
              {
                "backup": "bool",
                "enabled": "bool",
                "source": "string"
              }
            ]
          ],
          "use_next": "bool"
        }
      ]
    }
  },
  "resources": [
    {
      "mode": "managed",
      "type": "gcore_cdn_origin_group",
      "name": "tc1_public",
      "provider": "provider[\"registry.terraform.io/gcore/gcore\"]",
      "instances": [
        {
          "index_key": 0,
          "schema_version": 0,
          "attributes": {
            "auth": null,
            "auth_type": "none",
            "has_related_resources": false,
            "id": 1354297,
            "name": "test-cdn-og-tc1-public-skill",
            "proxy_next_upstream": [
              "error",
              "timeout",
              "invalid_header",
              "http_500",
              "http_502"
            ],
            "sources": [
              {
                "backup": false,
                "enabled": true,
                "source": "93.184.216.34"
              },
              {
                "backup": true,
                "enabled": true,
                "source": "93.184.216.35:8080"
              }
            ],
            "use_next": true
          },
          "sensitive_attributes": [],
          "identity_schema_version": 0
        }
      ]
    }
  ],
  "check_results": null
}
