{
  "version": 4,
  "terraform_version": "1.10.5",
  "serial": 11,
  "lineage": "c656170e-8060-5959-be01-a96a4a950359",
  "outputs": {
    "instance_id": {
      "value": "1a385737-d66f-4d82-a38d-db1a2d0de73b",
      "type": "string"
    },
    "tags": {
      "value": {},
      "type": [
        "map",
        "string"
      ]
    }
  },
  "resources": [
    {
      "mode": "managed",
      "type": "gcore_cloud_instance",
      "name": "test",
      "provider": "provider[\"registry.terraform.io/gcore/gcore\"]",
      "instances": [
        {
          "schema_version": 0,
          "attributes": {
            "addresses": {
              "test-router-net": [
                {
                  "addr": "192.168.1.194",
                  "interface_name": null,
                  "subnet_id": "8dfa65b6-bdcc-4fa8-ae53-1720b0b88a63",
                  "subnet_name": "subnet1",
                  "type": "fixed"
                }
              ]
            },
            "allow_app_ports": null,
            "blackhole_ports": [],
            "configuration": null,
            "created_at": "2025-12-22T08:25:45Z",
            "creator_task_id": "47f13b9e-97bb-41f0-bbff-3107b49a2a5d",
            "ddos_profile": null,
            "fixed_ip_assignments": null,
            "flavor": "g1-standard-1-2",
            "id": "1a385737-d66f-4d82-a38d-db1a2d0de73b",
            "instance_description": null,
            "instance_isolation": null,
            "interfaces": [
              {
                "floating_ip": null,
                "interface_name": null,
                "ip_address": null,
                "ip_family": null,
                "network_id": "cd2c62cd-9763-4766-8d36-6066ed92b3e3",
                "port_id": null,
                "security_groups": null,
                "subnet_id": "8dfa65b6-bdcc-4fa8-ae53-1720b0b88a63",
                "type": "subnet"
              }
            ],
            "name": "test-bug2-tags",
            "name_template": null,
            "password": null,
            "project_id": 379987,
            "region": "Luxembourg-2",
            "region_id": 76,
            "security_groups": null,
            "servergroup_id": null,
            "ssh_key_name": null,
            "status": "ACTIVE",
            "tags": {},
            "task_id": null,
            "task_state": null,
            "tasks": null,
            "user_data": null,
            "username": null,
            "vm_state": "active",
            "volumes": [
              {
                "attachment_tag": null,
                "boot_index": 0,
                "volume_id": "7451708e-cebd-4fe0-bb6e-ce50d0ae5a73"
              }
            ]
          },
          "sensitive_attributes": [],
          "dependencies": [
            "gcore_cloud_volume.boot"
          ]
        }
      ]
    },
    {
      "mode": "managed",
      "type": "gcore_cloud_volume",
      "name": "boot",
      "provider": "provider[\"registry.terraform.io/gcore/gcore\"]",
      "instances": [
        {
          "schema_version": 0,
          "attributes": {
            "attachment_tag": null,
            "attachments": [
              {
                "attached_at": "2025-12-22T08:25:52Z",
                "attachment_id": "b6a3f1a4-8c7e-4cdd-99ed-9e772189350d",
                "device": "/dev/sda",
                "flavor_id": "g1-standard-1-2",
                "instance_name": null,
                "server_id": "1a385737-d66f-4d82-a38d-db1a2d0de73b",
                "volume_id": "7451708e-cebd-4fe0-bb6e-ce50d0ae5a73"
              }
            ],
            "bootable": true,
            "created_at": "2025-12-22T08:25:34Z",
            "creator_task_id": "04961d3b-13b7-4ad1-ac80-6154cf2d45bf",
            "id": "7451708e-cebd-4fe0-bb6e-ce50d0ae5a73",
            "image_id": "f84ddba3-7a5a-4199-931a-250e981d16fb",
            "instance_id_to_attach_to": null,
            "is_root_volume": true,
            "lifecycle_policy_ids": null,
            "limiter_stats": {
              "iops_base_limit": 60,
              "iops_burst_limit": 600,
              "m_bps_base_limit": 10,
              "m_bps_burst_limit": 100
            },
            "name": "test-bug2-tags-volume",
            "project_id": null,
            "region": "Luxembourg-2",
            "region_id": null,
            "size": 10,
            "snapshot_id": null,
            "snapshot_ids": [],
            "source": "image",
            "status": "in-use",
            "tags": null,
            "task_id": null,
            "tasks": null,
            "type_name": "standard",
            "updated_at": "2025-12-22T08:25:52Z",
            "volume_image_metadata": {
              "architecture": "x86_64",
              "checksum": "fc17b3059c3a36be8bed00608bff16b5",
              "container_format": "bare",
              "disk_format": "raw",
              "display_order": "2504",
              "hw_disk_bus": "scsi",
              "hw_machine_type": "q35",
              "hw_qemu_guest_agent": "True",
              "hw_scsi_model": "virtio-scsi",
              "image_id": "f84ddba3-7a5a-4199-931a-250e981d16fb",
              "image_name": "ubuntu-25.04-x64",
              "min_disk": "5",
              "min_ram": "0",
              "os_distro": "ubuntu",
              "os_glance_failed_import": "",
              "os_glance_importing_to_stores": "",
              "os_require_quiesce": "True",
              "os_type": "linux",
              "os_version": "25.04",
              "size": "3758096384",
              "ssh_key": "allow"
            },
            "volume_type": "standard"
          },
          "sensitive_attributes": []
        }
      ]
    }
  ],
  "check_results": null
}
