{
  "version": 4,
  "terraform_version": "1.10.5",
  "serial": 3,
  "lineage": "d3f2ba3f-92b3-e07f-96ca-6011b545777c",
  "outputs": {
    "rrset_info": {
      "value": {
        "name": "www.test-minimal-1765280657.dev",
        "rrset_name": "www.test-minimal-1765280657.dev",
        "rrset_type": "A",
        "ttl": 300,
        "type": "A",
        "zone_name": "test-minimal-1765280657.dev"
      },
      "type": [
        "object",
        {
          "name": "string",
          "rrset_name": "string",
          "rrset_type": "string",
          "ttl": "number",
          "type": "string",
          "zone_name": "string"
        }
      ]
    }
  },
  "resources": [
    {
      "mode": "managed",
      "type": "gcore_dns_zone_rrset",
      "name": "test",
      "provider": "provider[\"registry.terraform.io/gcore/gcore\"]",
      "instances": [
        {
          "schema_version": 0,
          "attributes": {
            "filter_set_id": null,
            "meta": null,
            "name": "www.test-minimal-1765280657.dev",
            "pickers": null,
            "resource_records": [
              {
                "content": [
                  "\"1.2.3.4\""
                ],
                "enabled": true,
                "meta": null
              }
            ],
            "rrset_name": "www.test-minimal-1765280657.dev",
            "rrset_type": "A",
            "ttl": 300,
            "type": "A",
            "warning": null,
            "warnings": null,
            "zone_name": "test-minimal-1765280657.dev"
          },
          "sensitive_attributes": []
        }
      ]
    }
  ],
  "check_results": null
}
