{
  "version": 4,
  "terraform_version": "1.14.3",
  "serial": 16,
  "lineage": "366b6ca0-8164-b223-ba6e-5173cbc0b55c",
  "outputs": {
    "instance_id": {
      "value": "3dd45ac7-ee01-4980-aa2f-24f8954badc9",
      "type": "string"
    },
    "instance_name": {
      "value": "test-fip-source-new",
      "type": "string"
    },
    "interfaces": {
      "value": [
        {
          "floating_ip": {
            "existing_floating_id": null,
            "source": "new"
          },
          "interface_name": null,
          "ip_address": "192.168.100.88",
          "ip_family": null,
          "network_id": "ca86be86-793c-450b-9dc6-429b61cde52f",
          "port_id": "d098cf9f-01e0-4c50-b173-a3ebaa7b68a9",
          "security_groups": null,
          "subnet_id": "bc24a87d-d24a-4e6f-acac-12bb04c74d09",
          "type": "subnet"
        }
      ],
      "type": [
        "list",
        [
          "object",
          {
            "floating_ip": [
              "object",
              {
                "existing_floating_id": "string",
                "source": "string"
              }
            ],
            "interface_name": "string",
            "ip_address": "string",
            "ip_family": "string",
            "network_id": "string",
            "port_id": "string",
            "security_groups": [
              "list",
              [
                "object",
                {
                  "id": "string"
                }
              ]
            ],
            "subnet_id": "string",
            "type": "string"
          }
        ]
      ]
    }
  },
  "resources": [
    {
      "mode": "managed",
      "type": "gcore_cloud_instance",
      "name": "test",
      "provider": "provider[\"registry.terraform.io/gcore/gcore\"]",
      "instances": [
        {
          "schema_version": 0,
          "attributes": {
            "addresses": {
              "regression-test-network": [
                {
                  "addr": "192.168.100.88",
                  "interface_name": null,
                  "subnet_id": "bc24a87d-d24a-4e6f-acac-12bb04c74d09",
                  "subnet_name": "regression-test-subnet",
                  "type": "fixed"
                },
                {
                  "addr": "78.111.100.237",
                  "interface_name": null,
                  "subnet_id": null,
                  "subnet_name": null,
                  "type": "floating"
                }
              ]
            },
            "allow_app_ports": null,
            "blackhole_ports": [],
            "configuration": null,
            "created_at": "2026-01-20T12:51:22Z",
            "creator_task_id": "8d04c903-9523-44d2-b7b4-aac18057831c",
            "ddos_profile": null,
            "fixed_ip_assignments": null,
            "flavor": "g1-standard-2-4",
            "id": "3dd45ac7-ee01-4980-aa2f-24f8954badc9",
            "instance_description": null,
            "instance_isolation": null,
            "interfaces": [
              {
                "floating_ip": {
                  "existing_floating_id": null,
                  "source": "new"
                },
                "interface_name": null,
                "ip_address": "192.168.100.88",
                "ip_family": null,
                "network_id": "ca86be86-793c-450b-9dc6-429b61cde52f",
                "port_id": "d098cf9f-01e0-4c50-b173-a3ebaa7b68a9",
                "security_groups": null,
                "subnet_id": "bc24a87d-d24a-4e6f-acac-12bb04c74d09",
                "type": "subnet"
              }
            ],
            "name": "test-fip-source-new",
            "name_template": null,
            "password": null,
            "project_id": 379987,
            "region": "Luxembourg-2",
            "region_id": 76,
            "security_groups": null,
            "servergroup_id": null,
            "ssh_key_name": null,
            "status": "ACTIVE",
            "tags": null,
            "task_id": null,
            "task_state": null,
            "user_data": null,
            "username": null,
            "vm_state": "active",
            "volumes": [
              {
                "attachment_tag": null,
                "boot_index": 0,
                "volume_id": "a07584e8-e1f6-48da-b581-da730d6d2b9e"
              }
            ]
          },
          "sensitive_attributes": [],
          "identity_schema_version": 0,
          "dependencies": [
            "gcore_cloud_volume.boot"
          ]
        }
      ]
    },
    {
      "mode": "managed",
      "type": "gcore_cloud_volume",
      "name": "boot",
      "provider": "provider[\"registry.terraform.io/gcore/gcore\"]",
      "instances": [
        {
          "schema_version": 0,
          "attributes": {
            "attachment_tag": null,
            "attachments": [
              {
                "attached_at": "2026-01-20T12:51:26Z",
                "attachment_id": "a852ddf2-7dc3-4f40-9a7e-a40321daf42f",
                "device": "/dev/sda",
                "flavor_id": "g1-standard-1-2",
                "instance_name": null,
                "server_id": "3dd45ac7-ee01-4980-aa2f-24f8954badc9",
                "volume_id": "a07584e8-e1f6-48da-b581-da730d6d2b9e"
              }
            ],
            "bootable": true,
            "created_at": "2026-01-20T12:51:02Z",
            "creator_task_id": "795fb0bb-3a81-4e56-ab19-5f1b4b135259",
            "id": "a07584e8-e1f6-48da-b581-da730d6d2b9e",
            "image_id": "6343932d-0257-4285-bf89-05060f24095a",
            "instance_id_to_attach_to": null,
            "is_root_volume": true,
            "lifecycle_policy_ids": null,
            "limiter_stats": {
              "iops_base_limit": 60,
              "iops_burst_limit": 600,
              "m_bps_base_limit": 10,
              "m_bps_burst_limit": 100
            },
            "name": "test-fip-boot-volume-2",
            "project_id": 379987,
            "region": "Luxembourg-2",
            "region_id": 76,
            "size": 10,
            "snapshot_id": null,
            "snapshot_ids": [],
            "source": "image",
            "status": "in-use",
            "tags": null,
            "task_id": null,
            "tasks": null,
            "type_name": "standard",
            "updated_at": "2026-01-20T12:51:26Z",
            "volume_image_metadata": {
              "architecture": "x86_64",
              "checksum": "f8173c6829404b9429b817b14a4aa14b",
              "container_format": "bare",
              "disk_format": "raw",
              "display_order": "2204",
              "hw_disk_bus": "scsi",
              "hw_machine_type": "q35",
              "hw_qemu_guest_agent": "True",
              "hw_scsi_model": "virtio-scsi",
              "image_id": "6343932d-0257-4285-bf89-05060f24095a",
              "image_name": "ubuntu-22.04-x64",
              "min_disk": "5",
              "min_ram": "0",
              "os_distro": "ubuntu",
              "os_glance_failed_import": "",
              "os_glance_importing_to_stores": "",
              "os_require_quiesce": "True",
              "os_type": "linux",
              "os_version": "22.04",
              "size": "2361393152",
              "ssh_key": "allow"
            },
            "volume_type": "standard"
          },
          "sensitive_attributes": [],
          "identity_schema_version": 0
        }
      ]
    }
  ],
  "check_results": null
}
