{
  "version": 4,
  "terraform_version": "1.10.5",
  "serial": 3,
  "lineage": "e06d09af-5220-144d-2e1b-007798ca15f5",
  "outputs": {
    "load_balancer_id": {
      "value": "338eef7b-cdee-4bdc-bfe8-e160837852a7",
      "type": "string"
    }
  },
  "resources": [
    {
      "mode": "managed",
      "type": "gcore_cloud_load_balancer",
      "name": "test",
      "provider": "provider[\"registry.terraform.io/gcore/gcore\"]",
      "instances": [
        {
          "schema_version": 0,
          "attributes": {
            "additional_vips": [],
            "created_at": "2025-11-04T14:47:15Z",
            "creator_task_id": "1ca8458a-34d3-44fb-8955-7b5bb96098b8",
            "ddos_profile": null,
            "flavor": "lb1-1-2",
            "floating_ip": null,
            "floating_ips": [],
            "id": "338eef7b-cdee-4bdc-bfe8-e160837852a7",
            "listeners": [],
            "logging": {
              "destination_region_id": null,
              "enabled": false,
              "retention_policy": null,
              "topic_name": null
            },
            "name": "test-lb-drift-01",
            "name_template": null,
            "operating_status": "ONLINE",
            "preferred_connectivity": "L2",
            "project_id": 379987,
            "provisioning_status": "ACTIVE",
            "region": "Luxembourg-2",
            "region_id": 76,
            "stats": null,
            "tags": {
              "environment": "test",
              "purpose": "drift-detection"
            },
            "tags_v2": [
              {
                "key": "environment",
                "read_only": false,
                "value": "test"
              },
              {
                "key": "purpose",
                "read_only": false,
                "value": "drift-detection"
              }
            ],
            "task_id": null,
            "tasks": null,
            "updated_at": "2025-11-04T14:48:29Z",
            "vip_address": "85.204.246.230",
            "vip_ip_family": "ipv4",
            "vip_network_id": null,
            "vip_port_id": "889cfbd1-46db-4cdd-abb9-f86928228713",
            "vip_subnet_id": null,
            "vrrp_ips": [
              {
                "ip_address": "85.204.246.175",
                "role": "BACKUP",
                "subnet_id": "896f3e39-51cb-4f70-b905-a749b642c152"
              },
              {
                "ip_address": "85.204.246.240",
                "role": "MASTER",
                "subnet_id": "896f3e39-51cb-4f70-b905-a749b642c152"
              }
            ]
          },
          "sensitive_attributes": []
        }
      ]
    }
  ],
  "check_results": null
}
