{
  "version": 4,
  "terraform_version": "1.10.5",
  "serial": 9,
  "lineage": "d22897f4-2da0-62a1-d1d4-6a395f964ab0",
  "outputs": {
    "load_balancer_id": {
      "value": "182885fc-8523-4489-a9a7-b8c8e5d5fb14",
      "type": "string"
    },
    "pool_id": {
      "value": "0a9e8318-e352-4935-8f34-4277d64e3555",
      "type": "string"
    },
    "pool_name": {
      "value": "test-pool-2025-09-16-0615",
      "type": "string"
    },
    "pool_status": {
      "value": "OFFLINE",
      "type": "string"
    }
  },
  "resources": [
    {
      "mode": "managed",
      "type": "gcore_cloud_lbpool",
      "name": "test",
      "provider": "provider[\"registry.terraform.io/stainless-sdks/gcore\"]",
      "instances": [
        {
          "schema_version": 0,
          "attributes": {
            "ca_secret_id": null,
            "creator_task_id": "7255fb5a-e815-4248-9e54-129dfb62522c",
            "crl_secret_id": null,
            "healthmonitor": {
              "delay": 10,
              "expected_codes": null,
              "http_method": null,
              "max_retries": 3,
              "max_retries_down": null,
              "timeout": 5,
              "type": "TCP",
              "url_path": null
            },
            "id": "0a9e8318-e352-4935-8f34-4277d64e3555",
            "lb_algorithm": "ROUND_ROBIN",
            "listener_id": null,
            "listeners": [],
            "loadbalancer_id": "182885fc-8523-4489-a9a7-b8c8e5d5fb14",
            "loadbalancers": [
              {
                "id": "182885fc-8523-4489-a9a7-b8c8e5d5fb14"
              }
            ],
            "members": [],
            "name": "test-pool-2025-09-16-0615",
            "operating_status": "OFFLINE",
            "project_id": 379987,
            "protocol": "HTTP",
            "provisioning_status": "ACTIVE",
            "region_id": 76,
            "secret_id": null,
            "session_persistence": null,
            "task_id": null,
            "tasks": null,
            "timeout_client_data": null,
            "timeout_member_connect": null,
            "timeout_member_data": null
          },
          "sensitive_attributes": [],
          "dependencies": [
            "gcore_cloud_load_balancer.test"
          ]
        }
      ]
    },
    {
      "mode": "managed",
      "type": "gcore_cloud_load_balancer",
      "name": "test",
      "provider": "provider[\"registry.terraform.io/stainless-sdks/gcore\"]",
      "instances": [
        {
          "schema_version": 0,
          "attributes": {
            "additional_vips": [],
            "created_at": "2025-09-16T06:14:06Z",
            "creator_task_id": "16d9d168-a908-407f-b4cc-3a415ea55a69",
            "ddos_profile": {
              "fields": null,
              "id": 0,
              "options": {
                "active": false,
                "bgp": false
              },
              "profile_template": {
                "description": "",
                "fields": null,
                "id": 0,
                "name": ""
              },
              "profile_template_description": "",
              "protocols": null,
              "site": "",
              "status": {
                "error_description": "",
                "status": ""
              }
            },
            "flavor": "lb1-1-2",
            "floating_ip": null,
            "floating_ips": [],
            "id": "182885fc-8523-4489-a9a7-b8c8e5d5fb14",
            "listeners": [],
            "logging": {
              "destination_region_id": null,
              "enabled": false,
              "retention_policy": null,
              "topic_name": null
            },
            "name": "test-lb-simple-2025-09-16-0613",
            "name_template": null,
            "operating_status": "ONLINE",
            "preferred_connectivity": null,
            "project_id": 379987,
            "provisioning_status": "ACTIVE",
            "region": "Luxembourg-2",
            "region_id": 76,
            "stats": {
              "active_connections": 0,
              "bytes_in": 0,
              "bytes_out": 0,
              "request_errors": 0,
              "total_connections": 0
            },
            "tags": null,
            "tags_v2": [],
            "task_id": "",
            "tasks": null,
            "updated_at": "2025-09-16T06:15:37Z",
            "vip_address": "109.61.125.191",
            "vip_ip_family": null,
            "vip_network_id": null,
            "vip_port_id": null,
            "vip_subnet_id": null,
            "vrrp_ips": [
              {
                "ip_address": "109.61.125.200",
                "role": "BACKUP",
                "subnet_id": "b4c6e91a-9eb9-4c59-ad57-00124eceda00"
              },
              {
                "ip_address": "109.61.125.89",
                "role": "MASTER",
                "subnet_id": "b4c6e91a-9eb9-4c59-ad57-00124eceda00"
              }
            ]
          },
          "sensitive_attributes": []
        }
      ]
    }
  ],
  "check_results": null
}
