{
  "version": 4,
  "terraform_version": "1.10.5",
  "serial": 5,
  "lineage": "805f9aaa-e21a-7a3b-06db-a2eaca0dc015",
  "outputs": {},
  "resources": [
    {
      "mode": "data",
      "type": "gcore_cloud_projects",
      "name": "my_projects",
      "provider": "provider[\"registry.terraform.io/gcore/gcore\"]",
      "instances": [
        {
          "schema_version": 0,
          "attributes": {
            "client_id": null,
            "include_deleted": null,
            "items": [
              {
                "client_id": 3621,
                "created_at": "2019-08-23T17:24:36Z",
                "deleted_at": null,
                "description": "",
                "id": 6,
                "is_default": true,
                "name": "Default",
                "state": "ACTIVE",
                "task_id": null
              }
            ],
            "max_items": null,
            "name": "default",
            "order_by": null
          },
          "sensitive_attributes": []
        }
      ]
    },
    {
      "mode": "data",
      "type": "gcore_cloud_region",
      "name": "rg",
      "provider": "provider[\"registry.terraform.io/gcore/gcore\"]",
      "instances": [
        {
          "schema_version": 0,
          "attributes": {
            "access_level": "core",
            "available_volume_types": [
              "standard",
              "ssd_hiiops",
              "ssd_lowlatency"
            ],
            "coordinates": {
              "latitude": 49.579582,
              "longitude": 6.109961
            },
            "country": "LU",
            "created_at": "2021-10-19T12:54:13Z",
            "created_on": "2021-10-19T12:54:13Z",
            "ddos_endpoint_id": 51,
            "display_name": "Luxembourg-2",
            "endpoint_type": "public",
            "external_network_id": "4b99f7d1-5d1e-4fdb-8ae1-a4bfb208556c",
            "file_share_types": [
              "standard"
            ],
            "has_ai": true,
            "has_ai_gpu": true,
            "has_baremetal": true,
            "has_basic_vm": false,
            "has_dbaas": true,
            "has_ddos": true,
            "has_k8s": true,
            "has_kvm": true,
            "has_sfs": true,
            "id": 76,
            "keystone_id": 76,
            "keystone_name": "ED-16",
            "metrics_database_id": 76,
            "region_id": 76,
            "show_volume_types": null,
            "state": "ACTIVE",
            "task_id": null,
            "vlan_physical_network": "br-ex",
            "zone": "EMEA"
          },
          "sensitive_attributes": []
        }
      ]
    },
    {
      "mode": "managed",
      "type": "gcore_cloud_load_balancer",
      "name": "lb",
      "provider": "provider[\"registry.terraform.io/gcore/gcore\"]",
      "instances": [
        {
          "schema_version": 0,
          "attributes": {
            "additional_vips": [],
            "created_at": "2025-11-17T09:06:42Z",
            "creator_task_id": "3f7c241c-f0e6-4de5-8b20-0354fcd7a391",
            "ddos_profile": null,
            "flavor": "lb1-2-4",
            "floating_ip": null,
            "floating_ips": [],
            "id": "40a99b7c-e515-4792-954f-4883a1eaa392",
            "listeners": [],
            "logging": {
              "destination_region_id": null,
              "enabled": false,
              "retention_policy": null,
              "topic_name": null
            },
            "name": "qa-lb-FIXED-TEST",
            "name_template": null,
            "operating_status": "ONLINE",
            "preferred_connectivity": "L2",
            "project_id": 6,
            "provisioning_status": "ACTIVE",
            "region": "Luxembourg-2",
            "region_id": 76,
            "stats": null,
            "tags": null,
            "tags_v2": [],
            "task_id": null,
            "tasks": null,
            "updated_at": "2025-11-17T09:09:14Z",
            "vip_address": "85.204.246.207",
            "vip_ip_family": "ipv4",
            "vip_network_id": null,
            "vip_port_id": "49ba7f08-188f-41cc-8347-a7a488f9062b",
            "vip_subnet_id": null,
            "vrrp_ips": []
          },
          "sensitive_attributes": [],
          "dependencies": [
            "data.gcore_cloud_projects.my_projects",
            "data.gcore_cloud_region.rg"
          ]
        }
      ]
    },
    {
      "mode": "managed",
      "type": "gcore_cloud_load_balancer_listener",
      "name": "ls",
      "provider": "provider[\"registry.terraform.io/gcore/gcore\"]",
      "instances": [
        {
          "schema_version": 0,
          "attributes": {
            "allowed_cidrs": null,
            "connection_limit": 100000,
            "creator_task_id": "f807301f-ddc1-47bb-ba16-d53ca11872e7",
            "id": "97e5d80d-bede-4cb4-9c02-e3ffdf0257bc",
            "insert_headers": "{}",
            "insert_x_forwarded": null,
            "load_balancer_id": "40a99b7c-e515-4792-954f-4883a1eaa392",
            "name": "qa-ls",
            "operating_status": "ONLINE",
            "pool_count": 0,
            "project_id": 6,
            "protocol": "HTTP",
            "protocol_port": 80,
            "provisioning_status": "ACTIVE",
            "region_id": 76,
            "secret_id": null,
            "sni_secret_id": [],
            "stats": null,
            "task_id": null,
            "tasks": null,
            "timeout_client_data": 50000,
            "timeout_member_connect": 5000,
            "timeout_member_data": 50000,
            "user_list": []
          },
          "sensitive_attributes": [],
          "dependencies": [
            "data.gcore_cloud_projects.my_projects",
            "data.gcore_cloud_region.rg",
            "gcore_cloud_load_balancer.lb"
          ]
        }
      ]
    }
  ],
  "check_results": null
}
