{
  "version": 4,
  "terraform_version": "1.14.3",
  "serial": 12,
  "lineage": "409282a3-646a-3eda-975d-b2d369ae6c3e",
  "outputs": {},
  "resources": [
    {
      "mode": "managed",
      "type": "gcore_cloud_security_group",
      "name": "sg",
      "provider": "provider[\"registry.terraform.io/gcore/gcore\"]",
      "instances": [
        {
          "schema_version": 0,
          "attributes": {
            "created_at": "2026-02-26T14:32:09Z",
            "description": "",
            "id": "e4146ec8-008c-43ba-b4c4-99a32f4d1bef",
            "name": "tf-test-desc-removal",
            "project_id": 379987,
            "region": "Luxembourg-2",
            "region_id": 76,
            "revision_number": 3,
            "tags": null,
            "tags_v2": [],
            "updated_at": "2026-02-26T14:32:28Z"
          },
          "sensitive_attributes": [],
          "identity_schema_version": 0
        }
      ]
    }
  ],
  "check_results": null
}
