{
  "version": 4,
  "terraform_version": "1.14.3",
  "serial": 1,
  "lineage": "9feb5876-2191-07c5-e08a-c7a527b6e1fb",
  "outputs": {
    "cert_id": {
      "value": 279588,
      "type": "number"
    }
  },
  "resources": [
    {
      "mode": "managed",
      "type": "gcore_cdn_trusted_ca_certificate",
      "name": "test",
      "provider": "provider[\"registry.terraform.io/gcore/gcore\"]",
      "instances": [
        {
          "schema_version": 0,
          "attributes": {
            "cert_issuer": "tf-test-ca.example.com",
            "cert_subject_alt": null,
            "cert_subject_cn": "tf-test-ca.example.com",
            "deleted": false,
            "has_related_resources": false,
            "id": 279588,
            "name": "tf-test-cacert-import",
            "ssl_certificate": null,
            "ssl_certificate_chain": "",
            "validity_not_after": "2036-02-17T09:53:40Z",
            "validity_not_before": "2026-02-19T09:53:40Z"
          },
          "sensitive_attributes": [],
          "identity_schema_version": 0
        }
      ]
    }
  ],
  "check_results": null
}
