{
  "version": 4,
  "terraform_version": "1.10.5",
  "serial": 33,
  "lineage": "bc803163-095b-eab7-6484-73352cab43b3",
  "outputs": {},
  "resources": [
    {
      "mode": "data",
      "type": "gcore_cloud_projects",
      "name": "my_projects",
      "provider": "provider[\"registry.terraform.io/gcore/gcore\"]",
      "instances": [
        {
          "schema_version": 0,
          "attributes": {
            "client_id": null,
            "include_deleted": null,
            "items": [
              {
                "client_id": 3621,
                "created_at": "2019-08-23T17:24:36Z",
                "deleted_at": null,
                "description": "",
                "id": 6,
                "is_default": true,
                "name": "Default",
                "state": "ACTIVE",
                "task_id": null
              }
            ],
            "max_items": null,
            "name": "default",
            "order_by": null
          },
          "sensitive_attributes": []
        }
      ]
    },
    {
      "mode": "data",
      "type": "gcore_cloud_region",
      "name": "rg",
      "provider": "provider[\"registry.terraform.io/gcore/gcore\"]",
      "instances": [
        {
          "schema_version": 0,
          "attributes": {
            "access_level": "core",
            "available_volume_types": [
              "standard",
              "ssd_hiiops",
              "ssd_lowlatency"
            ],
            "coordinates": {
              "latitude": 49.579582,
              "longitude": 6.109961
            },
            "country": "LU",
            "created_at": "2021-10-19T12:54:13Z",
            "created_on": "2021-10-19T12:54:13Z",
            "ddos_endpoint_id": 51,
            "display_name": "Luxembourg-2",
            "endpoint_type": "public",
            "external_network_id": "4b99f7d1-5d1e-4fdb-8ae1-a4bfb208556c",
            "file_share_types": [
              "standard"
            ],
            "has_ai": true,
            "has_ai_gpu": true,
            "has_baremetal": true,
            "has_basic_vm": false,
            "has_dbaas": true,
            "has_ddos": true,
            "has_k8s": true,
            "has_kvm": true,
            "has_sfs": true,
            "id": 76,
            "keystone_id": 76,
            "keystone_name": "ED-16",
            "metrics_database_id": 76,
            "region_id": 76,
            "show_volume_types": null,
            "state": "ACTIVE",
            "task_id": null,
            "vlan_physical_network": "br-ex",
            "zone": "EMEA"
          },
          "sensitive_attributes": []
        }
      ]
    },
    {
      "mode": "managed",
      "type": "gcore_cloud_load_balancer",
      "name": "lb",
      "provider": "provider[\"registry.terraform.io/gcore/gcore\"]",
      "instances": [
        {
          "schema_version": 0,
          "attributes": {
            "additional_vips": [],
            "created_at": "2025-11-24T09:46:12Z",
            "creator_task_id": "84179a64-3c9c-4f17-8a6b-415a6afa4d46",
            "ddos_profile": null,
            "flavor": "lb1-2-4",
            "floating_ip": null,
            "floating_ips": [],
            "id": "8427f08d-f08a-4401-90a2-129136045e93",
            "listeners": [],
            "logging": {
              "destination_region_id": null,
              "enabled": false,
              "retention_policy": null,
              "topic_name": null
            },
            "name": "qa-lb-tags-test-fix",
            "name_template": null,
            "operating_status": "ONLINE",
            "preferred_connectivity": "L2",
            "project_id": 6,
            "provisioning_status": "ACTIVE",
            "region": "Luxembourg-2",
            "region_id": 76,
            "stats": null,
            "tags": {
              "environment": "test",
              "qa": "load-balancer"
            },
            "tags_v2": [
              {
                "key": "environment",
                "read_only": false,
                "value": "test"
              },
              {
                "key": "qa",
                "read_only": false,
                "value": "load-balancer"
              }
            ],
            "updated_at": "2025-11-24T10:02:30Z",
            "vip_address": "109.61.125.222",
            "vip_ip_family": "ipv4",
            "vip_network_id": null,
            "vip_port_id": "becf8d5b-5de2-444a-a8fd-fcb622c38b9d",
            "vip_subnet_id": null,
            "vrrp_ips": [
              {
                "ip_address": "109.61.125.217",
                "role": "BACKUP",
                "subnet_id": "b4c6e91a-9eb9-4c59-ad57-00124eceda00"
              },
              {
                "ip_address": "109.61.125.90",
                "role": "MASTER",
                "subnet_id": "b4c6e91a-9eb9-4c59-ad57-00124eceda00"
              }
            ]
          },
          "sensitive_attributes": [],
          "dependencies": [
            "data.gcore_cloud_projects.my_projects",
            "data.gcore_cloud_region.rg"
          ]
        }
      ]
    }
  ],
  "check_results": null
}
