{
  "version": 4,
  "terraform_version": "1.10.5",
  "serial": 20,
  "lineage": "870fee54-75fd-8b9d-f9c0-18eea547f60a",
  "outputs": {
    "pool_id": {
      "value": "81d75ae0-7848-4cc6-96ae-ff3189da7fee",
      "type": "string"
    },
    "pool_members": {
      "value": [
        {
          "address": "10.0.0.1",
          "admin_state_up": true,
          "backup": false,
          "instance_id": null,
          "monitor_address": null,
          "monitor_port": null,
          "protocol_port": 8080,
          "subnet_id": null,
          "weight": 1
        }
      ],
      "type": [
        "list",
        [
          "object",
          {
            "address": "string",
            "admin_state_up": "bool",
            "backup": "bool",
            "instance_id": "string",
            "monitor_address": "string",
            "monitor_port": "number",
            "protocol_port": "number",
            "subnet_id": "string",
            "weight": "number"
          }
        ]
      ]
    }
  },
  "resources": [
    {
      "mode": "managed",
      "type": "gcore_cloud_load_balancer",
      "name": "test",
      "provider": "provider[\"registry.terraform.io/gcore/gcore\"]",
      "instances": [
        {
          "schema_version": 0,
          "attributes": {
            "additional_vips": [],
            "created_at": "2025-12-10T13:09:20Z",
            "creator_task_id": "f046ff6a-6a41-48a3-8b5a-8365b5437926",
            "ddos_profile": null,
            "flavor": "lb1-1-2",
            "floating_ip": null,
            "floating_ips": [],
            "id": "56f19416-bde3-48ed-90fb-c743421dcbb7",
            "listeners": [],
            "logging": {
              "destination_region_id": null,
              "enabled": false,
              "retention_policy": null,
              "topic_name": null
            },
            "name": "tf-test-member-removal",
            "name_template": null,
            "operating_status": "ONLINE",
            "preferred_connectivity": "L2",
            "project_id": 379987,
            "provisioning_status": "ACTIVE",
            "region": "Luxembourg-2",
            "region_id": 76,
            "stats": null,
            "tags": null,
            "tags_v2": [],
            "updated_at": "2025-12-10T13:47:57Z",
            "vip_address": "45.82.160.141",
            "vip_ip_family": "ipv4",
            "vip_network_id": null,
            "vip_port_id": "739400fc-379d-4f55-a10e-1245921517cf",
            "vip_subnet_id": null,
            "vrrp_ips": [
              {
                "ip_address": "45.82.160.147",
                "role": "BACKUP",
                "subnet_id": "e47b6c72-f1d3-44de-bd7a-1bed593cbc29"
              },
              {
                "ip_address": "45.82.160.234",
                "role": "MASTER",
                "subnet_id": "e47b6c72-f1d3-44de-bd7a-1bed593cbc29"
              }
            ]
          },
          "sensitive_attributes": []
        }
      ]
    },
    {
      "mode": "managed",
      "type": "gcore_cloud_load_balancer_listener",
      "name": "test",
      "provider": "provider[\"registry.terraform.io/gcore/gcore\"]",
      "instances": [
        {
          "schema_version": 0,
          "attributes": {
            "allowed_cidrs": null,
            "connection_limit": 100000,
            "creator_task_id": "b8b57019-1eb4-475e-b10e-a32b3d4a45cd",
            "id": "4736ab46-ca36-4fe8-9fc0-b666f2defe18",
            "insert_headers": "{}",
            "insert_x_forwarded": null,
            "load_balancer_id": "56f19416-bde3-48ed-90fb-c743421dcbb7",
            "name": "tf-test-listener-member",
            "operating_status": "ONLINE",
            "pool_count": 1,
            "project_id": 379987,
            "protocol": "HTTP",
            "protocol_port": 80,
            "provisioning_status": "ACTIVE",
            "region_id": 76,
            "secret_id": null,
            "sni_secret_id": [],
            "stats": null,
            "timeout_client_data": 50000,
            "timeout_member_connect": 5000,
            "timeout_member_data": 50000,
            "user_list": []
          },
          "sensitive_attributes": [],
          "dependencies": [
            "gcore_cloud_load_balancer.test"
          ]
        }
      ]
    },
    {
      "mode": "managed",
      "type": "gcore_cloud_load_balancer_pool",
      "name": "test",
      "provider": "provider[\"registry.terraform.io/gcore/gcore\"]",
      "instances": [
        {
          "schema_version": 0,
          "attributes": {
            "ca_secret_id": null,
            "creator_task_id": "ae454c4f-ae83-4fe7-a5ca-11cbb93b48cf",
            "crl_secret_id": null,
            "healthmonitor": null,
            "id": "81d75ae0-7848-4cc6-96ae-ff3189da7fee",
            "lb_algorithm": "ROUND_ROBIN",
            "listener_id": "4736ab46-ca36-4fe8-9fc0-b666f2defe18",
            "listeners": [
              {
                "id": "4736ab46-ca36-4fe8-9fc0-b666f2defe18"
              }
            ],
            "load_balancer_id": "56f19416-bde3-48ed-90fb-c743421dcbb7",
            "loadbalancers": [
              {
                "id": "56f19416-bde3-48ed-90fb-c743421dcbb7"
              }
            ],
            "members": [
              {
                "address": "10.0.0.1",
                "admin_state_up": true,
                "backup": false,
                "instance_id": null,
                "monitor_address": null,
                "monitor_port": null,
                "protocol_port": 8080,
                "subnet_id": null,
                "weight": 1
              }
            ],
            "name": "tf-test-pool-members",
            "operating_status": "ONLINE",
            "project_id": 379987,
            "protocol": "HTTP",
            "provisioning_status": "ACTIVE",
            "region_id": 76,
            "secret_id": null,
            "session_persistence": null,
            "timeout_client_data": null,
            "timeout_member_connect": null,
            "timeout_member_data": null
          },
          "sensitive_attributes": [],
          "dependencies": [
            "gcore_cloud_load_balancer.test",
            "gcore_cloud_load_balancer_listener.test"
          ]
        }
      ]
    }
  ],
  "check_results": null
}
