{
  "version": 4,
  "terraform_version": "1.14.3",
  "serial": 15,
  "lineage": "2205e682-d4c3-9b3f-9127-890dc469294c",
  "outputs": {
    "secret_app_count": {
      "value": 0,
      "type": "number"
    },
    "secret_id": {
      "value": 325,
      "type": "number"
    },
    "secret_name": {
      "value": "tf-test-secret-qa-updated",
      "type": "string"
    },
    "secret_slots_info": {
      "value": [
        {
          "checksum": "d8e76ccd1aebc89c26d749fe5252299bc43684d04a090989585b97bb3937e25b",
          "slot": 1,
          "value": null
        },
        {
          "checksum": "d4c35021fd2b91b3d4f782afc67114b5ed86a062e8cbe0050fbea096faf46794",
          "slot": 2,
          "value": null
        }
      ],
      "type": [
        "list",
        [
          "object",
          {
            "checksum": "string",
            "slot": "number",
            "value": "string"
          }
        ]
      ],
      "sensitive": true
    }
  },
  "resources": [
    {
      "mode": "managed",
      "type": "gcore_fastedge_secret",
      "name": "test",
      "provider": "provider[\"registry.terraform.io/gcore/gcore\"]",
      "instances": [
        {
          "schema_version": 0,
          "attributes": {
            "app_count": 0,
            "comment": "QA test comment",
            "id": 325,
            "name": "tf-test-secret-qa-updated",
            "secret_slots": [
              {
                "checksum": "d8e76ccd1aebc89c26d749fe5252299bc43684d04a090989585b97bb3937e25b",
                "slot": 1,
                "value": null
              },
              {
                "checksum": "d4c35021fd2b91b3d4f782afc67114b5ed86a062e8cbe0050fbea096faf46794",
                "slot": 2,
                "value": null
              }
            ],
            "secret_slots_wo_version": null
          },
          "sensitive_attributes": [
            [
              {
                "type": "get_attr",
                "value": "secret_slots"
              },
              {
                "type": "index",
                "value": {
                  "value": 0,
                  "type": "number"
                }
              },
              {
                "type": "get_attr",
                "value": "value"
              }
            ],
            [
              {
                "type": "get_attr",
                "value": "secret_slots"
              },
              {
                "type": "index",
                "value": {
                  "value": 1,
                  "type": "number"
                }
              },
              {
                "type": "get_attr",
                "value": "value"
              }
            ]
          ],
          "identity_schema_version": 0
        }
      ]
    }
  ],
  "check_results": null
}
