{
  "version": 4,
  "terraform_version": "1.10.5",
  "serial": 20,
  "lineage": "8313aba2-d3dd-eb25-d76e-a7a9ff460960",
  "outputs": {
    "router_id": {
      "value": "e77a4879-8e0b-43a9-8056-b58e5a3c752e",
      "type": "string"
    },
    "router_routes": {
      "value": [
        {
          "destination": "10.0.1.0/24",
          "nexthop": "192.168.20.1"
        },
        {
          "destination": "10.0.2.0/24",
          "nexthop": "192.168.20.1"
        }
      ],
      "type": [
        "list",
        [
          "object",
          {
            "destination": "string",
            "nexthop": "string"
          }
        ]
      ]
    }
  },
  "resources": [
    {
      "mode": "managed",
      "type": "gcore_cloud_network",
      "name": "network",
      "provider": "provider[\"registry.terraform.io/gcore/gcore\"]",
      "instances": [
        {
          "schema_version": 0,
          "attributes": {
            "create_router": true,
            "created_at": "2025-11-05T13:15:22Z",
            "creator_task_id": "dc5a73f2-6f44-4f28-9dd1-f43e3c8c38bf",
            "default": null,
            "external": false,
            "id": "ee146799-5881-42ed-b431-c7bcd9982df7",
            "mtu": 1500,
            "name": "test-router-drift-002-network",
            "port_security_enabled": true,
            "project_id": 379987,
            "region": "Luxembourg-2",
            "region_id": 76,
            "segmentation_id": 306,
            "shared": false,
            "subnets": [],
            "tags": null,
            "task_id": null,
            "tasks": null,
            "type": "vxlan",
            "updated_at": "2025-11-05T13:15:22Z"
          },
          "sensitive_attributes": []
        }
      ]
    },
    {
      "mode": "managed",
      "type": "gcore_cloud_network_router",
      "name": "router",
      "provider": "provider[\"registry.terraform.io/gcore/gcore\"]",
      "instances": [
        {
          "schema_version": 0,
          "attributes": {
            "created_at": "2025-11-05T13:15:52Z",
            "creator_task_id": "1b54063f-52b3-4dab-a5a7-a2770174a9ed",
            "distributed": false,
            "external_gateway_info": {
              "enable_snat": true,
              "network_id": "4b99f7d1-5d1e-4fdb-8ae1-a4bfb208556c",
              "type": null
            },
            "id": "e77a4879-8e0b-43a9-8056-b58e5a3c752e",
            "interfaces": [
              {
                "subnet_id": "4e2dabcf-35aa-438b-aebb-768caee2555a",
                "type": "subnet"
              }
            ],
            "name": "test-router-drift-002",
            "project_id": 379987,
            "region": "Luxembourg-2",
            "region_id": 76,
            "routes": [
              {
                "destination": "10.0.1.0/24",
                "nexthop": "192.168.20.1"
              },
              {
                "destination": "10.0.2.0/24",
                "nexthop": "192.168.20.1"
              }
            ],
            "status": "ACTIVE",
            "task_id": "",
            "tasks": null,
            "updated_at": "2025-11-05T13:17:39Z"
          },
          "sensitive_attributes": [],
          "dependencies": [
            "gcore_cloud_network.network",
            "gcore_cloud_network_subnet.subnet"
          ]
        }
      ]
    },
    {
      "mode": "managed",
      "type": "gcore_cloud_network_subnet",
      "name": "subnet",
      "provider": "provider[\"registry.terraform.io/gcore/gcore\"]",
      "instances": [
        {
          "schema_version": 0,
          "attributes": {
            "available_ips": 251,
            "cidr": "192.168.20.0/24",
            "connect_to_network_router": true,
            "created_at": "2025-11-05T13:15:37Z",
            "creator_task_id": "2af2654b-72e2-4c42-9b15-a1104397c9df",
            "dns_nameservers": [
              "8.8.8.8",
              "8.8.4.4"
            ],
            "enable_dhcp": true,
            "gateway_ip": "192.168.20.1",
            "has_router": false,
            "host_routes": [],
            "id": "4e2dabcf-35aa-438b-aebb-768caee2555a",
            "ip_version": 4,
            "name": "test-router-drift-002-subnet",
            "network_id": "ee146799-5881-42ed-b431-c7bcd9982df7",
            "project_id": 379987,
            "region": "Luxembourg-2",
            "region_id": 76,
            "router_id_to_connect": null,
            "tags": null,
            "task_id": null,
            "tasks": null,
            "total_ips": 253,
            "updated_at": "2025-11-05T13:15:37Z"
          },
          "sensitive_attributes": [],
          "dependencies": [
            "gcore_cloud_network.network"
          ]
        }
      ]
    }
  ],
  "check_results": null
}
