{
  "version": 4,
  "terraform_version": "1.14.3",
  "serial": 8,
  "lineage": "ca8770c4-7828-6278-70bb-a0a5fce4e420",
  "outputs": {},
  "resources": [
    {
      "mode": "managed",
      "type": "gcore_dns_zone",
      "name": "import_zone",
      "provider": "provider[\"registry.terraform.io/gcore/gcore\"]",
      "instances": [
        {
          "schema_version": 0,
          "attributes": {
            "contact": null,
            "dnssec_enabled": null,
            "enabled": true,
            "expiry": null,
            "id": "import-test-22173.qa",
            "meta": null,
            "name": "import-test-22173.qa",
            "nx_ttl": null,
            "primary_server": null,
            "records": null,
            "refresh": null,
            "retry": null,
            "rrsets_amount": null,
            "serial": null,
            "status": null,
            "warnings": [
              "Your contract has been set to reseller default due to the absence of contact information."
            ]
          },
          "sensitive_attributes": [],
          "identity_schema_version": 0
        }
      ]
    }
  ],
  "check_results": null
}
