{
  "version": 4,
  "terraform_version": "1.14.3",
  "serial": 3,
  "lineage": "5ae4b735-ee16-9779-0914-454b59e9fd6a",
  "outputs": {},
  "resources": [
    {
      "mode": "managed",
      "type": "gcore_dns_zone",
      "name": "drift_zone",
      "provider": "provider[\"registry.terraform.io/gcore/gcore\"]",
      "instances": [
        {
          "schema_version": 0,
          "attributes": {
            "contact": null,
            "dnssec_enabled": null,
            "enabled": true,
            "expiry": null,
            "id": "drift-test-22173.qa",
            "meta": null,
            "name": "drift-test-22173.qa",
            "nx_ttl": null,
            "primary_server": "ns1.drift-test.qa",
            "records": null,
            "refresh": null,
            "retry": null,
            "rrsets_amount": null,
            "serial": 2024010100,
            "status": null,
            "warnings": [
              "Your contract has been set to reseller default due to the absence of contact information."
            ]
          },
          "sensitive_attributes": [],
          "identity_schema_version": 0
        }
      ]
    },
    {
      "mode": "managed",
      "type": "gcore_dns_zone",
      "name": "minimal_zone",
      "provider": "provider[\"registry.terraform.io/gcore/gcore\"]",
      "instances": [
        {
          "schema_version": 0,
          "attributes": {
            "contact": null,
            "dnssec_enabled": null,
            "enabled": true,
            "expiry": null,
            "id": "minimal-test-22173.qa",
            "meta": null,
            "name": "minimal-test-22173.qa",
            "nx_ttl": null,
            "primary_server": null,
            "records": null,
            "refresh": null,
            "retry": null,
            "rrsets_amount": null,
            "serial": null,
            "status": null,
            "warnings": [
              "Your contract has been set to reseller default due to the absence of contact information."
            ]
          },
          "sensitive_attributes": [],
          "identity_schema_version": 0
        }
      ]
    }
  ],
  "check_results": null
}
