{
  "version": 4,
  "terraform_version": "1.10.5",
  "serial": 4,
  "lineage": "d2fc16c2-a230-3db7-c44e-26caa25d247a",
  "outputs": {},
  "resources": [
    {
      "mode": "managed",
      "type": "gcore_cloud_network",
      "name": "network",
      "provider": "provider[\"registry.terraform.io/gcore/gcore\"]",
      "instances": [
        {
          "schema_version": 0,
          "attributes": {
            "create_router": true,
            "created_at": "2025-11-05T11:42:44Z",
            "creator_task_id": "88d343a5-830f-40d6-a69b-ae4f44ccdea4",
            "default": null,
            "external": false,
            "id": "61e267e0-e09a-4230-8b1d-254424bdc77f",
            "mtu": 1500,
            "name": "test-route-fix-network",
            "port_security_enabled": true,
            "project_id": 379987,
            "region": "Luxembourg-2",
            "region_id": 76,
            "segmentation_id": 752,
            "shared": false,
            "subnets": [],
            "tags": null,
            "task_id": null,
            "tasks": null,
            "type": "vxlan",
            "updated_at": "2025-11-05T11:42:44Z"
          },
          "sensitive_attributes": []
        }
      ]
    },
    {
      "mode": "managed",
      "type": "gcore_cloud_network_router",
      "name": "router",
      "provider": "provider[\"registry.terraform.io/gcore/gcore\"]",
      "instances": [
        {
          "schema_version": 0,
          "attributes": {
            "created_at": "2025-11-05T11:43:13Z",
            "creator_task_id": "87f929a5-72ef-4773-a0ca-0897faa4f1cb",
            "distributed": false,
            "external_gateway_info": {
              "enable_snat": true,
              "network_id": "4b99f7d1-5d1e-4fdb-8ae1-a4bfb208556c",
              "type": null
            },
            "id": "f08987e4-476d-4c8c-b791-64f3bbc0ed82",
            "interfaces": [
              {
                "subnet_id": "b7e21fb8-2e2d-4e0d-80bc-aa121cc568a7",
                "type": "subnet"
              }
            ],
            "name": "test-route-fix-router",
            "project_id": 379987,
            "region": "Luxembourg-2",
            "region_id": 76,
            "routes": [],
            "status": "ACTIVE",
            "task_id": "",
            "tasks": null,
            "updated_at": "2025-11-05T11:44:57Z"
          },
          "sensitive_attributes": [],
          "dependencies": [
            "gcore_cloud_network.network",
            "gcore_cloud_network_subnet.subnet"
          ]
        }
      ]
    },
    {
      "mode": "managed",
      "type": "gcore_cloud_network_subnet",
      "name": "subnet",
      "provider": "provider[\"registry.terraform.io/gcore/gcore\"]",
      "instances": [
        {
          "schema_version": 0,
          "attributes": {
            "available_ips": 251,
            "cidr": "192.168.50.0/24",
            "connect_to_network_router": true,
            "created_at": "2025-11-05T11:42:58Z",
            "creator_task_id": "4f2cb67b-3039-4011-bfad-8760ef8e6b9a",
            "dns_nameservers": [
              "8.8.8.8",
              "8.8.4.4"
            ],
            "enable_dhcp": true,
            "gateway_ip": "192.168.50.1",
            "has_router": false,
            "host_routes": [],
            "id": "b7e21fb8-2e2d-4e0d-80bc-aa121cc568a7",
            "ip_version": 4,
            "name": "test-route-fix-subnet",
            "network_id": "61e267e0-e09a-4230-8b1d-254424bdc77f",
            "project_id": 379987,
            "region": "Luxembourg-2",
            "region_id": 76,
            "router_id_to_connect": null,
            "tags": null,
            "task_id": null,
            "tasks": null,
            "total_ips": 253,
            "updated_at": "2025-11-05T11:42:58Z"
          },
          "sensitive_attributes": [],
          "dependencies": [
            "gcore_cloud_network.network"
          ]
        }
      ]
    }
  ],
  "check_results": null
}
