{
  "version": 4,
  "terraform_version": "1.10.5",
  "serial": 15,
  "lineage": "d495095c-fe95-ff67-bb5f-44bca819bc33",
  "outputs": {
    "datasource_id": {
      "value": "tf-test-gcloud2-22173.com",
      "type": "string"
    },
    "datasource_name": {
      "value": "tf-test-gcloud2-22173.com",
      "type": "string"
    },
    "resource_enabled": {
      "value": true,
      "type": "bool"
    },
    "resource_id": {
      "value": "tf-test-gcloud2-22173.com",
      "type": "string"
    },
    "resource_name": {
      "value": "tf-test-gcloud2-22173.com",
      "type": "string"
    }
  },
  "resources": [
    {
      "mode": "data",
      "type": "gcore_dns_zone",
      "name": "test",
      "provider": "provider[\"registry.terraform.io/gcore/gcore\"]",
      "instances": [
        {
          "schema_version": 0,
          "attributes": {
            "id": "tf-test-gcloud2-22173.com",
            "name": "tf-test-gcloud2-22173.com",
            "zone": null
          },
          "sensitive_attributes": []
        }
      ]
    },
    {
      "mode": "managed",
      "type": "gcore_dns_zone",
      "name": "test",
      "provider": "provider[\"registry.terraform.io/gcore/gcore\"]",
      "instances": [
        {
          "schema_version": 0,
          "attributes": {
            "contact": "support@gcore.com",
            "enabled": true,
            "expiry": 1209600,
            "id": "tf-test-gcloud2-22173.com",
            "meta": null,
            "name": "tf-test-gcloud2-22173.com",
            "nx_ttl": 300,
            "primary_server": "ns1.gcorelabs.net",
            "refresh": 0,
            "retry": 3600,
            "serial": 1765964683,
            "warnings": null,
            "zone": null
          },
          "sensitive_attributes": []
        }
      ]
    }
  ],
  "check_results": null
}
