{
  "version": 4,
  "terraform_version": "1.10.5",
  "serial": 27,
  "lineage": "850c18c8-6d95-7b01-30ca-5e1eeffae46a",
  "outputs": {
    "router_id": {
      "value": "77fb3880-408a-4783-ac59-2b4db1b6ae88",
      "type": "string"
    },
    "router_routes": {
      "value": [],
      "type": [
        "list",
        [
          "object",
          {
            "destination": "string",
            "nexthop": "string"
          }
        ]
      ]
    }
  },
  "resources": [
    {
      "mode": "managed",
      "type": "gcore_cloud_network",
      "name": "network",
      "provider": "provider[\"registry.terraform.io/gcore/gcore\"]",
      "instances": [
        {
          "schema_version": 0,
          "attributes": {
            "create_router": true,
            "created_at": "2025-11-05T13:47:45Z",
            "creator_task_id": "361a5449-0073-4699-a1f1-08122349dd5a",
            "default": null,
            "external": false,
            "id": "6d57ac6a-1643-40df-9dfd-d45c669d2da1",
            "mtu": 1500,
            "name": "test-route-validation-network",
            "port_security_enabled": true,
            "project_id": 379987,
            "region": "Luxembourg-2",
            "region_id": 76,
            "segmentation_id": 654,
            "shared": false,
            "subnets": [
              "f9f7bd5b-a777-477c-81b6-bedaa05a5d38"
            ],
            "tags": null,
            "task_id": null,
            "tasks": null,
            "type": "vxlan",
            "updated_at": "2025-11-05T13:47:53Z"
          },
          "sensitive_attributes": []
        }
      ]
    },
    {
      "mode": "managed",
      "type": "gcore_cloud_network_router",
      "name": "router",
      "provider": "provider[\"registry.terraform.io/gcore/gcore\"]",
      "instances": [
        {
          "schema_version": 0,
          "attributes": {
            "created_at": "2025-11-05T13:48:01Z",
            "creator_task_id": "21053190-3a3e-4c14-8fef-d3c174c55640",
            "distributed": false,
            "external_gateway_info": {
              "enable_snat": true,
              "network_id": "4b99f7d1-5d1e-4fdb-8ae1-a4bfb208556c",
              "type": null
            },
            "id": "77fb3880-408a-4783-ac59-2b4db1b6ae88",
            "interfaces": [
              {
                "subnet_id": "f9f7bd5b-a777-477c-81b6-bedaa05a5d38",
                "type": "subnet"
              }
            ],
            "name": "test-route-validation-router",
            "project_id": 379987,
            "region": "Luxembourg-2",
            "region_id": 76,
            "routes": [],
            "status": "ACTIVE",
            "task_id": null,
            "tasks": null,
            "updated_at": "2025-11-05T13:49:52Z"
          },
          "sensitive_attributes": [],
          "dependencies": [
            "gcore_cloud_network.network",
            "gcore_cloud_network_subnet.subnet"
          ]
        }
      ]
    },
    {
      "mode": "managed",
      "type": "gcore_cloud_network_subnet",
      "name": "subnet",
      "provider": "provider[\"registry.terraform.io/gcore/gcore\"]",
      "instances": [
        {
          "schema_version": 0,
          "attributes": {
            "available_ips": 250,
            "cidr": "192.168.70.0/24",
            "connect_to_network_router": true,
            "created_at": "2025-11-05T13:47:53Z",
            "creator_task_id": "af3b5713-f204-489e-af9c-06f719b22fd4",
            "dns_nameservers": [
              "8.8.8.8",
              "8.8.4.4"
            ],
            "enable_dhcp": true,
            "gateway_ip": "192.168.70.1",
            "has_router": false,
            "host_routes": [],
            "id": "f9f7bd5b-a777-477c-81b6-bedaa05a5d38",
            "ip_version": 4,
            "name": "test-route-validation-subnet",
            "network_id": "6d57ac6a-1643-40df-9dfd-d45c669d2da1",
            "project_id": 379987,
            "region": "Luxembourg-2",
            "region_id": 76,
            "router_id_to_connect": null,
            "tags": null,
            "task_id": null,
            "tasks": null,
            "total_ips": 253,
            "updated_at": "2025-11-05T13:47:53Z"
          },
          "sensitive_attributes": [],
          "dependencies": [
            "gcore_cloud_network.network"
          ]
        }
      ]
    }
  ],
  "check_results": null
}
