{
  "version": 4,
  "terraform_version": "1.10.5",
  "serial": 18,
  "lineage": "74f77134-d10c-ec52-5528-9f443237faed",
  "outputs": {
    "udp_lb_id": {
      "value": "59f314c9-8d7e-4527-a6f3-53d7eba671bc",
      "type": "string"
    },
    "udp_listener_id": {
      "value": "68d7bab0-c5c7-4d3c-b0ca-e9031b02aca8",
      "type": "string"
    },
    "udp_member_addresses": {
      "value": [
        "10.0.53.5",
        "10.0.53.15"
      ],
      "type": [
        "tuple",
        [
          "string",
          "string"
        ]
      ]
    },
    "udp_pool_id": {
      "value": "7fe54b2e-2c36-4f0a-ab70-9d1545cae9c5",
      "type": "string"
    }
  },
  "resources": [
    {
      "mode": "data",
      "type": "gcore_cloud_projects",
      "name": "selected",
      "provider": "provider[\"registry.terraform.io/gcore/gcore\"]",
      "instances": [
        {
          "schema_version": 0,
          "attributes": {
            "client_id": null,
            "include_deleted": null,
            "items": [
              {
                "client_id": 3621,
                "created_at": "2019-08-23T17:24:36Z",
                "deleted_at": null,
                "description": "",
                "id": 6,
                "is_default": true,
                "name": "Default",
                "state": "ACTIVE",
                "task_id": null
              }
            ],
            "max_items": null,
            "name": "default",
            "order_by": null
          },
          "sensitive_attributes": []
        }
      ]
    },
    {
      "mode": "data",
      "type": "gcore_cloud_region",
      "name": "target",
      "provider": "provider[\"registry.terraform.io/gcore/gcore\"]",
      "instances": [
        {
          "schema_version": 0,
          "attributes": {
            "access_level": "core",
            "available_volume_types": [
              "standard",
              "ssd_hiiops",
              "ssd_lowlatency"
            ],
            "coordinates": {
              "latitude": 49.579582,
              "longitude": 6.109961
            },
            "country": "LU",
            "created_at": "2021-10-19T12:54:13Z",
            "created_on": "2021-10-19T12:54:13Z",
            "ddos_endpoint_id": 51,
            "display_name": "Luxembourg-2",
            "endpoint_type": "public",
            "external_network_id": "4b99f7d1-5d1e-4fdb-8ae1-a4bfb208556c",
            "file_share_types": [
              "standard"
            ],
            "has_ai": true,
            "has_ai_gpu": true,
            "has_baremetal": true,
            "has_basic_vm": false,
            "has_dbaas": true,
            "has_ddos": true,
            "has_k8s": true,
            "has_kvm": true,
            "has_sfs": true,
            "id": 76,
            "keystone_id": 76,
            "keystone_name": "ED-16",
            "metrics_database_id": 76,
            "region_id": 76,
            "show_volume_types": null,
            "state": "ACTIVE",
            "task_id": null,
            "vlan_physical_network": "br-ex",
            "zone": "EMEA"
          },
          "sensitive_attributes": []
        }
      ]
    },
    {
      "mode": "managed",
      "type": "gcore_cloud_load_balancer",
      "name": "udp",
      "provider": "provider[\"registry.terraform.io/gcore/gcore\"]",
      "instances": [
        {
          "schema_version": 0,
          "attributes": {
            "additional_vips": [],
            "created_at": "2025-11-18T09:39:36Z",
            "creator_task_id": "927f9fef-6d09-4e46-932c-392104c05976",
            "ddos_profile": null,
            "flavor": "lb1-1-2",
            "floating_ip": null,
            "floating_ips": [],
            "id": "59f314c9-8d7e-4527-a6f3-53d7eba671bc",
            "listeners": [],
            "logging": {
              "destination_region_id": null,
              "enabled": false,
              "retention_policy": null,
              "topic_name": null
            },
            "name": "test-lb-udp-source-updated",
            "name_template": null,
            "operating_status": "ONLINE",
            "preferred_connectivity": "L3",
            "project_id": 6,
            "provisioning_status": "ACTIVE",
            "region": "Luxembourg-2",
            "region_id": 76,
            "stats": null,
            "tags": {
              "environment": "qa",
              "scenario": "udp-source"
            },
            "tags_v2": [
              {
                "key": "environment",
                "read_only": false,
                "value": "qa"
              },
              {
                "key": "scenario",
                "read_only": false,
                "value": "udp-source"
              }
            ],
            "task_id": null,
            "tasks": null,
            "updated_at": "2025-11-18T09:42:29Z",
            "vip_address": "10.0.52.56",
            "vip_ip_family": "ipv4",
            "vip_network_id": "19d2283b-583c-4e7f-bbb7-6e53ee84fec2",
            "vip_port_id": "1cb05be3-ce2d-4508-9bcb-355635c3a2e5",
            "vip_subnet_id": "557ecda5-4267-4112-9b4b-f3f9ae1c5c96",
            "vrrp_ips": [
              {
                "ip_address": "10.0.52.51",
                "role": "MASTER",
                "subnet_id": "557ecda5-4267-4112-9b4b-f3f9ae1c5c96"
              },
              {
                "ip_address": "10.0.53.104",
                "role": "MASTER",
                "subnet_id": "38181e46-6e77-4442-ad10-7c1456964c13"
              },
              {
                "ip_address": "10.0.53.151",
                "role": "BACKUP",
                "subnet_id": "38181e46-6e77-4442-ad10-7c1456964c13"
              },
              {
                "ip_address": "10.0.52.109",
                "role": "BACKUP",
                "subnet_id": "557ecda5-4267-4112-9b4b-f3f9ae1c5c96"
              }
            ]
          },
          "sensitive_attributes": [],
          "dependencies": [
            "data.gcore_cloud_projects.selected",
            "data.gcore_cloud_region.target",
            "gcore_cloud_network.vip",
            "gcore_cloud_network_subnet.vip"
          ]
        }
      ]
    },
    {
      "mode": "managed",
      "type": "gcore_cloud_load_balancer_listener",
      "name": "udp",
      "provider": "provider[\"registry.terraform.io/gcore/gcore\"]",
      "instances": [
        {
          "schema_version": 0,
          "attributes": {
            "allowed_cidrs": null,
            "connection_limit": 100000,
            "creator_task_id": "66778ee4-7d61-4ef5-a8e5-204bb2ca778a",
            "id": "68d7bab0-c5c7-4d3c-b0ca-e9031b02aca8",
            "insert_headers": "{}",
            "insert_x_forwarded": null,
            "load_balancer_id": "59f314c9-8d7e-4527-a6f3-53d7eba671bc",
            "name": "test-lb-udp-source-updated-udp",
            "operating_status": "ONLINE",
            "pool_count": 1,
            "project_id": 6,
            "protocol": "UDP",
            "protocol_port": 5353,
            "provisioning_status": "ACTIVE",
            "region_id": 76,
            "secret_id": null,
            "sni_secret_id": [],
            "stats": null,
            "task_id": null,
            "tasks": null,
            "timeout_client_data": 20000,
            "timeout_member_connect": 4000,
            "timeout_member_data": 30000,
            "user_list": []
          },
          "sensitive_attributes": [],
          "dependencies": [
            "data.gcore_cloud_projects.selected",
            "data.gcore_cloud_region.target",
            "gcore_cloud_load_balancer.udp",
            "gcore_cloud_network.vip",
            "gcore_cloud_network_subnet.vip"
          ]
        }
      ]
    },
    {
      "mode": "managed",
      "type": "gcore_cloud_load_balancer_pool",
      "name": "udp",
      "provider": "provider[\"registry.terraform.io/gcore/gcore\"]",
      "instances": [
        {
          "schema_version": 0,
          "attributes": {
            "ca_secret_id": null,
            "creator_task_id": "dafc820a-f436-4947-b223-7bc7368c3542",
            "crl_secret_id": null,
            "healthmonitor": {
              "delay": 10,
              "expected_codes": null,
              "http_method": null,
              "max_retries": 3,
              "max_retries_down": 3,
              "timeout": 5,
              "type": "UDP-CONNECT",
              "url_path": null
            },
            "id": "7fe54b2e-2c36-4f0a-ab70-9d1545cae9c5",
            "lb_algorithm": "SOURCE_IP",
            "listener_id": "68d7bab0-c5c7-4d3c-b0ca-e9031b02aca8",
            "listeners": [
              {
                "id": "68d7bab0-c5c7-4d3c-b0ca-e9031b02aca8"
              }
            ],
            "load_balancer_id": "59f314c9-8d7e-4527-a6f3-53d7eba671bc",
            "loadbalancers": [
              {
                "id": "59f314c9-8d7e-4527-a6f3-53d7eba671bc"
              }
            ],
            "members": [
              {
                "address": "10.0.53.5",
                "admin_state_up": true,
                "backup": false,
                "instance_id": null,
                "monitor_address": "10.0.53.6",
                "monitor_port": 5353,
                "protocol_port": 5353,
                "subnet_id": "38181e46-6e77-4442-ad10-7c1456964c13",
                "weight": 4
              },
              {
                "address": "10.0.53.15",
                "admin_state_up": true,
                "backup": true,
                "instance_id": null,
                "monitor_address": "10.0.53.16",
                "monitor_port": 5353,
                "protocol_port": 5353,
                "subnet_id": "38181e46-6e77-4442-ad10-7c1456964c13",
                "weight": 2
              }
            ],
            "name": "test-lb-udp-source-updated-pool",
            "operating_status": "ONLINE",
            "project_id": 6,
            "protocol": "UDP",
            "provisioning_status": "ACTIVE",
            "region_id": 76,
            "secret_id": null,
            "session_persistence": {
              "cookie_name": null,
              "persistence_granularity": null,
              "persistence_timeout": 60,
              "type": "SOURCE_IP"
            },
            "task_id": null,
            "tasks": null,
            "timeout_client_data": 20000,
            "timeout_member_connect": 4000,
            "timeout_member_data": 30000
          },
          "sensitive_attributes": [],
          "dependencies": [
            "data.gcore_cloud_projects.selected",
            "data.gcore_cloud_region.target",
            "gcore_cloud_load_balancer.udp",
            "gcore_cloud_load_balancer_listener.udp",
            "gcore_cloud_network.backend",
            "gcore_cloud_network.vip",
            "gcore_cloud_network_subnet.backend",
            "gcore_cloud_network_subnet.vip"
          ]
        }
      ]
    },
    {
      "mode": "managed",
      "type": "gcore_cloud_network",
      "name": "backend",
      "provider": "provider[\"registry.terraform.io/gcore/gcore\"]",
      "instances": [
        {
          "schema_version": 0,
          "attributes": {
            "create_router": true,
            "created_at": "2025-11-18T09:38:43Z",
            "creator_task_id": "91180165-9a1a-4fcd-8eaf-bb2196191796",
            "default": null,
            "external": false,
            "id": "02c822a6-6c10-4468-aefc-c0c59000ec33",
            "mtu": 1500,
            "name": "test-lb-udp-source-updated-backend",
            "port_security_enabled": true,
            "project_id": 6,
            "region": "Luxembourg-2",
            "region_id": 76,
            "segmentation_id": 519,
            "shared": false,
            "subnets": [
              "38181e46-6e77-4442-ad10-7c1456964c13"
            ],
            "tags": null,
            "task_id": null,
            "tasks": null,
            "type": "vxlan",
            "updated_at": "2025-11-18T09:42:25Z"
          },
          "sensitive_attributes": [],
          "dependencies": [
            "data.gcore_cloud_projects.selected",
            "data.gcore_cloud_region.target"
          ]
        }
      ]
    },
    {
      "mode": "managed",
      "type": "gcore_cloud_network",
      "name": "vip",
      "provider": "provider[\"registry.terraform.io/gcore/gcore\"]",
      "instances": [
        {
          "schema_version": 0,
          "attributes": {
            "create_router": true,
            "created_at": "2025-11-18T09:38:43Z",
            "creator_task_id": "86c5e8ab-0468-49dd-ae93-8cf949a43ca8",
            "default": null,
            "external": false,
            "id": "19d2283b-583c-4e7f-bbb7-6e53ee84fec2",
            "mtu": 1500,
            "name": "test-lb-udp-source-updated-vip",
            "port_security_enabled": true,
            "project_id": 6,
            "region": "Luxembourg-2",
            "region_id": 76,
            "segmentation_id": 929,
            "shared": false,
            "subnets": [
              "557ecda5-4267-4112-9b4b-f3f9ae1c5c96"
            ],
            "tags": null,
            "task_id": null,
            "tasks": null,
            "type": "vxlan",
            "updated_at": "2025-11-18T09:42:24Z"
          },
          "sensitive_attributes": [],
          "dependencies": [
            "data.gcore_cloud_projects.selected",
            "data.gcore_cloud_region.target"
          ]
        }
      ]
    },
    {
      "mode": "managed",
      "type": "gcore_cloud_network_subnet",
      "name": "backend",
      "provider": "provider[\"registry.terraform.io/gcore/gcore\"]",
      "instances": [
        {
          "schema_version": 0,
          "attributes": {
            "available_ips": 249,
            "cidr": "10.0.53.0/24",
            "connect_to_network_router": true,
            "created_at": "2025-11-18T09:38:57Z",
            "creator_task_id": "bde49ced-d155-4c7e-82d5-0113bcee3209",
            "dns_nameservers": [
              "8.8.8.8",
              "8.8.4.4"
            ],
            "enable_dhcp": true,
            "gateway_ip": "10.0.53.1",
            "has_router": false,
            "host_routes": [],
            "id": "38181e46-6e77-4442-ad10-7c1456964c13",
            "ip_version": 4,
            "name": "test-lb-udp-source-updated-backend",
            "network_id": "02c822a6-6c10-4468-aefc-c0c59000ec33",
            "project_id": 6,
            "region": "Luxembourg-2",
            "region_id": 76,
            "router_id_to_connect": null,
            "tags": null,
            "task_id": null,
            "tasks": null,
            "total_ips": 253,
            "updated_at": "2025-11-18T09:42:28Z"
          },
          "sensitive_attributes": [],
          "dependencies": [
            "data.gcore_cloud_projects.selected",
            "data.gcore_cloud_region.target",
            "gcore_cloud_network.backend"
          ]
        }
      ]
    },
    {
      "mode": "managed",
      "type": "gcore_cloud_network_subnet",
      "name": "vip",
      "provider": "provider[\"registry.terraform.io/gcore/gcore\"]",
      "instances": [
        {
          "schema_version": 0,
          "attributes": {
            "available_ips": 248,
            "cidr": "10.0.52.0/24",
            "connect_to_network_router": true,
            "created_at": "2025-11-18T09:38:52Z",
            "creator_task_id": "acf3e73d-ea25-461e-9d4c-a8a5db296dbf",
            "dns_nameservers": [
              "8.8.8.8",
              "8.8.4.4"
            ],
            "enable_dhcp": true,
            "gateway_ip": "10.0.52.1",
            "has_router": false,
            "host_routes": [],
            "id": "557ecda5-4267-4112-9b4b-f3f9ae1c5c96",
            "ip_version": 4,
            "name": "test-lb-udp-source-updated-vip",
            "network_id": "19d2283b-583c-4e7f-bbb7-6e53ee84fec2",
            "project_id": 6,
            "region": "Luxembourg-2",
            "region_id": 76,
            "router_id_to_connect": null,
            "tags": null,
            "task_id": null,
            "tasks": null,
            "total_ips": 253,
            "updated_at": "2025-11-18T09:42:26Z"
          },
          "sensitive_attributes": [],
          "dependencies": [
            "data.gcore_cloud_projects.selected",
            "data.gcore_cloud_region.target",
            "gcore_cloud_network.vip"
          ]
        }
      ]
    }
  ],
  "check_results": null
}
