{
  "version": 4,
  "terraform_version": "1.10.5",
  "serial": 4,
  "lineage": "11baa9ba-f1c1-78d0-637f-16fdf2444e40",
  "outputs": {
    "zone_enabled": {
      "value": false,
      "type": "bool"
    },
    "zone_id": {
      "value": "tf-test-dns-1765268016.com",
      "type": "string"
    },
    "zone_name": {
      "value": "tf-test-dns-1765268016.com",
      "type": "string"
    }
  },
  "resources": [
    {
      "mode": "managed",
      "type": "gcore_dns_zone",
      "name": "test",
      "provider": "provider[\"registry.terraform.io/gcore/gcore\"]",
      "instances": [
        {
          "schema_version": 0,
          "attributes": {
            "contact": null,
            "enabled": false,
            "expiry": 1209600,
            "id": "tf-test-dns-1765268016.com",
            "meta": null,
            "name": "tf-test-dns-1765268016.com",
            "nx_ttl": 300,
            "primary_server": null,
            "refresh": null,
            "retry": 3600,
            "serial": null,
            "warnings": null,
            "zone": null
          },
          "sensitive_attributes": []
        }
      ]
    }
  ],
  "check_results": null
}
