{
  "version": 4,
  "terraform_version": "1.10.5",
  "serial": 3,
  "lineage": "4c1a36b6-ecc0-5f57-f6a4-e3822ed1c992",
  "outputs": {
    "instance_id": {
      "value": "18617c13-625d-4ed4-bc83-a7901c215df1",
      "type": "string"
    },
    "volume_id": {
      "value": "565f2616-9124-424d-a402-74f53d04b592",
      "type": "string"
    }
  },
  "resources": [
    {
      "mode": "managed",
      "type": "gcore_cloud_instance",
      "name": "test",
      "provider": "provider[\"registry.terraform.io/gcore/gcore\"]",
      "instances": [
        {
          "schema_version": 0,
          "attributes": {
            "addresses": {
              "pub_net": [
                {
                  "addr": "109.61.125.169",
                  "interface_name": null,
                  "subnet_id": "b4c6e91a-9eb9-4c59-ad57-00124eceda00",
                  "subnet_name": "pub_net11",
                  "type": "fixed"
                },
                {
                  "addr": "2a03:90c0:8b:1::4dc",
                  "interface_name": null,
                  "subnet_id": null,
                  "subnet_name": null,
                  "type": "fixed"
                }
              ]
            },
            "allow_app_ports": null,
            "blackhole_ports": [],
            "configuration": null,
            "created_at": "2025-12-03T09:47:55Z",
            "creator_task_id": "7d400e96-2ee5-4f52-8cb9-19c70d6dc40c",
            "ddos_profile": null,
            "fixed_ip_assignments": [
              {
                "external": true,
                "ip_address": "109.61.125.169",
                "subnet_id": "b4c6e91a-9eb9-4c59-ad57-00124eceda00"
              },
              {
                "external": true,
                "ip_address": "2a03:90c0:8b:1::4dc",
                "subnet_id": "f1937c6e-c5cc-4323-a80b-938a15e8b58f"
              }
            ],
            "flavor": "g1-standard-1-2",
            "id": "18617c13-625d-4ed4-bc83-a7901c215df1",
            "instance_description": null,
            "instance_isolation": null,
            "interfaces": [
              {
                "floating_ip": null,
                "interface_name": null,
                "ip_address": "109.61.125.169",
                "ip_family": "dual",
                "network_id": null,
                "port_id": "f2ca4cd1-3268-4d60-bed9-ab96bf0e6a04",
                "security_groups": null,
                "subnet_id": null,
                "type": "external"
              }
            ],
            "name": "tf-test-instance-existing-volume",
            "name_template": null,
            "password": null,
            "project_id": 379987,
            "region": "Luxembourg-2",
            "region_id": 76,
            "security_groups": null,
            "servergroup_id": null,
            "ssh_key_name": null,
            "status": "ACTIVE",
            "tags": null,
            "task_id": null,
            "task_state": null,
            "tasks": null,
            "user_data": null,
            "username": null,
            "vm_state": "active",
            "volumes": [
              {
                "boot_index": 0,
                "volume_id": "565f2616-9124-424d-a402-74f53d04b592"
              }
            ]
          },
          "sensitive_attributes": [],
          "dependencies": [
            "gcore_cloud_volume.boot"
          ]
        }
      ]
    },
    {
      "mode": "managed",
      "type": "gcore_cloud_volume",
      "name": "boot",
      "provider": "provider[\"registry.terraform.io/gcore/gcore\"]",
      "instances": [
        {
          "schema_version": 0,
          "attributes": {
            "attachment_tag": null,
            "attachments": [],
            "bootable": true,
            "created_at": "2025-12-03T09:47:34Z",
            "creator_task_id": "9eba9c9d-ecf1-480f-b499-d7af4616a2c7",
            "id": "565f2616-9124-424d-a402-74f53d04b592",
            "image_id": "f84ddba3-7a5a-4199-931a-250e981d16fb",
            "instance_id_to_attach_to": null,
            "is_root_volume": false,
            "lifecycle_policy_ids": null,
            "limiter_stats": {
              "iops_base_limit": 60,
              "iops_burst_limit": 600,
              "m_bps_base_limit": 10,
              "m_bps_burst_limit": 100
            },
            "name": "tf-test-boot-volume",
            "project_id": 379987,
            "region": "Luxembourg-2",
            "region_id": 76,
            "size": 10,
            "snapshot_id": null,
            "snapshot_ids": [],
            "source": "image",
            "status": "available",
            "tags": null,
            "task_id": null,
            "tasks": null,
            "type_name": "standard",
            "updated_at": "2025-12-03T09:47:40Z",
            "volume_image_metadata": {
              "architecture": "x86_64",
              "checksum": "fc17b3059c3a36be8bed00608bff16b5",
              "container_format": "bare",
              "disk_format": "raw",
              "display_order": "2504",
              "hw_disk_bus": "scsi",
              "hw_machine_type": "q35",
              "hw_qemu_guest_agent": "True",
              "hw_scsi_model": "virtio-scsi",
              "image_id": "f84ddba3-7a5a-4199-931a-250e981d16fb",
              "image_name": "ubuntu-25.04-x64",
              "min_disk": "5",
              "min_ram": "0",
              "os_distro": "ubuntu",
              "os_glance_failed_import": "",
              "os_glance_importing_to_stores": "",
              "os_require_quiesce": "True",
              "os_type": "linux",
              "os_version": "25.04",
              "size": "3758096384",
              "ssh_key": "allow"
            },
            "volume_type": "standard"
          },
          "sensitive_attributes": []
        }
      ]
    }
  ],
  "check_results": null
}
