{
  "version": 4,
  "terraform_version": "1.10.5",
  "serial": 9,
  "lineage": "093c6a4e-942f-dad0-22d5-07c2dfc081ee",
  "outputs": {
    "database_rule_ids": {
      "value": {
        "mysql": "582a3dd2-6467-451c-8c0a-2b3effb61159",
        "postgresql": "ed71df86-716c-4921-b831-7a4ba76b443c",
        "redis": "ba6f2e69-f76d-462f-a3a7-5df9113866dd"
      },
      "type": [
        "object",
        {
          "mysql": "string",
          "postgresql": "string",
          "redis": "string"
        }
      ]
    },
    "database_security_group": {
      "value": {
        "id": "2183cf48-2fa7-4981-87d0-f3de5600b366",
        "name": "test-database-tier",
        "rules": []
      },
      "type": [
        "object",
        {
          "id": "string",
          "name": "string",
          "rules": [
            "list",
            [
              "object",
              {
                "created_at": "string",
                "description": "string",
                "direction": "string",
                "ethertype": "string",
                "id": "string",
                "port_range_max": "number",
                "port_range_min": "number",
                "protocol": "string",
                "remote_group_id": "string",
                "remote_ip_prefix": "string",
                "revision_number": "number",
                "security_group_id": "string",
                "updated_at": "string"
              }
            ]
          ]
        }
      ]
    },
    "summary": {
      "value": {
        "db_group_id": "2183cf48-2fa7-4981-87d0-f3de5600b366",
        "db_rules_count": 3,
        "total_groups": 2,
        "total_rules": 6,
        "web_group_id": "2e2d3f18-e6c7-40f3-b4f5-ed8785767638",
        "web_rules_count": 3
      },
      "type": [
        "object",
        {
          "db_group_id": "string",
          "db_rules_count": "number",
          "total_groups": "number",
          "total_rules": "number",
          "web_group_id": "string",
          "web_rules_count": "number"
        }
      ]
    },
    "web_rule_ids": {
      "value": {
        "http": "2d151d95-d94b-49f0-bea3-3353b19daa2b",
        "https": "5f60e0de-5e86-4063-a93f-c6fc4ee5f04d",
        "ssh": "b75dda6d-605d-4836-854c-9ea535182457"
      },
      "type": [
        "object",
        {
          "http": "string",
          "https": "string",
          "ssh": "string"
        }
      ]
    },
    "web_security_group": {
      "value": {
        "id": "2e2d3f18-e6c7-40f3-b4f5-ed8785767638",
        "name": "test-web-tier",
        "rules": []
      },
      "type": [
        "object",
        {
          "id": "string",
          "name": "string",
          "rules": [
            "list",
            [
              "object",
              {
                "created_at": "string",
                "description": "string",
                "direction": "string",
                "ethertype": "string",
                "id": "string",
                "port_range_max": "number",
                "port_range_min": "number",
                "protocol": "string",
                "remote_group_id": "string",
                "remote_ip_prefix": "string",
                "revision_number": "number",
                "security_group_id": "string",
                "updated_at": "string"
              }
            ]
          ]
        }
      ]
    }
  },
  "resources": [
    {
      "mode": "managed",
      "type": "gcore_cloud_security_group",
      "name": "database",
      "provider": "provider[\"registry.terraform.io/gcore/gcore\"]",
      "instances": [
        {
          "schema_version": 0,
          "attributes": {
            "changed_rules": null,
            "created_at": "2025-11-13T10:22:07Z",
            "description": "Security group for database servers",
            "id": "2183cf48-2fa7-4981-87d0-f3de5600b366",
            "instances": null,
            "name": "test-database-tier",
            "project_id": 379987,
            "region": "Luxembourg-2",
            "region_id": 76,
            "revision_number": 2,
            "security_group": {
              "description": "Security group for database servers",
              "name": "test-database-tier",
              "security_group_rules": null,
              "tags": null
            },
            "security_group_rules": [],
            "tags": null,
            "tags_v2": [],
            "updated_at": "2025-11-13T10:22:08Z"
          },
          "sensitive_attributes": []
        }
      ]
    },
    {
      "mode": "managed",
      "type": "gcore_cloud_security_group",
      "name": "web",
      "provider": "provider[\"registry.terraform.io/gcore/gcore\"]",
      "instances": [
        {
          "schema_version": 0,
          "attributes": {
            "changed_rules": null,
            "created_at": "2025-11-13T10:22:07Z",
            "description": "Security group for web servers",
            "id": "2e2d3f18-e6c7-40f3-b4f5-ed8785767638",
            "instances": null,
            "name": "test-web-tier",
            "project_id": 379987,
            "region": "Luxembourg-2",
            "region_id": 76,
            "revision_number": 2,
            "security_group": {
              "description": "Security group for web servers",
              "name": "test-web-tier",
              "security_group_rules": null,
              "tags": null
            },
            "security_group_rules": [],
            "tags": null,
            "tags_v2": [],
            "updated_at": "2025-11-13T10:22:09Z"
          },
          "sensitive_attributes": []
        }
      ]
    },
    {
      "mode": "managed",
      "type": "gcore_cloud_security_group_rule",
      "name": "database_rules",
      "provider": "provider[\"registry.terraform.io/gcore/gcore\"]",
      "instances": [
        {
          "index_key": "mysql",
          "schema_version": 0,
          "attributes": {
            "created_at": "2025-11-13T10:22:10Z",
            "description": "MySQL access",
            "direction": "ingress",
            "ethertype": "IPv4",
            "group_id": "2183cf48-2fa7-4981-87d0-f3de5600b366",
            "id": "582a3dd2-6467-451c-8c0a-2b3effb61159",
            "port_range_max": 3306,
            "port_range_min": 3306,
            "project_id": 379987,
            "protocol": "tcp",
            "region_id": 76,
            "remote_group_id": null,
            "remote_ip_prefix": "10.0.0.0/8",
            "revision_number": 0,
            "security_group_id": "2183cf48-2fa7-4981-87d0-f3de5600b366",
            "updated_at": "2025-11-13T10:22:10Z"
          },
          "sensitive_attributes": [],
          "dependencies": [
            "gcore_cloud_security_group.database"
          ]
        },
        {
          "index_key": "postgresql",
          "schema_version": 0,
          "attributes": {
            "created_at": "2025-11-13T10:22:10Z",
            "description": "PostgreSQL access",
            "direction": "ingress",
            "ethertype": "IPv4",
            "group_id": "2183cf48-2fa7-4981-87d0-f3de5600b366",
            "id": "ed71df86-716c-4921-b831-7a4ba76b443c",
            "port_range_max": 5432,
            "port_range_min": 5432,
            "project_id": 379987,
            "protocol": "tcp",
            "region_id": 76,
            "remote_group_id": null,
            "remote_ip_prefix": "10.0.0.0/8",
            "revision_number": 0,
            "security_group_id": "2183cf48-2fa7-4981-87d0-f3de5600b366",
            "updated_at": "2025-11-13T10:22:10Z"
          },
          "sensitive_attributes": [],
          "dependencies": [
            "gcore_cloud_security_group.database"
          ]
        },
        {
          "index_key": "redis",
          "schema_version": 0,
          "attributes": {
            "created_at": "2025-11-13T10:22:10Z",
            "description": "Redis access",
            "direction": "ingress",
            "ethertype": "IPv4",
            "group_id": "2183cf48-2fa7-4981-87d0-f3de5600b366",
            "id": "ba6f2e69-f76d-462f-a3a7-5df9113866dd",
            "port_range_max": 6379,
            "port_range_min": 6379,
            "project_id": 379987,
            "protocol": "tcp",
            "region_id": 76,
            "remote_group_id": null,
            "remote_ip_prefix": "10.0.0.0/8",
            "revision_number": 0,
            "security_group_id": "2183cf48-2fa7-4981-87d0-f3de5600b366",
            "updated_at": "2025-11-13T10:22:10Z"
          },
          "sensitive_attributes": [],
          "dependencies": [
            "gcore_cloud_security_group.database"
          ]
        }
      ]
    },
    {
      "mode": "managed",
      "type": "gcore_cloud_security_group_rule",
      "name": "web_rules",
      "provider": "provider[\"registry.terraform.io/gcore/gcore\"]",
      "instances": [
        {
          "index_key": "http",
          "schema_version": 0,
          "attributes": {
            "created_at": "2025-11-13T10:22:11Z",
            "description": "HTTP traffic",
            "direction": "ingress",
            "ethertype": "IPv4",
            "group_id": "2e2d3f18-e6c7-40f3-b4f5-ed8785767638",
            "id": "2d151d95-d94b-49f0-bea3-3353b19daa2b",
            "port_range_max": 80,
            "port_range_min": 80,
            "project_id": 379987,
            "protocol": "tcp",
            "region_id": 76,
            "remote_group_id": null,
            "remote_ip_prefix": "0.0.0.0/0",
            "revision_number": 0,
            "security_group_id": "2e2d3f18-e6c7-40f3-b4f5-ed8785767638",
            "updated_at": "2025-11-13T10:22:11Z"
          },
          "sensitive_attributes": [],
          "dependencies": [
            "gcore_cloud_security_group.web"
          ]
        },
        {
          "index_key": "https",
          "schema_version": 0,
          "attributes": {
            "created_at": "2025-11-13T10:22:12Z",
            "description": "HTTPS traffic",
            "direction": "ingress",
            "ethertype": "IPv4",
            "group_id": "2e2d3f18-e6c7-40f3-b4f5-ed8785767638",
            "id": "5f60e0de-5e86-4063-a93f-c6fc4ee5f04d",
            "port_range_max": 443,
            "port_range_min": 443,
            "project_id": 379987,
            "protocol": "tcp",
            "region_id": 76,
            "remote_group_id": null,
            "remote_ip_prefix": "0.0.0.0/0",
            "revision_number": 0,
            "security_group_id": "2e2d3f18-e6c7-40f3-b4f5-ed8785767638",
            "updated_at": "2025-11-13T10:22:12Z"
          },
          "sensitive_attributes": [],
          "dependencies": [
            "gcore_cloud_security_group.web"
          ]
        },
        {
          "index_key": "ssh",
          "schema_version": 0,
          "attributes": {
            "created_at": "2025-11-13T10:22:11Z",
            "description": "SSH access",
            "direction": "ingress",
            "ethertype": "IPv4",
            "group_id": "2e2d3f18-e6c7-40f3-b4f5-ed8785767638",
            "id": "b75dda6d-605d-4836-854c-9ea535182457",
            "port_range_max": 22,
            "port_range_min": 22,
            "project_id": 379987,
            "protocol": "tcp",
            "region_id": 76,
            "remote_group_id": null,
            "remote_ip_prefix": "0.0.0.0/0",
            "revision_number": 0,
            "security_group_id": "2e2d3f18-e6c7-40f3-b4f5-ed8785767638",
            "updated_at": "2025-11-13T10:22:11Z"
          },
          "sensitive_attributes": [],
          "dependencies": [
            "gcore_cloud_security_group.web"
          ]
        }
      ]
    }
  ],
  "check_results": null
}
