{
  "version": 4,
  "terraform_version": "1.10.5",
  "serial": 58,
  "lineage": "9fb8918d-20dc-6c6f-126f-a8c4dc3b4781",
  "outputs": {
    "pool_id": {
      "value": "3df00687-c117-41d6-87cf-f875b0b28f59",
      "type": "string"
    },
    "pool_members": {
      "value": [
        {
          "address": "10.0.0.1",
          "admin_state_up": true,
          "backup": false,
          "instance_id": null,
          "monitor_address": null,
          "monitor_port": null,
          "protocol_port": 8080,
          "subnet_id": null,
          "weight": 1
        },
        {
          "address": "10.0.0.2",
          "admin_state_up": true,
          "backup": false,
          "instance_id": null,
          "monitor_address": null,
          "monitor_port": null,
          "protocol_port": 8080,
          "subnet_id": null,
          "weight": 1
        }
      ],
      "type": [
        "list",
        [
          "object",
          {
            "address": "string",
            "admin_state_up": "bool",
            "backup": "bool",
            "instance_id": "string",
            "monitor_address": "string",
            "monitor_port": "number",
            "protocol_port": "number",
            "subnet_id": "string",
            "weight": "number"
          }
        ]
      ]
    },
    "pool_operating_status": {
      "value": "ERROR",
      "type": "string"
    }
  },
  "resources": [
    {
      "mode": "managed",
      "type": "gcore_cloud_load_balancer",
      "name": "test",
      "provider": "provider[\"registry.terraform.io/gcore/gcore\"]",
      "instances": [
        {
          "schema_version": 0,
          "attributes": {
            "additional_vips": [],
            "created_at": "2025-12-11T08:54:56Z",
            "creator_task_id": "723a3768-de7a-4955-9fad-d4f1fc214631",
            "ddos_profile": null,
            "flavor": "lb1-1-2",
            "floating_ip": null,
            "floating_ips": [],
            "id": "194f81a7-de1e-4ee3-814e-89fd85441f85",
            "listeners": [],
            "logging": {
              "destination_region_id": null,
              "enabled": false,
              "retention_policy": null,
              "topic_name": null
            },
            "name": "tf-test-lb-pool-comprehensive",
            "name_template": null,
            "operating_status": "ERROR",
            "preferred_connectivity": "L2",
            "project_id": 379987,
            "provisioning_status": "ACTIVE",
            "region": "Luxembourg-2",
            "region_id": 76,
            "stats": null,
            "tags": null,
            "tags_v2": [],
            "updated_at": "2025-12-11T09:00:19Z",
            "vip_address": "45.82.160.188",
            "vip_ip_family": "ipv4",
            "vip_network_id": null,
            "vip_port_id": "0bb53544-57d1-4158-8e5a-2b8b11603613",
            "vip_subnet_id": null,
            "vrrp_ips": [
              {
                "ip_address": "45.82.160.176",
                "role": "BACKUP",
                "subnet_id": "e47b6c72-f1d3-44de-bd7a-1bed593cbc29"
              },
              {
                "ip_address": "45.82.160.254",
                "role": "MASTER",
                "subnet_id": "e47b6c72-f1d3-44de-bd7a-1bed593cbc29"
              }
            ]
          },
          "sensitive_attributes": []
        }
      ]
    },
    {
      "mode": "managed",
      "type": "gcore_cloud_load_balancer_listener",
      "name": "test",
      "provider": "provider[\"registry.terraform.io/gcore/gcore\"]",
      "instances": [
        {
          "schema_version": 0,
          "attributes": {
            "allowed_cidrs": null,
            "connection_limit": 100000,
            "creator_task_id": "2877d57b-bd49-426b-ad71-5d856d5cd1e6",
            "id": "f147dfa4-5fec-4af7-b23d-c70f801623f7",
            "insert_headers": "{}",
            "insert_x_forwarded": null,
            "load_balancer_id": "194f81a7-de1e-4ee3-814e-89fd85441f85",
            "name": "tf-test-listener-comprehensive",
            "operating_status": "ONLINE",
            "pool_count": 1,
            "project_id": 379987,
            "protocol": "HTTP",
            "protocol_port": 80,
            "provisioning_status": "ACTIVE",
            "region_id": 76,
            "secret_id": null,
            "sni_secret_id": [],
            "stats": null,
            "timeout_client_data": 50000,
            "timeout_member_connect": 5000,
            "timeout_member_data": 50000,
            "user_list": []
          },
          "sensitive_attributes": [],
          "dependencies": [
            "gcore_cloud_load_balancer.test"
          ]
        }
      ]
    },
    {
      "mode": "managed",
      "type": "gcore_cloud_load_balancer_pool",
      "name": "test",
      "provider": "provider[\"registry.terraform.io/gcore/gcore\"]",
      "instances": [
        {
          "schema_version": 0,
          "attributes": {
            "ca_secret_id": null,
            "creator_task_id": "73a3c533-47fc-4a57-a97d-51b645165c25",
            "crl_secret_id": null,
            "healthmonitor": null,
            "id": "3df00687-c117-41d6-87cf-f875b0b28f59",
            "lb_algorithm": "ROUND_ROBIN",
            "listener_id": "f147dfa4-5fec-4af7-b23d-c70f801623f7",
            "listeners": [
              {
                "id": "f147dfa4-5fec-4af7-b23d-c70f801623f7"
              }
            ],
            "load_balancer_id": "194f81a7-de1e-4ee3-814e-89fd85441f85",
            "loadbalancers": [
              {
                "id": "194f81a7-de1e-4ee3-814e-89fd85441f85"
              }
            ],
            "members": [
              {
                "address": "10.0.0.1",
                "admin_state_up": true,
                "backup": false,
                "instance_id": null,
                "monitor_address": null,
                "monitor_port": null,
                "protocol_port": 8080,
                "subnet_id": null,
                "weight": 1
              },
              {
                "address": "10.0.0.2",
                "admin_state_up": true,
                "backup": false,
                "instance_id": null,
                "monitor_address": null,
                "monitor_port": null,
                "protocol_port": 8080,
                "subnet_id": null,
                "weight": 1
              }
            ],
            "name": "tf-test-pool-hm-fix",
            "operating_status": "ERROR",
            "project_id": 379987,
            "protocol": "HTTP",
            "provisioning_status": "PENDING_UPDATE",
            "region_id": 76,
            "secret_id": null,
            "session_persistence": null,
            "timeout_client_data": null,
            "timeout_member_connect": null,
            "timeout_member_data": null
          },
          "sensitive_attributes": [],
          "dependencies": [
            "gcore_cloud_load_balancer.test",
            "gcore_cloud_load_balancer_listener.test"
          ]
        }
      ]
    }
  ],
  "check_results": null
}
