{
  "version": 4,
  "terraform_version": "1.10.5",
  "serial": 17,
  "lineage": "9fb8918d-20dc-6c6f-126f-a8c4dc3b4781",
  "outputs": {
    "pool_id": {
      "value": "c9b78071-98bf-4541-914c-ec124ed59145",
      "type": "string"
    },
    "pool_members": {
      "value": [
        {
          "address": "10.0.0.1",
          "admin_state_up": true,
          "backup": false,
          "instance_id": null,
          "monitor_address": null,
          "monitor_port": null,
          "protocol_port": 8080,
          "subnet_id": null,
          "weight": 1
        },
        {
          "address": "10.0.0.2",
          "admin_state_up": true,
          "backup": false,
          "instance_id": null,
          "monitor_address": null,
          "monitor_port": null,
          "protocol_port": 8080,
          "subnet_id": null,
          "weight": 1
        }
      ],
      "type": [
        "list",
        [
          "object",
          {
            "address": "string",
            "admin_state_up": "bool",
            "backup": "bool",
            "instance_id": "string",
            "monitor_address": "string",
            "monitor_port": "number",
            "protocol_port": "number",
            "subnet_id": "string",
            "weight": "number"
          }
        ]
      ]
    },
    "pool_operating_status": {
      "value": "ERROR",
      "type": "string"
    }
  },
  "resources": [
    {
      "mode": "managed",
      "type": "gcore_cloud_load_balancer",
      "name": "test",
      "provider": "provider[\"registry.terraform.io/gcore/gcore\"]",
      "instances": [
        {
          "schema_version": 0,
          "attributes": {
            "additional_vips": [],
            "created_at": "2025-12-10T14:55:04Z",
            "creator_task_id": "6a39553e-2a12-4680-9c52-1b70e682a12a",
            "ddos_profile": null,
            "flavor": "lb1-1-2",
            "floating_ip": null,
            "floating_ips": [],
            "id": "9ef1652d-198d-4e92-b579-1d65ec0cfe3f",
            "listeners": [],
            "logging": {
              "destination_region_id": null,
              "enabled": false,
              "retention_policy": null,
              "topic_name": null
            },
            "name": "tf-test-lb-pool-comprehensive",
            "name_template": null,
            "operating_status": "ERROR",
            "preferred_connectivity": "L2",
            "project_id": 379987,
            "provisioning_status": "ACTIVE",
            "region": "Luxembourg-2",
            "region_id": 76,
            "stats": null,
            "tags": null,
            "tags_v2": [],
            "updated_at": "2025-12-10T15:08:58Z",
            "vip_address": "45.82.160.147",
            "vip_ip_family": "ipv4",
            "vip_network_id": null,
            "vip_port_id": "601d7bf2-3b85-4efa-88c0-938bd76b081f",
            "vip_subnet_id": null,
            "vrrp_ips": [
              {
                "ip_address": "45.82.160.97",
                "role": "BACKUP",
                "subnet_id": "e47b6c72-f1d3-44de-bd7a-1bed593cbc29"
              },
              {
                "ip_address": "45.82.160.41",
                "role": "MASTER",
                "subnet_id": "e47b6c72-f1d3-44de-bd7a-1bed593cbc29"
              }
            ]
          },
          "sensitive_attributes": []
        }
      ]
    },
    {
      "mode": "managed",
      "type": "gcore_cloud_load_balancer_listener",
      "name": "test",
      "provider": "provider[\"registry.terraform.io/gcore/gcore\"]",
      "instances": [
        {
          "schema_version": 0,
          "attributes": {
            "allowed_cidrs": null,
            "connection_limit": 100000,
            "creator_task_id": "4046231a-cedc-420e-ab87-d0f890f631e4",
            "id": "8659aab4-1e07-49f3-a689-d82c3a468cdc",
            "insert_headers": "{}",
            "insert_x_forwarded": null,
            "load_balancer_id": "9ef1652d-198d-4e92-b579-1d65ec0cfe3f",
            "name": "tf-test-listener-comprehensive",
            "operating_status": "ONLINE",
            "pool_count": 1,
            "project_id": 379987,
            "protocol": "HTTP",
            "protocol_port": 80,
            "provisioning_status": "ACTIVE",
            "region_id": 76,
            "secret_id": null,
            "sni_secret_id": [],
            "stats": null,
            "timeout_client_data": 50000,
            "timeout_member_connect": 5000,
            "timeout_member_data": 50000,
            "user_list": []
          },
          "sensitive_attributes": [],
          "dependencies": [
            "gcore_cloud_load_balancer.test"
          ]
        }
      ]
    },
    {
      "mode": "managed",
      "type": "gcore_cloud_load_balancer_pool",
      "name": "test",
      "provider": "provider[\"registry.terraform.io/gcore/gcore\"]",
      "instances": [
        {
          "schema_version": 0,
          "attributes": {
            "ca_secret_id": null,
            "creator_task_id": "e74439e6-3f8d-4729-94b5-5d7d6cc40dbe",
            "crl_secret_id": null,
            "healthmonitor": {
              "delay": 10,
              "expected_codes": "200",
              "http_method": "GET",
              "max_retries": 3,
              "max_retries_down": 3,
              "timeout": 5,
              "type": "HTTP",
              "url_path": "/status"
            },
            "id": "c9b78071-98bf-4541-914c-ec124ed59145",
            "lb_algorithm": "ROUND_ROBIN",
            "listener_id": "8659aab4-1e07-49f3-a689-d82c3a468cdc",
            "listeners": [
              {
                "id": "8659aab4-1e07-49f3-a689-d82c3a468cdc"
              }
            ],
            "load_balancer_id": "9ef1652d-198d-4e92-b579-1d65ec0cfe3f",
            "loadbalancers": [
              {
                "id": "9ef1652d-198d-4e92-b579-1d65ec0cfe3f"
              }
            ],
            "members": [
              {
                "address": "10.0.0.1",
                "admin_state_up": true,
                "backup": false,
                "instance_id": null,
                "monitor_address": null,
                "monitor_port": null,
                "protocol_port": 8080,
                "subnet_id": null,
                "weight": 1
              },
              {
                "address": "10.0.0.2",
                "admin_state_up": true,
                "backup": false,
                "instance_id": null,
                "monitor_address": null,
                "monitor_port": null,
                "protocol_port": 8080,
                "subnet_id": null,
                "weight": 1
              }
            ],
            "name": "tf-test-pool-comprehensive",
            "operating_status": "ERROR",
            "project_id": 379987,
            "protocol": "HTTP",
            "provisioning_status": "ACTIVE",
            "region_id": 76,
            "secret_id": null,
            "session_persistence": null,
            "timeout_client_data": null,
            "timeout_member_connect": null,
            "timeout_member_data": null
          },
          "sensitive_attributes": [],
          "dependencies": [
            "gcore_cloud_load_balancer.test",
            "gcore_cloud_load_balancer_listener.test"
          ]
        }
      ]
    }
  ],
  "check_results": null
}
