{
  "version": 4,
  "terraform_version": "1.10.5",
  "serial": 51,
  "lineage": "6c257189-18d1-53e2-82f2-9b97ffc9de1b",
  "outputs": {
    "rule_count": {
      "value": 9,
      "type": "number"
    },
    "rule_ids": {
      "value": {
        "egress": "e668a2c1-01e1-448a-a888-b4f6a878c39e",
        "icmp": "82fd1aa8-2a53-4c01-bf2d-699ed38553b7",
        "ipv6": "abacb00c-7e15-424a-9841-3c4609c19817",
        "no_desc": "090fb9fd-157b-466f-98b7-a41523ce2eb5",
        "remote_group": "838e2225-b532-42c9-ae26-6c9f7cf302a9",
        "sctp": "87b0fd38-637a-49b8-97ef-376b04945e71",
        "tcp_range": "24974d11-0e72-432f-ae3c-abdfdbf67ed4",
        "udp_single": "c1e1fc01-88ca-4833-9d3e-e43100430328",
        "wide_range": "99345703-fb32-4a9f-8fdf-ccfc23b02208"
      },
      "type": [
        "object",
        {
          "egress": "string",
          "icmp": "string",
          "ipv6": "string",
          "no_desc": "string",
          "remote_group": "string",
          "sctp": "string",
          "tcp_range": "string",
          "udp_single": "string",
          "wide_range": "string"
        }
      ]
    },
    "security_group_id": {
      "value": "42780e63-bae3-4bd9-afdb-99dd84091616",
      "type": "string"
    }
  },
  "resources": [
    {
      "mode": "managed",
      "type": "gcore_cloud_security_group",
      "name": "test",
      "provider": "provider[\"registry.terraform.io/gcore/gcore\"]",
      "instances": [
        {
          "schema_version": 0,
          "attributes": {
            "changed_rules": null,
            "created_at": "2025-11-12T09:11:48Z",
            "description": "Comprehensive edge case testing of security group rules",
            "id": "42780e63-bae3-4bd9-afdb-99dd84091616",
            "instances": null,
            "project_id": 379987,
            "region": "Luxembourg-2",
            "region_id": 76,
            "revision_number": 10,
            "security_group": {
              "description": "Comprehensive edge case testing of security group rules",
              "name": "test-secgroup-edgecases",
              "tags": null
            },
            "security_group_rules": [],
            "tags": null,
            "tags_v2": [],
            "updated_at": "2025-11-12T09:11:50Z"
          },
          "sensitive_attributes": []
        }
      ]
    },
    {
      "mode": "managed",
      "type": "gcore_cloud_security_group_rule",
      "name": "egress",
      "provider": "provider[\"registry.terraform.io/gcore/gcore\"]",
      "instances": [
        {
          "schema_version": 0,
          "attributes": {
            "created_at": "2025-11-12T09:11:49Z",
            "description": "Outbound HTTPS",
            "direction": "egress",
            "ethertype": "IPv4",
            "group_id": "42780e63-bae3-4bd9-afdb-99dd84091616",
            "id": "e668a2c1-01e1-448a-a888-b4f6a878c39e",
            "port_range_max": 443,
            "port_range_min": 443,
            "project_id": 379987,
            "protocol": "tcp",
            "region_id": 76,
            "remote_group_id": null,
            "remote_ip_prefix": "0.0.0.0/0",
            "revision_number": 0,
            "security_group_id": null,
            "updated_at": "2025-11-12T09:11:49Z"
          },
          "sensitive_attributes": [],
          "dependencies": [
            "gcore_cloud_security_group.test"
          ]
        }
      ]
    },
    {
      "mode": "managed",
      "type": "gcore_cloud_security_group_rule",
      "name": "icmp",
      "provider": "provider[\"registry.terraform.io/gcore/gcore\"]",
      "instances": [
        {
          "schema_version": 0,
          "attributes": {
            "created_at": "2025-11-12T09:11:49Z",
            "description": "ICMP ping",
            "direction": "ingress",
            "ethertype": "IPv4",
            "group_id": "42780e63-bae3-4bd9-afdb-99dd84091616",
            "id": "82fd1aa8-2a53-4c01-bf2d-699ed38553b7",
            "port_range_max": null,
            "port_range_min": null,
            "project_id": 379987,
            "protocol": "icmp",
            "region_id": 76,
            "remote_group_id": null,
            "remote_ip_prefix": "0.0.0.0/0",
            "revision_number": 0,
            "security_group_id": null,
            "updated_at": "2025-11-12T09:11:49Z"
          },
          "sensitive_attributes": [],
          "dependencies": [
            "gcore_cloud_security_group.test"
          ]
        }
      ]
    },
    {
      "mode": "managed",
      "type": "gcore_cloud_security_group_rule",
      "name": "ipv6",
      "provider": "provider[\"registry.terraform.io/gcore/gcore\"]",
      "instances": [
        {
          "schema_version": 0,
          "attributes": {
            "created_at": "2025-11-12T09:11:49Z",
            "description": "HTTPS IPv6",
            "direction": "ingress",
            "ethertype": "IPv6",
            "group_id": "42780e63-bae3-4bd9-afdb-99dd84091616",
            "id": "abacb00c-7e15-424a-9841-3c4609c19817",
            "port_range_max": 443,
            "port_range_min": 443,
            "project_id": 379987,
            "protocol": "tcp",
            "region_id": 76,
            "remote_group_id": null,
            "remote_ip_prefix": "::/0",
            "revision_number": 0,
            "security_group_id": null,
            "updated_at": "2025-11-12T09:11:49Z"
          },
          "sensitive_attributes": [],
          "dependencies": [
            "gcore_cloud_security_group.test"
          ]
        }
      ]
    },
    {
      "mode": "managed",
      "type": "gcore_cloud_security_group_rule",
      "name": "no_desc",
      "provider": "provider[\"registry.terraform.io/gcore/gcore\"]",
      "instances": [
        {
          "schema_version": 0,
          "attributes": {
            "created_at": "2025-11-12T09:11:49Z",
            "description": null,
            "direction": "ingress",
            "ethertype": "IPv4",
            "group_id": "42780e63-bae3-4bd9-afdb-99dd84091616",
            "id": "090fb9fd-157b-466f-98b7-a41523ce2eb5",
            "port_range_max": 22,
            "port_range_min": 22,
            "project_id": 379987,
            "protocol": "tcp",
            "region_id": 76,
            "remote_group_id": null,
            "remote_ip_prefix": "10.0.0.0/8",
            "revision_number": 0,
            "security_group_id": null,
            "updated_at": "2025-11-12T09:11:49Z"
          },
          "sensitive_attributes": [],
          "dependencies": [
            "gcore_cloud_security_group.test"
          ]
        }
      ]
    },
    {
      "mode": "managed",
      "type": "gcore_cloud_security_group_rule",
      "name": "remote_group",
      "provider": "provider[\"registry.terraform.io/gcore/gcore\"]",
      "instances": [
        {
          "schema_version": 0,
          "attributes": {
            "created_at": "2025-11-12T09:11:50Z",
            "description": "MySQL from same security group",
            "direction": "ingress",
            "ethertype": "IPv4",
            "group_id": "42780e63-bae3-4bd9-afdb-99dd84091616",
            "id": "838e2225-b532-42c9-ae26-6c9f7cf302a9",
            "port_range_max": 3306,
            "port_range_min": 3306,
            "project_id": 379987,
            "protocol": "tcp",
            "region_id": 76,
            "remote_group_id": "42780e63-bae3-4bd9-afdb-99dd84091616",
            "remote_ip_prefix": null,
            "revision_number": 0,
            "security_group_id": null,
            "updated_at": "2025-11-12T09:11:50Z"
          },
          "sensitive_attributes": [],
          "dependencies": [
            "gcore_cloud_security_group.test"
          ]
        }
      ]
    },
    {
      "mode": "managed",
      "type": "gcore_cloud_security_group_rule",
      "name": "sctp",
      "provider": "provider[\"registry.terraform.io/gcore/gcore\"]",
      "instances": [
        {
          "schema_version": 0,
          "attributes": {
            "created_at": "2025-11-12T09:11:49Z",
            "description": "SCTP protocol test",
            "direction": "ingress",
            "ethertype": "IPv4",
            "group_id": "42780e63-bae3-4bd9-afdb-99dd84091616",
            "id": "87b0fd38-637a-49b8-97ef-376b04945e71",
            "port_range_max": 3868,
            "port_range_min": 3868,
            "project_id": 379987,
            "protocol": "sctp",
            "region_id": 76,
            "remote_group_id": null,
            "remote_ip_prefix": "0.0.0.0/0",
            "revision_number": 0,
            "security_group_id": null,
            "updated_at": "2025-11-12T09:11:49Z"
          },
          "sensitive_attributes": [],
          "dependencies": [
            "gcore_cloud_security_group.test"
          ]
        }
      ]
    },
    {
      "mode": "managed",
      "type": "gcore_cloud_security_group_rule",
      "name": "tcp_range",
      "provider": "provider[\"registry.terraform.io/gcore/gcore\"]",
      "instances": [
        {
          "schema_version": 0,
          "attributes": {
            "created_at": "2025-11-12T09:11:49Z",
            "description": "TCP port range 9000-9100 (updated)",
            "direction": "ingress",
            "ethertype": "IPv4",
            "group_id": "42780e63-bae3-4bd9-afdb-99dd84091616",
            "id": "24974d11-0e72-432f-ae3c-abdfdbf67ed4",
            "port_range_max": 9100,
            "port_range_min": 9000,
            "project_id": 379987,
            "protocol": "tcp",
            "region_id": 76,
            "remote_group_id": null,
            "remote_ip_prefix": "192.168.1.0/24",
            "revision_number": 0,
            "security_group_id": null,
            "updated_at": "2025-11-12T09:11:49Z"
          },
          "sensitive_attributes": [],
          "dependencies": [
            "gcore_cloud_security_group.test"
          ]
        }
      ]
    },
    {
      "mode": "managed",
      "type": "gcore_cloud_security_group_rule",
      "name": "udp_single",
      "provider": "provider[\"registry.terraform.io/gcore/gcore\"]",
      "instances": [
        {
          "schema_version": 0,
          "attributes": {
            "created_at": "2025-11-12T09:11:49Z",
            "description": "DNS UDP",
            "direction": "ingress",
            "ethertype": "IPv4",
            "group_id": "42780e63-bae3-4bd9-afdb-99dd84091616",
            "id": "c1e1fc01-88ca-4833-9d3e-e43100430328",
            "port_range_max": 53,
            "port_range_min": 53,
            "project_id": 379987,
            "protocol": "udp",
            "region_id": 76,
            "remote_group_id": null,
            "remote_ip_prefix": "0.0.0.0/0",
            "revision_number": 0,
            "security_group_id": null,
            "updated_at": "2025-11-12T09:11:49Z"
          },
          "sensitive_attributes": [],
          "dependencies": [
            "gcore_cloud_security_group.test"
          ]
        }
      ]
    },
    {
      "mode": "managed",
      "type": "gcore_cloud_security_group_rule",
      "name": "wide_range",
      "provider": "provider[\"registry.terraform.io/gcore/gcore\"]",
      "instances": [
        {
          "schema_version": 0,
          "attributes": {
            "created_at": "2025-11-12T09:11:49Z",
            "description": "Wide port range",
            "direction": "ingress",
            "ethertype": "IPv4",
            "group_id": "42780e63-bae3-4bd9-afdb-99dd84091616",
            "id": "99345703-fb32-4a9f-8fdf-ccfc23b02208",
            "port_range_max": 20000,
            "port_range_min": 10000,
            "project_id": 379987,
            "protocol": "tcp",
            "region_id": 76,
            "remote_group_id": null,
            "remote_ip_prefix": "192.168.0.0/16",
            "revision_number": 0,
            "security_group_id": null,
            "updated_at": "2025-11-12T09:11:49Z"
          },
          "sensitive_attributes": [],
          "dependencies": [
            "gcore_cloud_security_group.test"
          ]
        }
      ]
    }
  ],
  "check_results": null
}
