{
  "version": 4,
  "terraform_version": "1.14.3",
  "serial": 5,
  "lineage": "3245129c-1783-7234-4418-ce87daf11290",
  "outputs": {
    "zone_dnssec": {
      "value": false,
      "type": "bool"
    },
    "zone_name": {
      "value": "test-tf-dnssec-bug-1770883208.com",
      "type": "string"
    }
  },
  "resources": [
    {
      "mode": "managed",
      "type": "gcore_dns_zone",
      "name": "test",
      "provider": "provider[\"registry.terraform.io/gcore/gcore\"]",
      "instances": [
        {
          "schema_version": 0,
          "attributes": {
            "contact": "support@gcore.com",
            "dnssec_enabled": false,
            "enabled": true,
            "expiry": 1209600,
            "id": "test-tf-dnssec-bug-1770883208.com",
            "meta": null,
            "name": "test-tf-dnssec-bug-1770883208.com",
            "nx_ttl": 300,
            "primary_server": "ns1.gcorelabs.net",
            "records": [
              {
                "name": "test-tf-dnssec-bug-1770883208.com",
                "short_answers": [
                  "ns1.gcorelabs.net",
                  "ns2.gcdn.services"
                ],
                "ttl": 3600,
                "type": "NS"
              }
            ],
            "refresh": 5400,
            "retry": 3600,
            "rrsets_amount": {
              "dynamic": {
                "healthcheck": 0,
                "total": 0
              },
              "static": 1,
              "total": 1
            },
            "serial": 1770883980,
            "status": "non-delegated",
            "warnings": null
          },
          "sensitive_attributes": [],
          "identity_schema_version": 0
        }
      ]
    }
  ],
  "check_results": null
}
