{
  "version": 4,
  "terraform_version": "1.10.5",
  "serial": 90,
  "lineage": "d5230759-50ac-da54-7d0a-e51bf2463d92",
  "outputs": {
    "router_id": {
      "value": "ea226a1f-51c1-4bb1-8b32-eee6db0f14a1",
      "type": "string"
    },
    "subnet1_id": {
      "value": "8dfa65b6-bdcc-4fa8-ae53-1720b0b88a63",
      "type": "string"
    },
    "subnet2_id": {
      "value": "4f144cc7-c377-445d-9c23-fa6576f1b945",
      "type": "string"
    }
  },
  "resources": [
    {
      "mode": "managed",
      "type": "gcore_cloud_network",
      "name": "test",
      "provider": "provider[\"registry.terraform.io/gcore/gcore\"]",
      "instances": [
        {
          "schema_version": 0,
          "attributes": {
            "create_router": true,
            "created_at": "2025-11-21T06:33:52Z",
            "creator_task_id": "c7ef61b7-5861-4984-babc-9b4f84dd62af",
            "default": null,
            "external": false,
            "id": "cd2c62cd-9763-4766-8d36-6066ed92b3e3",
            "mtu": 1500,
            "name": "test-router-net",
            "port_security_enabled": true,
            "project_id": 379987,
            "region": "Luxembourg-2",
            "region_id": 76,
            "segmentation_id": 501,
            "shared": false,
            "subnets": [
              "4f144cc7-c377-445d-9c23-fa6576f1b945",
              "8dfa65b6-bdcc-4fa8-ae53-1720b0b88a63"
            ],
            "tags": null,
            "task_id": null,
            "tasks": null,
            "type": "vxlan",
            "updated_at": "2025-11-21T06:34:33Z"
          },
          "sensitive_attributes": []
        }
      ]
    },
    {
      "mode": "managed",
      "type": "gcore_cloud_network_router",
      "name": "test",
      "provider": "provider[\"registry.terraform.io/gcore/gcore\"]",
      "instances": [
        {
          "schema_version": 0,
          "attributes": {
            "created_at": "2025-11-21T06:33:51Z",
            "creator_task_id": "82f723a0-1363-4f01-850f-ec62c1bec5d8",
            "distributed": false,
            "external_gateway_info": null,
            "id": "ea226a1f-51c1-4bb1-8b32-eee6db0f14a1",
            "interfaces": [],
            "name": "test-router-renamed",
            "project_id": 379987,
            "region": "Luxembourg-2",
            "region_id": 76,
            "routes": [],
            "status": "ACTIVE",
            "task_id": null,
            "tasks": null,
            "updated_at": "2025-11-21T06:37:28Z"
          },
          "sensitive_attributes": []
        }
      ]
    },
    {
      "mode": "managed",
      "type": "gcore_cloud_network_subnet",
      "name": "subnet1",
      "provider": "provider[\"registry.terraform.io/gcore/gcore\"]",
      "instances": [
        {
          "schema_version": 0,
          "attributes": {
            "available_ips": 251,
            "cidr": "192.168.1.0/24",
            "connect_to_network_router": true,
            "created_at": "2025-11-21T06:34:33Z",
            "creator_task_id": "17d2e456-8047-4ded-a4b6-a6ac00cedb05",
            "dns_nameservers": [
              "8.8.8.8",
              "8.8.4.4"
            ],
            "enable_dhcp": true,
            "gateway_ip": "192.168.1.1",
            "has_router": false,
            "host_routes": [],
            "id": "8dfa65b6-bdcc-4fa8-ae53-1720b0b88a63",
            "ip_version": 4,
            "name": "subnet1",
            "network_id": "cd2c62cd-9763-4766-8d36-6066ed92b3e3",
            "project_id": 379987,
            "region": "Luxembourg-2",
            "region_id": 76,
            "router_id_to_connect": null,
            "tags": null,
            "task_id": null,
            "tasks": null,
            "total_ips": 253,
            "updated_at": "2025-11-21T06:34:33Z"
          },
          "sensitive_attributes": [],
          "dependencies": [
            "gcore_cloud_network.test"
          ]
        }
      ]
    },
    {
      "mode": "managed",
      "type": "gcore_cloud_network_subnet",
      "name": "subnet2",
      "provider": "provider[\"registry.terraform.io/gcore/gcore\"]",
      "instances": [
        {
          "schema_version": 0,
          "attributes": {
            "available_ips": 251,
            "cidr": "192.168.2.0/24",
            "connect_to_network_router": true,
            "created_at": "2025-11-21T06:34:05Z",
            "creator_task_id": "c910008b-9f72-43b3-aa96-0ac74e75c14c",
            "dns_nameservers": [
              "8.8.8.8",
              "8.8.4.4"
            ],
            "enable_dhcp": true,
            "gateway_ip": "192.168.2.1",
            "has_router": false,
            "host_routes": [],
            "id": "4f144cc7-c377-445d-9c23-fa6576f1b945",
            "ip_version": 4,
            "name": "subnet2",
            "network_id": "cd2c62cd-9763-4766-8d36-6066ed92b3e3",
            "project_id": 379987,
            "region": "Luxembourg-2",
            "region_id": 76,
            "router_id_to_connect": null,
            "tags": null,
            "task_id": null,
            "tasks": null,
            "total_ips": 253,
            "updated_at": "2025-11-21T06:34:05Z"
          },
          "sensitive_attributes": [],
          "dependencies": [
            "gcore_cloud_network.test"
          ]
        }
      ]
    }
  ],
  "check_results": null
}
