{
  "version": 4,
  "terraform_version": "1.14.3",
  "serial": 6,
  "lineage": "bff4a7aa-e0a9-936b-072e-df6c195f3462",
  "outputs": {
    "deleted": {
      "value": false,
      "type": "bool"
    },
    "origin_protocol": {
      "value": "HTTPS",
      "type": "string"
    },
    "preset_applied": {
      "value": false,
      "type": "bool"
    },
    "rule_active": {
      "value": true,
      "type": "bool"
    },
    "rule_id": {
      "value": 650586,
      "type": "number"
    },
    "rule_name": {
      "value": "tf-test-rule-23533-updated",
      "type": "string"
    },
    "rule_weight": {
      "value": 1,
      "type": "number"
    }
  },
  "resources": [
    {
      "mode": "managed",
      "type": "gcore_cdn_cdn_resource_rule",
      "name": "test",
      "provider": "provider[\"registry.terraform.io/gcore/gcore\"]",
      "instances": [
        {
          "schema_version": 0,
          "attributes": {
            "active": true,
            "deleted": false,
            "id": 650586,
            "name": "tf-test-rule-23533-updated",
            "options": {
              "allowed_http_methods": null,
              "bot_protection": null,
              "brotli_compression": null,
              "browser_cache_settings": null,
              "cache_http_headers": null,
              "cors": null,
              "country_acl": null,
              "disable_cache": null,
              "disable_proxy_force_ranges": null,
              "edge_cache_settings": null,
              "fastedge": null,
              "fetch_compressed": null,
              "follow_origin_redirect": null,
              "force_return": null,
              "forward_host_header": null,
              "gzip_on": null,
              "host_header": null,
              "ignore_cookie": null,
              "ignore_query_string": null,
              "image_stack": null,
              "ip_address_acl": null,
              "limit_bandwidth": null,
              "proxy_cache_key": null,
              "proxy_cache_methods_set": null,
              "proxy_connect_timeout": null,
              "proxy_read_timeout": null,
              "query_params_blacklist": null,
              "query_params_whitelist": null,
              "query_string_forwarding": null,
              "redirect_http_to_https": null,
              "redirect_https_to_http": null,
              "referrer_acl": null,
              "request_limiter": null,
              "response_headers_hiding_policy": null,
              "rewrite": null,
              "secure_key": null,
              "slice": null,
              "sni": null,
              "stale": null,
              "static_headers": null,
              "static_request_headers": null,
              "static_response_headers": null,
              "user_agent_acl": null,
              "waap": null,
              "websockets": null
            },
            "origin_group": null,
            "origin_protocol": "HTTPS",
            "override_origin_protocol": null,
            "preset_applied": false,
            "primary_rule": null,
            "resource_id": 949318,
            "rule": "/static/*.css",
            "rule_type": 0,
            "weight": 1
          },
          "sensitive_attributes": [],
          "identity_schema_version": 0
        }
      ]
    }
  ],
  "check_results": null
}
