{
  "version": 4,
  "terraform_version": "1.14.3",
  "serial": 4,
  "lineage": "9fac12d1-f75b-5ba1-f2c5-d4db1a57a85a",
  "outputs": {
    "egress_rule_id": {
      "value": "80c8b412-f6e0-44c4-86a6-c91cda4472f3",
      "type": "string"
    },
    "ingress_rule_id": {
      "value": "d9850c56-d808-4639-afaa-e64d7d7ac01d",
      "type": "string"
    },
    "sg_id": {
      "value": "b04e2914-d4fe-4682-b1be-379f95ed9a05",
      "type": "string"
    }
  },
  "resources": [
    {
      "mode": "managed",
      "type": "gcore_cloud_security_group",
      "name": "test",
      "provider": "provider[\"registry.terraform.io/gcore/gcore\"]",
      "instances": [
        {
          "schema_version": 0,
          "attributes": {
            "created_at": "2026-02-25T11:47:09Z",
            "description": "Full test of SG + rule resources",
            "id": "b04e2914-d4fe-4682-b1be-379f95ed9a05",
            "name": "tf-test-secgroup-full",
            "project_id": null,
            "region": "Luxembourg-2",
            "region_id": null,
            "revision_number": 2,
            "tags": null,
            "tags_v2": [],
            "updated_at": "2026-02-25T11:47:09Z"
          },
          "sensitive_attributes": [],
          "identity_schema_version": 0
        }
      ]
    },
    {
      "mode": "managed",
      "type": "gcore_cloud_security_group_rule",
      "name": "egress_tcp",
      "provider": "provider[\"registry.terraform.io/gcore/gcore\"]",
      "instances": [
        {
          "schema_version": 0,
          "attributes": {
            "description": "Allow HTTPS outbound",
            "direction": "egress",
            "ethertype": "IPv4",
            "group_id": "b04e2914-d4fe-4682-b1be-379f95ed9a05",
            "id": "80c8b412-f6e0-44c4-86a6-c91cda4472f3",
            "port_range_max": 443,
            "port_range_min": 443,
            "project_id": null,
            "protocol": "tcp",
            "region_id": null,
            "remote_group_id": null,
            "remote_ip_prefix": "0.0.0.0/0"
          },
          "sensitive_attributes": [],
          "identity_schema_version": 0,
          "dependencies": [
            "gcore_cloud_security_group.test"
          ]
        }
      ]
    },
    {
      "mode": "managed",
      "type": "gcore_cloud_security_group_rule",
      "name": "ingress_icmp",
      "provider": "provider[\"registry.terraform.io/gcore/gcore\"]",
      "instances": [
        {
          "schema_version": 0,
          "attributes": {
            "description": "Allow ICMP from private",
            "direction": "ingress",
            "ethertype": "IPv4",
            "group_id": "b04e2914-d4fe-4682-b1be-379f95ed9a05",
            "id": "d9850c56-d808-4639-afaa-e64d7d7ac01d",
            "port_range_max": null,
            "port_range_min": null,
            "project_id": null,
            "protocol": "icmp",
            "region_id": null,
            "remote_group_id": null,
            "remote_ip_prefix": "10.0.0.0/8"
          },
          "sensitive_attributes": [],
          "identity_schema_version": 0,
          "dependencies": [
            "gcore_cloud_security_group.test"
          ]
        }
      ]
    }
  ],
  "check_results": null
}
