{
  "version": 4,
  "terraform_version": "1.14.3",
  "serial": 4,
  "lineage": "8ee4e725-3f2e-76d7-e7d1-078293e99ea3",
  "outputs": {
    "egress_rule_id": {
      "value": "e84c212b-6af0-45d6-8160-705111982fdd",
      "type": "string"
    },
    "ingress_rule_id": {
      "value": "93f186fd-2615-48c4-9e80-ff32e23d0965",
      "type": "string"
    },
    "sg_id": {
      "value": "72797142-1dd1-45d8-b55c-cb51fe6f94fa",
      "type": "string"
    },
    "sg_rules_count": {
      "value": 0,
      "type": "number"
    }
  },
  "resources": [
    {
      "mode": "managed",
      "type": "gcore_cloud_security_group",
      "name": "test",
      "provider": "provider[\"registry.terraform.io/gcore/gcore\"]",
      "instances": [
        {
          "schema_version": 0,
          "attributes": {
            "created_at": "2026-02-25T10:11:50Z",
            "description": "Full test of SG + rule resources",
            "id": "72797142-1dd1-45d8-b55c-cb51fe6f94fa",
            "name": "tf-test-secgroup-full",
            "project_id": null,
            "region": "Luxembourg-2",
            "region_id": null,
            "revision_number": 2,
            "rules": null,
            "security_group_rules": [],
            "tags": null,
            "tags_v2": [],
            "updated_at": "2026-02-25T10:11:50Z"
          },
          "sensitive_attributes": [],
          "identity_schema_version": 0
        }
      ]
    },
    {
      "mode": "managed",
      "type": "gcore_cloud_security_group_rule",
      "name": "egress_tcp",
      "provider": "provider[\"registry.terraform.io/gcore/gcore\"]",
      "instances": [
        {
          "schema_version": 0,
          "attributes": {
            "description": "Allow HTTPS outbound",
            "direction": "egress",
            "ethertype": "IPv4",
            "group_id": "72797142-1dd1-45d8-b55c-cb51fe6f94fa",
            "id": "e84c212b-6af0-45d6-8160-705111982fdd",
            "port_range_max": 443,
            "port_range_min": 443,
            "project_id": null,
            "protocol": "tcp",
            "region_id": null,
            "remote_group_id": null,
            "remote_ip_prefix": "0.0.0.0/0"
          },
          "sensitive_attributes": [],
          "identity_schema_version": 0,
          "dependencies": [
            "gcore_cloud_security_group.test"
          ]
        }
      ]
    },
    {
      "mode": "managed",
      "type": "gcore_cloud_security_group_rule",
      "name": "ingress_icmp",
      "provider": "provider[\"registry.terraform.io/gcore/gcore\"]",
      "instances": [
        {
          "schema_version": 0,
          "attributes": {
            "description": "Allow ICMP from private",
            "direction": "ingress",
            "ethertype": "IPv4",
            "group_id": "72797142-1dd1-45d8-b55c-cb51fe6f94fa",
            "id": "93f186fd-2615-48c4-9e80-ff32e23d0965",
            "port_range_max": null,
            "port_range_min": null,
            "project_id": null,
            "protocol": "icmp",
            "region_id": null,
            "remote_group_id": null,
            "remote_ip_prefix": "10.0.0.0/8"
          },
          "sensitive_attributes": [],
          "identity_schema_version": 0,
          "dependencies": [
            "gcore_cloud_security_group.test"
          ]
        }
      ]
    }
  ],
  "check_results": null
}
