{
  "version": 4,
  "terraform_version": "1.10.5",
  "serial": 15,
  "lineage": "02318d53-63e7-0954-ad83-a360b6a71e94",
  "outputs": {
    "listener_id": {
      "value": "7cec4987-843a-4d33-af2e-fea15a92ceb3",
      "type": "string"
    },
    "load_balancer_id": {
      "value": "c5dbfd61-30c1-481a-b591-63bd0c0a22b9",
      "type": "string"
    }
  },
  "resources": [
    {
      "mode": "managed",
      "type": "gcore_cloud_lblistener",
      "name": "test",
      "provider": "provider[\"registry.terraform.io/gcore/gcore\"]",
      "instances": [
        {
          "schema_version": 0,
          "attributes": {
            "allowed_cidrs": null,
            "connection_limit": 100000,
            "creator_task_id": "cfee9e52-a545-4ec9-a8bb-813ac5a9c01f",
            "id": "7cec4987-843a-4d33-af2e-fea15a92ceb3",
            "insert_headers": "{}",
            "insert_x_forwarded": null,
            "loadbalancer_id": "c5dbfd61-30c1-481a-b591-63bd0c0a22b9",
            "name": "test-listener-andpoll",
            "operating_status": "ONLINE",
            "pool_count": 0,
            "project_id": 379987,
            "protocol": "HTTP",
            "protocol_port": 80,
            "provisioning_status": "ACTIVE",
            "region_id": 76,
            "secret_id": null,
            "sni_secret_id": null,
            "stats": {
              "active_connections": 0,
              "bytes_in": 0,
              "bytes_out": 0,
              "request_errors": 0,
              "total_connections": 0
            },
            "task_id": "",
            "tasks": null,
            "timeout_client_data": null,
            "timeout_member_connect": null,
            "timeout_member_data": null,
            "user_list": null
          },
          "sensitive_attributes": [],
          "dependencies": [
            "gcore_cloud_load_balancer.test"
          ]
        }
      ]
    },
    {
      "mode": "managed",
      "type": "gcore_cloud_load_balancer",
      "name": "test",
      "provider": "provider[\"registry.terraform.io/gcore/gcore\"]",
      "instances": [
        {
          "schema_version": 0,
          "attributes": {
            "additional_vips": [],
            "created_at": "2025-09-22T07:43:16Z",
            "creator_task_id": "d22547ce-0c5f-440a-90a5-e6a93b202a48",
            "ddos_profile": {
              "fields": null,
              "id": 0,
              "options": {
                "active": false,
                "bgp": false
              },
              "profile_template": {
                "description": "",
                "fields": null,
                "id": 0,
                "name": ""
              },
              "profile_template_description": "",
              "protocols": null,
              "site": "",
              "status": {
                "error_description": "",
                "status": ""
              }
            },
            "flavor": "lb1-1-2",
            "floating_ip": null,
            "floating_ips": [],
            "id": "c5dbfd61-30c1-481a-b591-63bd0c0a22b9",
            "listeners": [],
            "logging": {
              "destination_region_id": null,
              "enabled": false,
              "retention_policy": null,
              "topic_name": null
            },
            "name": "test-lb-listener-2025-09-22-0743",
            "name_template": null,
            "operating_status": "ONLINE",
            "preferred_connectivity": null,
            "project_id": 379987,
            "provisioning_status": "ACTIVE",
            "region": "Luxembourg-2",
            "region_id": 76,
            "stats": {
              "active_connections": 0,
              "bytes_in": 0,
              "bytes_out": 0,
              "request_errors": 0,
              "total_connections": 0
            },
            "tags": {
              "test": "lblistener"
            },
            "tags_v2": [
              {
                "key": "test",
                "read_only": false,
                "value": "lblistener"
              }
            ],
            "task_id": "",
            "tasks": null,
            "updated_at": "2025-09-22T07:44:28Z",
            "vip_address": "109.61.125.73",
            "vip_ip_family": null,
            "vip_network_id": null,
            "vip_port_id": null,
            "vip_subnet_id": null,
            "vrrp_ips": [
              {
                "ip_address": "109.61.125.223",
                "role": "BACKUP",
                "subnet_id": "b4c6e91a-9eb9-4c59-ad57-00124eceda00"
              },
              {
                "ip_address": "109.61.125.253",
                "role": "MASTER",
                "subnet_id": "b4c6e91a-9eb9-4c59-ad57-00124eceda00"
              }
            ]
          },
          "sensitive_attributes": []
        }
      ]
    }
  ],
  "check_results": null
}
