{
  "version": 4,
  "terraform_version": "1.10.5",
  "serial": 10,
  "lineage": "461a85dc-edea-86d7-197c-05a72dbe7dae",
  "outputs": {
    "router_id": {
      "value": "f92fa58a-51e0-4e51-ac2c-9f9cf7c41f17",
      "type": "string"
    },
    "router_routes": {
      "value": [],
      "type": [
        "list",
        [
          "object",
          {
            "destination": "string",
            "nexthop": "string"
          }
        ]
      ]
    }
  },
  "resources": [
    {
      "mode": "managed",
      "type": "gcore_cloud_network",
      "name": "network",
      "provider": "provider[\"registry.terraform.io/gcore/gcore\"]",
      "instances": [
        {
          "schema_version": 0,
          "attributes": {
            "create_router": true,
            "created_at": "2025-11-05T14:31:34Z",
            "creator_task_id": "b0aaae49-5b65-4cfa-a63a-a74e4140508c",
            "default": null,
            "external": false,
            "id": "607f60bd-6c1e-4d0c-b09c-30ab4b083924",
            "mtu": 1500,
            "name": "test-router-update-001-network",
            "port_security_enabled": true,
            "project_id": 379987,
            "region": "Luxembourg-2",
            "region_id": 76,
            "segmentation_id": 99,
            "shared": false,
            "subnets": [
              "778c2a3d-038a-44dd-be01-2ec18643f80e"
            ],
            "tags": null,
            "task_id": null,
            "tasks": null,
            "type": "vxlan",
            "updated_at": "2025-11-05T14:31:48Z"
          },
          "sensitive_attributes": []
        }
      ]
    },
    {
      "mode": "managed",
      "type": "gcore_cloud_network_router",
      "name": "router",
      "provider": "provider[\"registry.terraform.io/gcore/gcore\"]",
      "instances": [
        {
          "schema_version": 0,
          "attributes": {
            "created_at": "2025-11-05T14:32:03Z",
            "creator_task_id": "f425991a-56a9-4fd9-b18e-7d79539290e8",
            "distributed": false,
            "external_gateway_info": {
              "enable_snat": true,
              "network_id": "4b99f7d1-5d1e-4fdb-8ae1-a4bfb208556c",
              "type": null
            },
            "id": "f92fa58a-51e0-4e51-ac2c-9f9cf7c41f17",
            "interfaces": [
              {
                "subnet_id": "778c2a3d-038a-44dd-be01-2ec18643f80e",
                "type": "subnet"
              }
            ],
            "name": "test-router-update-001",
            "project_id": 379987,
            "region": "Luxembourg-2",
            "region_id": 76,
            "routes": [],
            "status": "ACTIVE",
            "task_id": null,
            "tasks": null,
            "updated_at": "2025-11-05T14:53:32Z"
          },
          "sensitive_attributes": [],
          "dependencies": [
            "gcore_cloud_network.network",
            "gcore_cloud_network_subnet.subnet"
          ]
        }
      ]
    },
    {
      "mode": "managed",
      "type": "gcore_cloud_network_subnet",
      "name": "subnet",
      "provider": "provider[\"registry.terraform.io/gcore/gcore\"]",
      "instances": [
        {
          "schema_version": 0,
          "attributes": {
            "available_ips": 250,
            "cidr": "192.168.30.0/24",
            "connect_to_network_router": true,
            "created_at": "2025-11-05T14:31:48Z",
            "creator_task_id": "23e45581-d9ae-4773-b6ce-02a275bd3f94",
            "dns_nameservers": [
              "8.8.8.8",
              "8.8.4.4"
            ],
            "enable_dhcp": true,
            "gateway_ip": "192.168.30.1",
            "has_router": false,
            "host_routes": [],
            "id": "778c2a3d-038a-44dd-be01-2ec18643f80e",
            "ip_version": 4,
            "name": "test-router-update-001-subnet",
            "network_id": "607f60bd-6c1e-4d0c-b09c-30ab4b083924",
            "project_id": 379987,
            "region": "Luxembourg-2",
            "region_id": 76,
            "router_id_to_connect": null,
            "tags": null,
            "task_id": null,
            "tasks": null,
            "total_ips": 253,
            "updated_at": "2025-11-05T14:31:48Z"
          },
          "sensitive_attributes": [],
          "dependencies": [
            "gcore_cloud_network.network"
          ]
        }
      ]
    }
  ],
  "check_results": null
}
