{
  "version": 4,
  "terraform_version": "1.10.5",
  "serial": 3,
  "lineage": "b1bc3353-083e-0d5a-ca2b-8fac5e3fc1ea",
  "outputs": {
    "listener_id": {
      "value": "7d733488-1dd6-4f00-a73d-e10a4e1b48bb",
      "type": "string"
    },
    "load_balancer_id": {
      "value": "eb40ac46-3ef3-4c46-91da-0886e81f2113",
      "type": "string"
    }
  },
  "resources": [
    {
      "mode": "managed",
      "type": "gcore_cloud_load_balancer",
      "name": "test",
      "provider": "provider[\"registry.terraform.io/gcore/gcore\"]",
      "instances": [
        {
          "schema_version": 0,
          "attributes": {
            "additional_vips": [],
            "created_at": "2025-11-04T14:58:29Z",
            "creator_task_id": "35d16a75-0de6-4770-b1a5-d0e2c2d2bc4c",
            "ddos_profile": null,
            "flavor": "lb1-1-2",
            "floating_ip": null,
            "floating_ips": [],
            "id": "eb40ac46-3ef3-4c46-91da-0886e81f2113",
            "listeners": [],
            "logging": {
              "destination_region_id": null,
              "enabled": false,
              "retention_policy": null,
              "topic_name": null
            },
            "name": "test-lb-drift-02",
            "name_template": null,
            "operating_status": "ONLINE",
            "preferred_connectivity": "L2",
            "project_id": 379987,
            "provisioning_status": "ACTIVE",
            "region": "Luxembourg-2",
            "region_id": 76,
            "stats": null,
            "tags": {
              "environment": "test",
              "purpose": "drift-detection"
            },
            "tags_v2": [
              {
                "key": "environment",
                "read_only": false,
                "value": "test"
              },
              {
                "key": "purpose",
                "read_only": false,
                "value": "drift-detection"
              }
            ],
            "task_id": null,
            "tasks": null,
            "updated_at": "2025-11-04T14:59:54Z",
            "vip_address": "45.82.160.174",
            "vip_ip_family": "ipv4",
            "vip_network_id": null,
            "vip_port_id": "193ff655-90d5-4889-8bcf-4e6f8ff25381",
            "vip_subnet_id": null,
            "vrrp_ips": [
              {
                "ip_address": "45.82.160.184",
                "role": "BACKUP",
                "subnet_id": "e47b6c72-f1d3-44de-bd7a-1bed593cbc29"
              },
              {
                "ip_address": "45.82.160.242",
                "role": "MASTER",
                "subnet_id": "e47b6c72-f1d3-44de-bd7a-1bed593cbc29"
              }
            ]
          },
          "sensitive_attributes": []
        }
      ]
    },
    {
      "mode": "managed",
      "type": "gcore_cloud_load_balancer_listener",
      "name": "test",
      "provider": "provider[\"registry.terraform.io/gcore/gcore\"]",
      "instances": [
        {
          "schema_version": 0,
          "attributes": {
            "allowed_cidrs": [
              "0.0.0.0/0"
            ],
            "connection_limit": 100000,
            "creator_task_id": "62a25ebb-097a-4f17-bf67-b14df7e71011",
            "id": "7d733488-1dd6-4f00-a73d-e10a4e1b48bb",
            "insert_headers": "{}",
            "insert_x_forwarded": null,
            "load_balancer_id": "eb40ac46-3ef3-4c46-91da-0886e81f2113",
            "name": "test-listener-drift-02",
            "operating_status": "ONLINE",
            "pool_count": 0,
            "project_id": 379987,
            "protocol": "HTTP",
            "protocol_port": 80,
            "provisioning_status": "ACTIVE",
            "region_id": 76,
            "secret_id": null,
            "sni_secret_id": [],
            "stats": null,
            "task_id": null,
            "tasks": null,
            "timeout_client_data": 50000,
            "timeout_member_connect": 5000,
            "timeout_member_data": 50000,
            "user_list": []
          },
          "sensitive_attributes": [],
          "dependencies": [
            "gcore_cloud_load_balancer.test"
          ]
        }
      ]
    }
  ],
  "check_results": null
}
