{
  "version": 4,
  "terraform_version": "1.10.5",
  "serial": 10,
  "lineage": "9c87d0e7-0d8e-4379-ee01-70fa2fee904a",
  "outputs": {
    "security_group_id": {
      "value": "7326007e-bcf0-4b9d-a4a9-8c31254a046e",
      "type": "string"
    }
  },
  "resources": [
    {
      "mode": "managed",
      "type": "gcore_cloud_security_group",
      "name": "test",
      "provider": "provider[\"registry.terraform.io/gcore/gcore\"]",
      "instances": [
        {
          "schema_version": 0,
          "attributes": {
            "changed_rules": null,
            "created_at": "2025-11-11T19:18:32Z",
            "description": "Test: AWS-style drift detection for backend-created rules",
            "id": "7326007e-bcf0-4b9d-a4a9-8c31254a046e",
            "instances": null,
            "name": null,
            "project_id": 379987,
            "region": "Luxembourg-2",
            "region_id": 76,
            "revision_number": 1,
            "security_group": {
              "description": "Test: AWS-style drift detection for backend-created rules",
              "name": "test-rules-only",
              "security_group_rules": null,
              "tags": null
            },
            "security_group_rules": [
              {
                "created_at": "2025-11-11T19:18:32Z",
                "description": "",
                "direction": "egress",
                "ethertype": "IPv6",
                "id": "6465fee8-e17a-4604-a39f-938da4012904",
                "port_range_max": null,
                "port_range_min": null,
                "protocol": "vrrp",
                "remote_group_id": null,
                "remote_ip_prefix": null,
                "revision_number": 0,
                "security_group_id": "7326007e-bcf0-4b9d-a4a9-8c31254a046e",
                "updated_at": "2025-11-11T19:18:32Z"
              },
              {
                "created_at": "2025-11-11T19:18:32Z",
                "description": "",
                "direction": "egress",
                "ethertype": "IPv4",
                "id": "b89867de-10dc-467a-b735-b4953e3f0226",
                "port_range_max": null,
                "port_range_min": null,
                "protocol": "vrrp",
                "remote_group_id": null,
                "remote_ip_prefix": null,
                "revision_number": 0,
                "security_group_id": "7326007e-bcf0-4b9d-a4a9-8c31254a046e",
                "updated_at": "2025-11-11T19:18:32Z"
              },
              {
                "created_at": "2025-11-11T19:18:32Z",
                "description": "",
                "direction": "egress",
                "ethertype": "IPv6",
                "id": "52fab489-fc4a-4d46-a1d7-dd295669b6f7",
                "port_range_max": null,
                "port_range_min": null,
                "protocol": "udplite",
                "remote_group_id": null,
                "remote_ip_prefix": null,
                "revision_number": 0,
                "security_group_id": "7326007e-bcf0-4b9d-a4a9-8c31254a046e",
                "updated_at": "2025-11-11T19:18:32Z"
              },
              {
                "created_at": "2025-11-11T19:18:32Z",
                "description": "",
                "direction": "egress",
                "ethertype": "IPv4",
                "id": "87285b69-946d-4b22-9586-b8eef08d385e",
                "port_range_max": null,
                "port_range_min": null,
                "protocol": "udplite",
                "remote_group_id": null,
                "remote_ip_prefix": null,
                "revision_number": 0,
                "security_group_id": "7326007e-bcf0-4b9d-a4a9-8c31254a046e",
                "updated_at": "2025-11-11T19:18:32Z"
              },
              {
                "created_at": "2025-11-11T19:18:32Z",
                "description": "",
                "direction": "egress",
                "ethertype": "IPv4",
                "id": "0554e9e8-454b-486d-b0a0-40199f4c8de7",
                "port_range_max": 65535,
                "port_range_min": 26,
                "protocol": "udp",
                "remote_group_id": null,
                "remote_ip_prefix": null,
                "revision_number": 0,
                "security_group_id": "7326007e-bcf0-4b9d-a4a9-8c31254a046e",
                "updated_at": "2025-11-11T19:18:32Z"
              },
              {
                "created_at": "2025-11-11T19:18:32Z",
                "description": "",
                "direction": "egress",
                "ethertype": "IPv4",
                "id": "a435246a-e50c-46b2-8ae2-100b5b1e42ee",
                "port_range_max": 24,
                "port_range_min": 1,
                "protocol": "udp",
                "remote_group_id": null,
                "remote_ip_prefix": null,
                "revision_number": 0,
                "security_group_id": "7326007e-bcf0-4b9d-a4a9-8c31254a046e",
                "updated_at": "2025-11-11T19:18:32Z"
              },
              {
                "created_at": "2025-11-11T19:18:32Z",
                "description": "",
                "direction": "egress",
                "ethertype": "IPv6",
                "id": "a655cc5f-3b8c-4882-aa86-5d6ab5470362",
                "port_range_max": 24,
                "port_range_min": 1,
                "protocol": "udp",
                "remote_group_id": null,
                "remote_ip_prefix": null,
                "revision_number": 0,
                "security_group_id": "7326007e-bcf0-4b9d-a4a9-8c31254a046e",
                "updated_at": "2025-11-11T19:18:32Z"
              },
              {
                "created_at": "2025-11-11T19:18:32Z",
                "description": "",
                "direction": "egress",
                "ethertype": "IPv6",
                "id": "ca2b563f-3d6c-4852-b604-fdbfb2da3a62",
                "port_range_max": 65535,
                "port_range_min": 26,
                "protocol": "udp",
                "remote_group_id": null,
                "remote_ip_prefix": null,
                "revision_number": 0,
                "security_group_id": "7326007e-bcf0-4b9d-a4a9-8c31254a046e",
                "updated_at": "2025-11-11T19:18:32Z"
              },
              {
                "created_at": "2025-11-11T19:18:32Z",
                "description": "",
                "direction": "egress",
                "ethertype": "IPv6",
                "id": "3c638788-b590-40e4-aa0b-53669e61f776",
                "port_range_max": 65535,
                "port_range_min": 26,
                "protocol": "tcp",
                "remote_group_id": null,
                "remote_ip_prefix": null,
                "revision_number": 0,
                "security_group_id": "7326007e-bcf0-4b9d-a4a9-8c31254a046e",
                "updated_at": "2025-11-11T19:18:32Z"
              },
              {
                "created_at": "2025-11-11T19:18:32Z",
                "description": "",
                "direction": "egress",
                "ethertype": "IPv4",
                "id": "3d353990-1d37-437e-8807-bc08ef13597e",
                "port_range_max": 24,
                "port_range_min": 1,
                "protocol": "tcp",
                "remote_group_id": null,
                "remote_ip_prefix": null,
                "revision_number": 0,
                "security_group_id": "7326007e-bcf0-4b9d-a4a9-8c31254a046e",
                "updated_at": "2025-11-11T19:18:32Z"
              },
              {
                "created_at": "2025-11-11T19:18:32Z",
                "description": "",
                "direction": "egress",
                "ethertype": "IPv4",
                "id": "6577a522-9028-4ca6-a89d-4aa96fd53b3d",
                "port_range_max": 65535,
                "port_range_min": 26,
                "protocol": "tcp",
                "remote_group_id": null,
                "remote_ip_prefix": null,
                "revision_number": 0,
                "security_group_id": "7326007e-bcf0-4b9d-a4a9-8c31254a046e",
                "updated_at": "2025-11-11T19:18:32Z"
              },
              {
                "created_at": "2025-11-11T19:18:32Z",
                "description": "",
                "direction": "egress",
                "ethertype": "IPv6",
                "id": "78ffb1ca-2ae0-48f0-ae7a-748aae1d9e18",
                "port_range_max": 24,
                "port_range_min": 1,
                "protocol": "tcp",
                "remote_group_id": null,
                "remote_ip_prefix": null,
                "revision_number": 0,
                "security_group_id": "7326007e-bcf0-4b9d-a4a9-8c31254a046e",
                "updated_at": "2025-11-11T19:18:32Z"
              },
              {
                "created_at": "2025-11-11T19:18:32Z",
                "description": "",
                "direction": "egress",
                "ethertype": "IPv4",
                "id": "016f5979-3307-4df8-828d-3c3a5b459aa5",
                "port_range_max": null,
                "port_range_min": null,
                "protocol": "sctp",
                "remote_group_id": null,
                "remote_ip_prefix": null,
                "revision_number": 0,
                "security_group_id": "7326007e-bcf0-4b9d-a4a9-8c31254a046e",
                "updated_at": "2025-11-11T19:18:32Z"
              },
              {
                "created_at": "2025-11-11T19:18:32Z",
                "description": "",
                "direction": "egress",
                "ethertype": "IPv6",
                "id": "739bdc72-0a19-4ef6-8cbb-157616f24f23",
                "port_range_max": null,
                "port_range_min": null,
                "protocol": "sctp",
                "remote_group_id": null,
                "remote_ip_prefix": null,
                "revision_number": 0,
                "security_group_id": "7326007e-bcf0-4b9d-a4a9-8c31254a046e",
                "updated_at": "2025-11-11T19:18:32Z"
              },
              {
                "created_at": "2025-11-11T19:18:32Z",
                "description": "",
                "direction": "egress",
                "ethertype": "IPv4",
                "id": "589d3d43-10d2-457d-9e7b-d90f8edaee28",
                "port_range_max": null,
                "port_range_min": null,
                "protocol": "rsvp",
                "remote_group_id": null,
                "remote_ip_prefix": null,
                "revision_number": 0,
                "security_group_id": "7326007e-bcf0-4b9d-a4a9-8c31254a046e",
                "updated_at": "2025-11-11T19:18:32Z"
              },
              {
                "created_at": "2025-11-11T19:18:32Z",
                "description": "",
                "direction": "egress",
                "ethertype": "IPv6",
                "id": "caf394df-555c-4e2f-a3d2-cf19e7ea9419",
                "port_range_max": null,
                "port_range_min": null,
                "protocol": "rsvp",
                "remote_group_id": null,
                "remote_ip_prefix": null,
                "revision_number": 0,
                "security_group_id": "7326007e-bcf0-4b9d-a4a9-8c31254a046e",
                "updated_at": "2025-11-11T19:18:32Z"
              },
              {
                "created_at": "2025-11-11T19:18:32Z",
                "description": "",
                "direction": "egress",
                "ethertype": "IPv6",
                "id": "03aa91b3-b47d-4357-b082-aa46c6f2d132",
                "port_range_max": null,
                "port_range_min": null,
                "protocol": "pgm",
                "remote_group_id": null,
                "remote_ip_prefix": null,
                "revision_number": 0,
                "security_group_id": "7326007e-bcf0-4b9d-a4a9-8c31254a046e",
                "updated_at": "2025-11-11T19:18:32Z"
              },
              {
                "created_at": "2025-11-11T19:18:32Z",
                "description": "",
                "direction": "egress",
                "ethertype": "IPv4",
                "id": "a54d29db-9f7f-409c-b8ab-d3cd9ff8ae11",
                "port_range_max": null,
                "port_range_min": null,
                "protocol": "pgm",
                "remote_group_id": null,
                "remote_ip_prefix": null,
                "revision_number": 0,
                "security_group_id": "7326007e-bcf0-4b9d-a4a9-8c31254a046e",
                "updated_at": "2025-11-11T19:18:32Z"
              },
              {
                "created_at": "2025-11-11T19:18:32Z",
                "description": "",
                "direction": "egress",
                "ethertype": "IPv4",
                "id": "750bb3ef-9ddc-4871-a942-082238050ab3",
                "port_range_max": null,
                "port_range_min": null,
                "protocol": "ospf",
                "remote_group_id": null,
                "remote_ip_prefix": null,
                "revision_number": 0,
                "security_group_id": "7326007e-bcf0-4b9d-a4a9-8c31254a046e",
                "updated_at": "2025-11-11T19:18:32Z"
              },
              {
                "created_at": "2025-11-11T19:18:32Z",
                "description": "",
                "direction": "egress",
                "ethertype": "IPv6",
                "id": "d90a226f-4be7-445d-930c-082b5bc5429c",
                "port_range_max": null,
                "port_range_min": null,
                "protocol": "ospf",
                "remote_group_id": null,
                "remote_ip_prefix": null,
                "revision_number": 0,
                "security_group_id": "7326007e-bcf0-4b9d-a4a9-8c31254a046e",
                "updated_at": "2025-11-11T19:18:32Z"
              },
              {
                "created_at": "2025-11-11T19:18:32Z",
                "description": "",
                "direction": "egress",
                "ethertype": "IPv6",
                "id": "21b8ab9e-f596-4af5-a234-88a4f2c3630d",
                "port_range_max": null,
                "port_range_min": null,
                "protocol": "ipv6-route",
                "remote_group_id": null,
                "remote_ip_prefix": null,
                "revision_number": 0,
                "security_group_id": "7326007e-bcf0-4b9d-a4a9-8c31254a046e",
                "updated_at": "2025-11-11T19:18:32Z"
              },
              {
                "created_at": "2025-11-11T19:18:32Z",
                "description": "",
                "direction": "egress",
                "ethertype": "IPv6",
                "id": "7d5d8f0e-5124-4722-9536-bfdd77bd54c6",
                "port_range_max": null,
                "port_range_min": null,
                "protocol": "ipv6-opts",
                "remote_group_id": null,
                "remote_ip_prefix": null,
                "revision_number": 0,
                "security_group_id": "7326007e-bcf0-4b9d-a4a9-8c31254a046e",
                "updated_at": "2025-11-11T19:18:32Z"
              },
              {
                "created_at": "2025-11-11T19:18:32Z",
                "description": "",
                "direction": "egress",
                "ethertype": "IPv6",
                "id": "c0075f2a-3db6-4868-9317-7513c26106dd",
                "port_range_max": null,
                "port_range_min": null,
                "protocol": "ipv6-nonxt",
                "remote_group_id": null,
                "remote_ip_prefix": null,
                "revision_number": 0,
                "security_group_id": "7326007e-bcf0-4b9d-a4a9-8c31254a046e",
                "updated_at": "2025-11-11T19:18:32Z"
              },
              {
                "created_at": "2025-11-11T19:18:32Z",
                "description": "",
                "direction": "egress",
                "ethertype": "IPv6",
                "id": "e5d27cd5-986f-4fa9-8c12-394195f41746",
                "port_range_max": null,
                "port_range_min": null,
                "protocol": "ipv6-icmp",
                "remote_group_id": null,
                "remote_ip_prefix": null,
                "revision_number": 0,
                "security_group_id": "7326007e-bcf0-4b9d-a4a9-8c31254a046e",
                "updated_at": "2025-11-11T19:18:32Z"
              },
              {
                "created_at": "2025-11-11T19:18:32Z",
                "description": "",
                "direction": "egress",
                "ethertype": "IPv6",
                "id": "2e719f4a-9c6a-48f8-9e1f-70515cf118e9",
                "port_range_max": null,
                "port_range_min": null,
                "protocol": "ipv6-frag",
                "remote_group_id": null,
                "remote_ip_prefix": null,
                "revision_number": 0,
                "security_group_id": "7326007e-bcf0-4b9d-a4a9-8c31254a046e",
                "updated_at": "2025-11-11T19:18:32Z"
              },
              {
                "created_at": "2025-11-11T19:18:32Z",
                "description": "",
                "direction": "egress",
                "ethertype": "IPv6",
                "id": "0027a500-cc22-431c-b773-f47fec58b50a",
                "port_range_max": null,
                "port_range_min": null,
                "protocol": "ipv6-encap",
                "remote_group_id": null,
                "remote_ip_prefix": null,
                "revision_number": 0,
                "security_group_id": "7326007e-bcf0-4b9d-a4a9-8c31254a046e",
                "updated_at": "2025-11-11T19:18:32Z"
              },
              {
                "created_at": "2025-11-11T19:18:32Z",
                "description": "",
                "direction": "egress",
                "ethertype": "IPv6",
                "id": "5ecf6a85-0a62-4f1d-9fde-b746aafa8692",
                "port_range_max": null,
                "port_range_min": null,
                "protocol": "igmp",
                "remote_group_id": null,
                "remote_ip_prefix": null,
                "revision_number": 0,
                "security_group_id": "7326007e-bcf0-4b9d-a4a9-8c31254a046e",
                "updated_at": "2025-11-11T19:18:32Z"
              },
              {
                "created_at": "2025-11-11T19:18:32Z",
                "description": "",
                "direction": "egress",
                "ethertype": "IPv4",
                "id": "f86c0294-57b6-46f9-b156-3f75fe9052b9",
                "port_range_max": null,
                "port_range_min": null,
                "protocol": "igmp",
                "remote_group_id": null,
                "remote_ip_prefix": null,
                "revision_number": 0,
                "security_group_id": "7326007e-bcf0-4b9d-a4a9-8c31254a046e",
                "updated_at": "2025-11-11T19:18:32Z"
              },
              {
                "created_at": "2025-11-11T19:18:32Z",
                "description": "",
                "direction": "egress",
                "ethertype": "IPv4",
                "id": "e0dbaf2b-2ba2-4745-aa2e-df6f5bb8c5fe",
                "port_range_max": null,
                "port_range_min": null,
                "protocol": "icmp",
                "remote_group_id": null,
                "remote_ip_prefix": null,
                "revision_number": 0,
                "security_group_id": "7326007e-bcf0-4b9d-a4a9-8c31254a046e",
                "updated_at": "2025-11-11T19:18:32Z"
              },
              {
                "created_at": "2025-11-11T19:18:32Z",
                "description": "",
                "direction": "egress",
                "ethertype": "IPv6",
                "id": "417ea693-5fcc-4b0e-9374-3860b8eb42da",
                "port_range_max": null,
                "port_range_min": null,
                "protocol": "gre",
                "remote_group_id": null,
                "remote_ip_prefix": null,
                "revision_number": 0,
                "security_group_id": "7326007e-bcf0-4b9d-a4a9-8c31254a046e",
                "updated_at": "2025-11-11T19:18:32Z"
              },
              {
                "created_at": "2025-11-11T19:18:32Z",
                "description": "",
                "direction": "egress",
                "ethertype": "IPv4",
                "id": "5b5ec9f7-d9ac-46de-a8c3-e4e29b8928d8",
                "port_range_max": null,
                "port_range_min": null,
                "protocol": "gre",
                "remote_group_id": null,
                "remote_ip_prefix": null,
                "revision_number": 0,
                "security_group_id": "7326007e-bcf0-4b9d-a4a9-8c31254a046e",
                "updated_at": "2025-11-11T19:18:32Z"
              },
              {
                "created_at": "2025-11-11T19:18:32Z",
                "description": "",
                "direction": "egress",
                "ethertype": "IPv4",
                "id": "29042a57-e2d3-4374-a467-d12ff1014f42",
                "port_range_max": null,
                "port_range_min": null,
                "protocol": "esp",
                "remote_group_id": null,
                "remote_ip_prefix": null,
                "revision_number": 0,
                "security_group_id": "7326007e-bcf0-4b9d-a4a9-8c31254a046e",
                "updated_at": "2025-11-11T19:18:32Z"
              },
              {
                "created_at": "2025-11-11T19:18:32Z",
                "description": "",
                "direction": "egress",
                "ethertype": "IPv6",
                "id": "b9f66bd0-e234-490b-b3fb-3d07146e3b99",
                "port_range_max": null,
                "port_range_min": null,
                "protocol": "esp",
                "remote_group_id": null,
                "remote_ip_prefix": null,
                "revision_number": 0,
                "security_group_id": "7326007e-bcf0-4b9d-a4a9-8c31254a046e",
                "updated_at": "2025-11-11T19:18:32Z"
              },
              {
                "created_at": "2025-11-11T19:18:32Z",
                "description": "",
                "direction": "egress",
                "ethertype": "IPv4",
                "id": "4f1c0ccb-fc58-4b77-8692-44176ab6dda7",
                "port_range_max": null,
                "port_range_min": null,
                "protocol": "egp",
                "remote_group_id": null,
                "remote_ip_prefix": null,
                "revision_number": 0,
                "security_group_id": "7326007e-bcf0-4b9d-a4a9-8c31254a046e",
                "updated_at": "2025-11-11T19:18:32Z"
              },
              {
                "created_at": "2025-11-11T19:18:32Z",
                "description": "",
                "direction": "egress",
                "ethertype": "IPv6",
                "id": "82520cc5-b466-49a5-aca5-dbf596263b01",
                "port_range_max": null,
                "port_range_min": null,
                "protocol": "egp",
                "remote_group_id": null,
                "remote_ip_prefix": null,
                "revision_number": 0,
                "security_group_id": "7326007e-bcf0-4b9d-a4a9-8c31254a046e",
                "updated_at": "2025-11-11T19:18:32Z"
              },
              {
                "created_at": "2025-11-11T19:18:32Z",
                "description": "",
                "direction": "egress",
                "ethertype": "IPv4",
                "id": "28ddb5ae-ca52-4371-9a39-3a140173b890",
                "port_range_max": null,
                "port_range_min": null,
                "protocol": "dccp",
                "remote_group_id": null,
                "remote_ip_prefix": null,
                "revision_number": 0,
                "security_group_id": "7326007e-bcf0-4b9d-a4a9-8c31254a046e",
                "updated_at": "2025-11-11T19:18:32Z"
              },
              {
                "created_at": "2025-11-11T19:18:32Z",
                "description": "",
                "direction": "egress",
                "ethertype": "IPv6",
                "id": "42b2524f-11d2-4253-abeb-55c921d56a0e",
                "port_range_max": null,
                "port_range_min": null,
                "protocol": "dccp",
                "remote_group_id": null,
                "remote_ip_prefix": null,
                "revision_number": 0,
                "security_group_id": "7326007e-bcf0-4b9d-a4a9-8c31254a046e",
                "updated_at": "2025-11-11T19:18:32Z"
              },
              {
                "created_at": "2025-11-11T19:18:32Z",
                "description": "",
                "direction": "egress",
                "ethertype": "IPv6",
                "id": "43377f12-a75f-475e-b667-106824a9bf75",
                "port_range_max": null,
                "port_range_min": null,
                "protocol": "ah",
                "remote_group_id": null,
                "remote_ip_prefix": null,
                "revision_number": 0,
                "security_group_id": "7326007e-bcf0-4b9d-a4a9-8c31254a046e",
                "updated_at": "2025-11-11T19:18:32Z"
              },
              {
                "created_at": "2025-11-11T19:18:32Z",
                "description": "",
                "direction": "egress",
                "ethertype": "IPv4",
                "id": "7bd1d93b-9858-4d66-87d0-67072e8c1a0a",
                "port_range_max": null,
                "port_range_min": null,
                "protocol": "ah",
                "remote_group_id": null,
                "remote_ip_prefix": null,
                "revision_number": 0,
                "security_group_id": "7326007e-bcf0-4b9d-a4a9-8c31254a046e",
                "updated_at": "2025-11-11T19:18:32Z"
              }
            ],
            "tags": null,
            "tags_v2": [],
            "updated_at": "2025-11-11T19:18:32Z"
          },
          "sensitive_attributes": []
        }
      ]
    }
  ],
  "check_results": null
}
