{
  "version": 4,
  "terraform_version": "1.10.5",
  "serial": 13,
  "lineage": "9c87d0e7-0d8e-4379-ee01-70fa2fee904a",
  "outputs": {
    "security_group_id": {
      "value": "aa825886-14e8-4537-9868-48037d642ae4",
      "type": "string"
    }
  },
  "resources": [
    {
      "mode": "managed",
      "type": "gcore_cloud_security_group",
      "name": "test",
      "provider": "provider[\"registry.terraform.io/gcore/gcore\"]",
      "instances": [
        {
          "schema_version": 0,
          "attributes": {
            "changed_rules": null,
            "created_at": "2025-11-11T19:19:18Z",
            "description": "Test: rules only via separate resources",
            "id": "aa825886-14e8-4537-9868-48037d642ae4",
            "instances": null,
            "name": null,
            "project_id": 379987,
            "region": "Luxembourg-2",
            "region_id": 76,
            "revision_number": 1,
            "security_group": {
              "description": "Test: rules only via separate resources",
              "name": "test-rules-only",
              "security_group_rules": null,
              "tags": null
            },
            "security_group_rules": [
              {
                "created_at": "2025-11-11T19:19:19Z",
                "description": "",
                "direction": "egress",
                "ethertype": "IPv4",
                "id": "25877c72-5031-4bd9-8752-374401035f8c",
                "port_range_max": null,
                "port_range_min": null,
                "protocol": "vrrp",
                "remote_group_id": null,
                "remote_ip_prefix": null,
                "revision_number": 0,
                "security_group_id": "aa825886-14e8-4537-9868-48037d642ae4",
                "updated_at": "2025-11-11T19:19:19Z"
              },
              {
                "created_at": "2025-11-11T19:19:19Z",
                "description": "",
                "direction": "egress",
                "ethertype": "IPv6",
                "id": "9035f042-7146-443f-85d5-9845a4353ae9",
                "port_range_max": null,
                "port_range_min": null,
                "protocol": "vrrp",
                "remote_group_id": null,
                "remote_ip_prefix": null,
                "revision_number": 0,
                "security_group_id": "aa825886-14e8-4537-9868-48037d642ae4",
                "updated_at": "2025-11-11T19:19:19Z"
              },
              {
                "created_at": "2025-11-11T19:19:19Z",
                "description": "",
                "direction": "egress",
                "ethertype": "IPv4",
                "id": "532ce91a-676a-4b9d-848b-79fafb2e9c82",
                "port_range_max": null,
                "port_range_min": null,
                "protocol": "udplite",
                "remote_group_id": null,
                "remote_ip_prefix": null,
                "revision_number": 0,
                "security_group_id": "aa825886-14e8-4537-9868-48037d642ae4",
                "updated_at": "2025-11-11T19:19:19Z"
              },
              {
                "created_at": "2025-11-11T19:19:19Z",
                "description": "",
                "direction": "egress",
                "ethertype": "IPv6",
                "id": "fb51254f-035b-479b-8031-4cf47bc9cd24",
                "port_range_max": null,
                "port_range_min": null,
                "protocol": "udplite",
                "remote_group_id": null,
                "remote_ip_prefix": null,
                "revision_number": 0,
                "security_group_id": "aa825886-14e8-4537-9868-48037d642ae4",
                "updated_at": "2025-11-11T19:19:19Z"
              },
              {
                "created_at": "2025-11-11T19:19:19Z",
                "description": "",
                "direction": "egress",
                "ethertype": "IPv6",
                "id": "1d532a50-76af-4ab9-98ea-36b9a3d34dbe",
                "port_range_max": 24,
                "port_range_min": 1,
                "protocol": "udp",
                "remote_group_id": null,
                "remote_ip_prefix": null,
                "revision_number": 0,
                "security_group_id": "aa825886-14e8-4537-9868-48037d642ae4",
                "updated_at": "2025-11-11T19:19:19Z"
              },
              {
                "created_at": "2025-11-11T19:19:19Z",
                "description": "",
                "direction": "egress",
                "ethertype": "IPv6",
                "id": "31f88383-0a72-4e17-a935-f14c85b9df9b",
                "port_range_max": 65535,
                "port_range_min": 26,
                "protocol": "udp",
                "remote_group_id": null,
                "remote_ip_prefix": null,
                "revision_number": 0,
                "security_group_id": "aa825886-14e8-4537-9868-48037d642ae4",
                "updated_at": "2025-11-11T19:19:19Z"
              },
              {
                "created_at": "2025-11-11T19:19:19Z",
                "description": "",
                "direction": "egress",
                "ethertype": "IPv4",
                "id": "901040fb-c172-4e4d-a85e-3473169b36b4",
                "port_range_max": 65535,
                "port_range_min": 26,
                "protocol": "udp",
                "remote_group_id": null,
                "remote_ip_prefix": null,
                "revision_number": 0,
                "security_group_id": "aa825886-14e8-4537-9868-48037d642ae4",
                "updated_at": "2025-11-11T19:19:19Z"
              },
              {
                "created_at": "2025-11-11T19:19:19Z",
                "description": "",
                "direction": "egress",
                "ethertype": "IPv4",
                "id": "a87d8404-2384-4c3b-af8f-791c2f045af2",
                "port_range_max": 24,
                "port_range_min": 1,
                "protocol": "udp",
                "remote_group_id": null,
                "remote_ip_prefix": null,
                "revision_number": 0,
                "security_group_id": "aa825886-14e8-4537-9868-48037d642ae4",
                "updated_at": "2025-11-11T19:19:19Z"
              },
              {
                "created_at": "2025-11-11T19:19:19Z",
                "description": "",
                "direction": "egress",
                "ethertype": "IPv4",
                "id": "0427dbb3-e736-41ed-82c6-61be09eccded",
                "port_range_max": 24,
                "port_range_min": 1,
                "protocol": "tcp",
                "remote_group_id": null,
                "remote_ip_prefix": null,
                "revision_number": 0,
                "security_group_id": "aa825886-14e8-4537-9868-48037d642ae4",
                "updated_at": "2025-11-11T19:19:19Z"
              },
              {
                "created_at": "2025-11-11T19:19:19Z",
                "description": "",
                "direction": "egress",
                "ethertype": "IPv6",
                "id": "47d8d406-4b35-4798-9ff0-5a39676efaa3",
                "port_range_max": 24,
                "port_range_min": 1,
                "protocol": "tcp",
                "remote_group_id": null,
                "remote_ip_prefix": null,
                "revision_number": 0,
                "security_group_id": "aa825886-14e8-4537-9868-48037d642ae4",
                "updated_at": "2025-11-11T19:19:19Z"
              },
              {
                "created_at": "2025-11-11T19:19:19Z",
                "description": "",
                "direction": "egress",
                "ethertype": "IPv4",
                "id": "502d855e-4a29-4ce1-9b46-61ed704bbff5",
                "port_range_max": 65535,
                "port_range_min": 26,
                "protocol": "tcp",
                "remote_group_id": null,
                "remote_ip_prefix": null,
                "revision_number": 0,
                "security_group_id": "aa825886-14e8-4537-9868-48037d642ae4",
                "updated_at": "2025-11-11T19:19:19Z"
              },
              {
                "created_at": "2025-11-11T19:19:19Z",
                "description": "",
                "direction": "egress",
                "ethertype": "IPv6",
                "id": "615c09fc-dfee-4ddf-8027-c6977a38a690",
                "port_range_max": 65535,
                "port_range_min": 26,
                "protocol": "tcp",
                "remote_group_id": null,
                "remote_ip_prefix": null,
                "revision_number": 0,
                "security_group_id": "aa825886-14e8-4537-9868-48037d642ae4",
                "updated_at": "2025-11-11T19:19:19Z"
              },
              {
                "created_at": "2025-11-11T19:19:19Z",
                "description": "",
                "direction": "egress",
                "ethertype": "IPv6",
                "id": "56ee8ded-7cd5-4b72-974c-b0390610c0a3",
                "port_range_max": null,
                "port_range_min": null,
                "protocol": "sctp",
                "remote_group_id": null,
                "remote_ip_prefix": null,
                "revision_number": 0,
                "security_group_id": "aa825886-14e8-4537-9868-48037d642ae4",
                "updated_at": "2025-11-11T19:19:19Z"
              },
              {
                "created_at": "2025-11-11T19:19:19Z",
                "description": "",
                "direction": "egress",
                "ethertype": "IPv4",
                "id": "6c011630-a5a3-49a5-b71c-e4e5b60af5d3",
                "port_range_max": null,
                "port_range_min": null,
                "protocol": "sctp",
                "remote_group_id": null,
                "remote_ip_prefix": null,
                "revision_number": 0,
                "security_group_id": "aa825886-14e8-4537-9868-48037d642ae4",
                "updated_at": "2025-11-11T19:19:19Z"
              },
              {
                "created_at": "2025-11-11T19:19:19Z",
                "description": "",
                "direction": "egress",
                "ethertype": "IPv6",
                "id": "08236f38-81e2-4bc0-9c1a-cc82bf2f37d8",
                "port_range_max": null,
                "port_range_min": null,
                "protocol": "rsvp",
                "remote_group_id": null,
                "remote_ip_prefix": null,
                "revision_number": 0,
                "security_group_id": "aa825886-14e8-4537-9868-48037d642ae4",
                "updated_at": "2025-11-11T19:19:19Z"
              },
              {
                "created_at": "2025-11-11T19:19:19Z",
                "description": "",
                "direction": "egress",
                "ethertype": "IPv4",
                "id": "378aa5ee-5bd1-4db2-b460-f1bd60632fd9",
                "port_range_max": null,
                "port_range_min": null,
                "protocol": "rsvp",
                "remote_group_id": null,
                "remote_ip_prefix": null,
                "revision_number": 0,
                "security_group_id": "aa825886-14e8-4537-9868-48037d642ae4",
                "updated_at": "2025-11-11T19:19:19Z"
              },
              {
                "created_at": "2025-11-11T19:19:19Z",
                "description": "",
                "direction": "egress",
                "ethertype": "IPv4",
                "id": "67dbc898-2df6-4c8f-9548-18590125af03",
                "port_range_max": null,
                "port_range_min": null,
                "protocol": "pgm",
                "remote_group_id": null,
                "remote_ip_prefix": null,
                "revision_number": 0,
                "security_group_id": "aa825886-14e8-4537-9868-48037d642ae4",
                "updated_at": "2025-11-11T19:19:19Z"
              },
              {
                "created_at": "2025-11-11T19:19:19Z",
                "description": "",
                "direction": "egress",
                "ethertype": "IPv6",
                "id": "e4dece94-9f70-4ad3-9bfb-f5087d6da2d2",
                "port_range_max": null,
                "port_range_min": null,
                "protocol": "pgm",
                "remote_group_id": null,
                "remote_ip_prefix": null,
                "revision_number": 0,
                "security_group_id": "aa825886-14e8-4537-9868-48037d642ae4",
                "updated_at": "2025-11-11T19:19:19Z"
              },
              {
                "created_at": "2025-11-11T19:19:19Z",
                "description": "",
                "direction": "egress",
                "ethertype": "IPv4",
                "id": "9b74d1b8-51ef-4a45-a82a-c79118cdba2d",
                "port_range_max": null,
                "port_range_min": null,
                "protocol": "ospf",
                "remote_group_id": null,
                "remote_ip_prefix": null,
                "revision_number": 0,
                "security_group_id": "aa825886-14e8-4537-9868-48037d642ae4",
                "updated_at": "2025-11-11T19:19:19Z"
              },
              {
                "created_at": "2025-11-11T19:19:19Z",
                "description": "",
                "direction": "egress",
                "ethertype": "IPv6",
                "id": "f11f838f-9ebd-422f-8ef8-e1c96c2ab5d5",
                "port_range_max": null,
                "port_range_min": null,
                "protocol": "ospf",
                "remote_group_id": null,
                "remote_ip_prefix": null,
                "revision_number": 0,
                "security_group_id": "aa825886-14e8-4537-9868-48037d642ae4",
                "updated_at": "2025-11-11T19:19:19Z"
              },
              {
                "created_at": "2025-11-11T19:19:19Z",
                "description": "",
                "direction": "egress",
                "ethertype": "IPv6",
                "id": "bc569260-0270-4ca5-afe3-5933789525b2",
                "port_range_max": null,
                "port_range_min": null,
                "protocol": "ipv6-route",
                "remote_group_id": null,
                "remote_ip_prefix": null,
                "revision_number": 0,
                "security_group_id": "aa825886-14e8-4537-9868-48037d642ae4",
                "updated_at": "2025-11-11T19:19:19Z"
              },
              {
                "created_at": "2025-11-11T19:19:19Z",
                "description": "",
                "direction": "egress",
                "ethertype": "IPv6",
                "id": "b5aab611-b98a-4c32-92eb-b3d49f02250c",
                "port_range_max": null,
                "port_range_min": null,
                "protocol": "ipv6-opts",
                "remote_group_id": null,
                "remote_ip_prefix": null,
                "revision_number": 0,
                "security_group_id": "aa825886-14e8-4537-9868-48037d642ae4",
                "updated_at": "2025-11-11T19:19:19Z"
              },
              {
                "created_at": "2025-11-11T19:19:19Z",
                "description": "",
                "direction": "egress",
                "ethertype": "IPv6",
                "id": "c553d7c9-ea4f-4e51-a7ac-a0a488ffdef8",
                "port_range_max": null,
                "port_range_min": null,
                "protocol": "ipv6-nonxt",
                "remote_group_id": null,
                "remote_ip_prefix": null,
                "revision_number": 0,
                "security_group_id": "aa825886-14e8-4537-9868-48037d642ae4",
                "updated_at": "2025-11-11T19:19:19Z"
              },
              {
                "created_at": "2025-11-11T19:19:19Z",
                "description": "",
                "direction": "egress",
                "ethertype": "IPv6",
                "id": "f95b3b09-bce3-447c-8b89-a1e963ffc509",
                "port_range_max": null,
                "port_range_min": null,
                "protocol": "ipv6-icmp",
                "remote_group_id": null,
                "remote_ip_prefix": null,
                "revision_number": 0,
                "security_group_id": "aa825886-14e8-4537-9868-48037d642ae4",
                "updated_at": "2025-11-11T19:19:19Z"
              },
              {
                "created_at": "2025-11-11T19:19:19Z",
                "description": "",
                "direction": "egress",
                "ethertype": "IPv6",
                "id": "310f3447-75c8-4b69-b38e-724b48203edf",
                "port_range_max": null,
                "port_range_min": null,
                "protocol": "ipv6-frag",
                "remote_group_id": null,
                "remote_ip_prefix": null,
                "revision_number": 0,
                "security_group_id": "aa825886-14e8-4537-9868-48037d642ae4",
                "updated_at": "2025-11-11T19:19:19Z"
              },
              {
                "created_at": "2025-11-11T19:19:19Z",
                "description": "",
                "direction": "egress",
                "ethertype": "IPv6",
                "id": "100c06b7-fce7-40fe-9b8e-0b9bbd1cfb1f",
                "port_range_max": null,
                "port_range_min": null,
                "protocol": "ipv6-encap",
                "remote_group_id": null,
                "remote_ip_prefix": null,
                "revision_number": 0,
                "security_group_id": "aa825886-14e8-4537-9868-48037d642ae4",
                "updated_at": "2025-11-11T19:19:19Z"
              },
              {
                "created_at": "2025-11-11T19:19:19Z",
                "description": "",
                "direction": "egress",
                "ethertype": "IPv4",
                "id": "22b3bbf4-515e-4a30-af6e-f0cbb266e424",
                "port_range_max": null,
                "port_range_min": null,
                "protocol": "igmp",
                "remote_group_id": null,
                "remote_ip_prefix": null,
                "revision_number": 0,
                "security_group_id": "aa825886-14e8-4537-9868-48037d642ae4",
                "updated_at": "2025-11-11T19:19:19Z"
              },
              {
                "created_at": "2025-11-11T19:19:19Z",
                "description": "",
                "direction": "egress",
                "ethertype": "IPv6",
                "id": "dbc2aebb-ec98-448b-a4fa-ac0d8271bdc0",
                "port_range_max": null,
                "port_range_min": null,
                "protocol": "igmp",
                "remote_group_id": null,
                "remote_ip_prefix": null,
                "revision_number": 0,
                "security_group_id": "aa825886-14e8-4537-9868-48037d642ae4",
                "updated_at": "2025-11-11T19:19:19Z"
              },
              {
                "created_at": "2025-11-11T19:19:19Z",
                "description": "",
                "direction": "egress",
                "ethertype": "IPv4",
                "id": "aaa7c79e-7c78-42f1-8c41-6c03bb623584",
                "port_range_max": null,
                "port_range_min": null,
                "protocol": "icmp",
                "remote_group_id": null,
                "remote_ip_prefix": null,
                "revision_number": 0,
                "security_group_id": "aa825886-14e8-4537-9868-48037d642ae4",
                "updated_at": "2025-11-11T19:19:19Z"
              },
              {
                "created_at": "2025-11-11T19:19:19Z",
                "description": "",
                "direction": "egress",
                "ethertype": "IPv6",
                "id": "7c6103fe-9943-4d6d-a289-fc0b6acf0090",
                "port_range_max": null,
                "port_range_min": null,
                "protocol": "gre",
                "remote_group_id": null,
                "remote_ip_prefix": null,
                "revision_number": 0,
                "security_group_id": "aa825886-14e8-4537-9868-48037d642ae4",
                "updated_at": "2025-11-11T19:19:19Z"
              },
              {
                "created_at": "2025-11-11T19:19:19Z",
                "description": "",
                "direction": "egress",
                "ethertype": "IPv4",
                "id": "edbef2e3-3e41-41c7-8152-8fdc613eeaaa",
                "port_range_max": null,
                "port_range_min": null,
                "protocol": "gre",
                "remote_group_id": null,
                "remote_ip_prefix": null,
                "revision_number": 0,
                "security_group_id": "aa825886-14e8-4537-9868-48037d642ae4",
                "updated_at": "2025-11-11T19:19:19Z"
              },
              {
                "created_at": "2025-11-11T19:19:19Z",
                "description": "",
                "direction": "egress",
                "ethertype": "IPv4",
                "id": "c4afcedf-8a95-4ab0-b2e0-0270b279a334",
                "port_range_max": null,
                "port_range_min": null,
                "protocol": "esp",
                "remote_group_id": null,
                "remote_ip_prefix": null,
                "revision_number": 0,
                "security_group_id": "aa825886-14e8-4537-9868-48037d642ae4",
                "updated_at": "2025-11-11T19:19:19Z"
              },
              {
                "created_at": "2025-11-11T19:19:19Z",
                "description": "",
                "direction": "egress",
                "ethertype": "IPv6",
                "id": "f67ac523-a136-43e5-ac05-dee370684e21",
                "port_range_max": null,
                "port_range_min": null,
                "protocol": "esp",
                "remote_group_id": null,
                "remote_ip_prefix": null,
                "revision_number": 0,
                "security_group_id": "aa825886-14e8-4537-9868-48037d642ae4",
                "updated_at": "2025-11-11T19:19:19Z"
              },
              {
                "created_at": "2025-11-11T19:19:19Z",
                "description": "",
                "direction": "egress",
                "ethertype": "IPv4",
                "id": "893207d4-b725-449a-a327-bd623edf633b",
                "port_range_max": null,
                "port_range_min": null,
                "protocol": "egp",
                "remote_group_id": null,
                "remote_ip_prefix": null,
                "revision_number": 0,
                "security_group_id": "aa825886-14e8-4537-9868-48037d642ae4",
                "updated_at": "2025-11-11T19:19:19Z"
              },
              {
                "created_at": "2025-11-11T19:19:19Z",
                "description": "",
                "direction": "egress",
                "ethertype": "IPv6",
                "id": "8c81eb3d-a869-48f2-8ecf-9e6982f665bd",
                "port_range_max": null,
                "port_range_min": null,
                "protocol": "egp",
                "remote_group_id": null,
                "remote_ip_prefix": null,
                "revision_number": 0,
                "security_group_id": "aa825886-14e8-4537-9868-48037d642ae4",
                "updated_at": "2025-11-11T19:19:19Z"
              },
              {
                "created_at": "2025-11-11T19:19:19Z",
                "description": "",
                "direction": "egress",
                "ethertype": "IPv4",
                "id": "342aaa8f-4c63-4470-9f6a-191890b4d43f",
                "port_range_max": null,
                "port_range_min": null,
                "protocol": "dccp",
                "remote_group_id": null,
                "remote_ip_prefix": null,
                "revision_number": 0,
                "security_group_id": "aa825886-14e8-4537-9868-48037d642ae4",
                "updated_at": "2025-11-11T19:19:19Z"
              },
              {
                "created_at": "2025-11-11T19:19:19Z",
                "description": "",
                "direction": "egress",
                "ethertype": "IPv6",
                "id": "4d807dc0-ac0f-4f25-b9c4-e85a75c3fa61",
                "port_range_max": null,
                "port_range_min": null,
                "protocol": "dccp",
                "remote_group_id": null,
                "remote_ip_prefix": null,
                "revision_number": 0,
                "security_group_id": "aa825886-14e8-4537-9868-48037d642ae4",
                "updated_at": "2025-11-11T19:19:19Z"
              },
              {
                "created_at": "2025-11-11T19:19:19Z",
                "description": "",
                "direction": "egress",
                "ethertype": "IPv4",
                "id": "5a44a3d6-a5c4-4ecb-a08c-2419db23c8f6",
                "port_range_max": null,
                "port_range_min": null,
                "protocol": "ah",
                "remote_group_id": null,
                "remote_ip_prefix": null,
                "revision_number": 0,
                "security_group_id": "aa825886-14e8-4537-9868-48037d642ae4",
                "updated_at": "2025-11-11T19:19:19Z"
              },
              {
                "created_at": "2025-11-11T19:19:19Z",
                "description": "",
                "direction": "egress",
                "ethertype": "IPv6",
                "id": "c4d2cc02-bf96-48e5-b25e-3e604fafea7e",
                "port_range_max": null,
                "port_range_min": null,
                "protocol": "ah",
                "remote_group_id": null,
                "remote_ip_prefix": null,
                "revision_number": 0,
                "security_group_id": "aa825886-14e8-4537-9868-48037d642ae4",
                "updated_at": "2025-11-11T19:19:19Z"
              }
            ],
            "tags": null,
            "tags_v2": [],
            "updated_at": "2025-11-11T19:19:19Z"
          },
          "sensitive_attributes": []
        }
      ]
    }
  ],
  "check_results": null
}
