{
  "version": 4,
  "terraform_version": "1.14.3",
  "serial": 16,
  "lineage": "fe3674d8-ec24-2a23-9147-de7d813bb2a8",
  "outputs": {},
  "resources": [
    {
      "mode": "managed",
      "type": "gcore_dns_zone",
      "name": "test",
      "provider": "provider[\"registry.terraform.io/gcore/gcore\"]",
      "instances": [
        {
          "schema_version": 0,
          "attributes": {
            "contact": "support@gcore.com",
            "dnssec_enabled": false,
            "enabled": true,
            "expiry": 1209600,
            "id": "tf-test-rrset-20260218.com",
            "meta": null,
            "name": "tf-test-rrset-20260218.com",
            "nx_ttl": 300,
            "primary_server": "ns1.gcorelabs.net",
            "records": [
              {
                "name": "geo.tf-test-rrset-20260218.com",
                "short_answers": [
                  "192.168.1.1",
                  "10.0.0.1"
                ],
                "ttl": 300,
                "type": "A"
              },
              {
                "name": "multi.tf-test-rrset-20260218.com",
                "short_answers": [
                  "10.0.0.1",
                  "10.0.0.2",
                  "10.0.0.3"
                ],
                "ttl": 300,
                "type": "A"
              },
              {
                "name": "tf-test-rrset-20260218.com",
                "short_answers": [
                  "ns1.gcorelabs.net",
                  "ns2.gcdn.services"
                ],
                "ttl": 3600,
                "type": "NS"
              },
              {
                "name": "www.tf-test-rrset-20260218.com",
                "short_answers": [
                  "192.168.1.1",
                  "192.168.1.2"
                ],
                "ttl": 600,
                "type": "A"
              }
            ],
            "refresh": 5400,
            "retry": 3600,
            "rrsets_amount": {
              "dynamic": {
                "healthcheck": 0,
                "total": 1
              },
              "static": 3,
              "total": 4
            },
            "serial": 1771414242,
            "status": "pending",
            "warnings": null
          },
          "sensitive_attributes": [],
          "identity_schema_version": 0
        }
      ]
    },
    {
      "mode": "managed",
      "type": "gcore_dns_zone_rrset",
      "name": "basic",
      "provider": "provider[\"registry.terraform.io/gcore/gcore\"]",
      "instances": [
        {
          "schema_version": 0,
          "attributes": {
            "filter_set_id": null,
            "meta": null,
            "name": "www.tf-test-rrset-20260218.com",
            "pickers": null,
            "resource_records": [
              {
                "content": [
                  "\"192.168.1.1\""
                ],
                "enabled": true,
                "id": 227033322,
                "meta": null
              },
              {
                "content": [
                  "\"192.168.1.2\""
                ],
                "enabled": true,
                "id": 227033386,
                "meta": null
              }
            ],
            "rrset_name": "www.tf-test-rrset-20260218.com.",
            "rrset_type": "A",
            "ttl": 600,
            "type": "A",
            "warning": null,
            "warnings": null,
            "zone_name": "tf-test-rrset-20260218.com"
          },
          "sensitive_attributes": [],
          "identity_schema_version": 0,
          "dependencies": [
            "gcore_dns_zone.test"
          ]
        }
      ]
    },
    {
      "mode": "managed",
      "type": "gcore_dns_zone_rrset",
      "name": "multi",
      "provider": "provider[\"registry.terraform.io/gcore/gcore\"]",
      "instances": [
        {
          "schema_version": 0,
          "attributes": {
            "filter_set_id": null,
            "meta": null,
            "name": "multi.tf-test-rrset-20260218.com",
            "pickers": null,
            "resource_records": [
              {
                "content": [
                  "\"10.0.0.1\""
                ],
                "enabled": true,
                "id": 227033325,
                "meta": null
              },
              {
                "content": [
                  "\"10.0.0.2\""
                ],
                "enabled": true,
                "id": 227033326,
                "meta": null
              },
              {
                "content": [
                  "\"10.0.0.3\""
                ],
                "enabled": true,
                "id": 227033327,
                "meta": null
              }
            ],
            "rrset_name": "multi.tf-test-rrset-20260218.com.",
            "rrset_type": "A",
            "ttl": 300,
            "type": "A",
            "warning": null,
            "warnings": null,
            "zone_name": "tf-test-rrset-20260218.com"
          },
          "sensitive_attributes": [],
          "identity_schema_version": 0,
          "dependencies": [
            "gcore_dns_zone.test"
          ]
        }
      ]
    },
    {
      "mode": "managed",
      "type": "gcore_dns_zone_rrset",
      "name": "with_meta",
      "provider": "provider[\"registry.terraform.io/gcore/gcore\"]",
      "instances": [
        {
          "schema_version": 0,
          "attributes": {
            "filter_set_id": 4129975,
            "meta": null,
            "name": "geo.tf-test-rrset-20260218.com",
            "pickers": [
              {
                "limit": null,
                "strict": false,
                "type": "geodns"
              },
              {
                "limit": null,
                "strict": false,
                "type": "default"
              }
            ],
            "resource_records": [
              {
                "content": [
                  "\"192.168.1.1\""
                ],
                "enabled": true,
                "id": 227033387,
                "meta": {
                  "asn": "[12345]",
                  "ip": "[\"192.168.1.0/24\"]",
                  "latlong": "[52.0,32.0]"
                }
              },
              {
                "content": [
                  "\"10.0.0.1\""
                ],
                "enabled": true,
                "id": 227033388,
                "meta": {
                  "asn": "[67890]",
                  "latlong": "[41.0,21.0]"
                }
              }
            ],
            "rrset_name": "geo.tf-test-rrset-20260218.com.",
            "rrset_type": "A",
            "ttl": 300,
            "type": "A",
            "warning": null,
            "warnings": null,
            "zone_name": "tf-test-rrset-20260218.com"
          },
          "sensitive_attributes": [],
          "identity_schema_version": 0,
          "dependencies": [
            "gcore_dns_zone.test"
          ]
        }
      ]
    }
  ],
  "check_results": null
}
