{
  "version": 4,
  "terraform_version": "1.10.5",
  "serial": 47,
  "lineage": "e68facc7-80ed-91dd-0268-c9caf1bcfcd9",
  "outputs": {
    "floating_ip_id": {
      "value": "",
      "type": "string"
    },
    "minimal_id": {
      "value": "",
      "type": "string"
    },
    "two_volumes_id": {
      "value": "",
      "type": "string"
    },
    "with_servergroup_id": {
      "value": "",
      "type": "string"
    },
    "with_tags_id": {
      "value": "074555e8-0c80-4ad8-b956-574887a5cac4",
      "type": "string"
    }
  },
  "resources": [
    {
      "mode": "managed",
      "type": "gcore_cloud_instance",
      "name": "with_tags",
      "provider": "provider[\"registry.terraform.io/gcore/gcore\"]",
      "instances": [
        {
          "index_key": 0,
          "schema_version": 0,
          "attributes": {
            "addresses": {
              "pub_net": [
                {
                  "addr": "45.82.160.103",
                  "interface_name": null,
                  "subnet_id": "e47b6c72-f1d3-44de-bd7a-1bed593cbc29",
                  "subnet_name": "pub_net5",
                  "type": "fixed"
                }
              ]
            },
            "allow_app_ports": null,
            "blackhole_ports": [],
            "configuration": null,
            "created_at": "2026-01-05T09:29:05Z",
            "creator_task_id": "0126de5a-2006-49d7-bd41-bbfd9f50c1be",
            "ddos_profile": null,
            "fixed_ip_assignments": null,
            "flavor": "g1-standard-1-2",
            "id": "074555e8-0c80-4ad8-b956-574887a5cac4",
            "instance_description": null,
            "instance_isolation": null,
            "interfaces": [
              {
                "floating_ip": null,
                "interface_name": null,
                "ip_address": "45.82.160.103",
                "ip_family": null,
                "network_id": null,
                "port_id": "8b45d71c-fde6-4505-b616-4ca2bf06e936",
                "security_groups": null,
                "subnet_id": null,
                "type": "external"
              }
            ],
            "name": "import-test-tags",
            "name_template": null,
            "password": null,
            "project_id": 379987,
            "region": "Luxembourg-2",
            "region_id": 76,
            "security_groups": null,
            "servergroup_id": null,
            "ssh_key_name": null,
            "status": "ACTIVE",
            "tags": {
              "env": "test",
              "owner": "claude",
              "project": "import-testing"
            },
            "task_id": null,
            "task_state": null,
            "tasks": null,
            "user_data": null,
            "username": null,
            "vm_state": "active",
            "volumes": [
              {
                "attachment_tag": null,
                "boot_index": 0,
                "volume_id": "51994e8f-9e03-40e1-8f61-2ef6e2db685a"
              }
            ]
          },
          "sensitive_attributes": [],
          "dependencies": [
            "gcore_cloud_volume.tags_boot"
          ]
        }
      ]
    },
    {
      "mode": "managed",
      "type": "gcore_cloud_volume",
      "name": "tags_boot",
      "provider": "provider[\"registry.terraform.io/gcore/gcore\"]",
      "instances": [
        {
          "index_key": 0,
          "schema_version": 0,
          "attributes": {
            "attachment_tag": null,
            "attachments": [],
            "bootable": true,
            "created_at": "2026-01-05T09:28:52Z",
            "creator_task_id": "bf2a5f41-22ef-42ea-a9ab-4ac5ffead554",
            "id": "51994e8f-9e03-40e1-8f61-2ef6e2db685a",
            "image_id": "6343932d-0257-4285-bf89-05060f24095a",
            "instance_id_to_attach_to": null,
            "is_root_volume": false,
            "lifecycle_policy_ids": null,
            "limiter_stats": {
              "iops_base_limit": 600,
              "iops_burst_limit": 6000,
              "m_bps_base_limit": 25,
              "m_bps_burst_limit": 250
            },
            "name": "import-test-tags-boot",
            "project_id": null,
            "region": "Luxembourg-2",
            "region_id": null,
            "size": 10,
            "snapshot_id": null,
            "snapshot_ids": [],
            "source": "image",
            "status": "available",
            "tags": null,
            "task_id": null,
            "tasks": null,
            "type_name": "ssd_hiiops",
            "updated_at": "2026-01-05T09:28:53Z",
            "volume_image_metadata": {
              "architecture": "x86_64",
              "checksum": "f8173c6829404b9429b817b14a4aa14b",
              "container_format": "bare",
              "disk_format": "raw",
              "display_order": "2204",
              "hw_disk_bus": "scsi",
              "hw_machine_type": "q35",
              "hw_qemu_guest_agent": "True",
              "hw_scsi_model": "virtio-scsi",
              "image_id": "6343932d-0257-4285-bf89-05060f24095a",
              "image_name": "ubuntu-22.04-x64",
              "min_disk": "5",
              "min_ram": "0",
              "os_distro": "ubuntu",
              "os_glance_failed_import": "",
              "os_glance_importing_to_stores": "",
              "os_require_quiesce": "True",
              "os_type": "linux",
              "os_version": "22.04",
              "size": "2361393152",
              "ssh_key": "allow"
            },
            "volume_type": "ssd_hiiops"
          },
          "sensitive_attributes": []
        }
      ]
    }
  ],
  "check_results": null
}
