{
  "version": 4,
  "terraform_version": "1.10.5",
  "serial": 15,
  "lineage": "e68facc7-80ed-91dd-0268-c9caf1bcfcd9",
  "outputs": {
    "floating_ip_id": {
      "value": "",
      "type": "string"
    },
    "minimal_id": {
      "value": "6f127bb8-197c-42da-a599-8c45fb643dea",
      "type": "string"
    },
    "two_volumes_id": {
      "value": "be21adba-16d8-4473-b0a2-b1b79cc108c0",
      "type": "string"
    },
    "with_servergroup_id": {
      "value": "",
      "type": "string"
    },
    "with_tags_id": {
      "value": "",
      "type": "string"
    }
  },
  "resources": [
    {
      "mode": "managed",
      "type": "gcore_cloud_instance",
      "name": "minimal",
      "provider": "provider[\"registry.terraform.io/gcore/gcore\"]",
      "instances": [
        {
          "index_key": 0,
          "schema_version": 0,
          "attributes": {
            "addresses": {
              "pub_net": [
                {
                  "addr": "45.82.160.103",
                  "interface_name": null,
                  "subnet_id": "e47b6c72-f1d3-44de-bd7a-1bed593cbc29",
                  "subnet_name": "pub_net5",
                  "type": "fixed"
                }
              ]
            },
            "allow_app_ports": null,
            "blackhole_ports": [],
            "configuration": null,
            "created_at": "2026-01-05T08:45:54Z",
            "creator_task_id": "3ce6904e-7833-471f-9238-8d09c8daf344",
            "ddos_profile": null,
            "fixed_ip_assignments": null,
            "flavor": "g1-standard-1-2",
            "id": "6f127bb8-197c-42da-a599-8c45fb643dea",
            "instance_description": null,
            "instance_isolation": null,
            "interfaces": [
              {
                "floating_ip": null,
                "interface_name": null,
                "ip_address": "45.82.160.103",
                "ip_family": null,
                "network_id": null,
                "port_id": "8905dfba-8b7a-4dbf-9446-bc0a5c5b4d5b",
                "security_groups": null,
                "subnet_id": null,
                "type": "external"
              }
            ],
            "name": "import-test-minimal",
            "name_template": null,
            "password": null,
            "project_id": 379987,
            "region": "Luxembourg-2",
            "region_id": 76,
            "security_groups": null,
            "servergroup_id": null,
            "ssh_key_name": null,
            "status": "ACTIVE",
            "tags": null,
            "task_id": null,
            "task_state": null,
            "tasks": null,
            "user_data": null,
            "username": null,
            "vm_state": "active",
            "volumes": [
              {
                "attachment_tag": null,
                "boot_index": 0,
                "volume_id": "2a990a41-762a-446f-bef7-023a3ccc4359"
              }
            ]
          },
          "sensitive_attributes": [],
          "dependencies": [
            "gcore_cloud_volume.minimal_boot"
          ]
        }
      ]
    },
    {
      "mode": "managed",
      "type": "gcore_cloud_instance",
      "name": "two_volumes",
      "provider": "provider[\"registry.terraform.io/gcore/gcore\"]",
      "instances": [
        {
          "index_key": 0,
          "schema_version": 0,
          "attributes": {
            "addresses": {
              "pub_net": [
                {
                  "addr": "109.61.125.140",
                  "interface_name": null,
                  "subnet_id": "b4c6e91a-9eb9-4c59-ad57-00124eceda00",
                  "subnet_name": "pub_net11",
                  "type": "fixed"
                }
              ]
            },
            "allow_app_ports": null,
            "blackhole_ports": [],
            "configuration": null,
            "created_at": "2026-01-05T08:48:53Z",
            "creator_task_id": "83815859-6598-4345-a0e0-2595edcd20c3",
            "ddos_profile": null,
            "fixed_ip_assignments": null,
            "flavor": "g1-standard-1-2",
            "id": "be21adba-16d8-4473-b0a2-b1b79cc108c0",
            "instance_description": null,
            "instance_isolation": null,
            "interfaces": [
              {
                "floating_ip": null,
                "interface_name": null,
                "ip_address": "109.61.125.140",
                "ip_family": null,
                "network_id": null,
                "port_id": "439c747d-1130-452c-8f43-ed35ea5028a5",
                "security_groups": null,
                "subnet_id": null,
                "type": "external"
              }
            ],
            "name": "import-test-two-volumes",
            "name_template": null,
            "password": null,
            "project_id": 379987,
            "region": "Luxembourg-2",
            "region_id": 76,
            "security_groups": null,
            "servergroup_id": null,
            "ssh_key_name": null,
            "status": "ACTIVE",
            "tags": null,
            "task_id": null,
            "task_state": null,
            "tasks": null,
            "user_data": null,
            "username": null,
            "vm_state": "active",
            "volumes": [
              {
                "attachment_tag": null,
                "boot_index": 0,
                "volume_id": "06b74309-b14c-417e-ab24-99e830317c74"
              },
              {
                "attachment_tag": null,
                "boot_index": -1,
                "volume_id": "97ccd765-1687-4dcd-b6ff-6a948f2149ee"
              }
            ]
          },
          "sensitive_attributes": [],
          "dependencies": [
            "gcore_cloud_volume.two_volumes_boot",
            "gcore_cloud_volume.two_volumes_data"
          ]
        }
      ]
    },
    {
      "mode": "managed",
      "type": "gcore_cloud_volume",
      "name": "minimal_boot",
      "provider": "provider[\"registry.terraform.io/gcore/gcore\"]",
      "instances": [
        {
          "index_key": 0,
          "schema_version": 0,
          "attributes": {
            "attachment_tag": null,
            "attachments": [
              {
                "attached_at": "2026-01-05T08:45:58Z",
                "attachment_id": "418c59da-eacb-4715-93dd-7494ea33e13d",
                "device": "/dev/sda",
                "flavor_id": "g1-standard-1-2",
                "instance_name": null,
                "server_id": "6f127bb8-197c-42da-a599-8c45fb643dea",
                "volume_id": "2a990a41-762a-446f-bef7-023a3ccc4359"
              }
            ],
            "bootable": true,
            "created_at": "2026-01-05T08:45:40Z",
            "creator_task_id": "0bc7e2e1-d57f-4dcf-85a1-90533a859b2a",
            "id": "2a990a41-762a-446f-bef7-023a3ccc4359",
            "image_id": "6343932d-0257-4285-bf89-05060f24095a",
            "instance_id_to_attach_to": null,
            "is_root_volume": true,
            "lifecycle_policy_ids": null,
            "limiter_stats": {
              "iops_base_limit": 600,
              "iops_burst_limit": 6000,
              "m_bps_base_limit": 25,
              "m_bps_burst_limit": 250
            },
            "name": "import-test-minimal-boot",
            "project_id": null,
            "region": "Luxembourg-2",
            "region_id": null,
            "size": 10,
            "snapshot_id": null,
            "snapshot_ids": [],
            "source": "image",
            "status": "in-use",
            "tags": null,
            "task_id": null,
            "tasks": null,
            "type_name": "ssd_hiiops",
            "updated_at": "2026-01-05T08:45:58Z",
            "volume_image_metadata": {
              "architecture": "x86_64",
              "checksum": "f8173c6829404b9429b817b14a4aa14b",
              "container_format": "bare",
              "disk_format": "raw",
              "display_order": "2204",
              "hw_disk_bus": "scsi",
              "hw_machine_type": "q35",
              "hw_qemu_guest_agent": "True",
              "hw_scsi_model": "virtio-scsi",
              "image_id": "6343932d-0257-4285-bf89-05060f24095a",
              "image_name": "ubuntu-22.04-x64",
              "min_disk": "5",
              "min_ram": "0",
              "os_distro": "ubuntu",
              "os_glance_failed_import": "",
              "os_glance_importing_to_stores": "",
              "os_require_quiesce": "True",
              "os_type": "linux",
              "os_version": "22.04",
              "size": "2361393152",
              "ssh_key": "allow"
            },
            "volume_type": "ssd_hiiops"
          },
          "sensitive_attributes": []
        }
      ]
    },
    {
      "mode": "managed",
      "type": "gcore_cloud_volume",
      "name": "two_volumes_boot",
      "provider": "provider[\"registry.terraform.io/gcore/gcore\"]",
      "instances": [
        {
          "index_key": 0,
          "schema_version": 0,
          "attributes": {
            "attachment_tag": null,
            "attachments": [],
            "bootable": true,
            "created_at": "2026-01-05T08:48:39Z",
            "creator_task_id": "5e807391-d55e-42a0-ba44-05afe8b80644",
            "id": "06b74309-b14c-417e-ab24-99e830317c74",
            "image_id": "6343932d-0257-4285-bf89-05060f24095a",
            "instance_id_to_attach_to": null,
            "is_root_volume": false,
            "lifecycle_policy_ids": null,
            "limiter_stats": {
              "iops_base_limit": 600,
              "iops_burst_limit": 6000,
              "m_bps_base_limit": 25,
              "m_bps_burst_limit": 250
            },
            "name": "import-test-two-volumes-boot",
            "project_id": null,
            "region": "Luxembourg-2",
            "region_id": null,
            "size": 10,
            "snapshot_id": null,
            "snapshot_ids": [],
            "source": "image",
            "status": "available",
            "tags": null,
            "task_id": null,
            "tasks": null,
            "type_name": "ssd_hiiops",
            "updated_at": "2026-01-05T08:48:40Z",
            "volume_image_metadata": {
              "architecture": "x86_64",
              "checksum": "f8173c6829404b9429b817b14a4aa14b",
              "container_format": "bare",
              "disk_format": "raw",
              "display_order": "2204",
              "hw_disk_bus": "scsi",
              "hw_machine_type": "q35",
              "hw_qemu_guest_agent": "True",
              "hw_scsi_model": "virtio-scsi",
              "image_id": "6343932d-0257-4285-bf89-05060f24095a",
              "image_name": "ubuntu-22.04-x64",
              "min_disk": "5",
              "min_ram": "0",
              "os_distro": "ubuntu",
              "os_glance_failed_import": "",
              "os_glance_importing_to_stores": "",
              "os_require_quiesce": "True",
              "os_type": "linux",
              "os_version": "22.04",
              "size": "2361393152",
              "ssh_key": "allow"
            },
            "volume_type": "ssd_hiiops"
          },
          "sensitive_attributes": []
        }
      ]
    },
    {
      "mode": "managed",
      "type": "gcore_cloud_volume",
      "name": "two_volumes_data",
      "provider": "provider[\"registry.terraform.io/gcore/gcore\"]",
      "instances": [
        {
          "index_key": 0,
          "schema_version": 0,
          "attributes": {
            "attachment_tag": null,
            "attachments": [],
            "bootable": false,
            "created_at": "2026-01-05T08:48:39Z",
            "creator_task_id": "4e6e7610-b3d6-407e-905d-e2d1795d87db",
            "id": "97ccd765-1687-4dcd-b6ff-6a948f2149ee",
            "image_id": null,
            "instance_id_to_attach_to": null,
            "is_root_volume": false,
            "lifecycle_policy_ids": null,
            "limiter_stats": {
              "iops_base_limit": 30,
              "iops_burst_limit": 300,
              "m_bps_base_limit": 10,
              "m_bps_burst_limit": 100
            },
            "name": "import-test-two-volumes-data",
            "project_id": null,
            "region": "Luxembourg-2",
            "region_id": null,
            "size": 5,
            "snapshot_id": null,
            "snapshot_ids": [],
            "source": "new-volume",
            "status": "available",
            "tags": null,
            "task_id": null,
            "tasks": null,
            "type_name": "standard",
            "updated_at": "2026-01-05T08:48:39Z",
            "volume_image_metadata": null,
            "volume_type": "standard"
          },
          "sensitive_attributes": []
        }
      ]
    }
  ],
  "check_results": null
}
