{
  "version": 4,
  "terraform_version": "1.10.5",
  "serial": 36,
  "lineage": "e68facc7-80ed-91dd-0268-c9caf1bcfcd9",
  "outputs": {
    "floating_ip_id": {
      "value": "",
      "type": "string"
    },
    "minimal_id": {
      "value": "",
      "type": "string"
    },
    "two_volumes_id": {
      "value": "",
      "type": "string"
    },
    "with_servergroup_id": {
      "value": "f85e9733-e9ed-4882-be85-15cfc548f636",
      "type": "string"
    },
    "with_tags_id": {
      "value": "95020f1e-3331-4e35-9edd-b66ec612a1c7",
      "type": "string"
    }
  },
  "resources": [
    {
      "mode": "managed",
      "type": "gcore_cloud_instance",
      "name": "with_servergroup",
      "provider": "provider[\"registry.terraform.io/gcore/gcore\"]",
      "instances": [
        {
          "index_key": 0,
          "schema_version": 0,
          "attributes": {
            "addresses": {
              "pub_net": [
                {
                  "addr": "109.61.125.96",
                  "interface_name": null,
                  "subnet_id": "b4c6e91a-9eb9-4c59-ad57-00124eceda00",
                  "subnet_name": "pub_net11",
                  "type": "fixed"
                }
              ]
            },
            "allow_app_ports": null,
            "blackhole_ports": [],
            "configuration": null,
            "created_at": "2026-01-05T08:59:28Z",
            "creator_task_id": "5dfe1299-3cdb-471f-9bcd-4174affcd39e",
            "ddos_profile": null,
            "fixed_ip_assignments": null,
            "flavor": "g1-standard-1-2",
            "id": "f85e9733-e9ed-4882-be85-15cfc548f636",
            "instance_description": null,
            "instance_isolation": null,
            "interfaces": [
              {
                "floating_ip": null,
                "interface_name": null,
                "ip_address": "109.61.125.96",
                "ip_family": null,
                "network_id": null,
                "port_id": "287044ae-b520-4ea1-a7a2-bbaee8d86b46",
                "security_groups": null,
                "subnet_id": null,
                "type": "external"
              }
            ],
            "name": "import-test-servergroup",
            "name_template": null,
            "password": null,
            "project_id": 379987,
            "region": "Luxembourg-2",
            "region_id": 76,
            "security_groups": null,
            "servergroup_id": "60a267fa-22da-41ea-9287-89ca4eee7a38",
            "ssh_key_name": null,
            "status": "ACTIVE",
            "tags": null,
            "task_id": null,
            "task_state": null,
            "tasks": null,
            "user_data": null,
            "username": null,
            "vm_state": "active",
            "volumes": [
              {
                "attachment_tag": null,
                "boot_index": 0,
                "volume_id": "09aaac86-6def-4009-942f-6ee15fbf251b"
              }
            ]
          },
          "sensitive_attributes": [],
          "dependencies": [
            "gcore_cloud_placement_group.test",
            "gcore_cloud_volume.servergroup_boot"
          ]
        }
      ]
    },
    {
      "mode": "managed",
      "type": "gcore_cloud_instance",
      "name": "with_tags",
      "provider": "provider[\"registry.terraform.io/gcore/gcore\"]",
      "instances": [
        {
          "index_key": 0,
          "schema_version": 0,
          "attributes": {
            "addresses": {
              "pub_net": [
                {
                  "addr": "45.82.160.36",
                  "interface_name": null,
                  "subnet_id": "e47b6c72-f1d3-44de-bd7a-1bed593cbc29",
                  "subnet_name": "pub_net5",
                  "type": "fixed"
                }
              ]
            },
            "allow_app_ports": null,
            "blackhole_ports": [],
            "configuration": null,
            "created_at": "2026-01-05T08:56:29Z",
            "creator_task_id": "b7ebe20c-4e73-452d-b106-4ff94bcb1a16",
            "ddos_profile": null,
            "fixed_ip_assignments": null,
            "flavor": "g1-standard-1-2",
            "id": "95020f1e-3331-4e35-9edd-b66ec612a1c7",
            "instance_description": null,
            "instance_isolation": null,
            "interfaces": [
              {
                "floating_ip": null,
                "interface_name": null,
                "ip_address": null,
                "ip_family": null,
                "network_id": null,
                "port_id": null,
                "security_groups": null,
                "subnet_id": null,
                "type": "external"
              }
            ],
            "name": "import-test-tags",
            "name_template": null,
            "password": null,
            "project_id": 379987,
            "region": "Luxembourg-2",
            "region_id": 76,
            "security_groups": null,
            "servergroup_id": null,
            "ssh_key_name": null,
            "status": "ACTIVE",
            "tags": {
              "env": "test",
              "owner": "claude",
              "project": "import-testing"
            },
            "task_id": null,
            "task_state": null,
            "tasks": null,
            "user_data": null,
            "username": null,
            "vm_state": "active",
            "volumes": [
              {
                "attachment_tag": null,
                "boot_index": 0,
                "volume_id": "93a2ea91-c434-4a34-a1f2-4197567bb8fc"
              }
            ]
          },
          "sensitive_attributes": [],
          "dependencies": [
            "gcore_cloud_volume.tags_boot"
          ]
        }
      ]
    },
    {
      "mode": "managed",
      "type": "gcore_cloud_placement_group",
      "name": "test",
      "provider": "provider[\"registry.terraform.io/gcore/gcore\"]",
      "instances": [
        {
          "index_key": 0,
          "schema_version": 0,
          "attributes": {
            "id": "60a267fa-22da-41ea-9287-89ca4eee7a38",
            "instances": [],
            "name": "import-test-servergroup",
            "policy": "soft-anti-affinity",
            "project_id": null,
            "region": "Luxembourg-2",
            "region_id": null,
            "servergroup_id": "60a267fa-22da-41ea-9287-89ca4eee7a38"
          },
          "sensitive_attributes": []
        }
      ]
    },
    {
      "mode": "managed",
      "type": "gcore_cloud_volume",
      "name": "servergroup_boot",
      "provider": "provider[\"registry.terraform.io/gcore/gcore\"]",
      "instances": [
        {
          "index_key": 0,
          "schema_version": 0,
          "attributes": {
            "attachment_tag": null,
            "attachments": [],
            "bootable": true,
            "created_at": "2026-01-05T08:59:08Z",
            "creator_task_id": "a31e90c7-2280-42cd-a550-ed5cedb70a77",
            "id": "09aaac86-6def-4009-942f-6ee15fbf251b",
            "image_id": "6343932d-0257-4285-bf89-05060f24095a",
            "instance_id_to_attach_to": null,
            "is_root_volume": false,
            "lifecycle_policy_ids": null,
            "limiter_stats": {
              "iops_base_limit": 600,
              "iops_burst_limit": 6000,
              "m_bps_base_limit": 25,
              "m_bps_burst_limit": 250
            },
            "name": "import-test-servergroup-boot",
            "project_id": null,
            "region": "Luxembourg-2",
            "region_id": null,
            "size": 10,
            "snapshot_id": null,
            "snapshot_ids": [],
            "source": "image",
            "status": "available",
            "tags": null,
            "task_id": null,
            "tasks": null,
            "type_name": "ssd_hiiops",
            "updated_at": "2026-01-05T08:59:08Z",
            "volume_image_metadata": {
              "architecture": "x86_64",
              "checksum": "f8173c6829404b9429b817b14a4aa14b",
              "container_format": "bare",
              "disk_format": "raw",
              "display_order": "2204",
              "hw_disk_bus": "scsi",
              "hw_machine_type": "q35",
              "hw_qemu_guest_agent": "True",
              "hw_scsi_model": "virtio-scsi",
              "image_id": "6343932d-0257-4285-bf89-05060f24095a",
              "image_name": "ubuntu-22.04-x64",
              "min_disk": "5",
              "min_ram": "0",
              "os_distro": "ubuntu",
              "os_glance_failed_import": "",
              "os_glance_importing_to_stores": "",
              "os_require_quiesce": "True",
              "os_type": "linux",
              "os_version": "22.04",
              "size": "2361393152",
              "ssh_key": "allow"
            },
            "volume_type": "ssd_hiiops"
          },
          "sensitive_attributes": []
        }
      ]
    },
    {
      "mode": "managed",
      "type": "gcore_cloud_volume",
      "name": "tags_boot",
      "provider": "provider[\"registry.terraform.io/gcore/gcore\"]",
      "instances": [
        {
          "index_key": 0,
          "schema_version": 0,
          "attributes": {
            "attachment_tag": null,
            "attachments": [
              {
                "attached_at": "2026-01-05T08:56:33Z",
                "attachment_id": "b1ac059c-1f90-45da-a674-c43928349dc7",
                "device": "/dev/sda",
                "flavor_id": "g1-standard-1-2",
                "instance_name": null,
                "server_id": "95020f1e-3331-4e35-9edd-b66ec612a1c7",
                "volume_id": "93a2ea91-c434-4a34-a1f2-4197567bb8fc"
              }
            ],
            "bootable": true,
            "created_at": "2026-01-05T08:56:15Z",
            "creator_task_id": "c7bf25bc-eeb1-4449-8f7d-a282e175e651",
            "id": "93a2ea91-c434-4a34-a1f2-4197567bb8fc",
            "image_id": "6343932d-0257-4285-bf89-05060f24095a",
            "instance_id_to_attach_to": null,
            "is_root_volume": true,
            "lifecycle_policy_ids": null,
            "limiter_stats": {
              "iops_base_limit": 600,
              "iops_burst_limit": 6000,
              "m_bps_base_limit": 25,
              "m_bps_burst_limit": 250
            },
            "name": "import-test-tags-boot",
            "project_id": null,
            "region": "Luxembourg-2",
            "region_id": null,
            "size": 10,
            "snapshot_id": null,
            "snapshot_ids": [],
            "source": "image",
            "status": "in-use",
            "tags": null,
            "task_id": null,
            "tasks": null,
            "type_name": "ssd_hiiops",
            "updated_at": "2026-01-05T08:56:33Z",
            "volume_image_metadata": {
              "architecture": "x86_64",
              "checksum": "f8173c6829404b9429b817b14a4aa14b",
              "container_format": "bare",
              "disk_format": "raw",
              "display_order": "2204",
              "hw_disk_bus": "scsi",
              "hw_machine_type": "q35",
              "hw_qemu_guest_agent": "True",
              "hw_scsi_model": "virtio-scsi",
              "image_id": "6343932d-0257-4285-bf89-05060f24095a",
              "image_name": "ubuntu-22.04-x64",
              "min_disk": "5",
              "min_ram": "0",
              "os_distro": "ubuntu",
              "os_glance_failed_import": "",
              "os_glance_importing_to_stores": "",
              "os_require_quiesce": "True",
              "os_type": "linux",
              "os_version": "22.04",
              "size": "2361393152",
              "ssh_key": "allow"
            },
            "volume_type": "ssd_hiiops"
          },
          "sensitive_attributes": []
        }
      ]
    }
  ],
  "check_results": null
}
