{
  "version": 4,
  "terraform_version": "1.10.5",
  "serial": 5,
  "lineage": "fc24ca25-136d-0dde-33ac-b1f4467bd2b1",
  "outputs": {
    "rules_count": {
      "value": 39,
      "type": "number"
    },
    "security_group_id": {
      "value": "0677801f-fc31-428d-9146-1469f39a355e",
      "type": "string"
    }
  },
  "resources": [
    {
      "mode": "managed",
      "type": "gcore_cloud_security_group",
      "name": "drift_test",
      "provider": "provider[\"registry.terraform.io/gcore/gcore\"]",
      "instances": [
        {
          "schema_version": 0,
          "attributes": {
            "changed_rules": null,
            "created_at": "2025-11-11T19:27:21Z",
            "description": "Testing AWS-style drift detection",
            "id": "0677801f-fc31-428d-9146-1469f39a355e",
            "instances": null,
            "name": "drift-test-workflow",
            "project_id": 379987,
            "region": "Luxembourg-2",
            "region_id": 76,
            "revision_number": 1,
            "security_group": {
              "description": "Testing AWS-style drift detection",
              "name": "drift-test-workflow",
              "security_group_rules": null,
              "tags": null
            },
            "security_group_rules": [
              {
                "created_at": "2025-11-11T19:27:21Z",
                "description": "",
                "direction": "egress",
                "ethertype": "IPv4",
                "id": "68ed169b-f454-4704-8f4e-8e8ce6cf4dd8",
                "port_range_max": null,
                "port_range_min": null,
                "protocol": "vrrp",
                "remote_group_id": null,
                "remote_ip_prefix": null,
                "revision_number": 0,
                "security_group_id": "0677801f-fc31-428d-9146-1469f39a355e",
                "updated_at": "2025-11-11T19:27:21Z"
              },
              {
                "created_at": "2025-11-11T19:27:21Z",
                "description": "",
                "direction": "egress",
                "ethertype": "IPv6",
                "id": "a2998bec-c4d5-4c05-98af-933f3ae9f92c",
                "port_range_max": null,
                "port_range_min": null,
                "protocol": "vrrp",
                "remote_group_id": null,
                "remote_ip_prefix": null,
                "revision_number": 0,
                "security_group_id": "0677801f-fc31-428d-9146-1469f39a355e",
                "updated_at": "2025-11-11T19:27:21Z"
              },
              {
                "created_at": "2025-11-11T19:27:21Z",
                "description": "",
                "direction": "egress",
                "ethertype": "IPv6",
                "id": "30557318-f743-4b82-a500-3f8cb5cebd61",
                "port_range_max": null,
                "port_range_min": null,
                "protocol": "udplite",
                "remote_group_id": null,
                "remote_ip_prefix": null,
                "revision_number": 0,
                "security_group_id": "0677801f-fc31-428d-9146-1469f39a355e",
                "updated_at": "2025-11-11T19:27:21Z"
              },
              {
                "created_at": "2025-11-11T19:27:21Z",
                "description": "",
                "direction": "egress",
                "ethertype": "IPv4",
                "id": "e5317e25-d517-4b82-8821-6690c1a26f7b",
                "port_range_max": null,
                "port_range_min": null,
                "protocol": "udplite",
                "remote_group_id": null,
                "remote_ip_prefix": null,
                "revision_number": 0,
                "security_group_id": "0677801f-fc31-428d-9146-1469f39a355e",
                "updated_at": "2025-11-11T19:27:21Z"
              },
              {
                "created_at": "2025-11-11T19:27:21Z",
                "description": "",
                "direction": "egress",
                "ethertype": "IPv4",
                "id": "1aceda61-a7bd-47db-83d0-5d35199b8a59",
                "port_range_max": 24,
                "port_range_min": 1,
                "protocol": "udp",
                "remote_group_id": null,
                "remote_ip_prefix": null,
                "revision_number": 0,
                "security_group_id": "0677801f-fc31-428d-9146-1469f39a355e",
                "updated_at": "2025-11-11T19:27:21Z"
              },
              {
                "created_at": "2025-11-11T19:27:21Z",
                "description": "",
                "direction": "egress",
                "ethertype": "IPv6",
                "id": "50d334ac-82ad-4c45-8f9c-b9b9b60d8a61",
                "port_range_max": 65535,
                "port_range_min": 26,
                "protocol": "udp",
                "remote_group_id": null,
                "remote_ip_prefix": null,
                "revision_number": 0,
                "security_group_id": "0677801f-fc31-428d-9146-1469f39a355e",
                "updated_at": "2025-11-11T19:27:21Z"
              },
              {
                "created_at": "2025-11-11T19:27:21Z",
                "description": "",
                "direction": "egress",
                "ethertype": "IPv4",
                "id": "d6339713-3354-409c-b449-b60244296f66",
                "port_range_max": 65535,
                "port_range_min": 26,
                "protocol": "udp",
                "remote_group_id": null,
                "remote_ip_prefix": null,
                "revision_number": 0,
                "security_group_id": "0677801f-fc31-428d-9146-1469f39a355e",
                "updated_at": "2025-11-11T19:27:21Z"
              },
              {
                "created_at": "2025-11-11T19:27:21Z",
                "description": "",
                "direction": "egress",
                "ethertype": "IPv6",
                "id": "fd7a5c28-0a56-44e8-b786-f07ef77043f7",
                "port_range_max": 24,
                "port_range_min": 1,
                "protocol": "udp",
                "remote_group_id": null,
                "remote_ip_prefix": null,
                "revision_number": 0,
                "security_group_id": "0677801f-fc31-428d-9146-1469f39a355e",
                "updated_at": "2025-11-11T19:27:21Z"
              },
              {
                "created_at": "2025-11-11T19:27:21Z",
                "description": "",
                "direction": "egress",
                "ethertype": "IPv4",
                "id": "05b4ca7c-3c3d-4f96-b98a-9cccd02d5980",
                "port_range_max": 24,
                "port_range_min": 1,
                "protocol": "tcp",
                "remote_group_id": null,
                "remote_ip_prefix": null,
                "revision_number": 0,
                "security_group_id": "0677801f-fc31-428d-9146-1469f39a355e",
                "updated_at": "2025-11-11T19:27:21Z"
              },
              {
                "created_at": "2025-11-11T19:27:21Z",
                "description": "",
                "direction": "egress",
                "ethertype": "IPv6",
                "id": "54e2fdf2-91a5-4f1c-a9b9-d411ba228f49",
                "port_range_max": 65535,
                "port_range_min": 26,
                "protocol": "tcp",
                "remote_group_id": null,
                "remote_ip_prefix": null,
                "revision_number": 0,
                "security_group_id": "0677801f-fc31-428d-9146-1469f39a355e",
                "updated_at": "2025-11-11T19:27:21Z"
              },
              {
                "created_at": "2025-11-11T19:27:21Z",
                "description": "",
                "direction": "egress",
                "ethertype": "IPv6",
                "id": "6c1eaed0-f3b0-4a9c-aaf1-0a831e5d8fe5",
                "port_range_max": 24,
                "port_range_min": 1,
                "protocol": "tcp",
                "remote_group_id": null,
                "remote_ip_prefix": null,
                "revision_number": 0,
                "security_group_id": "0677801f-fc31-428d-9146-1469f39a355e",
                "updated_at": "2025-11-11T19:27:21Z"
              },
              {
                "created_at": "2025-11-11T19:27:21Z",
                "description": "",
                "direction": "egress",
                "ethertype": "IPv4",
                "id": "83beeeca-a49f-457d-b18c-c8af2f55f42f",
                "port_range_max": 65535,
                "port_range_min": 26,
                "protocol": "tcp",
                "remote_group_id": null,
                "remote_ip_prefix": null,
                "revision_number": 0,
                "security_group_id": "0677801f-fc31-428d-9146-1469f39a355e",
                "updated_at": "2025-11-11T19:27:21Z"
              },
              {
                "created_at": "2025-11-11T19:27:21Z",
                "description": "",
                "direction": "egress",
                "ethertype": "IPv6",
                "id": "1c03cf60-f09e-4df1-bfb3-20928b70b193",
                "port_range_max": null,
                "port_range_min": null,
                "protocol": "sctp",
                "remote_group_id": null,
                "remote_ip_prefix": null,
                "revision_number": 0,
                "security_group_id": "0677801f-fc31-428d-9146-1469f39a355e",
                "updated_at": "2025-11-11T19:27:21Z"
              },
              {
                "created_at": "2025-11-11T19:27:21Z",
                "description": "",
                "direction": "egress",
                "ethertype": "IPv4",
                "id": "6ce0bac6-affa-41ce-83db-70b204279681",
                "port_range_max": null,
                "port_range_min": null,
                "protocol": "sctp",
                "remote_group_id": null,
                "remote_ip_prefix": null,
                "revision_number": 0,
                "security_group_id": "0677801f-fc31-428d-9146-1469f39a355e",
                "updated_at": "2025-11-11T19:27:21Z"
              },
              {
                "created_at": "2025-11-11T19:27:21Z",
                "description": "",
                "direction": "egress",
                "ethertype": "IPv6",
                "id": "53e4e8b1-89f2-4645-97f7-11849bd1d82b",
                "port_range_max": null,
                "port_range_min": null,
                "protocol": "rsvp",
                "remote_group_id": null,
                "remote_ip_prefix": null,
                "revision_number": 0,
                "security_group_id": "0677801f-fc31-428d-9146-1469f39a355e",
                "updated_at": "2025-11-11T19:27:21Z"
              },
              {
                "created_at": "2025-11-11T19:27:21Z",
                "description": "",
                "direction": "egress",
                "ethertype": "IPv4",
                "id": "f0da9e1c-2ac2-4aae-ad87-9cd961d9b5ce",
                "port_range_max": null,
                "port_range_min": null,
                "protocol": "rsvp",
                "remote_group_id": null,
                "remote_ip_prefix": null,
                "revision_number": 0,
                "security_group_id": "0677801f-fc31-428d-9146-1469f39a355e",
                "updated_at": "2025-11-11T19:27:21Z"
              },
              {
                "created_at": "2025-11-11T19:27:21Z",
                "description": "",
                "direction": "egress",
                "ethertype": "IPv4",
                "id": "334c0dfc-4183-4ebc-b95b-383a828e2835",
                "port_range_max": null,
                "port_range_min": null,
                "protocol": "pgm",
                "remote_group_id": null,
                "remote_ip_prefix": null,
                "revision_number": 0,
                "security_group_id": "0677801f-fc31-428d-9146-1469f39a355e",
                "updated_at": "2025-11-11T19:27:21Z"
              },
              {
                "created_at": "2025-11-11T19:27:21Z",
                "description": "",
                "direction": "egress",
                "ethertype": "IPv6",
                "id": "bf34fa4c-9101-4f5e-b8cb-18e54d736b7e",
                "port_range_max": null,
                "port_range_min": null,
                "protocol": "pgm",
                "remote_group_id": null,
                "remote_ip_prefix": null,
                "revision_number": 0,
                "security_group_id": "0677801f-fc31-428d-9146-1469f39a355e",
                "updated_at": "2025-11-11T19:27:21Z"
              },
              {
                "created_at": "2025-11-11T19:27:21Z",
                "description": "",
                "direction": "egress",
                "ethertype": "IPv4",
                "id": "6f630a2e-cd83-4e6d-8c9b-07d98c013994",
                "port_range_max": null,
                "port_range_min": null,
                "protocol": "ospf",
                "remote_group_id": null,
                "remote_ip_prefix": null,
                "revision_number": 0,
                "security_group_id": "0677801f-fc31-428d-9146-1469f39a355e",
                "updated_at": "2025-11-11T19:27:21Z"
              },
              {
                "created_at": "2025-11-11T19:27:21Z",
                "description": "",
                "direction": "egress",
                "ethertype": "IPv6",
                "id": "ebb8d5e0-0277-4f78-bd9d-16dc2c0f2ccd",
                "port_range_max": null,
                "port_range_min": null,
                "protocol": "ospf",
                "remote_group_id": null,
                "remote_ip_prefix": null,
                "revision_number": 0,
                "security_group_id": "0677801f-fc31-428d-9146-1469f39a355e",
                "updated_at": "2025-11-11T19:27:21Z"
              },
              {
                "created_at": "2025-11-11T19:27:21Z",
                "description": "",
                "direction": "egress",
                "ethertype": "IPv6",
                "id": "56f6d7d8-0e6c-4951-ac96-4a5981aae95d",
                "port_range_max": null,
                "port_range_min": null,
                "protocol": "ipv6-route",
                "remote_group_id": null,
                "remote_ip_prefix": null,
                "revision_number": 0,
                "security_group_id": "0677801f-fc31-428d-9146-1469f39a355e",
                "updated_at": "2025-11-11T19:27:21Z"
              },
              {
                "created_at": "2025-11-11T19:27:21Z",
                "description": "",
                "direction": "egress",
                "ethertype": "IPv6",
                "id": "ee74b491-8d75-41c6-9f55-33127f95da39",
                "port_range_max": null,
                "port_range_min": null,
                "protocol": "ipv6-opts",
                "remote_group_id": null,
                "remote_ip_prefix": null,
                "revision_number": 0,
                "security_group_id": "0677801f-fc31-428d-9146-1469f39a355e",
                "updated_at": "2025-11-11T19:27:21Z"
              },
              {
                "created_at": "2025-11-11T19:27:21Z",
                "description": "",
                "direction": "egress",
                "ethertype": "IPv6",
                "id": "de0818db-56b0-4e15-9fc3-f71d425f0bd2",
                "port_range_max": null,
                "port_range_min": null,
                "protocol": "ipv6-nonxt",
                "remote_group_id": null,
                "remote_ip_prefix": null,
                "revision_number": 0,
                "security_group_id": "0677801f-fc31-428d-9146-1469f39a355e",
                "updated_at": "2025-11-11T19:27:21Z"
              },
              {
                "created_at": "2025-11-11T19:27:21Z",
                "description": "",
                "direction": "egress",
                "ethertype": "IPv6",
                "id": "7ef94aed-cd8d-40fe-ac38-bfb11a04f1c0",
                "port_range_max": null,
                "port_range_min": null,
                "protocol": "ipv6-icmp",
                "remote_group_id": null,
                "remote_ip_prefix": null,
                "revision_number": 0,
                "security_group_id": "0677801f-fc31-428d-9146-1469f39a355e",
                "updated_at": "2025-11-11T19:27:21Z"
              },
              {
                "created_at": "2025-11-11T19:27:21Z",
                "description": "",
                "direction": "egress",
                "ethertype": "IPv6",
                "id": "e7047049-dd67-4227-97ea-fa68d3a7a787",
                "port_range_max": null,
                "port_range_min": null,
                "protocol": "ipv6-frag",
                "remote_group_id": null,
                "remote_ip_prefix": null,
                "revision_number": 0,
                "security_group_id": "0677801f-fc31-428d-9146-1469f39a355e",
                "updated_at": "2025-11-11T19:27:21Z"
              },
              {
                "created_at": "2025-11-11T19:27:21Z",
                "description": "",
                "direction": "egress",
                "ethertype": "IPv6",
                "id": "d11ac0cf-c3c1-4e4f-bf33-e96b8c0edcd1",
                "port_range_max": null,
                "port_range_min": null,
                "protocol": "ipv6-encap",
                "remote_group_id": null,
                "remote_ip_prefix": null,
                "revision_number": 0,
                "security_group_id": "0677801f-fc31-428d-9146-1469f39a355e",
                "updated_at": "2025-11-11T19:27:21Z"
              },
              {
                "created_at": "2025-11-11T19:27:21Z",
                "description": "",
                "direction": "egress",
                "ethertype": "IPv4",
                "id": "05050777-f3a4-427f-9329-0fca6b14f19e",
                "port_range_max": null,
                "port_range_min": null,
                "protocol": "igmp",
                "remote_group_id": null,
                "remote_ip_prefix": null,
                "revision_number": 0,
                "security_group_id": "0677801f-fc31-428d-9146-1469f39a355e",
                "updated_at": "2025-11-11T19:27:21Z"
              },
              {
                "created_at": "2025-11-11T19:27:21Z",
                "description": "",
                "direction": "egress",
                "ethertype": "IPv6",
                "id": "c0c3b7fe-bf10-483f-a0e9-6301395dd4bd",
                "port_range_max": null,
                "port_range_min": null,
                "protocol": "igmp",
                "remote_group_id": null,
                "remote_ip_prefix": null,
                "revision_number": 0,
                "security_group_id": "0677801f-fc31-428d-9146-1469f39a355e",
                "updated_at": "2025-11-11T19:27:21Z"
              },
              {
                "created_at": "2025-11-11T19:27:21Z",
                "description": "",
                "direction": "egress",
                "ethertype": "IPv4",
                "id": "e8fe5925-f9a3-4aa6-bd6b-bec831746494",
                "port_range_max": null,
                "port_range_min": null,
                "protocol": "icmp",
                "remote_group_id": null,
                "remote_ip_prefix": null,
                "revision_number": 0,
                "security_group_id": "0677801f-fc31-428d-9146-1469f39a355e",
                "updated_at": "2025-11-11T19:27:21Z"
              },
              {
                "created_at": "2025-11-11T19:27:21Z",
                "description": "",
                "direction": "egress",
                "ethertype": "IPv4",
                "id": "28bd8905-3e2a-4025-bb95-382e71e92357",
                "port_range_max": null,
                "port_range_min": null,
                "protocol": "gre",
                "remote_group_id": null,
                "remote_ip_prefix": null,
                "revision_number": 0,
                "security_group_id": "0677801f-fc31-428d-9146-1469f39a355e",
                "updated_at": "2025-11-11T19:27:21Z"
              },
              {
                "created_at": "2025-11-11T19:27:21Z",
                "description": "",
                "direction": "egress",
                "ethertype": "IPv6",
                "id": "2b188fcc-3c22-4098-9d58-451634239572",
                "port_range_max": null,
                "port_range_min": null,
                "protocol": "gre",
                "remote_group_id": null,
                "remote_ip_prefix": null,
                "revision_number": 0,
                "security_group_id": "0677801f-fc31-428d-9146-1469f39a355e",
                "updated_at": "2025-11-11T19:27:21Z"
              },
              {
                "created_at": "2025-11-11T19:27:21Z",
                "description": "",
                "direction": "egress",
                "ethertype": "IPv6",
                "id": "64bd9e51-9122-4deb-ab42-93ee64be6878",
                "port_range_max": null,
                "port_range_min": null,
                "protocol": "esp",
                "remote_group_id": null,
                "remote_ip_prefix": null,
                "revision_number": 0,
                "security_group_id": "0677801f-fc31-428d-9146-1469f39a355e",
                "updated_at": "2025-11-11T19:27:21Z"
              },
              {
                "created_at": "2025-11-11T19:27:21Z",
                "description": "",
                "direction": "egress",
                "ethertype": "IPv4",
                "id": "c81956d4-ad24-4e68-9abd-1957ad231cc8",
                "port_range_max": null,
                "port_range_min": null,
                "protocol": "esp",
                "remote_group_id": null,
                "remote_ip_prefix": null,
                "revision_number": 0,
                "security_group_id": "0677801f-fc31-428d-9146-1469f39a355e",
                "updated_at": "2025-11-11T19:27:21Z"
              },
              {
                "created_at": "2025-11-11T19:27:21Z",
                "description": "",
                "direction": "egress",
                "ethertype": "IPv4",
                "id": "6d4c5ac7-ef6a-4b76-b476-7e75c4cf953d",
                "port_range_max": null,
                "port_range_min": null,
                "protocol": "egp",
                "remote_group_id": null,
                "remote_ip_prefix": null,
                "revision_number": 0,
                "security_group_id": "0677801f-fc31-428d-9146-1469f39a355e",
                "updated_at": "2025-11-11T19:27:21Z"
              },
              {
                "created_at": "2025-11-11T19:27:21Z",
                "description": "",
                "direction": "egress",
                "ethertype": "IPv6",
                "id": "fa71766b-a91f-427c-88b0-4976618d884a",
                "port_range_max": null,
                "port_range_min": null,
                "protocol": "egp",
                "remote_group_id": null,
                "remote_ip_prefix": null,
                "revision_number": 0,
                "security_group_id": "0677801f-fc31-428d-9146-1469f39a355e",
                "updated_at": "2025-11-11T19:27:21Z"
              },
              {
                "created_at": "2025-11-11T19:27:21Z",
                "description": "",
                "direction": "egress",
                "ethertype": "IPv6",
                "id": "5369d386-7ae2-4941-bb8f-c48cd80814ac",
                "port_range_max": null,
                "port_range_min": null,
                "protocol": "dccp",
                "remote_group_id": null,
                "remote_ip_prefix": null,
                "revision_number": 0,
                "security_group_id": "0677801f-fc31-428d-9146-1469f39a355e",
                "updated_at": "2025-11-11T19:27:21Z"
              },
              {
                "created_at": "2025-11-11T19:27:21Z",
                "description": "",
                "direction": "egress",
                "ethertype": "IPv4",
                "id": "8bfc3061-519a-499f-9d62-72d225da1fb5",
                "port_range_max": null,
                "port_range_min": null,
                "protocol": "dccp",
                "remote_group_id": null,
                "remote_ip_prefix": null,
                "revision_number": 0,
                "security_group_id": "0677801f-fc31-428d-9146-1469f39a355e",
                "updated_at": "2025-11-11T19:27:21Z"
              },
              {
                "created_at": "2025-11-11T19:27:21Z",
                "description": "",
                "direction": "egress",
                "ethertype": "IPv6",
                "id": "ebaa3f20-35b6-4fd0-aa84-2e6fb28d386f",
                "port_range_max": null,
                "port_range_min": null,
                "protocol": "ah",
                "remote_group_id": null,
                "remote_ip_prefix": null,
                "revision_number": 0,
                "security_group_id": "0677801f-fc31-428d-9146-1469f39a355e",
                "updated_at": "2025-11-11T19:27:21Z"
              },
              {
                "created_at": "2025-11-11T19:27:21Z",
                "description": "",
                "direction": "egress",
                "ethertype": "IPv4",
                "id": "fce3dd23-4722-4613-8d1a-150b8e019dda",
                "port_range_max": null,
                "port_range_min": null,
                "protocol": "ah",
                "remote_group_id": null,
                "remote_ip_prefix": null,
                "revision_number": 0,
                "security_group_id": "0677801f-fc31-428d-9146-1469f39a355e",
                "updated_at": "2025-11-11T19:27:21Z"
              }
            ],
            "tags": null,
            "tags_v2": [],
            "updated_at": "2025-11-11T19:27:21Z"
          },
          "sensitive_attributes": []
        }
      ]
    }
  ],
  "check_results": null
}
