{
  "version": 4,
  "terraform_version": "1.14.3",
  "serial": 7,
  "lineage": "b58aa3b2-5ac0-616f-2e17-2867d4a89d26",
  "outputs": {},
  "resources": [
    {
      "mode": "managed",
      "type": "gcore_dns_zone",
      "name": "test",
      "provider": "provider[\"registry.terraform.io/gcore/gcore\"]",
      "instances": [
        {
          "schema_version": 0,
          "attributes": {
            "contact": "support@gcore.com",
            "dnssec_enabled": true,
            "enabled": true,
            "expiry": 1209600,
            "id": "tf-test-set-records.qa",
            "meta": {
              "webhook": "https://example.com/hook-updated",
              "webhook_method": "PUT"
            },
            "name": "tf-test-set-records.qa",
            "nx_ttl": 300,
            "primary_server": "ns1.gcorelabs.net",
            "records": [
              {
                "name": "tf-test-set-records.qa",
                "short_answers": [
                  "ns1.gcorelabs.net",
                  "ns2.gcdn.services"
                ],
                "ttl": 3600,
                "type": "NS"
              }
            ],
            "refresh": 5400,
            "retry": 3600,
            "rrsets_amount": {
              "dynamic": {
                "healthcheck": 0,
                "total": 0
              },
              "static": 1,
              "total": 1
            },
            "serial": 1771577684,
            "status": "pending",
            "warnings": null
          },
          "sensitive_attributes": [],
          "identity_schema_version": 0
        }
      ]
    }
  ],
  "check_results": null
}
