{
  "version": 4,
  "terraform_version": "1.10.5",
  "serial": 9,
  "lineage": "38b89f57-cee5-8f41-e8b3-4d3d966eb2cf",
  "outputs": {
    "router_id": {
      "value": "5cf5a902-3947-4c57-8259-174c0cce69d3",
      "type": "string"
    }
  },
  "resources": [
    {
      "mode": "managed",
      "type": "gcore_cloud_network",
      "name": "test",
      "provider": "provider[\"registry.terraform.io/gcore/gcore\"]",
      "instances": [
        {
          "schema_version": 0,
          "attributes": {
            "create_router": true,
            "created_at": "2025-10-30T07:59:12Z",
            "creator_task_id": "7f03474c-80cc-4d96-9b07-68125829faba",
            "default": null,
            "external": false,
            "id": "3d49ef4a-26c4-40b1-a323-c3081f0d0939",
            "mtu": 1500,
            "name": "mitm-test-network",
            "port_security_enabled": true,
            "project_id": 379987,
            "region": "Luxembourg-2",
            "region_id": 76,
            "segmentation_id": 446,
            "shared": false,
            "subnets": [
              "281c9a6c-0332-497e-a515-d10747f4f356",
              "e5918499-2642-4eac-9bd9-5ada5b1a1a66"
            ],
            "tags": null,
            "task_id": null,
            "tasks": null,
            "type": "vxlan",
            "updated_at": "2025-10-30T07:59:41Z"
          },
          "sensitive_attributes": []
        }
      ]
    },
    {
      "mode": "managed",
      "type": "gcore_cloud_network_router",
      "name": "router",
      "provider": "provider[\"registry.terraform.io/gcore/gcore\"]",
      "instances": [
        {
          "schema_version": 0,
          "attributes": {
            "created_at": "2025-10-30T07:59:41Z",
            "creator_task_id": "8ae2f58b-c555-4df1-acae-5ce991338429",
            "distributed": false,
            "external_gateway_info": {
              "enable_snat": true,
              "network_id": "4b99f7d1-5d1e-4fdb-8ae1-a4bfb208556c",
              "type": "default"
            },
            "id": "5cf5a902-3947-4c57-8259-174c0cce69d3",
            "interfaces": [
              {
                "subnet_id": "281c9a6c-0332-497e-a515-d10747f4f356",
                "type": "subnet"
              }
            ],
            "name": "mitm-test-router",
            "project_id": 379987,
            "region": "Luxembourg-2",
            "region_id": 76,
            "routes": [],
            "status": "ACTIVE",
            "task_id": null,
            "tasks": null,
            "updated_at": "2025-10-30T08:01:45Z"
          },
          "sensitive_attributes": [],
          "dependencies": [
            "gcore_cloud_network.test",
            "gcore_cloud_network_subnet.subnet1"
          ]
        }
      ]
    },
    {
      "mode": "managed",
      "type": "gcore_cloud_network_subnet",
      "name": "subnet1",
      "provider": "provider[\"registry.terraform.io/gcore/gcore\"]",
      "instances": [
        {
          "schema_version": 0,
          "attributes": {
            "available_ips": 250,
            "cidr": "192.168.10.0/24",
            "connect_to_network_router": true,
            "created_at": "2025-10-30T07:59:26Z",
            "creator_task_id": "20b79bbc-8325-4eae-8690-42721e475211",
            "dns_nameservers": [
              "8.8.8.8",
              "8.8.4.4"
            ],
            "enable_dhcp": true,
            "gateway_ip": "192.168.10.1",
            "has_router": false,
            "host_routes": [],
            "id": "281c9a6c-0332-497e-a515-d10747f4f356",
            "ip_version": 4,
            "name": "mitm-subnet-1",
            "network_id": "3d49ef4a-26c4-40b1-a323-c3081f0d0939",
            "project_id": 379987,
            "region": "Luxembourg-2",
            "region_id": 76,
            "router_id_to_connect": null,
            "tags": null,
            "task_id": null,
            "tasks": null,
            "total_ips": 253,
            "updated_at": "2025-10-30T07:59:26Z"
          },
          "sensitive_attributes": [],
          "dependencies": [
            "gcore_cloud_network.test"
          ]
        }
      ]
    },
    {
      "mode": "managed",
      "type": "gcore_cloud_network_subnet",
      "name": "subnet2",
      "provider": "provider[\"registry.terraform.io/gcore/gcore\"]",
      "instances": [
        {
          "schema_version": 0,
          "attributes": {
            "available_ips": 250,
            "cidr": "192.168.20.0/24",
            "connect_to_network_router": true,
            "created_at": "2025-10-30T07:59:41Z",
            "creator_task_id": "4cd28000-4cd9-4ea3-827f-a80d3390dbb1",
            "dns_nameservers": [
              "8.8.8.8",
              "8.8.4.4"
            ],
            "enable_dhcp": true,
            "gateway_ip": "192.168.20.1",
            "has_router": false,
            "host_routes": [],
            "id": "e5918499-2642-4eac-9bd9-5ada5b1a1a66",
            "ip_version": 4,
            "name": "mitm-subnet-2",
            "network_id": "3d49ef4a-26c4-40b1-a323-c3081f0d0939",
            "project_id": 379987,
            "region": "Luxembourg-2",
            "region_id": 76,
            "router_id_to_connect": null,
            "tags": null,
            "task_id": null,
            "tasks": null,
            "total_ips": 253,
            "updated_at": "2025-10-30T07:59:41Z"
          },
          "sensitive_attributes": [],
          "dependencies": [
            "gcore_cloud_network.test",
            "gcore_cloud_network_subnet.subnet1"
          ]
        }
      ]
    }
  ],
  "check_results": null
}
