{
  "version": 4,
  "terraform_version": "1.10.5",
  "serial": 5,
  "lineage": "cc4f0c7c-a388-532b-d9b1-1621e493b487",
  "outputs": {
    "router_id": {
      "value": "a2c3a8cc-1566-46c1-906e-ea40315ba361",
      "type": "string"
    }
  },
  "resources": [
    {
      "mode": "managed",
      "type": "gcore_cloud_network",
      "name": "test",
      "provider": "provider[\"registry.terraform.io/gcore/gcore\"]",
      "instances": [
        {
          "schema_version": 0,
          "attributes": {
            "create_router": true,
            "created_at": "2025-11-21T05:28:33Z",
            "creator_task_id": "2a031572-185d-4296-917c-393b8f76c413",
            "default": null,
            "external": false,
            "id": "6d2f8caa-f988-4179-84ea-b9a4b27b943c",
            "mtu": 1500,
            "name": "test-add-route-iface-net",
            "port_security_enabled": true,
            "project_id": 379987,
            "region": "Luxembourg-2",
            "region_id": 76,
            "segmentation_id": 535,
            "shared": false,
            "subnets": [],
            "tags": null,
            "task_id": null,
            "tasks": null,
            "type": "vxlan",
            "updated_at": "2025-11-21T05:28:33Z"
          },
          "sensitive_attributes": []
        }
      ]
    },
    {
      "mode": "managed",
      "type": "gcore_cloud_network_router",
      "name": "test",
      "provider": "provider[\"registry.terraform.io/gcore/gcore\"]",
      "instances": [
        {
          "schema_version": 0,
          "attributes": {
            "created_at": "2025-11-21T05:29:02Z",
            "creator_task_id": "1b524be0-6df5-4205-ac76-0090fa790876",
            "distributed": false,
            "external_gateway_info": {
              "enable_snat": true,
              "network_id": "4b99f7d1-5d1e-4fdb-8ae1-a4bfb208556c",
              "type": null
            },
            "id": "a2c3a8cc-1566-46c1-906e-ea40315ba361",
            "interfaces": [
              {
                "subnet_id": "a9b2f5b3-5e20-41ec-ae3b-1e552e2b7315",
                "type": "subnet"
              }
            ],
            "name": "test-add-route-iface",
            "project_id": 379987,
            "region": "Luxembourg-2",
            "region_id": 76,
            "routes": [],
            "status": "ACTIVE",
            "task_id": "",
            "tasks": null,
            "updated_at": "2025-11-21T05:30:46Z"
          },
          "sensitive_attributes": [],
          "dependencies": [
            "gcore_cloud_network.test",
            "gcore_cloud_network_subnet.subnet1"
          ]
        }
      ]
    },
    {
      "mode": "managed",
      "type": "gcore_cloud_network_subnet",
      "name": "subnet1",
      "provider": "provider[\"registry.terraform.io/gcore/gcore\"]",
      "instances": [
        {
          "schema_version": 0,
          "attributes": {
            "available_ips": 251,
            "cidr": "192.168.1.0/24",
            "connect_to_network_router": true,
            "created_at": "2025-11-21T05:28:47Z",
            "creator_task_id": "6dce8798-240e-472c-9819-4a781789684f",
            "dns_nameservers": [
              "8.8.8.8",
              "8.8.4.4"
            ],
            "enable_dhcp": true,
            "gateway_ip": "192.168.1.1",
            "has_router": false,
            "host_routes": [],
            "id": "a9b2f5b3-5e20-41ec-ae3b-1e552e2b7315",
            "ip_version": 4,
            "name": "subnet1",
            "network_id": "6d2f8caa-f988-4179-84ea-b9a4b27b943c",
            "project_id": 379987,
            "region": "Luxembourg-2",
            "region_id": 76,
            "router_id_to_connect": null,
            "tags": null,
            "task_id": null,
            "tasks": null,
            "total_ips": 253,
            "updated_at": "2025-11-21T05:28:47Z"
          },
          "sensitive_attributes": [],
          "dependencies": [
            "gcore_cloud_network.test"
          ]
        }
      ]
    }
  ],
  "check_results": null
}
