{
  "version": 4,
  "terraform_version": "1.10.5",
  "serial": 7,
  "lineage": "730cd0bc-7251-1a32-0d76-2682be879639",
  "outputs": {
    "addresses": {
      "value": {
        "pub_net": [
          {
            "addr": "109.61.125.126",
            "interface_name": null,
            "subnet_id": "b4c6e91a-9eb9-4c59-ad57-00124eceda00",
            "subnet_name": "pub_net11",
            "type": "fixed"
          }
        ]
      },
      "type": [
        "map",
        [
          "list",
          [
            "object",
            {
              "addr": "string",
              "interface_name": "string",
              "subnet_id": "string",
              "subnet_name": "string",
              "type": "string"
            }
          ]
        ]
      ]
    },
    "instance_id": {
      "value": "c1cb8e26-56d6-472d-8e1d-d31b82e53e49",
      "type": "string"
    },
    "interfaces": {
      "value": [
        {
          "floating_ip": null,
          "interface_name": null,
          "ip_address": "109.61.125.126",
          "ip_family": null,
          "network_id": null,
          "port_id": "520bf04c-45f7-4cdb-9f89-37eeb0ea19f2",
          "security_groups": null,
          "subnet_id": null,
          "type": "external"
        }
      ],
      "type": [
        "list",
        [
          "object",
          {
            "floating_ip": [
              "object",
              {
                "existing_floating_id": "string",
                "source": "string"
              }
            ],
            "interface_name": "string",
            "ip_address": "string",
            "ip_family": "string",
            "network_id": "string",
            "port_id": "string",
            "security_groups": [
              "list",
              [
                "object",
                {
                  "id": "string"
                }
              ]
            ],
            "subnet_id": "string",
            "type": "string"
          }
        ]
      ]
    },
    "tags": {
      "value": {},
      "type": [
        "map",
        "string"
      ]
    }
  },
  "resources": [
    {
      "mode": "managed",
      "type": "gcore_cloud_instance",
      "name": "test",
      "provider": "provider[\"registry.terraform.io/gcore/gcore\"]",
      "instances": [
        {
          "schema_version": 0,
          "attributes": {
            "addresses": {
              "pub_net": [
                {
                  "addr": "109.61.125.126",
                  "interface_name": null,
                  "subnet_id": "b4c6e91a-9eb9-4c59-ad57-00124eceda00",
                  "subnet_name": "pub_net11",
                  "type": "fixed"
                }
              ]
            },
            "allow_app_ports": null,
            "blackhole_ports": [],
            "configuration": null,
            "created_at": "2025-12-19T13:31:45Z",
            "creator_task_id": "abad7c1e-1ac5-463e-ba7d-5c65ab4e5ff2",
            "ddos_profile": null,
            "fixed_ip_assignments": null,
            "flavor": "g1-standard-1-2",
            "id": "c1cb8e26-56d6-472d-8e1d-d31b82e53e49",
            "instance_description": null,
            "instance_isolation": null,
            "interfaces": [
              {
                "floating_ip": null,
                "interface_name": null,
                "ip_address": "109.61.125.126",
                "ip_family": null,
                "network_id": null,
                "port_id": "520bf04c-45f7-4cdb-9f89-37eeb0ea19f2",
                "security_groups": null,
                "subnet_id": null,
                "type": "external"
              }
            ],
            "name": "test-comprehensive-instance",
            "name_template": null,
            "password": null,
            "project_id": 379987,
            "region": "Luxembourg-2",
            "region_id": 76,
            "security_groups": null,
            "servergroup_id": null,
            "ssh_key_name": null,
            "status": "ACTIVE",
            "tags": {},
            "task_id": null,
            "task_state": null,
            "tasks": null,
            "user_data": null,
            "username": null,
            "vm_state": "active",
            "volumes": [
              {
                "attachment_tag": null,
                "boot_index": 0,
                "volume_id": "af306dd7-05ef-42b4-b842-5884434a310d"
              }
            ]
          },
          "sensitive_attributes": [],
          "dependencies": [
            "gcore_cloud_network.test",
            "gcore_cloud_network_subnet.test",
            "gcore_cloud_volume.boot"
          ]
        }
      ]
    },
    {
      "mode": "managed",
      "type": "gcore_cloud_network",
      "name": "test",
      "provider": "provider[\"registry.terraform.io/gcore/gcore\"]",
      "instances": [
        {
          "schema_version": 0,
          "attributes": {
            "create_router": true,
            "created_at": "2025-12-19T13:31:28Z",
            "creator_task_id": "466a36fb-e4c4-4b22-9686-45278b1f679d",
            "default": null,
            "external": false,
            "id": "f3ae546d-a931-4e9d-95c4-7e9a60cb7e41",
            "mtu": 1500,
            "name": "test-comprehensive-net",
            "port_security_enabled": true,
            "project_id": null,
            "region": "Luxembourg-2",
            "region_id": null,
            "segmentation_id": 521,
            "shared": false,
            "subnets": [
              "c444c5da-820a-43b8-9103-d38bd0e745c5"
            ],
            "tags": null,
            "task_id": null,
            "tasks": null,
            "type": "vxlan",
            "updated_at": "2025-12-19T13:31:41Z"
          },
          "sensitive_attributes": []
        }
      ]
    },
    {
      "mode": "managed",
      "type": "gcore_cloud_network_subnet",
      "name": "test",
      "provider": "provider[\"registry.terraform.io/gcore/gcore\"]",
      "instances": [
        {
          "schema_version": 0,
          "attributes": {
            "available_ips": 251,
            "cidr": "10.50.0.0/24",
            "connect_to_network_router": true,
            "created_at": "2025-12-19T13:31:41Z",
            "creator_task_id": "5dd2f0bd-833e-4a97-a368-ce274ed05a32",
            "dns_nameservers": [
              "8.8.8.8",
              "8.8.4.4"
            ],
            "enable_dhcp": true,
            "gateway_ip": "10.50.0.1",
            "has_router": false,
            "host_routes": [],
            "id": "c444c5da-820a-43b8-9103-d38bd0e745c5",
            "ip_version": 4,
            "name": "test-comprehensive-subnet",
            "network_id": "f3ae546d-a931-4e9d-95c4-7e9a60cb7e41",
            "project_id": null,
            "region": "Luxembourg-2",
            "region_id": null,
            "router_id_to_connect": null,
            "tags": null,
            "task_id": null,
            "tasks": null,
            "total_ips": 253,
            "updated_at": "2025-12-19T13:31:41Z"
          },
          "sensitive_attributes": [],
          "dependencies": [
            "gcore_cloud_network.test"
          ]
        }
      ]
    },
    {
      "mode": "managed",
      "type": "gcore_cloud_volume",
      "name": "boot",
      "provider": "provider[\"registry.terraform.io/gcore/gcore\"]",
      "instances": [
        {
          "schema_version": 0,
          "attributes": {
            "attachment_tag": null,
            "attachments": [
              {
                "attached_at": "2025-12-19T13:31:50Z",
                "attachment_id": "64b40ba1-32cd-4462-b114-03691366a2a0",
                "device": "/dev/sda",
                "flavor_id": "g1-standard-1-2",
                "instance_name": null,
                "server_id": "c1cb8e26-56d6-472d-8e1d-d31b82e53e49",
                "volume_id": "af306dd7-05ef-42b4-b842-5884434a310d"
              }
            ],
            "bootable": true,
            "created_at": "2025-12-19T13:31:29Z",
            "creator_task_id": "ea80ad8e-0a17-4f82-a304-680ddf8fbce4",
            "id": "af306dd7-05ef-42b4-b842-5884434a310d",
            "image_id": "f84ddba3-7a5a-4199-931a-250e981d16fb",
            "instance_id_to_attach_to": null,
            "is_root_volume": true,
            "lifecycle_policy_ids": null,
            "limiter_stats": {
              "iops_base_limit": 60,
              "iops_burst_limit": 600,
              "m_bps_base_limit": 10,
              "m_bps_burst_limit": 100
            },
            "name": "test-comprehensive-boot",
            "project_id": null,
            "region": "Luxembourg-2",
            "region_id": null,
            "size": 10,
            "snapshot_id": null,
            "snapshot_ids": [],
            "source": "image",
            "status": "in-use",
            "tags": null,
            "task_id": null,
            "tasks": null,
            "type_name": "standard",
            "updated_at": "2025-12-19T13:31:50Z",
            "volume_image_metadata": {
              "architecture": "x86_64",
              "checksum": "fc17b3059c3a36be8bed00608bff16b5",
              "container_format": "bare",
              "disk_format": "raw",
              "display_order": "2504",
              "hw_disk_bus": "scsi",
              "hw_machine_type": "q35",
              "hw_qemu_guest_agent": "True",
              "hw_scsi_model": "virtio-scsi",
              "image_id": "f84ddba3-7a5a-4199-931a-250e981d16fb",
              "image_name": "ubuntu-25.04-x64",
              "min_disk": "5",
              "min_ram": "0",
              "os_distro": "ubuntu",
              "os_glance_failed_import": "",
              "os_glance_importing_to_stores": "",
              "os_require_quiesce": "True",
              "os_type": "linux",
              "os_version": "25.04",
              "size": "3758096384",
              "ssh_key": "allow"
            },
            "volume_type": "standard"
          },
          "sensitive_attributes": []
        }
      ]
    }
  ],
  "check_results": null
}
