{
  "version": 4,
  "terraform_version": "1.14.3",
  "serial": 6,
  "lineage": "5406702d-86fc-191b-97bf-fd64d641886a",
  "outputs": {
    "data_source": {
      "value": {
        "auto_suspend_enabled": true,
        "cdn_resources_rules_max_count": 5,
        "cname": "cl-9be8090e.gcdn.co",
        "created": "2021-03-22T12:22:25.003259Z",
        "id": 3621,
        "service": {
          "enabled": true,
          "status": "active",
          "updated": "2026-01-08T12:53:12.786951Z"
        },
        "updated": "2026-02-12T10:10:34.603757Z",
        "use_balancer": true,
        "utilization_level": 90
      },
      "type": [
        "object",
        {
          "auto_suspend_enabled": "bool",
          "cdn_resources_rules_max_count": "number",
          "cname": "string",
          "created": "string",
          "id": "number",
          "service": [
            "object",
            {
              "enabled": "bool",
              "status": "string",
              "updated": "string"
            }
          ],
          "updated": "string",
          "use_balancer": "bool",
          "utilization_level": "number"
        }
      ]
    },
    "resource": {
      "value": {
        "auto_suspend_enabled": true,
        "cdn_resources_rules_max_count": 5,
        "cname": "cl-9be8090e.gcdn.co",
        "created": "2021-03-22T12:22:25.003259Z",
        "id": 3621,
        "service": {
          "enabled": true,
          "status": "active",
          "updated": "2026-01-08T12:53:12.786951Z"
        },
        "updated": "2026-02-12T10:10:34.603757Z",
        "use_balancer": true,
        "utilization_level": 90
      },
      "type": [
        "object",
        {
          "auto_suspend_enabled": "bool",
          "cdn_resources_rules_max_count": "number",
          "cname": "string",
          "created": "string",
          "id": "number",
          "service": [
            "object",
            {
              "enabled": "bool",
              "status": "string",
              "updated": "string"
            }
          ],
          "updated": "string",
          "use_balancer": "bool",
          "utilization_level": "number"
        }
      ]
    }
  },
  "resources": [
    {
      "mode": "data",
      "type": "gcore_cdn_client_config",
      "name": "info",
      "provider": "provider[\"registry.terraform.io/gcore/gcore\"]",
      "instances": [
        {
          "schema_version": 0,
          "attributes": {
            "auto_suspend_enabled": true,
            "cdn_resources_rules_max_count": 5,
            "cname": "cl-9be8090e.gcdn.co",
            "created": "2021-03-22T12:22:25.003259Z",
            "id": 3621,
            "service": {
              "enabled": true,
              "status": "active",
              "updated": "2026-01-08T12:53:12.786951Z"
            },
            "updated": "2026-02-12T10:10:34.603757Z",
            "use_balancer": true,
            "utilization_level": 90
          },
          "sensitive_attributes": [],
          "identity_schema_version": 0
        }
      ]
    },
    {
      "mode": "managed",
      "type": "gcore_cdn_client_config",
      "name": "test",
      "provider": "provider[\"registry.terraform.io/gcore/gcore\"]",
      "instances": [
        {
          "schema_version": 0,
          "attributes": {
            "auto_suspend_enabled": true,
            "cdn_resources_rules_max_count": 5,
            "cname": "cl-9be8090e.gcdn.co",
            "created": "2021-03-22T12:22:25.003259Z",
            "id": 3621,
            "service": {
              "enabled": true,
              "status": "active",
              "updated": "2026-01-08T12:53:12.786951Z"
            },
            "updated": "2026-02-12T10:10:34.603757Z",
            "use_balancer": true,
            "utilization_level": 90
          },
          "sensitive_attributes": [],
          "identity_schema_version": 0
        }
      ]
    }
  ],
  "check_results": null
}
