{
  "version": 4,
  "terraform_version": "1.14.3",
  "serial": 2,
  "lineage": "07ec6154-2f70-b6ba-6942-f2045aee5434",
  "outputs": {
    "cert_id": {
      "value": 278889,
      "type": "number"
    },
    "cert_name": {
      "value": "tf-test-cdn-cert-create",
      "type": "string"
    },
    "cert_ssl_id": {
      "value": 278889,
      "type": "number"
    }
  },
  "resources": [
    {
      "mode": "managed",
      "type": "gcore_cdn_certificate",
      "name": "test",
      "provider": "provider[\"registry.terraform.io/gcore/gcore\"]",
      "instances": [
        {
          "schema_version": 0,
          "attributes": {
            "automated": true,
            "cert_issuer": null,
            "cert_subject_alt": null,
            "cert_subject_cn": null,
            "deleted": true,
            "has_related_resources": false,
            "id": 278889,
            "name": "tf-test-cdn-cert-create",
            "ssl_certificate": null,
            "ssl_certificate_chain": null,
            "ssl_id": 278889,
            "ssl_private_key": null,
            "validate_root_ca": false,
            "validity_not_after": null,
            "validity_not_before": null
          },
          "sensitive_attributes": [
            [
              {
                "type": "get_attr",
                "value": "ssl_certificate"
              }
            ],
            [
              {
                "type": "get_attr",
                "value": "ssl_private_key"
              }
            ]
          ],
          "identity_schema_version": 0
        }
      ]
    }
  ],
  "check_results": null
}
