{
  "version": 4,
  "terraform_version": "1.10.5",
  "serial": 3,
  "lineage": "49b6f537-9aee-5c7c-232a-4fdec463f5b7",
  "outputs": {
    "security_group_id": {
      "value": "1af49443-4fc8-4689-84db-b146946c2b58",
      "type": "string"
    }
  },
  "resources": [
    {
      "mode": "managed",
      "type": "gcore_cloud_security_group",
      "name": "test_inherit",
      "provider": "provider[\"registry.terraform.io/gcore/gcore\"]",
      "instances": [
        {
          "schema_version": 0,
          "attributes": {
            "changed_rules": null,
            "created_at": "2025-11-11T09:19:08Z",
            "description": "Test auto-inherit of project_id/region_id",
            "id": "1af49443-4fc8-4689-84db-b146946c2b58",
            "instances": null,
            "name": null,
            "project_id": 379987,
            "region": "Luxembourg-2",
            "region_id": 76,
            "revision_number": 1,
            "security_group": {
              "description": "Test auto-inherit of project_id/region_id",
              "name": "test-auto-inherit",
              "security_group_rules": null,
              "tags": null
            },
            "security_group_rules": [
              {
                "created_at": "2025-11-11T09:19:08Z",
                "description": "",
                "direction": "egress",
                "ethertype": "IPv6",
                "id": "7d26d902-19f8-47a8-af09-25a9e8aff3db",
                "port_range_max": null,
                "port_range_min": null,
                "protocol": "vrrp",
                "remote_group_id": null,
                "remote_ip_prefix": null,
                "revision_number": 0,
                "security_group_id": "1af49443-4fc8-4689-84db-b146946c2b58",
                "updated_at": "2025-11-11T09:19:08Z"
              },
              {
                "created_at": "2025-11-11T09:19:08Z",
                "description": "",
                "direction": "egress",
                "ethertype": "IPv4",
                "id": "a6358eb3-875a-490d-a9ee-74107926bc6f",
                "port_range_max": null,
                "port_range_min": null,
                "protocol": "vrrp",
                "remote_group_id": null,
                "remote_ip_prefix": null,
                "revision_number": 0,
                "security_group_id": "1af49443-4fc8-4689-84db-b146946c2b58",
                "updated_at": "2025-11-11T09:19:08Z"
              },
              {
                "created_at": "2025-11-11T09:19:08Z",
                "description": "",
                "direction": "egress",
                "ethertype": "IPv4",
                "id": "97cfd82a-56c2-4bc8-8200-9bd9e9e8d130",
                "port_range_max": null,
                "port_range_min": null,
                "protocol": "udplite",
                "remote_group_id": null,
                "remote_ip_prefix": null,
                "revision_number": 0,
                "security_group_id": "1af49443-4fc8-4689-84db-b146946c2b58",
                "updated_at": "2025-11-11T09:19:08Z"
              },
              {
                "created_at": "2025-11-11T09:19:08Z",
                "description": "",
                "direction": "egress",
                "ethertype": "IPv6",
                "id": "f7ccddd8-c8e8-448b-be90-dd1a9cfc8d4a",
                "port_range_max": null,
                "port_range_min": null,
                "protocol": "udplite",
                "remote_group_id": null,
                "remote_ip_prefix": null,
                "revision_number": 0,
                "security_group_id": "1af49443-4fc8-4689-84db-b146946c2b58",
                "updated_at": "2025-11-11T09:19:08Z"
              },
              {
                "created_at": "2025-11-11T09:19:08Z",
                "description": "",
                "direction": "egress",
                "ethertype": "IPv6",
                "id": "2519872a-fe29-4c88-bf7d-c8a63bbf3bfe",
                "port_range_max": 65535,
                "port_range_min": 26,
                "protocol": "udp",
                "remote_group_id": null,
                "remote_ip_prefix": null,
                "revision_number": 0,
                "security_group_id": "1af49443-4fc8-4689-84db-b146946c2b58",
                "updated_at": "2025-11-11T09:19:08Z"
              },
              {
                "created_at": "2025-11-11T09:19:08Z",
                "description": "",
                "direction": "egress",
                "ethertype": "IPv4",
                "id": "c478ea2e-0628-4ad7-876e-0640f2a08b37",
                "port_range_max": 65535,
                "port_range_min": 26,
                "protocol": "udp",
                "remote_group_id": null,
                "remote_ip_prefix": null,
                "revision_number": 0,
                "security_group_id": "1af49443-4fc8-4689-84db-b146946c2b58",
                "updated_at": "2025-11-11T09:19:08Z"
              },
              {
                "created_at": "2025-11-11T09:19:08Z",
                "description": "",
                "direction": "egress",
                "ethertype": "IPv4",
                "id": "c86baa8b-8713-4e13-8ac7-b4a5a317418e",
                "port_range_max": 24,
                "port_range_min": 1,
                "protocol": "udp",
                "remote_group_id": null,
                "remote_ip_prefix": null,
                "revision_number": 0,
                "security_group_id": "1af49443-4fc8-4689-84db-b146946c2b58",
                "updated_at": "2025-11-11T09:19:08Z"
              },
              {
                "created_at": "2025-11-11T09:19:08Z",
                "description": "",
                "direction": "egress",
                "ethertype": "IPv6",
                "id": "f0069cfb-0ee8-413d-b682-33d73421d753",
                "port_range_max": 24,
                "port_range_min": 1,
                "protocol": "udp",
                "remote_group_id": null,
                "remote_ip_prefix": null,
                "revision_number": 0,
                "security_group_id": "1af49443-4fc8-4689-84db-b146946c2b58",
                "updated_at": "2025-11-11T09:19:08Z"
              },
              {
                "created_at": "2025-11-11T09:19:08Z",
                "description": "",
                "direction": "egress",
                "ethertype": "IPv4",
                "id": "03cb0216-e4df-481f-80fd-ec83ba6b4db5",
                "port_range_max": 65535,
                "port_range_min": 26,
                "protocol": "tcp",
                "remote_group_id": null,
                "remote_ip_prefix": null,
                "revision_number": 0,
                "security_group_id": "1af49443-4fc8-4689-84db-b146946c2b58",
                "updated_at": "2025-11-11T09:19:08Z"
              },
              {
                "created_at": "2025-11-11T09:19:08Z",
                "description": "",
                "direction": "egress",
                "ethertype": "IPv6",
                "id": "5b51e20d-157b-4fe3-b56c-612ef83cc8bb",
                "port_range_max": 65535,
                "port_range_min": 26,
                "protocol": "tcp",
                "remote_group_id": null,
                "remote_ip_prefix": null,
                "revision_number": 0,
                "security_group_id": "1af49443-4fc8-4689-84db-b146946c2b58",
                "updated_at": "2025-11-11T09:19:08Z"
              },
              {
                "created_at": "2025-11-11T09:19:08Z",
                "description": "",
                "direction": "egress",
                "ethertype": "IPv6",
                "id": "774b68dd-934a-49d8-8d19-8699adc5e375",
                "port_range_max": 24,
                "port_range_min": 1,
                "protocol": "tcp",
                "remote_group_id": null,
                "remote_ip_prefix": null,
                "revision_number": 0,
                "security_group_id": "1af49443-4fc8-4689-84db-b146946c2b58",
                "updated_at": "2025-11-11T09:19:08Z"
              },
              {
                "created_at": "2025-11-11T09:19:08Z",
                "description": "",
                "direction": "egress",
                "ethertype": "IPv4",
                "id": "cf74860e-1462-4dba-b58c-4c4cc5b3ea64",
                "port_range_max": 24,
                "port_range_min": 1,
                "protocol": "tcp",
                "remote_group_id": null,
                "remote_ip_prefix": null,
                "revision_number": 0,
                "security_group_id": "1af49443-4fc8-4689-84db-b146946c2b58",
                "updated_at": "2025-11-11T09:19:08Z"
              },
              {
                "created_at": "2025-11-11T09:19:08Z",
                "description": "",
                "direction": "egress",
                "ethertype": "IPv6",
                "id": "30ec69cd-894d-445a-a5e9-bd0d83455125",
                "port_range_max": null,
                "port_range_min": null,
                "protocol": "sctp",
                "remote_group_id": null,
                "remote_ip_prefix": null,
                "revision_number": 0,
                "security_group_id": "1af49443-4fc8-4689-84db-b146946c2b58",
                "updated_at": "2025-11-11T09:19:08Z"
              },
              {
                "created_at": "2025-11-11T09:19:08Z",
                "description": "",
                "direction": "egress",
                "ethertype": "IPv4",
                "id": "b3627ac6-6a59-448f-bbad-4fe9b9d7e12b",
                "port_range_max": null,
                "port_range_min": null,
                "protocol": "sctp",
                "remote_group_id": null,
                "remote_ip_prefix": null,
                "revision_number": 0,
                "security_group_id": "1af49443-4fc8-4689-84db-b146946c2b58",
                "updated_at": "2025-11-11T09:19:08Z"
              },
              {
                "created_at": "2025-11-11T09:19:08Z",
                "description": "",
                "direction": "egress",
                "ethertype": "IPv4",
                "id": "94b0ce89-4091-49cb-85a0-0eceb03a4658",
                "port_range_max": null,
                "port_range_min": null,
                "protocol": "rsvp",
                "remote_group_id": null,
                "remote_ip_prefix": null,
                "revision_number": 0,
                "security_group_id": "1af49443-4fc8-4689-84db-b146946c2b58",
                "updated_at": "2025-11-11T09:19:08Z"
              },
              {
                "created_at": "2025-11-11T09:19:08Z",
                "description": "",
                "direction": "egress",
                "ethertype": "IPv6",
                "id": "ce2e7780-cdd4-4563-a0f3-0b2936ee964c",
                "port_range_max": null,
                "port_range_min": null,
                "protocol": "rsvp",
                "remote_group_id": null,
                "remote_ip_prefix": null,
                "revision_number": 0,
                "security_group_id": "1af49443-4fc8-4689-84db-b146946c2b58",
                "updated_at": "2025-11-11T09:19:08Z"
              },
              {
                "created_at": "2025-11-11T09:19:08Z",
                "description": "",
                "direction": "egress",
                "ethertype": "IPv6",
                "id": "0d90bc75-bda7-485b-b20a-13b7d0841765",
                "port_range_max": null,
                "port_range_min": null,
                "protocol": "pgm",
                "remote_group_id": null,
                "remote_ip_prefix": null,
                "revision_number": 0,
                "security_group_id": "1af49443-4fc8-4689-84db-b146946c2b58",
                "updated_at": "2025-11-11T09:19:08Z"
              },
              {
                "created_at": "2025-11-11T09:19:08Z",
                "description": "",
                "direction": "egress",
                "ethertype": "IPv4",
                "id": "3c3ebb9b-fc28-41d3-be64-2013600461e7",
                "port_range_max": null,
                "port_range_min": null,
                "protocol": "pgm",
                "remote_group_id": null,
                "remote_ip_prefix": null,
                "revision_number": 0,
                "security_group_id": "1af49443-4fc8-4689-84db-b146946c2b58",
                "updated_at": "2025-11-11T09:19:08Z"
              },
              {
                "created_at": "2025-11-11T09:19:08Z",
                "description": "",
                "direction": "egress",
                "ethertype": "IPv4",
                "id": "0931b38f-7911-46f8-bcb1-cdd5a8e75e12",
                "port_range_max": null,
                "port_range_min": null,
                "protocol": "ospf",
                "remote_group_id": null,
                "remote_ip_prefix": null,
                "revision_number": 0,
                "security_group_id": "1af49443-4fc8-4689-84db-b146946c2b58",
                "updated_at": "2025-11-11T09:19:08Z"
              },
              {
                "created_at": "2025-11-11T09:19:08Z",
                "description": "",
                "direction": "egress",
                "ethertype": "IPv6",
                "id": "0ad8d7ef-28a1-47bb-bc53-dc052c57dc58",
                "port_range_max": null,
                "port_range_min": null,
                "protocol": "ospf",
                "remote_group_id": null,
                "remote_ip_prefix": null,
                "revision_number": 0,
                "security_group_id": "1af49443-4fc8-4689-84db-b146946c2b58",
                "updated_at": "2025-11-11T09:19:08Z"
              },
              {
                "created_at": "2025-11-11T09:19:08Z",
                "description": "",
                "direction": "egress",
                "ethertype": "IPv6",
                "id": "62b56f42-dc02-4888-bf61-cc9befea0609",
                "port_range_max": null,
                "port_range_min": null,
                "protocol": "ipv6-route",
                "remote_group_id": null,
                "remote_ip_prefix": null,
                "revision_number": 0,
                "security_group_id": "1af49443-4fc8-4689-84db-b146946c2b58",
                "updated_at": "2025-11-11T09:19:08Z"
              },
              {
                "created_at": "2025-11-11T09:19:08Z",
                "description": "",
                "direction": "egress",
                "ethertype": "IPv6",
                "id": "f9fc1d4f-71b4-41a0-b9c1-5a967b003c5b",
                "port_range_max": null,
                "port_range_min": null,
                "protocol": "ipv6-opts",
                "remote_group_id": null,
                "remote_ip_prefix": null,
                "revision_number": 0,
                "security_group_id": "1af49443-4fc8-4689-84db-b146946c2b58",
                "updated_at": "2025-11-11T09:19:08Z"
              },
              {
                "created_at": "2025-11-11T09:19:08Z",
                "description": "",
                "direction": "egress",
                "ethertype": "IPv6",
                "id": "6c36487d-126b-4b7f-bff2-844c066dc3ee",
                "port_range_max": null,
                "port_range_min": null,
                "protocol": "ipv6-nonxt",
                "remote_group_id": null,
                "remote_ip_prefix": null,
                "revision_number": 0,
                "security_group_id": "1af49443-4fc8-4689-84db-b146946c2b58",
                "updated_at": "2025-11-11T09:19:08Z"
              },
              {
                "created_at": "2025-11-11T09:19:08Z",
                "description": "",
                "direction": "egress",
                "ethertype": "IPv6",
                "id": "82e74735-0a20-4466-9146-e7b5c1311bfc",
                "port_range_max": null,
                "port_range_min": null,
                "protocol": "ipv6-icmp",
                "remote_group_id": null,
                "remote_ip_prefix": null,
                "revision_number": 0,
                "security_group_id": "1af49443-4fc8-4689-84db-b146946c2b58",
                "updated_at": "2025-11-11T09:19:08Z"
              },
              {
                "created_at": "2025-11-11T09:19:08Z",
                "description": "",
                "direction": "egress",
                "ethertype": "IPv6",
                "id": "4057c1c2-c442-4ece-9b4b-495aeba2abba",
                "port_range_max": null,
                "port_range_min": null,
                "protocol": "ipv6-frag",
                "remote_group_id": null,
                "remote_ip_prefix": null,
                "revision_number": 0,
                "security_group_id": "1af49443-4fc8-4689-84db-b146946c2b58",
                "updated_at": "2025-11-11T09:19:08Z"
              },
              {
                "created_at": "2025-11-11T09:19:08Z",
                "description": "",
                "direction": "egress",
                "ethertype": "IPv6",
                "id": "e6594135-0a23-497f-9417-f1216c17760e",
                "port_range_max": null,
                "port_range_min": null,
                "protocol": "ipv6-encap",
                "remote_group_id": null,
                "remote_ip_prefix": null,
                "revision_number": 0,
                "security_group_id": "1af49443-4fc8-4689-84db-b146946c2b58",
                "updated_at": "2025-11-11T09:19:08Z"
              },
              {
                "created_at": "2025-11-11T09:19:08Z",
                "description": "",
                "direction": "egress",
                "ethertype": "IPv4",
                "id": "b019869e-4bd4-4e2f-bd69-4eb28128397e",
                "port_range_max": null,
                "port_range_min": null,
                "protocol": "igmp",
                "remote_group_id": null,
                "remote_ip_prefix": null,
                "revision_number": 0,
                "security_group_id": "1af49443-4fc8-4689-84db-b146946c2b58",
                "updated_at": "2025-11-11T09:19:08Z"
              },
              {
                "created_at": "2025-11-11T09:19:08Z",
                "description": "",
                "direction": "egress",
                "ethertype": "IPv6",
                "id": "edc700f6-c90a-4362-9de4-4a78a67faa61",
                "port_range_max": null,
                "port_range_min": null,
                "protocol": "igmp",
                "remote_group_id": null,
                "remote_ip_prefix": null,
                "revision_number": 0,
                "security_group_id": "1af49443-4fc8-4689-84db-b146946c2b58",
                "updated_at": "2025-11-11T09:19:08Z"
              },
              {
                "created_at": "2025-11-11T09:19:08Z",
                "description": "",
                "direction": "egress",
                "ethertype": "IPv4",
                "id": "d1472dd7-2aef-4d31-807c-63aa59801b54",
                "port_range_max": null,
                "port_range_min": null,
                "protocol": "icmp",
                "remote_group_id": null,
                "remote_ip_prefix": null,
                "revision_number": 0,
                "security_group_id": "1af49443-4fc8-4689-84db-b146946c2b58",
                "updated_at": "2025-11-11T09:19:08Z"
              },
              {
                "created_at": "2025-11-11T09:19:08Z",
                "description": "",
                "direction": "egress",
                "ethertype": "IPv4",
                "id": "6ae3790a-2360-4b34-8632-cff7f38511a5",
                "port_range_max": null,
                "port_range_min": null,
                "protocol": "gre",
                "remote_group_id": null,
                "remote_ip_prefix": null,
                "revision_number": 0,
                "security_group_id": "1af49443-4fc8-4689-84db-b146946c2b58",
                "updated_at": "2025-11-11T09:19:08Z"
              },
              {
                "created_at": "2025-11-11T09:19:08Z",
                "description": "",
                "direction": "egress",
                "ethertype": "IPv6",
                "id": "fb5a08ae-74a2-4548-8fa4-930e53f30b08",
                "port_range_max": null,
                "port_range_min": null,
                "protocol": "gre",
                "remote_group_id": null,
                "remote_ip_prefix": null,
                "revision_number": 0,
                "security_group_id": "1af49443-4fc8-4689-84db-b146946c2b58",
                "updated_at": "2025-11-11T09:19:08Z"
              },
              {
                "created_at": "2025-11-11T09:19:08Z",
                "description": "",
                "direction": "egress",
                "ethertype": "IPv6",
                "id": "422d7496-56ce-483c-afb5-5f66de282ffe",
                "port_range_max": null,
                "port_range_min": null,
                "protocol": "esp",
                "remote_group_id": null,
                "remote_ip_prefix": null,
                "revision_number": 0,
                "security_group_id": "1af49443-4fc8-4689-84db-b146946c2b58",
                "updated_at": "2025-11-11T09:19:08Z"
              },
              {
                "created_at": "2025-11-11T09:19:08Z",
                "description": "",
                "direction": "egress",
                "ethertype": "IPv4",
                "id": "951ae4d4-965d-4e09-a7a4-7365d547022f",
                "port_range_max": null,
                "port_range_min": null,
                "protocol": "esp",
                "remote_group_id": null,
                "remote_ip_prefix": null,
                "revision_number": 0,
                "security_group_id": "1af49443-4fc8-4689-84db-b146946c2b58",
                "updated_at": "2025-11-11T09:19:08Z"
              },
              {
                "created_at": "2025-11-11T09:19:08Z",
                "description": "",
                "direction": "egress",
                "ethertype": "IPv6",
                "id": "652bcdce-0995-49cd-adf6-2d3325546b6d",
                "port_range_max": null,
                "port_range_min": null,
                "protocol": "egp",
                "remote_group_id": null,
                "remote_ip_prefix": null,
                "revision_number": 0,
                "security_group_id": "1af49443-4fc8-4689-84db-b146946c2b58",
                "updated_at": "2025-11-11T09:19:08Z"
              },
              {
                "created_at": "2025-11-11T09:19:08Z",
                "description": "",
                "direction": "egress",
                "ethertype": "IPv4",
                "id": "f369cdb6-1125-4eb1-9711-394b87f737b3",
                "port_range_max": null,
                "port_range_min": null,
                "protocol": "egp",
                "remote_group_id": null,
                "remote_ip_prefix": null,
                "revision_number": 0,
                "security_group_id": "1af49443-4fc8-4689-84db-b146946c2b58",
                "updated_at": "2025-11-11T09:19:08Z"
              },
              {
                "created_at": "2025-11-11T09:19:08Z",
                "description": "",
                "direction": "egress",
                "ethertype": "IPv4",
                "id": "763e42e7-f0e5-4bf5-b9cf-dfd43feef40f",
                "port_range_max": null,
                "port_range_min": null,
                "protocol": "dccp",
                "remote_group_id": null,
                "remote_ip_prefix": null,
                "revision_number": 0,
                "security_group_id": "1af49443-4fc8-4689-84db-b146946c2b58",
                "updated_at": "2025-11-11T09:19:08Z"
              },
              {
                "created_at": "2025-11-11T09:19:08Z",
                "description": "",
                "direction": "egress",
                "ethertype": "IPv6",
                "id": "d52dbce8-21a1-48d9-922c-e00b7210ea51",
                "port_range_max": null,
                "port_range_min": null,
                "protocol": "dccp",
                "remote_group_id": null,
                "remote_ip_prefix": null,
                "revision_number": 0,
                "security_group_id": "1af49443-4fc8-4689-84db-b146946c2b58",
                "updated_at": "2025-11-11T09:19:08Z"
              },
              {
                "created_at": "2025-11-11T09:19:08Z",
                "description": "",
                "direction": "egress",
                "ethertype": "IPv4",
                "id": "2a2209b6-d257-4319-97c8-ae136ae8543d",
                "port_range_max": null,
                "port_range_min": null,
                "protocol": "ah",
                "remote_group_id": null,
                "remote_ip_prefix": null,
                "revision_number": 0,
                "security_group_id": "1af49443-4fc8-4689-84db-b146946c2b58",
                "updated_at": "2025-11-11T09:19:08Z"
              },
              {
                "created_at": "2025-11-11T09:19:08Z",
                "description": "",
                "direction": "egress",
                "ethertype": "IPv6",
                "id": "fdc49755-ad7a-4b5e-8655-56a5c354bb6f",
                "port_range_max": null,
                "port_range_min": null,
                "protocol": "ah",
                "remote_group_id": null,
                "remote_ip_prefix": null,
                "revision_number": 0,
                "security_group_id": "1af49443-4fc8-4689-84db-b146946c2b58",
                "updated_at": "2025-11-11T09:19:08Z"
              }
            ],
            "tags": null,
            "tags_v2": [],
            "updated_at": "2025-11-11T09:19:08Z"
          },
          "sensitive_attributes": []
        }
      ]
    }
  ],
  "check_results": null
}
