{
  "version": 4,
  "terraform_version": "1.10.5",
  "serial": 20,
  "lineage": "1e356da0-36be-2b3a-fc2a-c201dab4a46f",
  "outputs": {
    "router_id": {
      "value": "da41fcc8-9030-42b4-9e76-55eb768bea8b",
      "type": "string"
    },
    "router_routes": {
      "value": [],
      "type": [
        "list",
        [
          "object",
          {
            "destination": "string",
            "nexthop": "string"
          }
        ]
      ]
    }
  },
  "resources": [
    {
      "mode": "managed",
      "type": "gcore_cloud_network",
      "name": "network",
      "provider": "provider[\"registry.terraform.io/gcore/gcore\"]",
      "instances": [
        {
          "schema_version": 0,
          "attributes": {
            "create_router": true,
            "created_at": "2025-11-05T13:12:35Z",
            "creator_task_id": "83fc0847-55af-49b7-aef3-45b2fbb4ebbd",
            "default": null,
            "external": false,
            "id": "39e7744b-abe3-4988-811b-dc9df4ddba62",
            "mtu": 1500,
            "name": "test-router-drift-001-network",
            "port_security_enabled": true,
            "project_id": 379987,
            "region": "Luxembourg-2",
            "region_id": 76,
            "segmentation_id": 754,
            "shared": false,
            "subnets": [],
            "tags": null,
            "task_id": null,
            "tasks": null,
            "type": "vxlan",
            "updated_at": "2025-11-05T13:12:36Z"
          },
          "sensitive_attributes": []
        }
      ]
    },
    {
      "mode": "managed",
      "type": "gcore_cloud_network_router",
      "name": "router",
      "provider": "provider[\"registry.terraform.io/gcore/gcore\"]",
      "instances": [
        {
          "schema_version": 0,
          "attributes": {
            "created_at": "2025-11-05T13:13:04Z",
            "creator_task_id": "9bda1130-ebf0-410e-993b-9812d80113f5",
            "distributed": false,
            "external_gateway_info": {
              "enable_snat": true,
              "network_id": "4b99f7d1-5d1e-4fdb-8ae1-a4bfb208556c",
              "type": null
            },
            "id": "da41fcc8-9030-42b4-9e76-55eb768bea8b",
            "interfaces": [
              {
                "subnet_id": "f80d0ba5-7236-412a-afca-c50f071e2264",
                "type": "subnet"
              }
            ],
            "name": "test-router-drift-001",
            "project_id": 379987,
            "region": "Luxembourg-2",
            "region_id": 76,
            "routes": [],
            "status": "ACTIVE",
            "task_id": "",
            "tasks": null,
            "updated_at": "2025-11-05T13:14:48Z"
          },
          "sensitive_attributes": [],
          "dependencies": [
            "gcore_cloud_network.network",
            "gcore_cloud_network_subnet.subnet"
          ]
        }
      ]
    },
    {
      "mode": "managed",
      "type": "gcore_cloud_network_subnet",
      "name": "subnet",
      "provider": "provider[\"registry.terraform.io/gcore/gcore\"]",
      "instances": [
        {
          "schema_version": 0,
          "attributes": {
            "available_ips": 251,
            "cidr": "192.168.10.0/24",
            "connect_to_network_router": true,
            "created_at": "2025-11-05T13:12:50Z",
            "creator_task_id": "eb91a882-a681-45e9-829d-34bbee48d4dc",
            "dns_nameservers": [
              "8.8.8.8",
              "8.8.4.4"
            ],
            "enable_dhcp": true,
            "gateway_ip": "192.168.10.1",
            "has_router": false,
            "host_routes": [],
            "id": "f80d0ba5-7236-412a-afca-c50f071e2264",
            "ip_version": 4,
            "name": "test-router-drift-001-subnet",
            "network_id": "39e7744b-abe3-4988-811b-dc9df4ddba62",
            "project_id": 379987,
            "region": "Luxembourg-2",
            "region_id": 76,
            "router_id_to_connect": null,
            "tags": null,
            "task_id": null,
            "tasks": null,
            "total_ips": 253,
            "updated_at": "2025-11-05T13:12:50Z"
          },
          "sensitive_attributes": [],
          "dependencies": [
            "gcore_cloud_network.network"
          ]
        }
      ]
    }
  ],
  "check_results": null
}
