{
  "version": 4,
  "terraform_version": "1.10.5",
  "serial": 61,
  "lineage": "1cdd3a2a-ec34-2129-316f-5d798f9b7a24",
  "outputs": {
    "member1_address": {
      "value": "192.168.100.10",
      "type": "string"
    },
    "member2_weight": {
      "value": 2,
      "type": "number"
    },
    "network_id": {
      "value": "07cbeb68-c7b9-4640-b143-41b029bc57f4",
      "type": "string"
    },
    "subnet_id": {
      "value": "17d3ae28-21b5-49a7-a688-a4bbc52dd386",
      "type": "string"
    }
  },
  "resources": [
    {
      "mode": "managed",
      "type": "gcore_cloud_network",
      "name": "test",
      "provider": "provider[\"registry.terraform.io/gcore/gcore\"]",
      "instances": [
        {
          "schema_version": 0,
          "attributes": {
            "create_router": true,
            "created_at": "2025-10-28T10:00:25Z",
            "creator_task_id": "d45c8a0f-4c90-4e3c-b11a-87488a66b77b",
            "default": null,
            "external": false,
            "id": "07cbeb68-c7b9-4640-b143-41b029bc57f4",
            "mtu": 1500,
            "name": "test-network-members",
            "port_security_enabled": true,
            "project_id": 379987,
            "region": "Luxembourg-2",
            "region_id": 76,
            "segmentation_id": 220,
            "shared": false,
            "subnets": [],
            "tags": null,
            "task_id": null,
            "tasks": null,
            "type": "vxlan",
            "updated_at": "2025-10-28T10:00:26Z"
          },
          "sensitive_attributes": []
        }
      ]
    },
    {
      "mode": "managed",
      "type": "gcore_cloud_network_subnet",
      "name": "test",
      "provider": "provider[\"registry.terraform.io/gcore/gcore\"]",
      "instances": [
        {
          "schema_version": 0,
          "attributes": {
            "available_ips": 251,
            "cidr": "192.168.100.0/24",
            "connect_to_network_router": true,
            "created_at": "2025-10-28T10:00:40Z",
            "creator_task_id": "10d07a4d-7134-46b2-9540-0d81a41ea024",
            "dns_nameservers": [
              "8.8.8.8",
              "8.8.4.4"
            ],
            "enable_dhcp": true,
            "gateway_ip": "192.168.100.1",
            "has_router": false,
            "host_routes": [],
            "id": "17d3ae28-21b5-49a7-a688-a4bbc52dd386",
            "ip_version": 4,
            "name": "test-subnet-members",
            "network_id": "07cbeb68-c7b9-4640-b143-41b029bc57f4",
            "project_id": 379987,
            "region": "Luxembourg-2",
            "region_id": 76,
            "router_id_to_connect": null,
            "tags": null,
            "task_id": null,
            "tasks": null,
            "total_ips": 253,
            "updated_at": "2025-10-28T10:00:40Z"
          },
          "sensitive_attributes": [],
          "dependencies": [
            "gcore_cloud_network.test"
          ]
        }
      ]
    }
  ],
  "check_results": null
}
