{
  "version": 4,
  "terraform_version": "1.10.5",
  "serial": 2,
  "lineage": "efb77f93-34e4-d0d6-5638-cd9b5458029f",
  "outputs": {
    "flat_rules_is_null": {
      "value": false,
      "type": "bool"
    },
    "id": {
      "value": "7bd8cd72-b730-4082-8b7b-48a0f4c26457",
      "type": "string"
    },
    "nested_rules_count": {
      "value": 2,
      "type": "number"
    }
  },
  "resources": [
    {
      "mode": "managed",
      "type": "gcore_cloud_security_group",
      "name": "test",
      "provider": "provider[\"registry.terraform.io/gcore/gcore\"]",
      "instances": [
        {
          "schema_version": 0,
          "attributes": {
            "changed_rules": null,
            "created_at": "2025-11-18T19:51:28Z",
            "description": "Manual test for name drift and rules nulling",
            "id": "7bd8cd72-b730-4082-8b7b-48a0f4c26457",
            "instances": null,
            "name": null,
            "project_id": 379987,
            "region": "Luxembourg-2",
            "region_id": 76,
            "revision_number": 1,
            "security_group": {
              "description": "Manual test for name drift and rules nulling",
              "name": "manual-test-name-drift",
              "security_group_rules": [
                {
                  "description": "SSH access",
                  "direction": "ingress",
                  "ethertype": "IPv4",
                  "port_range_max": 22,
                  "port_range_min": 22,
                  "protocol": "tcp",
                  "remote_group_id": null,
                  "remote_ip_prefix": "0.0.0.0/0"
                },
                {
                  "description": "HTTPS access",
                  "direction": "ingress",
                  "ethertype": "IPv4",
                  "port_range_max": 443,
                  "port_range_min": 443,
                  "protocol": "tcp",
                  "remote_group_id": null,
                  "remote_ip_prefix": "0.0.0.0/0"
                }
              ],
              "tags": null
            },
            "security_group_rules": [
              {
                "created_at": "2025-11-18T19:51:28Z",
                "description": "",
                "direction": "egress",
                "ethertype": "IPv6",
                "id": "33540f15-4758-4a50-9975-8444ae96f2ff",
                "port_range_max": null,
                "port_range_min": null,
                "protocol": "vrrp",
                "remote_group_id": null,
                "remote_ip_prefix": null,
                "revision_number": 0,
                "security_group_id": "7bd8cd72-b730-4082-8b7b-48a0f4c26457",
                "updated_at": "2025-11-18T19:51:28Z"
              },
              {
                "created_at": "2025-11-18T19:51:28Z",
                "description": "",
                "direction": "egress",
                "ethertype": "IPv4",
                "id": "dbd4b166-8e30-4c71-9daa-92fca4829b78",
                "port_range_max": null,
                "port_range_min": null,
                "protocol": "vrrp",
                "remote_group_id": null,
                "remote_ip_prefix": null,
                "revision_number": 0,
                "security_group_id": "7bd8cd72-b730-4082-8b7b-48a0f4c26457",
                "updated_at": "2025-11-18T19:51:28Z"
              },
              {
                "created_at": "2025-11-18T19:51:28Z",
                "description": "",
                "direction": "egress",
                "ethertype": "IPv4",
                "id": "1018a8d9-bee3-476e-b95a-fc23eae006a1",
                "port_range_max": null,
                "port_range_min": null,
                "protocol": "udplite",
                "remote_group_id": null,
                "remote_ip_prefix": null,
                "revision_number": 0,
                "security_group_id": "7bd8cd72-b730-4082-8b7b-48a0f4c26457",
                "updated_at": "2025-11-18T19:51:28Z"
              },
              {
                "created_at": "2025-11-18T19:51:28Z",
                "description": "",
                "direction": "egress",
                "ethertype": "IPv6",
                "id": "66a8da2d-a313-44b2-962e-c3c3cb7f5ee1",
                "port_range_max": null,
                "port_range_min": null,
                "protocol": "udplite",
                "remote_group_id": null,
                "remote_ip_prefix": null,
                "revision_number": 0,
                "security_group_id": "7bd8cd72-b730-4082-8b7b-48a0f4c26457",
                "updated_at": "2025-11-18T19:51:28Z"
              },
              {
                "created_at": "2025-11-18T19:51:28Z",
                "description": "",
                "direction": "egress",
                "ethertype": "IPv4",
                "id": "2966c6ca-3540-4956-934c-26c976515b2b",
                "port_range_max": 24,
                "port_range_min": 1,
                "protocol": "udp",
                "remote_group_id": null,
                "remote_ip_prefix": null,
                "revision_number": 0,
                "security_group_id": "7bd8cd72-b730-4082-8b7b-48a0f4c26457",
                "updated_at": "2025-11-18T19:51:28Z"
              },
              {
                "created_at": "2025-11-18T19:51:28Z",
                "description": "",
                "direction": "egress",
                "ethertype": "IPv6",
                "id": "3e789f25-10d2-4805-8e3c-2c8befac616c",
                "port_range_max": 65535,
                "port_range_min": 26,
                "protocol": "udp",
                "remote_group_id": null,
                "remote_ip_prefix": null,
                "revision_number": 0,
                "security_group_id": "7bd8cd72-b730-4082-8b7b-48a0f4c26457",
                "updated_at": "2025-11-18T19:51:28Z"
              },
              {
                "created_at": "2025-11-18T19:51:28Z",
                "description": "",
                "direction": "egress",
                "ethertype": "IPv6",
                "id": "a84069c1-b12f-45a3-8c88-7249fc63fd0c",
                "port_range_max": 24,
                "port_range_min": 1,
                "protocol": "udp",
                "remote_group_id": null,
                "remote_ip_prefix": null,
                "revision_number": 0,
                "security_group_id": "7bd8cd72-b730-4082-8b7b-48a0f4c26457",
                "updated_at": "2025-11-18T19:51:28Z"
              },
              {
                "created_at": "2025-11-18T19:51:28Z",
                "description": "",
                "direction": "egress",
                "ethertype": "IPv4",
                "id": "ed0d0ce4-28ea-405c-a17e-efea8cc824e7",
                "port_range_max": 65535,
                "port_range_min": 26,
                "protocol": "udp",
                "remote_group_id": null,
                "remote_ip_prefix": null,
                "revision_number": 0,
                "security_group_id": "7bd8cd72-b730-4082-8b7b-48a0f4c26457",
                "updated_at": "2025-11-18T19:51:28Z"
              },
              {
                "created_at": "2025-11-18T19:51:28Z",
                "description": "SSH access",
                "direction": "ingress",
                "ethertype": "IPv4",
                "id": "0a51b8a7-34ae-4b08-a606-9cbe323bb689",
                "port_range_max": 22,
                "port_range_min": 22,
                "protocol": "tcp",
                "remote_group_id": null,
                "remote_ip_prefix": "0.0.0.0/0",
                "revision_number": 0,
                "security_group_id": "7bd8cd72-b730-4082-8b7b-48a0f4c26457",
                "updated_at": "2025-11-18T19:51:28Z"
              },
              {
                "created_at": "2025-11-18T19:51:28Z",
                "description": "",
                "direction": "egress",
                "ethertype": "IPv4",
                "id": "2a9b1548-3b76-4355-8477-ed4ef425dd46",
                "port_range_max": 24,
                "port_range_min": 1,
                "protocol": "tcp",
                "remote_group_id": null,
                "remote_ip_prefix": null,
                "revision_number": 0,
                "security_group_id": "7bd8cd72-b730-4082-8b7b-48a0f4c26457",
                "updated_at": "2025-11-18T19:51:28Z"
              },
              {
                "created_at": "2025-11-18T19:51:28Z",
                "description": "",
                "direction": "egress",
                "ethertype": "IPv4",
                "id": "3795e7ea-d2f4-4ef6-9724-efb9f0d5e214",
                "port_range_max": 65535,
                "port_range_min": 26,
                "protocol": "tcp",
                "remote_group_id": null,
                "remote_ip_prefix": null,
                "revision_number": 0,
                "security_group_id": "7bd8cd72-b730-4082-8b7b-48a0f4c26457",
                "updated_at": "2025-11-18T19:51:28Z"
              },
              {
                "created_at": "2025-11-18T19:51:28Z",
                "description": "",
                "direction": "egress",
                "ethertype": "IPv6",
                "id": "6918559c-46fc-48bc-b6d9-57a1ddae57de",
                "port_range_max": 65535,
                "port_range_min": 26,
                "protocol": "tcp",
                "remote_group_id": null,
                "remote_ip_prefix": null,
                "revision_number": 0,
                "security_group_id": "7bd8cd72-b730-4082-8b7b-48a0f4c26457",
                "updated_at": "2025-11-18T19:51:28Z"
              },
              {
                "created_at": "2025-11-18T19:51:28Z",
                "description": "HTTPS access",
                "direction": "ingress",
                "ethertype": "IPv4",
                "id": "970e5498-432e-42f7-baed-309410b74106",
                "port_range_max": 443,
                "port_range_min": 443,
                "protocol": "tcp",
                "remote_group_id": null,
                "remote_ip_prefix": "0.0.0.0/0",
                "revision_number": 0,
                "security_group_id": "7bd8cd72-b730-4082-8b7b-48a0f4c26457",
                "updated_at": "2025-11-18T19:51:28Z"
              },
              {
                "created_at": "2025-11-18T19:51:28Z",
                "description": "",
                "direction": "egress",
                "ethertype": "IPv6",
                "id": "cad01f16-80de-47be-9214-fa785cbdb6b6",
                "port_range_max": 24,
                "port_range_min": 1,
                "protocol": "tcp",
                "remote_group_id": null,
                "remote_ip_prefix": null,
                "revision_number": 0,
                "security_group_id": "7bd8cd72-b730-4082-8b7b-48a0f4c26457",
                "updated_at": "2025-11-18T19:51:28Z"
              },
              {
                "created_at": "2025-11-18T19:51:28Z",
                "description": "",
                "direction": "egress",
                "ethertype": "IPv6",
                "id": "968e1387-3cac-40f5-bbea-00df03a4070f",
                "port_range_max": null,
                "port_range_min": null,
                "protocol": "sctp",
                "remote_group_id": null,
                "remote_ip_prefix": null,
                "revision_number": 0,
                "security_group_id": "7bd8cd72-b730-4082-8b7b-48a0f4c26457",
                "updated_at": "2025-11-18T19:51:28Z"
              },
              {
                "created_at": "2025-11-18T19:51:28Z",
                "description": "",
                "direction": "egress",
                "ethertype": "IPv4",
                "id": "e3d6f6bc-7595-4545-8d67-dde11b98e5cd",
                "port_range_max": null,
                "port_range_min": null,
                "protocol": "sctp",
                "remote_group_id": null,
                "remote_ip_prefix": null,
                "revision_number": 0,
                "security_group_id": "7bd8cd72-b730-4082-8b7b-48a0f4c26457",
                "updated_at": "2025-11-18T19:51:28Z"
              },
              {
                "created_at": "2025-11-18T19:51:28Z",
                "description": "",
                "direction": "egress",
                "ethertype": "IPv4",
                "id": "3eaf381c-4ab1-436b-b6cd-bbc7ce971a5b",
                "port_range_max": null,
                "port_range_min": null,
                "protocol": "rsvp",
                "remote_group_id": null,
                "remote_ip_prefix": null,
                "revision_number": 0,
                "security_group_id": "7bd8cd72-b730-4082-8b7b-48a0f4c26457",
                "updated_at": "2025-11-18T19:51:28Z"
              },
              {
                "created_at": "2025-11-18T19:51:28Z",
                "description": "",
                "direction": "egress",
                "ethertype": "IPv6",
                "id": "883517d2-1f70-4c2a-ada0-7fbc07cd4df3",
                "port_range_max": null,
                "port_range_min": null,
                "protocol": "rsvp",
                "remote_group_id": null,
                "remote_ip_prefix": null,
                "revision_number": 0,
                "security_group_id": "7bd8cd72-b730-4082-8b7b-48a0f4c26457",
                "updated_at": "2025-11-18T19:51:28Z"
              },
              {
                "created_at": "2025-11-18T19:51:28Z",
                "description": "",
                "direction": "egress",
                "ethertype": "IPv6",
                "id": "35c4d0ce-bd3f-4cfc-b9ac-65334ee6ba43",
                "port_range_max": null,
                "port_range_min": null,
                "protocol": "pgm",
                "remote_group_id": null,
                "remote_ip_prefix": null,
                "revision_number": 0,
                "security_group_id": "7bd8cd72-b730-4082-8b7b-48a0f4c26457",
                "updated_at": "2025-11-18T19:51:28Z"
              },
              {
                "created_at": "2025-11-18T19:51:28Z",
                "description": "",
                "direction": "egress",
                "ethertype": "IPv4",
                "id": "5329eaa6-3e88-4cfa-a326-64138e55f9f2",
                "port_range_max": null,
                "port_range_min": null,
                "protocol": "pgm",
                "remote_group_id": null,
                "remote_ip_prefix": null,
                "revision_number": 0,
                "security_group_id": "7bd8cd72-b730-4082-8b7b-48a0f4c26457",
                "updated_at": "2025-11-18T19:51:28Z"
              },
              {
                "created_at": "2025-11-18T19:51:28Z",
                "description": "",
                "direction": "egress",
                "ethertype": "IPv4",
                "id": "21f9a800-de02-401b-8eb0-fc44724e8184",
                "port_range_max": null,
                "port_range_min": null,
                "protocol": "ospf",
                "remote_group_id": null,
                "remote_ip_prefix": null,
                "revision_number": 0,
                "security_group_id": "7bd8cd72-b730-4082-8b7b-48a0f4c26457",
                "updated_at": "2025-11-18T19:51:28Z"
              },
              {
                "created_at": "2025-11-18T19:51:28Z",
                "description": "",
                "direction": "egress",
                "ethertype": "IPv6",
                "id": "872cda40-4436-406c-80ff-b7cc3fd1da87",
                "port_range_max": null,
                "port_range_min": null,
                "protocol": "ospf",
                "remote_group_id": null,
                "remote_ip_prefix": null,
                "revision_number": 0,
                "security_group_id": "7bd8cd72-b730-4082-8b7b-48a0f4c26457",
                "updated_at": "2025-11-18T19:51:28Z"
              },
              {
                "created_at": "2025-11-18T19:51:28Z",
                "description": "",
                "direction": "egress",
                "ethertype": "IPv6",
                "id": "07250e52-6e1e-43bc-90bb-e5f239552a42",
                "port_range_max": null,
                "port_range_min": null,
                "protocol": "ipv6-route",
                "remote_group_id": null,
                "remote_ip_prefix": null,
                "revision_number": 0,
                "security_group_id": "7bd8cd72-b730-4082-8b7b-48a0f4c26457",
                "updated_at": "2025-11-18T19:51:28Z"
              },
              {
                "created_at": "2025-11-18T19:51:28Z",
                "description": "",
                "direction": "egress",
                "ethertype": "IPv6",
                "id": "8df4fa15-028c-4b9e-873a-4fe67b9c483a",
                "port_range_max": null,
                "port_range_min": null,
                "protocol": "ipv6-opts",
                "remote_group_id": null,
                "remote_ip_prefix": null,
                "revision_number": 0,
                "security_group_id": "7bd8cd72-b730-4082-8b7b-48a0f4c26457",
                "updated_at": "2025-11-18T19:51:28Z"
              },
              {
                "created_at": "2025-11-18T19:51:28Z",
                "description": "",
                "direction": "egress",
                "ethertype": "IPv6",
                "id": "68bf0413-474a-4a0d-b47c-d3d093d7edfe",
                "port_range_max": null,
                "port_range_min": null,
                "protocol": "ipv6-nonxt",
                "remote_group_id": null,
                "remote_ip_prefix": null,
                "revision_number": 0,
                "security_group_id": "7bd8cd72-b730-4082-8b7b-48a0f4c26457",
                "updated_at": "2025-11-18T19:51:28Z"
              },
              {
                "created_at": "2025-11-18T19:51:28Z",
                "description": "",
                "direction": "egress",
                "ethertype": "IPv6",
                "id": "2b619ed8-60e8-491a-82fd-8d12f870853e",
                "port_range_max": null,
                "port_range_min": null,
                "protocol": "ipv6-icmp",
                "remote_group_id": null,
                "remote_ip_prefix": null,
                "revision_number": 0,
                "security_group_id": "7bd8cd72-b730-4082-8b7b-48a0f4c26457",
                "updated_at": "2025-11-18T19:51:28Z"
              },
              {
                "created_at": "2025-11-18T19:51:28Z",
                "description": "",
                "direction": "egress",
                "ethertype": "IPv6",
                "id": "b46545b5-2014-42e8-82f3-3401428fe702",
                "port_range_max": null,
                "port_range_min": null,
                "protocol": "ipv6-frag",
                "remote_group_id": null,
                "remote_ip_prefix": null,
                "revision_number": 0,
                "security_group_id": "7bd8cd72-b730-4082-8b7b-48a0f4c26457",
                "updated_at": "2025-11-18T19:51:28Z"
              },
              {
                "created_at": "2025-11-18T19:51:28Z",
                "description": "",
                "direction": "egress",
                "ethertype": "IPv6",
                "id": "ab089396-1017-4392-b13b-7cc53a4b572b",
                "port_range_max": null,
                "port_range_min": null,
                "protocol": "ipv6-encap",
                "remote_group_id": null,
                "remote_ip_prefix": null,
                "revision_number": 0,
                "security_group_id": "7bd8cd72-b730-4082-8b7b-48a0f4c26457",
                "updated_at": "2025-11-18T19:51:28Z"
              },
              {
                "created_at": "2025-11-18T19:51:28Z",
                "description": "",
                "direction": "egress",
                "ethertype": "IPv4",
                "id": "28116f66-0852-475b-976f-3f233ee97a53",
                "port_range_max": null,
                "port_range_min": null,
                "protocol": "igmp",
                "remote_group_id": null,
                "remote_ip_prefix": null,
                "revision_number": 0,
                "security_group_id": "7bd8cd72-b730-4082-8b7b-48a0f4c26457",
                "updated_at": "2025-11-18T19:51:28Z"
              },
              {
                "created_at": "2025-11-18T19:51:28Z",
                "description": "",
                "direction": "egress",
                "ethertype": "IPv6",
                "id": "82540453-9a0b-45ab-901e-c3ec1b9b05b0",
                "port_range_max": null,
                "port_range_min": null,
                "protocol": "igmp",
                "remote_group_id": null,
                "remote_ip_prefix": null,
                "revision_number": 0,
                "security_group_id": "7bd8cd72-b730-4082-8b7b-48a0f4c26457",
                "updated_at": "2025-11-18T19:51:28Z"
              },
              {
                "created_at": "2025-11-18T19:51:28Z",
                "description": "",
                "direction": "egress",
                "ethertype": "IPv4",
                "id": "5d9b7dd6-cb00-4f96-82d7-0f9072008794",
                "port_range_max": null,
                "port_range_min": null,
                "protocol": "icmp",
                "remote_group_id": null,
                "remote_ip_prefix": null,
                "revision_number": 0,
                "security_group_id": "7bd8cd72-b730-4082-8b7b-48a0f4c26457",
                "updated_at": "2025-11-18T19:51:28Z"
              },
              {
                "created_at": "2025-11-18T19:51:28Z",
                "description": "",
                "direction": "egress",
                "ethertype": "IPv6",
                "id": "417f7dcf-0472-4098-b959-4f561416ae75",
                "port_range_max": null,
                "port_range_min": null,
                "protocol": "gre",
                "remote_group_id": null,
                "remote_ip_prefix": null,
                "revision_number": 0,
                "security_group_id": "7bd8cd72-b730-4082-8b7b-48a0f4c26457",
                "updated_at": "2025-11-18T19:51:28Z"
              },
              {
                "created_at": "2025-11-18T19:51:28Z",
                "description": "",
                "direction": "egress",
                "ethertype": "IPv4",
                "id": "7b6edc30-d345-425d-a28d-ea84abf5818e",
                "port_range_max": null,
                "port_range_min": null,
                "protocol": "gre",
                "remote_group_id": null,
                "remote_ip_prefix": null,
                "revision_number": 0,
                "security_group_id": "7bd8cd72-b730-4082-8b7b-48a0f4c26457",
                "updated_at": "2025-11-18T19:51:28Z"
              },
              {
                "created_at": "2025-11-18T19:51:28Z",
                "description": "",
                "direction": "egress",
                "ethertype": "IPv4",
                "id": "2a718163-16b8-4dc7-9f65-95242d08c74e",
                "port_range_max": null,
                "port_range_min": null,
                "protocol": "esp",
                "remote_group_id": null,
                "remote_ip_prefix": null,
                "revision_number": 0,
                "security_group_id": "7bd8cd72-b730-4082-8b7b-48a0f4c26457",
                "updated_at": "2025-11-18T19:51:28Z"
              },
              {
                "created_at": "2025-11-18T19:51:28Z",
                "description": "",
                "direction": "egress",
                "ethertype": "IPv6",
                "id": "7a9f5922-cba4-40dc-b40c-d1d44f930e92",
                "port_range_max": null,
                "port_range_min": null,
                "protocol": "esp",
                "remote_group_id": null,
                "remote_ip_prefix": null,
                "revision_number": 0,
                "security_group_id": "7bd8cd72-b730-4082-8b7b-48a0f4c26457",
                "updated_at": "2025-11-18T19:51:28Z"
              },
              {
                "created_at": "2025-11-18T19:51:28Z",
                "description": "",
                "direction": "egress",
                "ethertype": "IPv6",
                "id": "8fe1c006-d35b-4b50-879f-984be8ade944",
                "port_range_max": null,
                "port_range_min": null,
                "protocol": "egp",
                "remote_group_id": null,
                "remote_ip_prefix": null,
                "revision_number": 0,
                "security_group_id": "7bd8cd72-b730-4082-8b7b-48a0f4c26457",
                "updated_at": "2025-11-18T19:51:28Z"
              },
              {
                "created_at": "2025-11-18T19:51:28Z",
                "description": "",
                "direction": "egress",
                "ethertype": "IPv4",
                "id": "c1998d40-b80e-4941-9a12-147bed0f70a4",
                "port_range_max": null,
                "port_range_min": null,
                "protocol": "egp",
                "remote_group_id": null,
                "remote_ip_prefix": null,
                "revision_number": 0,
                "security_group_id": "7bd8cd72-b730-4082-8b7b-48a0f4c26457",
                "updated_at": "2025-11-18T19:51:28Z"
              },
              {
                "created_at": "2025-11-18T19:51:28Z",
                "description": "",
                "direction": "egress",
                "ethertype": "IPv4",
                "id": "38aab4f2-0439-46c5-8553-0178beb40e73",
                "port_range_max": null,
                "port_range_min": null,
                "protocol": "dccp",
                "remote_group_id": null,
                "remote_ip_prefix": null,
                "revision_number": 0,
                "security_group_id": "7bd8cd72-b730-4082-8b7b-48a0f4c26457",
                "updated_at": "2025-11-18T19:51:28Z"
              },
              {
                "created_at": "2025-11-18T19:51:28Z",
                "description": "",
                "direction": "egress",
                "ethertype": "IPv6",
                "id": "f0f1f89e-d1c4-421a-90ce-217c3b709140",
                "port_range_max": null,
                "port_range_min": null,
                "protocol": "dccp",
                "remote_group_id": null,
                "remote_ip_prefix": null,
                "revision_number": 0,
                "security_group_id": "7bd8cd72-b730-4082-8b7b-48a0f4c26457",
                "updated_at": "2025-11-18T19:51:28Z"
              },
              {
                "created_at": "2025-11-18T19:51:28Z",
                "description": "",
                "direction": "egress",
                "ethertype": "IPv4",
                "id": "cffca9e9-eea7-47f9-8cb6-dc0febfe9981",
                "port_range_max": null,
                "port_range_min": null,
                "protocol": "ah",
                "remote_group_id": null,
                "remote_ip_prefix": null,
                "revision_number": 0,
                "security_group_id": "7bd8cd72-b730-4082-8b7b-48a0f4c26457",
                "updated_at": "2025-11-18T19:51:28Z"
              },
              {
                "created_at": "2025-11-18T19:51:28Z",
                "description": "",
                "direction": "egress",
                "ethertype": "IPv6",
                "id": "d93a1b82-176c-47d5-b0a1-c0a05d12aec4",
                "port_range_max": null,
                "port_range_min": null,
                "protocol": "ah",
                "remote_group_id": null,
                "remote_ip_prefix": null,
                "revision_number": 0,
                "security_group_id": "7bd8cd72-b730-4082-8b7b-48a0f4c26457",
                "updated_at": "2025-11-18T19:51:28Z"
              }
            ],
            "tags": null,
            "tags_v2": [],
            "updated_at": "2025-11-18T19:51:28Z"
          },
          "sensitive_attributes": []
        }
      ]
    }
  ],
  "check_results": null
}
