{
  "version": 4,
  "terraform_version": "1.10.5",
  "serial": 10,
  "lineage": "424d9c95-d519-e308-889c-1e5c0d366740",
  "outputs": {},
  "resources": [
    {
      "mode": "managed",
      "type": "gcore_cloud_network",
      "name": "network",
      "provider": "provider[\"registry.terraform.io/gcore/gcore\"]",
      "instances": [
        {
          "schema_version": 0,
          "attributes": {
            "create_router": true,
            "created_at": "2025-11-05T15:09:53Z",
            "creator_task_id": "989da994-ad5d-4677-99ba-c3b3003de10d",
            "default": null,
            "external": false,
            "id": "e51d0b5e-7e2e-4dd8-9cfe-bc02be08074f",
            "mtu": 1500,
            "name": "test-router-edge-network",
            "port_security_enabled": true,
            "project_id": 379987,
            "region": "Luxembourg-2",
            "region_id": 76,
            "segmentation_id": 139,
            "shared": false,
            "subnets": [
              "e6f18d3e-d6f7-42d2-8219-523aa3050962"
            ],
            "tags": null,
            "task_id": null,
            "tasks": null,
            "type": "vxlan",
            "updated_at": "2025-11-05T15:10:07Z"
          },
          "sensitive_attributes": []
        }
      ]
    },
    {
      "mode": "managed",
      "type": "gcore_cloud_network_router",
      "name": "router",
      "provider": "provider[\"registry.terraform.io/gcore/gcore\"]",
      "instances": [
        {
          "schema_version": 0,
          "attributes": {
            "created_at": "2025-11-05T15:10:21Z",
            "creator_task_id": "d2c13f3f-9eb6-4d9a-a350-19675218038c",
            "distributed": false,
            "external_gateway_info": {
              "enable_snat": true,
              "network_id": "4b99f7d1-5d1e-4fdb-8ae1-a4bfb208556c",
              "type": null
            },
            "id": "72056f2d-3614-4701-bf63-1158c5707844",
            "interfaces": [
              {
                "subnet_id": "e6f18d3e-d6f7-42d2-8219-523aa3050962",
                "type": "subnet"
              }
            ],
            "name": "test-router-edge",
            "project_id": 379987,
            "region": "Luxembourg-2",
            "region_id": 76,
            "routes": [
              {
                "destination": "10.0.8.0/24",
                "nexthop": "192.168.80.1"
              }
            ],
            "status": "ACTIVE",
            "task_id": null,
            "tasks": null,
            "updated_at": "2025-11-05T15:12:28Z"
          },
          "sensitive_attributes": [],
          "dependencies": [
            "gcore_cloud_network.network",
            "gcore_cloud_network_subnet.subnet"
          ]
        }
      ]
    },
    {
      "mode": "managed",
      "type": "gcore_cloud_network_subnet",
      "name": "subnet",
      "provider": "provider[\"registry.terraform.io/gcore/gcore\"]",
      "instances": [
        {
          "schema_version": 0,
          "attributes": {
            "available_ips": 250,
            "cidr": "192.168.80.0/24",
            "connect_to_network_router": true,
            "created_at": "2025-11-05T15:10:07Z",
            "creator_task_id": "b5caf959-1830-4f8e-9cda-f59fd4a55750",
            "dns_nameservers": [
              "8.8.8.8",
              "8.8.4.4"
            ],
            "enable_dhcp": true,
            "gateway_ip": "192.168.80.1",
            "has_router": false,
            "host_routes": [],
            "id": "e6f18d3e-d6f7-42d2-8219-523aa3050962",
            "ip_version": 4,
            "name": "test-router-edge-subnet",
            "network_id": "e51d0b5e-7e2e-4dd8-9cfe-bc02be08074f",
            "project_id": 379987,
            "region": "Luxembourg-2",
            "region_id": 76,
            "router_id_to_connect": null,
            "tags": null,
            "task_id": null,
            "tasks": null,
            "total_ips": 253,
            "updated_at": "2025-11-05T15:10:07Z"
          },
          "sensitive_attributes": [],
          "dependencies": [
            "gcore_cloud_network.network"
          ]
        }
      ]
    }
  ],
  "check_results": null
}
