{
  "version": 4,
  "terraform_version": "1.10.5",
  "serial": 6,
  "lineage": "47de593c-4211-f1de-588e-8a6ba7f07280",
  "outputs": {
    "boot_volume_id": {
      "value": "f95a61f3-a2f3-4106-a5bd-017de78bb0ff",
      "type": "string"
    },
    "data_volume_id": {
      "value": "2ce59fcf-fd36-42ee-b92b-b4ad1ef1cd34",
      "type": "string"
    },
    "instance_id": {
      "value": "d94fe0c6-015b-415d-a8e0-ccb5dca1e0a5",
      "type": "string"
    }
  },
  "resources": [
    {
      "mode": "managed",
      "type": "gcore_cloud_instance",
      "name": "test",
      "provider": "provider[\"registry.terraform.io/gcore/gcore\"]",
      "instances": [
        {
          "schema_version": 0,
          "attributes": {
            "addresses": {
              "pub_net": [
                {
                  "addr": "109.61.125.217",
                  "interface_name": null,
                  "subnet_id": "b4c6e91a-9eb9-4c59-ad57-00124eceda00",
                  "subnet_name": "pub_net11",
                  "type": "fixed"
                },
                {
                  "addr": "2a03:90c0:8b:1::43e",
                  "interface_name": null,
                  "subnet_id": null,
                  "subnet_name": null,
                  "type": "fixed"
                }
              ]
            },
            "allow_app_ports": null,
            "blackhole_ports": [],
            "configuration": null,
            "created_at": "2025-12-03T10:23:39Z",
            "creator_task_id": "7c46e8e3-91f0-4332-a34b-26da7933febb",
            "ddos_profile": null,
            "fixed_ip_assignments": [
              {
                "external": true,
                "ip_address": "109.61.125.217",
                "subnet_id": "b4c6e91a-9eb9-4c59-ad57-00124eceda00"
              },
              {
                "external": true,
                "ip_address": "2a03:90c0:8b:1::43e",
                "subnet_id": "f1937c6e-c5cc-4323-a80b-938a15e8b58f"
              }
            ],
            "flavor": "g1-standard-1-2",
            "id": "d94fe0c6-015b-415d-a8e0-ccb5dca1e0a5",
            "instance_description": null,
            "instance_isolation": null,
            "interfaces": [
              {
                "floating_ip": null,
                "interface_name": null,
                "ip_address": "109.61.125.217",
                "ip_family": "dual",
                "network_id": null,
                "port_id": "c5b0415c-07c7-46f3-b87d-17793b3078cb",
                "security_groups": null,
                "subnet_id": null,
                "type": "external"
              }
            ],
            "name": "tf-test-instance-volumes-comprehensive",
            "name_template": null,
            "password": null,
            "project_id": 379987,
            "region": "Luxembourg-2",
            "region_id": 76,
            "security_groups": null,
            "servergroup_id": null,
            "ssh_key_name": null,
            "status": "ACTIVE",
            "tags": null,
            "task_id": null,
            "task_state": null,
            "tasks": null,
            "user_data": null,
            "username": null,
            "vm_state": "active",
            "volumes": [
              {
                "boot_index": 0,
                "volume_id": "f95a61f3-a2f3-4106-a5bd-017de78bb0ff"
              }
            ]
          },
          "sensitive_attributes": [],
          "dependencies": [
            "gcore_cloud_volume.boot",
            "gcore_cloud_volume.data"
          ]
        }
      ]
    },
    {
      "mode": "managed",
      "type": "gcore_cloud_volume",
      "name": "boot",
      "provider": "provider[\"registry.terraform.io/gcore/gcore\"]",
      "instances": [
        {
          "schema_version": 0,
          "attributes": {
            "attachment_tag": null,
            "attachments": [
              {
                "attached_at": "2025-12-03T10:23:45Z",
                "attachment_id": "17550d22-8219-4e01-9671-caa33c91984a",
                "device": "/dev/sda",
                "flavor_id": "g1-standard-1-2",
                "instance_name": null,
                "server_id": "d94fe0c6-015b-415d-a8e0-ccb5dca1e0a5",
                "volume_id": "f95a61f3-a2f3-4106-a5bd-017de78bb0ff"
              }
            ],
            "bootable": true,
            "created_at": "2025-12-03T10:23:14Z",
            "creator_task_id": "8d5a3c19-a95c-4bb8-84ea-7a96b86c2a9c",
            "id": "f95a61f3-a2f3-4106-a5bd-017de78bb0ff",
            "image_id": "f84ddba3-7a5a-4199-931a-250e981d16fb",
            "instance_id_to_attach_to": null,
            "is_root_volume": true,
            "lifecycle_policy_ids": null,
            "limiter_stats": {
              "iops_base_limit": 60,
              "iops_burst_limit": 600,
              "m_bps_base_limit": 10,
              "m_bps_burst_limit": 100
            },
            "name": "tf-test-boot-volume-comprehensive",
            "project_id": 379987,
            "region": "Luxembourg-2",
            "region_id": 76,
            "size": 10,
            "snapshot_id": null,
            "snapshot_ids": [],
            "source": "image",
            "status": "in-use",
            "tags": null,
            "task_id": null,
            "tasks": null,
            "type_name": "standard",
            "updated_at": "2025-12-03T10:23:45Z",
            "volume_image_metadata": {
              "architecture": "x86_64",
              "checksum": "fc17b3059c3a36be8bed00608bff16b5",
              "container_format": "bare",
              "disk_format": "raw",
              "display_order": "2504",
              "hw_disk_bus": "scsi",
              "hw_machine_type": "q35",
              "hw_qemu_guest_agent": "True",
              "hw_scsi_model": "virtio-scsi",
              "image_id": "f84ddba3-7a5a-4199-931a-250e981d16fb",
              "image_name": "ubuntu-25.04-x64",
              "min_disk": "5",
              "min_ram": "0",
              "os_distro": "ubuntu",
              "os_glance_failed_import": "",
              "os_glance_importing_to_stores": "",
              "os_require_quiesce": "True",
              "os_type": "linux",
              "os_version": "25.04",
              "size": "3758096384",
              "ssh_key": "allow"
            },
            "volume_type": "standard"
          },
          "sensitive_attributes": []
        }
      ]
    },
    {
      "mode": "managed",
      "type": "gcore_cloud_volume",
      "name": "data",
      "provider": "provider[\"registry.terraform.io/gcore/gcore\"]",
      "instances": [
        {
          "index_key": 0,
          "schema_version": 0,
          "attributes": {
            "attachment_tag": null,
            "attachments": [],
            "bootable": false,
            "created_at": "2025-12-03T10:24:19Z",
            "creator_task_id": "c2dc9c67-25e3-4604-82ab-51a529448356",
            "id": "2ce59fcf-fd36-42ee-b92b-b4ad1ef1cd34",
            "image_id": null,
            "instance_id_to_attach_to": null,
            "is_root_volume": false,
            "lifecycle_policy_ids": null,
            "limiter_stats": {
              "iops_base_limit": 60,
              "iops_burst_limit": 600,
              "m_bps_base_limit": 10,
              "m_bps_burst_limit": 100
            },
            "name": "tf-test-data-volume-comprehensive",
            "project_id": 379987,
            "region": "Luxembourg-2",
            "region_id": 76,
            "size": 10,
            "snapshot_id": null,
            "snapshot_ids": [],
            "source": "new-volume",
            "status": "available",
            "tags": null,
            "task_id": null,
            "tasks": null,
            "type_name": "standard",
            "updated_at": "2025-12-03T10:24:20Z",
            "volume_image_metadata": null,
            "volume_type": "standard"
          },
          "sensitive_attributes": []
        }
      ]
    }
  ],
  "check_results": null
}
