{
  "version": 4,
  "terraform_version": "1.10.5",
  "serial": 3,
  "lineage": "3c8bbe7c-2296-a338-a99a-0f9d4aab6f1f",
  "outputs": {
    "boot_volume_id": {
      "value": "6e700677-4080-4ea3-9fbd-02d98e851e2e",
      "type": "string"
    },
    "instance_id": {
      "value": "aeec986f-c3c7-4a1a-ae93-01cf5191b9c0",
      "type": "string"
    }
  },
  "resources": [
    {
      "mode": "managed",
      "type": "gcore_cloud_instance",
      "name": "test",
      "provider": "provider[\"registry.terraform.io/gcore/gcore\"]",
      "instances": [
        {
          "schema_version": 0,
          "attributes": {
            "addresses": {
              "pub_net": [
                {
                  "addr": "109.61.125.75",
                  "interface_name": null,
                  "subnet_id": "b4c6e91a-9eb9-4c59-ad57-00124eceda00",
                  "subnet_name": "pub_net11",
                  "type": "fixed"
                },
                {
                  "addr": "2a03:90c0:8b:1::2fe",
                  "interface_name": null,
                  "subnet_id": null,
                  "subnet_name": null,
                  "type": "fixed"
                }
              ]
            },
            "allow_app_ports": null,
            "blackhole_ports": [],
            "configuration": null,
            "created_at": "2025-12-03T12:49:49Z",
            "creator_task_id": "ee05e0f7-8c13-4a55-94cf-b7084dd0876d",
            "ddos_profile": null,
            "fixed_ip_assignments": [
              {
                "external": true,
                "ip_address": "109.61.125.75",
                "subnet_id": "b4c6e91a-9eb9-4c59-ad57-00124eceda00"
              },
              {
                "external": true,
                "ip_address": "2a03:90c0:8b:1::2fe",
                "subnet_id": "f1937c6e-c5cc-4323-a80b-938a15e8b58f"
              }
            ],
            "flavor": "g1-standard-1-2",
            "id": "aeec986f-c3c7-4a1a-ae93-01cf5191b9c0",
            "instance_description": null,
            "instance_isolation": null,
            "interfaces": [
              {
                "floating_ip": null,
                "interface_name": null,
                "ip_address": "109.61.125.75",
                "ip_family": "dual",
                "network_id": null,
                "port_id": "58fa0422-f038-43de-9b01-f1e4e87093e4",
                "security_groups": null,
                "subnet_id": null,
                "type": "external"
              }
            ],
            "name": "tf-test-instance-volumes-comprehensive",
            "name_template": null,
            "password": null,
            "project_id": 379987,
            "region": "Luxembourg-2",
            "region_id": 76,
            "security_groups": null,
            "servergroup_id": null,
            "ssh_key_name": null,
            "status": "ACTIVE",
            "tags": null,
            "task_id": null,
            "task_state": null,
            "tasks": null,
            "user_data": null,
            "username": null,
            "vm_state": "active",
            "volumes": [
              {
                "attachment_tag": "boot",
                "boot_index": 0,
                "volume_id": "6e700677-4080-4ea3-9fbd-02d98e851e2e"
              }
            ]
          },
          "sensitive_attributes": [],
          "dependencies": [
            "gcore_cloud_volume.boot",
            "gcore_cloud_volume.data"
          ]
        }
      ]
    },
    {
      "mode": "managed",
      "type": "gcore_cloud_volume",
      "name": "boot",
      "provider": "provider[\"registry.terraform.io/gcore/gcore\"]",
      "instances": [
        {
          "schema_version": 0,
          "attributes": {
            "attachment_tag": null,
            "attachments": [],
            "bootable": true,
            "created_at": "2025-12-03T12:49:34Z",
            "creator_task_id": "447a94ba-1847-43a7-913d-86ddd7fb6c4f",
            "id": "6e700677-4080-4ea3-9fbd-02d98e851e2e",
            "image_id": "f84ddba3-7a5a-4199-931a-250e981d16fb",
            "instance_id_to_attach_to": null,
            "is_root_volume": false,
            "lifecycle_policy_ids": null,
            "limiter_stats": {
              "iops_base_limit": 60,
              "iops_burst_limit": 600,
              "m_bps_base_limit": 10,
              "m_bps_burst_limit": 100
            },
            "name": "tf-test-boot-volume-comprehensive",
            "project_id": 379987,
            "region": "Luxembourg-2",
            "region_id": 76,
            "size": 10,
            "snapshot_id": null,
            "snapshot_ids": [],
            "source": "image",
            "status": "available",
            "tags": null,
            "task_id": null,
            "tasks": null,
            "type_name": "standard",
            "updated_at": "2025-12-03T12:49:34Z",
            "volume_image_metadata": {
              "architecture": "x86_64",
              "checksum": "fc17b3059c3a36be8bed00608bff16b5",
              "container_format": "bare",
              "disk_format": "raw",
              "display_order": "2504",
              "hw_disk_bus": "scsi",
              "hw_machine_type": "q35",
              "hw_qemu_guest_agent": "True",
              "hw_scsi_model": "virtio-scsi",
              "image_id": "f84ddba3-7a5a-4199-931a-250e981d16fb",
              "image_name": "ubuntu-25.04-x64",
              "min_disk": "5",
              "min_ram": "0",
              "os_distro": "ubuntu",
              "os_glance_failed_import": "",
              "os_glance_importing_to_stores": "",
              "os_require_quiesce": "True",
              "os_type": "linux",
              "os_version": "25.04",
              "size": "3758096384",
              "ssh_key": "allow"
            },
            "volume_type": "standard"
          },
          "sensitive_attributes": []
        }
      ]
    }
  ],
  "check_results": null
}
