{
  "version": 4,
  "terraform_version": "1.10.5",
  "serial": 2,
  "lineage": "38fa6e9c-3f41-bc0b-3694-8eb2ae960737",
  "outputs": {
    "image_id": {
      "value": "5665d2b5-2523-42ec-ae3a-282f7c825e64",
      "type": "string"
    }
  },
  "resources": [
    {
      "mode": "managed",
      "type": "gcore_gpu_virtual_image",
      "name": "test",
      "provider": "provider[\"registry.terraform.io/g-core/gcore\"]",
      "instances": [
        {
          "schema_version": 0,
          "attributes": {
            "architecture": "x86_64",
            "cow_format": false,
            "hw_firmware_type": null,
            "id": "5665d2b5-2523-42ec-ae3a-282f7c825e64",
            "metadata": {},
            "name": "test-gpu-virtual-image-GCLOUD2-21134",
            "os_distro": "cirros",
            "os_type": "linux",
            "os_version": "0.4.0",
            "project_id": 379987,
            "project_name": null,
            "region_id": 76,
            "region_name": null,
            "ssh_key": "allow",
            "url": "http://mirror.noris.net/cirros/0.4.0/cirros-0.4.0-x86_64-disk.img"
          },
          "sensitive_attributes": [],
          "private": "bnVsbA=="
        }
      ]
    }
  ],
  "check_results": null
}
