{
  "version": 4,
  "terraform_version": "1.10.5",
  "serial": 6,
  "lineage": "d890f3d6-e732-9f3f-f28d-6ef6c4af215d",
  "outputs": {
    "pool_id": {
      "value": "7e9c414c-baae-4413-8078-7cd6b5e0dc7e",
      "type": "string"
    },
    "pool_name": {
      "value": "test-pool-update-01-renamed",
      "type": "string"
    }
  },
  "resources": [
    {
      "mode": "managed",
      "type": "gcore_cloud_load_balancer",
      "name": "test",
      "provider": "provider[\"registry.terraform.io/gcore/gcore\"]",
      "instances": [
        {
          "schema_version": 0,
          "attributes": {
            "additional_vips": [],
            "created_at": "2025-11-05T07:54:48Z",
            "creator_task_id": "aaddbc2b-c655-4066-8d46-3710124cb1b0",
            "ddos_profile": null,
            "flavor": "lb1-1-2",
            "floating_ip": null,
            "floating_ips": [],
            "id": "b2e6047f-3e5b-44fc-99f5-abcfdc7602e5",
            "listeners": [],
            "logging": {
              "destination_region_id": null,
              "enabled": false,
              "retention_policy": null,
              "topic_name": null
            },
            "name": "test-lb-update-01",
            "name_template": null,
            "operating_status": "ONLINE",
            "preferred_connectivity": "L2",
            "project_id": 379987,
            "provisioning_status": "ACTIVE",
            "region": "Luxembourg-2",
            "region_id": 76,
            "stats": null,
            "tags": null,
            "tags_v2": [],
            "task_id": null,
            "tasks": null,
            "updated_at": "2025-11-05T07:56:45Z",
            "vip_address": "85.204.246.77",
            "vip_ip_family": "ipv4",
            "vip_network_id": null,
            "vip_port_id": "9f110ae5-f221-41a5-a521-e68cf89660c4",
            "vip_subnet_id": null,
            "vrrp_ips": [
              {
                "ip_address": "85.204.246.144",
                "role": "BACKUP",
                "subnet_id": "896f3e39-51cb-4f70-b905-a749b642c152"
              },
              {
                "ip_address": "85.204.246.213",
                "role": "MASTER",
                "subnet_id": "896f3e39-51cb-4f70-b905-a749b642c152"
              }
            ]
          },
          "sensitive_attributes": []
        }
      ]
    },
    {
      "mode": "managed",
      "type": "gcore_cloud_load_balancer_listener",
      "name": "test",
      "provider": "provider[\"registry.terraform.io/gcore/gcore\"]",
      "instances": [
        {
          "schema_version": 0,
          "attributes": {
            "allowed_cidrs": null,
            "connection_limit": 100000,
            "creator_task_id": "d9434ea9-3fea-469b-8789-99e2b36ce356",
            "id": "e1f914bb-a660-4aa2-9745-62e13370e0ed",
            "insert_headers": "{}",
            "insert_x_forwarded": null,
            "load_balancer_id": "b2e6047f-3e5b-44fc-99f5-abcfdc7602e5",
            "name": "test-listener-update-01",
            "operating_status": "ONLINE",
            "pool_count": 1,
            "project_id": 379987,
            "protocol": "HTTP",
            "protocol_port": 80,
            "provisioning_status": "ACTIVE",
            "region_id": 76,
            "secret_id": null,
            "sni_secret_id": [],
            "stats": null,
            "task_id": null,
            "tasks": null,
            "timeout_client_data": 50000,
            "timeout_member_connect": 5000,
            "timeout_member_data": 50000,
            "user_list": []
          },
          "sensitive_attributes": [],
          "dependencies": [
            "gcore_cloud_load_balancer.test"
          ]
        }
      ]
    },
    {
      "mode": "managed",
      "type": "gcore_cloud_load_balancer_pool",
      "name": "test",
      "provider": "provider[\"registry.terraform.io/gcore/gcore\"]",
      "instances": [
        {
          "schema_version": 0,
          "attributes": {
            "ca_secret_id": null,
            "creator_task_id": "9bb70b50-6427-431b-b0c3-2408daba6758",
            "crl_secret_id": null,
            "healthmonitor": null,
            "id": "7e9c414c-baae-4413-8078-7cd6b5e0dc7e",
            "lb_algorithm": "ROUND_ROBIN",
            "listener_id": "e1f914bb-a660-4aa2-9745-62e13370e0ed",
            "listeners": [
              {
                "id": "e1f914bb-a660-4aa2-9745-62e13370e0ed"
              }
            ],
            "load_balancer_id": "b2e6047f-3e5b-44fc-99f5-abcfdc7602e5",
            "loadbalancers": [
              {
                "id": "b2e6047f-3e5b-44fc-99f5-abcfdc7602e5"
              }
            ],
            "members": [],
            "name": "test-pool-update-01-renamed",
            "operating_status": "ONLINE",
            "project_id": 379987,
            "protocol": "HTTP",
            "provisioning_status": "ACTIVE",
            "region_id": 76,
            "secret_id": null,
            "session_persistence": null,
            "task_id": null,
            "tasks": null,
            "timeout_client_data": 50000,
            "timeout_member_connect": 5000,
            "timeout_member_data": 50000
          },
          "sensitive_attributes": [],
          "dependencies": [
            "gcore_cloud_load_balancer.test",
            "gcore_cloud_load_balancer_listener.test"
          ]
        }
      ]
    }
  ],
  "check_results": null
}
