{
  "version": 4,
  "terraform_version": "1.10.5",
  "serial": 12,
  "lineage": "fc3ba370-6a95-bb2b-2886-ff77a89fbada",
  "outputs": {
    "instance_flavor_id": {
      "value": "g1-standard-1-2",
      "type": "string"
    },
    "instance_id": {
      "value": "1ff550f0-c515-43d0-889d-f98c1ee90df4",
      "type": "string"
    },
    "volume_id": {
      "value": "06d10d4a-ec92-4efc-b9f9-a683e5abe241",
      "type": "string"
    },
    "volume_size": {
      "value": 15,
      "type": "number"
    }
  },
  "resources": [
    {
      "mode": "managed",
      "type": "gcore_instancev2",
      "name": "test_instance",
      "provider": "provider[\"registry.terraform.io/gcore/gcore\"]",
      "instances": [
        {
          "schema_version": 0,
          "attributes": {
            "addresses": [
              {
                "net": [
                  {
                    "addr": "85.204.246.136",
                    "type": "fixed"
                  }
                ]
              }
            ],
            "allow_app_ports": null,
            "configuration": [],
            "flavor": {
              "flavor_id": "g1-standard-1-2",
              "flavor_name": "g1-standard-1-2",
              "ram": "2048",
              "vcpus": "1"
            },
            "flavor_id": "g1-standard-1-2",
            "id": "1ff550f0-c515-43d0-889d-f98c1ee90df4",
            "interface": [
              {
                "existing_fip_id": "",
                "ip_address": "85.204.246.136",
                "ip_family": "",
                "name": "eth0",
                "network_id": "4b99f7d1-5d1e-4fdb-8ae1-a4bfb208556c",
                "order": 0,
                "port_id": "3f04f5a3-6cc1-4ae7-85d2-50a02320eb1f",
                "security_groups": [
                  "9fa59dfb-df95-4860-965b-455556cbe7eb"
                ],
                "subnet_id": "896f3e39-51cb-4f70-b905-a749b642c152",
                "type": "external"
              }
            ],
            "keypair_name": null,
            "last_updated": null,
            "metadata_map": {
              "purpose": "old-provider-resize-test"
            },
            "metadata_read_only": [
              {
                "key": "image_id",
                "read_only": true,
                "value": "8a59956d-ada3-42c6-aaf3-e2c38ba70f99"
              },
              {
                "key": "image_name",
                "read_only": true,
                "value": "ubuntu-24.04-x64"
              },
              {
                "key": "os_distro",
                "read_only": true,
                "value": "ubuntu"
              },
              {
                "key": "os_type",
                "read_only": true,
                "value": "linux"
              },
              {
                "key": "os_version",
                "read_only": true,
                "value": "24.04"
              },
              {
                "key": "purpose",
                "read_only": false,
                "value": "old-provider-resize-test"
              },
              {
                "key": "task_id",
                "read_only": true,
                "value": "77ee8f59-b605-440b-bf79-fbbc6fc4419a"
              }
            ],
            "name": "test-old-provider-resize",
            "name_template": null,
            "password": null,
            "project_id": 379987,
            "project_name": null,
            "region_id": 76,
            "region_name": null,
            "server_group": null,
            "status": "ACTIVE",
            "user_data": null,
            "username": null,
            "vm_state": "active",
            "volume": [
              {
                "attachment_tag": "",
                "boot_index": 0,
                "delete_on_termination": false,
                "id": "06d10d4a-ec92-4efc-b9f9-a683e5abe241",
                "image_id": "",
                "name": "",
                "size": 15,
                "type_name": "standard",
                "volume_id": "06d10d4a-ec92-4efc-b9f9-a683e5abe241"
              }
            ]
          },
          "sensitive_attributes": [
            [
              {
                "type": "get_attr",
                "value": "password"
              }
            ]
          ],
          "private": "bnVsbA==",
          "dependencies": [
            "gcore_volume.test_boot_volume"
          ]
        }
      ]
    },
    {
      "mode": "managed",
      "type": "gcore_volume",
      "name": "test_boot_volume",
      "provider": "provider[\"registry.terraform.io/gcore/gcore\"]",
      "instances": [
        {
          "schema_version": 0,
          "attributes": {
            "id": "06d10d4a-ec92-4efc-b9f9-a683e5abe241",
            "image_id": "8a59956d-ada3-42c6-aaf3-e2c38ba70f99",
            "last_updated": null,
            "metadata_map": {},
            "metadata_read_only": [
              {
                "key": "task_id",
                "read_only": true,
                "value": "54ac8a73-2264-4f6f-a7e4-0601e1227b75"
              }
            ],
            "name": "test-old-provider-resize-boot",
            "project_id": 379987,
            "project_name": null,
            "region_id": 76,
            "region_name": null,
            "size": 15,
            "snapshot_id": null,
            "type_name": "standard"
          },
          "sensitive_attributes": [],
          "private": "bnVsbA=="
        }
      ]
    }
  ],
  "check_results": null
}
