{
  "version": 4,
  "terraform_version": "1.14.3",
  "serial": 3,
  "lineage": "6a9b3678-fa53-886c-ac56-4133af1ae0b0",
  "outputs": {
    "binary_checksum": {
      "value": "34524214b83ffe9ccf98bf5601003057",
      "type": "string"
    },
    "binary_id": {
      "value": 3068,
      "type": "number"
    }
  },
  "resources": [
    {
      "mode": "managed",
      "type": "gcore_fastedge_binary",
      "name": "test",
      "provider": "provider[\"registry.terraform.io/gcore/gcore\"]",
      "instances": [
        {
          "schema_version": 0,
          "attributes": {
            "api_type": "wasi-http",
            "checksum": "34524214b83ffe9ccf98bf5601003057",
            "filename": "./test.wasm",
            "id": 3068,
            "source": 1,
            "status": 1,
            "unref_since": "2026-02-10T08:19:11Z"
          },
          "sensitive_attributes": [],
          "identity_schema_version": 0
        }
      ]
    }
  ],
  "check_results": null
}
